{"format_version":"1.0","provider_schemas":{"registry.terraform.io/nebius/nebius":{"provider":{"version":0,"block":{"attributes":{"address_options":{"nested_type":{"attributes":{"insecure":{"type":"bool","description":"use plain http connection","description_kind":"plain","optional":true},"no_tls_verify":{"type":"bool","description":"don't verify TLS certificates","description_kind":"plain","optional":true}},"nesting_mode":"map"},"description":"Set specific options for each address. Use \"\\*\" to set them for all addresses at once. Empty options will result in default TLS connection for this address, thus overriding \"\\*\".","description_kind":"plain","optional":true},"address_template":{"nested_type":{"attributes":{"find":{"type":"string","description_kind":"plain","required":true},"replace":{"type":"string","description_kind":"plain","required":true}},"nesting_mode":"single"},"description":"address template (overrides address_template_env)","description_kind":"plain","optional":true},"address_template_env":{"type":"string","description":"env variable name to obtain address template in form of `FIND=REPLACE`","description_kind":"markdown","optional":true},"auth_timeout":{"type":"string","description":"timeout for each Nebius SDK request including authentication, default 15m0s, as a string: possibly signed sequence of decimal numbers, each with optional fraction and a unit suffix, such as `300ms`, `-1.5h` or `2h45m`. Valid time units are `ns`, `us` (or `µs`), `ms`, `s`, `m`, `h`, `d`","description_kind":"plain","optional":true},"domain":{"type":"string","description":"custom domain name (overrides domain_env)","description_kind":"plain","optional":true},"domain_env":{"type":"string","description":"env variable name to obtain custom domain name","description_kind":"plain","optional":true},"module_name":{"type":"string","description":"it is suggested to set this value to your module name if the provider is initialized in one, does not affect any behaviors","description_kind":"plain","optional":true},"no_credentials":{"type":"bool","description":"do not authenticate","description_kind":"plain","optional":true},"parent_id":{"type":"string","description":"Parent ID if it is not read from the profile, or if you want to overwrite it.","description_kind":"plain","optional":true},"per_retry_timeout":{"type":"string","description":"timeout for each Nebius SDK request retry, default 20s, as a string: possibly signed sequence of decimal numbers, each with optional fraction and a unit suffix, such as `300ms`, `-1.5h` or `2h45m`. Valid time units are `ns`, `us` (or `µs`), `ms`, `s`, `m`, `h`, `d`","description_kind":"plain","optional":true},"profile":{"nested_type":{"attributes":{"cache_file":{"type":"string","description":"File path to cache the token in, defaults to `~/.nebius//credentials.yaml`","description_kind":"plain","optional":true},"client_id":{"type":"string","description":"Client ID for federation authentication, defaults to `terraform-provider`","description_kind":"plain","optional":true},"config_file":{"type":"string","description":"File path to cache the token in, defaults to `~/.nebius//config.yaml`","description_kind":"plain","optional":true},"name":{"type":"string","description":"Profile name to use, uses the default profile if not set.","description_kind":"plain","optional":true},"no_browser_open":{"type":"bool","description":"If set to true, the provider will not open a browser window for federation authentication, only showing the URL through the logger.","description_kind":"plain","optional":true}},"nesting_mode":"single"},"description":"Reads profile from the CLI config.","description_kind":"markdown","optional":true},"resolvers":{"type":["map","string"],"description":"resolver map of type `[pattern|service_id]-\u003eaddress`","description_kind":"markdown","optional":true},"resolvers_env":{"type":"string","description":"env variable name that holds resolver map (may be set alongside resolvers)","description_kind":"plain","optional":true},"retries":{"type":"number","description":"number of retries for each Nebius SDK request, default 3","description_kind":"plain","optional":true},"service_account":{"nested_type":{"attributes":{"account_id":{"type":"string","description":"service account ID (overrides account_id_env)","description_kind":"plain","optional":true},"account_id_env":{"type":"string","description":"env var containing service account ID","description_kind":"plain","optional":true},"credentials_file":{"type":"string","description":"file path of the service account credentials file (overrides credentials_file_env)\nYou can set this file instead of other parameters here, it will silently override them.","description_kind":"plain","optional":true},"credentials_file_env":{"type":"string","description":"env var containing file path of the service account credentials, same as credentials_file","description_kind":"plain","optional":true},"private_key":{"type":"string","description":"private key (overrides private_key_file and private_key_file_env)","description_kind":"plain","optional":true},"private_key_file":{"type":"string","description":"file path of the service account private key (overrides private_key_file_env)","description_kind":"plain","optional":true},"private_key_file_env":{"type":"string","description":"env var containing file path of the service account private key","description_kind":"plain","optional":true},"public_key_id":{"type":"string","description":"service account public key ID (overrides public_key_id_env)","description_kind":"plain","optional":true},"public_key_id_env":{"type":"string","description":"env var containing service account public key ID","description_kind":"plain","optional":true}},"nesting_mode":"single"},"description":"sets service account credentials (is overridden by token)","description_kind":"plain","optional":true},"timeout":{"type":"string","description":"timeout for each Nebius SDK request, default 1m0s, as a string: possibly signed sequence of decimal numbers, each with optional fraction and a unit suffix, such as `300ms`, `-1.5h` or `2h45m`. Valid time units are `ns`, `us` (or `µs`), `ms`, `s`, `m`, `h`, `d`","description_kind":"plain","optional":true},"token":{"type":"string","description":"authenticate using this IAM token","description_kind":"plain","optional":true}},"description_kind":"plain"}},"resource_schemas":{"nebius_applications_v1alpha1_k8s_release":{"version":0,"block":{"attributes":{"application_name":{"type":"string","description_kind":"plain","required":true},"cluster_id":{"type":"string","description_kind":"plain","required":true},"created_at":{"type":"string","description":":\n\n   Timestamp indicating when the resource was created.\n   \n   A string representing a timestamp in [ISO 8601](https://en.wikipedia.org/wiki/ISO_8601) format: `YYYY-MM-DDTHH:MM:SSZ` or `YYYY-MM-DDTHH:MM:SS.SSS±HH:MM`\n","description_kind":"markdown","computed":true},"id":{"type":"string","description":"Identifier for the resource, unique for its resource type.","description_kind":"markdown","computed":true},"labels":{"type":["map","string"],"description":":\n\n   Labels associated with the resource.\n   \n","description_kind":"markdown","optional":true},"metadata":{"nested_type":{"nesting_mode":"single"},"description":":\n\n   #### Inner value description\n   \n   Common resource metadata.\n","description_kind":"markdown","optional":true,"computed":true},"name":{"type":"string","description":"Human readable name for the resource.","description_kind":"markdown","optional":true},"namespace":{"type":"string","description_kind":"plain","required":true},"parent_id":{"type":"string","description":"Identifier of the parent resource to which the resource belongs.","description_kind":"markdown","required":true},"product_slug":{"type":"string","description_kind":"plain","required":true},"resource_version":{"type":"number","description":":\n\n   Version of the resource for safe concurrent modifications and consistent reads.\n   Positive and monotonically increases on each resource spec change (but *not* on each change of the\n   resource's container(s) or status).\n   Service allows zero value or current.\n   \n","description_kind":"markdown","computed":true},"set":{"type":["map","string"],"description_kind":"plain","optional":true,"sensitive":true},"status":{"nested_type":{"attributes":{"error_message":{"type":"string","description_kind":"plain","computed":true},"state":{"type":"string","description":":\n\n   #### Supported values\n   \n   Possible values:\n   \n   - `UNSPECIFIED`\n   - `CREATED`\n   - `RUNNING`\n   - `DEPLOYED`\n   - `FAILED`\n   - `INSTALLING`\n   \n","description_kind":"markdown","computed":true}},"nesting_mode":"single"},"description_kind":"plain","computed":true},"updated_at":{"type":"string","description":":\n\n   Timestamp indicating when the resource was last updated.\n   \n   A string representing a timestamp in [ISO 8601](https://en.wikipedia.org/wiki/ISO_8601) format: `YYYY-MM-DDTHH:MM:SSZ` or `YYYY-MM-DDTHH:MM:SS.SSS±HH:MM`\n","description_kind":"markdown","computed":true},"values":{"type":"string","description_kind":"plain","optional":true,"sensitive":true}},"description_kind":"plain"}},"nebius_compute_v1_disk":{"version":0,"block":{"attributes":{"block_size_bytes":{"type":"number","description":":\n\n   Block size in bytes.\n   The block size must be a power of two between 4096 bytes (4 KiB) and 131072 bytes (128 KiB).\n   The default value is 4096 bytes (4 KiB).\n","description_kind":"markdown","optional":true},"created_at":{"type":"string","description":":\n\n   Timestamp indicating when the resource was created.\n   \n   A string representing a timestamp in [ISO 8601](https://en.wikipedia.org/wiki/ISO_8601) format: `YYYY-MM-DDTHH:MM:SSZ` or `YYYY-MM-DDTHH:MM:SS.SSS±HH:MM`\n","description_kind":"markdown","computed":true},"disk_encryption":{"nested_type":{"attributes":{"type":{"type":"string","description":":\n\n   #### Supported values\n   \n   Possible values:\n   \n   - `DISK_ENCRYPTION_UNSPECIFIED` - No encryption is applied unless explicitly specified.\n   - `DISK_ENCRYPTION_MANAGED`:\n      Enables encryption using the platform's default root key from KMS.\n      Available for disks with NETWORK_SSD_NON_REPLICATED and NETWORK_SSD_IO_M3 types only.\n   \n   \n","description_kind":"markdown","optional":true}},"nesting_mode":"single"},"description":"Defines how data on the disk is encrypted. By default, no encryption is applied.","description_kind":"markdown","optional":true},"forbid_deletion":{"type":"bool","description":"Prevents deletion whilst set","description_kind":"markdown","optional":true},"id":{"type":"string","description":"Identifier for the resource, unique for its resource type.","description_kind":"markdown","computed":true},"labels":{"type":["map","string"],"description":":\n\n   Labels associated with the resource.\n   \n","description_kind":"markdown","optional":true},"metadata":{"nested_type":{"nesting_mode":"single"},"description":":\n\n   #### Inner value description\n   \n   Common resource metadata.\n","description_kind":"markdown","optional":true,"computed":true},"name":{"type":"string","description":"Human readable name for the resource.","description_kind":"markdown","optional":true},"parent_id":{"type":"string","description":"Identifier of the parent resource to which the resource belongs.","description_kind":"markdown","required":true},"resource_version":{"type":"number","description":":\n\n   Version of the resource for safe concurrent modifications and consistent reads.\n   Positive and monotonically increases on each resource spec change (but *not* on each change of the\n   resource's container(s) or status).\n   Service allows zero value or current.\n   \n","description_kind":"markdown","computed":true},"size_bytes":{"type":"number","description":"*Cannot be set alongside size_kibibytes, size_mebibytes or size_gibibytes.*","description_kind":"markdown","optional":true},"size_gibibytes":{"type":"number","description":"*Cannot be set alongside size_bytes, size_kibibytes or size_mebibytes.*","description_kind":"markdown","optional":true},"size_kibibytes":{"type":"number","description":"*Cannot be set alongside size_bytes, size_mebibytes or size_gibibytes.*","description_kind":"markdown","optional":true},"size_mebibytes":{"type":"number","description":"*Cannot be set alongside size_bytes, size_kibibytes or size_gibibytes.*","description_kind":"markdown","optional":true},"source_image_family":{"nested_type":{"attributes":{"image_family":{"type":"string","description_kind":"plain","required":true},"parent_id":{"type":"string","description_kind":"plain","optional":true}},"nesting_mode":"single"},"description":"*Cannot be set alongside source_image_id.*","description_kind":"markdown","optional":true},"source_image_id":{"type":"string","description":"*Cannot be set alongside source_image_family.*","description_kind":"markdown","optional":true},"status":{"nested_type":{"attributes":{"block_size_bytes":{"type":"number","description_kind":"plain","computed":true},"lock_state":{"nested_type":{"attributes":{"images":{"type":["list","string"],"description":":\n\n   Disk is locked for deletion and for read-write operations while image is being created.\n   Here is the list of these images.\n","description_kind":"markdown","computed":true}},"nesting_mode":"single"},"description":"Indicates resources that prevent the disk from being attached as read-write.","description_kind":"markdown","computed":true},"managed_by":{"type":"string","description":":\n\n   Indicates whether the disk is deleted along with an instance.\n   Set only for disks declared in the instance spec.\n   If set, the value is the instance ID that manages this disk's lifecycle (the disk is deleted when that instance is deleted).\n   To change this value, update the instance specification (see AttachedDiskSpec.type).\n","description_kind":"markdown","computed":true},"read_only_attachments":{"type":["list","string"],"description_kind":"plain","computed":true},"read_write_attachment":{"type":"string","description":":\n\n   Current read-write owner (instance ID).\n   May refer to an instance in any state, including stopped\n   (this semantics is preserved for backward compatibility).\n   Reassigned on disk detach, instance deletion, or ownership transfer.\n   Ownership transfer occurs when this disk is explicitly attached to another instance\n   or when a VM with this disk attached starts while the current owner is stopped.\n","description_kind":"markdown","computed":true},"reconciling":{"type":"bool","description":"Indicates whether there is an ongoing operation","description_kind":"markdown","computed":true},"size_bytes":{"type":"number","description_kind":"plain","computed":true},"source_image_cpu_architecture":{"type":"string","description":":\n\n   #### Supported values\n   \n   Possible values:\n   \n   - `SOURCE_IMAGE_CPU_UNSPECIFIED`\n   - `AMD64`\n   - `ARM64`\n   \n","description_kind":"markdown","computed":true},"source_image_id":{"type":"string","description_kind":"plain","computed":true},"state":{"type":"string","description":":\n\n   #### Supported values\n   \n   Possible values:\n   \n   - `UNSPECIFIED`\n   - `CREATING`\n   - `READY`\n   - `UPDATING`\n   - `DELETING`\n   - `ERROR` - Indicates that error happened during disk creation, and the disk cannot be recovered.\n   - `BROKEN` - Indicates that an error has occurred during the disk's life cycle, and the disk is broken or unhealthy, but can still be recovered.\n   \n","description_kind":"markdown","computed":true},"state_description":{"type":"string","description_kind":"plain","computed":true}},"nesting_mode":"single"},"description_kind":"plain","computed":true},"type":{"type":"string","description":":\n\n   The type of disk defines the performance and reliability characteristics of the block device.\n   For details, see https://docs.nebius.com/compute/storage/types#disks-types\n   \n   #### Supported values\n   \n   the list of available types will be clarified later, it is not final version\n   Possible values:\n   \n   - `UNSPECIFIED`\n   - `NETWORK_SSD`\n   - `NETWORK_HDD`\n   - `NETWORK_SSD_NON_REPLICATED`\n   - `NETWORK_SSD_IO_M3`\n   \n","description_kind":"markdown","required":true},"updated_at":{"type":"string","description":":\n\n   Timestamp indicating when the resource was last updated.\n   \n   A string representing a timestamp in [ISO 8601](https://en.wikipedia.org/wiki/ISO_8601) format: `YYYY-MM-DDTHH:MM:SSZ` or `YYYY-MM-DDTHH:MM:SS.SSS±HH:MM`\n","description_kind":"markdown","computed":true}},"description_kind":"plain"}},"nebius_compute_v1_filesystem":{"version":0,"block":{"attributes":{"block_size_bytes":{"type":"number","description":":\n\n   Block size in bytes.\n   The block size must be a power of two between 4096 bytes (4 KiB) and 131072 bytes (128 KiB).\n   The default value is 4096 bytes (4 KiB).\n","description_kind":"markdown","optional":true},"created_at":{"type":"string","description":":\n\n   Timestamp indicating when the resource was created.\n   \n   A string representing a timestamp in [ISO 8601](https://en.wikipedia.org/wiki/ISO_8601) format: `YYYY-MM-DDTHH:MM:SSZ` or `YYYY-MM-DDTHH:MM:SS.SSS±HH:MM`\n","description_kind":"markdown","computed":true},"forbid_deletion":{"type":"bool","description":"Prevents deletion whilst set","description_kind":"markdown","optional":true},"id":{"type":"string","description":"Identifier for the resource, unique for its resource type.","description_kind":"markdown","computed":true},"labels":{"type":["map","string"],"description":":\n\n   Labels associated with the resource.\n   \n","description_kind":"markdown","optional":true},"metadata":{"nested_type":{"nesting_mode":"single"},"description":":\n\n   #### Inner value description\n   \n   Common resource metadata.\n","description_kind":"markdown","optional":true,"computed":true},"name":{"type":"string","description":"Human readable name for the resource.","description_kind":"markdown","optional":true},"parent_id":{"type":"string","description":"Identifier of the parent resource to which the resource belongs.","description_kind":"markdown","required":true},"resource_version":{"type":"number","description":":\n\n   Version of the resource for safe concurrent modifications and consistent reads.\n   Positive and monotonically increases on each resource spec change (but *not* on each change of the\n   resource's container(s) or status).\n   Service allows zero value or current.\n   \n","description_kind":"markdown","computed":true},"size_bytes":{"type":"number","description":"*Cannot be set alongside size_kibibytes, size_mebibytes or size_gibibytes.*","description_kind":"markdown","optional":true},"size_gibibytes":{"type":"number","description":"*Cannot be set alongside size_bytes, size_kibibytes or size_mebibytes.*","description_kind":"markdown","optional":true},"size_kibibytes":{"type":"number","description":"*Cannot be set alongside size_bytes, size_mebibytes or size_gibibytes.*","description_kind":"markdown","optional":true},"size_mebibytes":{"type":"number","description":"*Cannot be set alongside size_bytes, size_kibibytes or size_gibibytes.*","description_kind":"markdown","optional":true},"status":{"nested_type":{"attributes":{"block_size_bytes":{"type":"number","description_kind":"plain","computed":true},"read_only_attachments":{"type":["list","string"],"description_kind":"plain","computed":true},"read_write_attachments":{"type":["list","string"],"description_kind":"plain","computed":true},"reconciling":{"type":"bool","description":"Indicates whether there is an ongoing operation","description_kind":"markdown","computed":true},"size_bytes":{"type":"number","description_kind":"plain","computed":true},"state":{"type":"string","description":":\n\n   #### Supported values\n   \n   Possible values:\n   \n   - `UNSPECIFIED`\n   - `CREATING`\n   - `READY`\n   - `UPDATING`\n   - `DELETING`\n   - `ERROR`\n   \n","description_kind":"markdown","computed":true},"state_description":{"type":"string","description_kind":"plain","computed":true}},"nesting_mode":"single"},"description_kind":"plain","computed":true},"type":{"type":"string","description":":\n\n   The Shared Filesystem type determines its limits and performance characteristics.\n   For details, see https://docs.nebius.com/compute/storage/types#filesystems-types\n   \n   #### Supported values\n   \n   Possible values:\n   \n   - `UNSPECIFIED`\n   - `NETWORK_SSD` - the list of available types will be clarified later, it is not final version\n   - `NETWORK_HDD`\n   - `WEKA`\n   - `VAST`\n   \n","description_kind":"markdown","required":true},"updated_at":{"type":"string","description":":\n\n   Timestamp indicating when the resource was last updated.\n   \n   A string representing a timestamp in [ISO 8601](https://en.wikipedia.org/wiki/ISO_8601) format: `YYYY-MM-DDTHH:MM:SSZ` or `YYYY-MM-DDTHH:MM:SS.SSS±HH:MM`\n","description_kind":"markdown","computed":true}},"description_kind":"plain"}},"nebius_compute_v1_gpu_cluster":{"version":0,"block":{"attributes":{"created_at":{"type":"string","description":":\n\n   Timestamp indicating when the resource was created.\n   \n   A string representing a timestamp in [ISO 8601](https://en.wikipedia.org/wiki/ISO_8601) format: `YYYY-MM-DDTHH:MM:SSZ` or `YYYY-MM-DDTHH:MM:SS.SSS±HH:MM`\n","description_kind":"markdown","computed":true},"id":{"type":"string","description":"Identifier for the resource, unique for its resource type.","description_kind":"markdown","computed":true},"infiniband_fabric":{"type":"string","description":":\n\n   The identifier of the physical InfiniBand fabric to connect GPU instances to.\n   For details, see https://docs.nebius.com/compute/clusters/gpu#fabrics\n","description_kind":"markdown","required":true},"labels":{"type":["map","string"],"description":":\n\n   Labels associated with the resource.\n   \n","description_kind":"markdown","optional":true},"metadata":{"nested_type":{"nesting_mode":"single"},"description":":\n\n   #### Inner value description\n   \n   Common resource metadata.\n","description_kind":"markdown","optional":true,"computed":true},"name":{"type":"string","description":"Human readable name for the resource.","description_kind":"markdown","optional":true},"parent_id":{"type":"string","description":"Identifier of the parent resource to which the resource belongs.","description_kind":"markdown","required":true},"resource_version":{"type":"number","description":":\n\n   Version of the resource for safe concurrent modifications and consistent reads.\n   Positive and monotonically increases on each resource spec change (but *not* on each change of the\n   resource's container(s) or status).\n   Service allows zero value or current.\n   \n","description_kind":"markdown","computed":true},"status":{"nested_type":{"attributes":{"infiniband_topology_path":{"nested_type":{"attributes":{"instances":{"nested_type":{"attributes":{"instance_id":{"type":"string","description_kind":"plain","computed":true},"path":{"type":["list","string"],"description_kind":"plain","computed":true}},"nesting_mode":"list"},"description_kind":"plain","computed":true}},"nesting_mode":"single"},"description_kind":"plain","computed":true},"instances":{"type":["list","string"],"description_kind":"plain","computed":true},"reconciling":{"type":"bool","description":"Indicates whether there is an ongoing operation","description_kind":"markdown","computed":true}},"nesting_mode":"single"},"description_kind":"plain","computed":true},"updated_at":{"type":"string","description":":\n\n   Timestamp indicating when the resource was last updated.\n   \n   A string representing a timestamp in [ISO 8601](https://en.wikipedia.org/wiki/ISO_8601) format: `YYYY-MM-DDTHH:MM:SSZ` or `YYYY-MM-DDTHH:MM:SS.SSS±HH:MM`\n","description_kind":"markdown","computed":true}},"description_kind":"plain"}},"nebius_compute_v1_instance":{"version":0,"block":{"attributes":{"boot_disk":{"nested_type":{"attributes":{"attach_mode":{"type":"string","description":":\n\n   #### Supported values\n   \n   Possible values:\n   \n   - `UNSPECIFIED`\n   - `READ_ONLY`\n   - `READ_WRITE`\n   \n","description_kind":"markdown","required":true},"device_id":{"type":"string","description":"Specifies the user-defined identifier, allowing to use '/dev/disk/by-id/virtio-{device_id}' as a device path in mount command.","description_kind":"markdown","optional":true},"existing_disk":{"nested_type":{"attributes":{"id":{"type":"string","description_kind":"plain","required":true}},"nesting_mode":"single"},"description":":\n\n   Attach an existing disk.\n   \n   Lifecycle:\n   - The disk is preserved when the instance is deleted (it will be detached).\n   \n   Switching to a managed disk:\n   - To delete the disk together with the instance, switch to ManagedDisk in the instance spec.\n   - For the switch, `ManagedDisk.name` MUST match the current disk `name`\n     (see DiskService.Get for the disk referenced by `ExistingDisk.id`).\n   - When converting an ExistingDisk to a ManagedDisk, you must provide `ManagedDisk.name` and `ManagedDisk.spec`\n     exactly as they are currently defined in the disk resource.\n     Obtain the current values via `DiskService.Get` and copy them verbatim.\n     If `ManagedDisk.spec` differs from the current disk spec, the instance update will fail.\n   \n   *Cannot be set alongside managed_disk.*\n","description_kind":"markdown","optional":true},"managed_disk":{"nested_type":{"attributes":{"labels":{"type":["map","string"],"description":":\n\n   Labels associated with disk resource.\n   \n","description_kind":"markdown","optional":true},"name":{"type":"string","description":":\n\n   Name of a dependent disk.\n   Use it to convert an ExistingDisk to a dependent disk.\n   Changing the name will replace the disk and cause data loss.\n","description_kind":"markdown","required":true},"spec":{"nested_type":{"attributes":{"block_size_bytes":{"type":"number","description":":\n\n   Block size in bytes.\n   The block size must be a power of two between 4096 bytes (4 KiB) and 131072 bytes (128 KiB).\n   The default value is 4096 bytes (4 KiB).\n","description_kind":"markdown","optional":true},"disk_encryption":{"nested_type":{"attributes":{"type":{"type":"string","description":":\n\n   #### Supported values\n   \n   Possible values:\n   \n   - `DISK_ENCRYPTION_UNSPECIFIED` - No encryption is applied unless explicitly specified.\n   - `DISK_ENCRYPTION_MANAGED`:\n      Enables encryption using the platform's default root key from KMS.\n      Available for disks with NETWORK_SSD_NON_REPLICATED and NETWORK_SSD_IO_M3 types only.\n   \n   \n","description_kind":"markdown","optional":true}},"nesting_mode":"single"},"description":"Defines how data on the disk is encrypted. By default, no encryption is applied.","description_kind":"markdown","optional":true},"forbid_deletion":{"type":"bool","description":"Prevents deletion whilst set","description_kind":"markdown","optional":true},"size_bytes":{"type":"number","description":"*Cannot be set alongside size_kibibytes, size_mebibytes or size_gibibytes.*","description_kind":"markdown","optional":true},"size_gibibytes":{"type":"number","description":"*Cannot be set alongside size_bytes, size_kibibytes or size_mebibytes.*","description_kind":"markdown","optional":true},"size_kibibytes":{"type":"number","description":"*Cannot be set alongside size_bytes, size_mebibytes or size_gibibytes.*","description_kind":"markdown","optional":true},"size_mebibytes":{"type":"number","description":"*Cannot be set alongside size_bytes, size_kibibytes or size_gibibytes.*","description_kind":"markdown","optional":true},"source_image_family":{"nested_type":{"attributes":{"image_family":{"type":"string","description_kind":"plain","required":true},"parent_id":{"type":"string","description_kind":"plain","optional":true}},"nesting_mode":"single"},"description":"*Cannot be set alongside source_image_id.*","description_kind":"markdown","optional":true},"source_image_id":{"type":"string","description":"*Cannot be set alongside source_image_family.*","description_kind":"markdown","optional":true},"type":{"type":"string","description":":\n\n   The type of disk defines the performance and reliability characteristics of the block device.\n   For details, see https://docs.nebius.com/compute/storage/types#disks-types\n   \n   #### Supported values\n   \n   the list of available types will be clarified later, it is not final version\n   Possible values:\n   \n   - `UNSPECIFIED`\n   - `NETWORK_SSD`\n   - `NETWORK_HDD`\n   - `NETWORK_SSD_NON_REPLICATED`\n   - `NETWORK_SSD_IO_M3`\n   \n","description_kind":"markdown","required":true}},"nesting_mode":"single"},"description":"Specification of a dependent disk to be created.","description_kind":"markdown","required":true}},"nesting_mode":"single"},"description":":\n\n   Attach a managed disk.\n   \n   Lifecycle:\n   - The disk is deleted when the instance is deleted.\n   \n   Semantics:\n   - Specifying a ManagedDisk expresses an intent to have that managed disk attached.\n   - If this intent cannot be satisfied, the entire operation fails.\n   - You can check the intent status in `instance.status.disk_attachments`.\n   \n   Updates and matching:\n   - Managed disks can be updated only via instance spec updates. Updates via DiskService are not allowed.\n   - During updates, disks are matched by `name`.\n   \n   Renaming and data loss:\n   - Changing the disk `name` triggers disk replacement (create a new disk and delete the old one),\n     which causes data loss.\n   - To rename a managed disk safely:\n     1) switch it to ExistingDisk in the instance spec, and\n     2) update/rename it via DiskService.\n   \n   Conflicts:\n   - Instance create/update fails if there is already a disk with the same `name`.\n     as requested by any ManagedDisk.\n   \n   Finding the disk ID:\n   - The disk ID is available in `instance.status.disk_attachments` after it is created.\n     Use `DiskAttachmentStatus.name` to find the desired disk which matches `name`.\n   \n   Switching to an existing (non-managed) disk:\n   - To preserve the disk after instance deletion, switch it to ExistingDisk in the instance spec,\n     use the disk ID from `instance.status.disk_attachments`.\n   \n   Deletion protection:\n   - Switching ExistingDisk to ManagedDisk fails if `Disk.spec.deletion_protection` is enabled.\n   - Deleting an instance that has a ManagedDisk fails if `Disk.spec.deletion_protection` is enabled.\n   \n   *Cannot be set alongside existing_disk.*\n","description_kind":"markdown","optional":true}},"nesting_mode":"single"},"description":"Specified boot disk attached to the instance.","description_kind":"markdown","optional":true},"cloud_init_user_data":{"type":"string","description":":\n\n   Data in cloud-init format for customizing instance initialization.\n   For details, see https://docs.nebius.com/compute/virtual-machines/manage#user-data\n","description_kind":"markdown","optional":true,"sensitive":true},"created_at":{"type":"string","description":":\n\n   Timestamp indicating when the resource was created.\n   \n   A string representing a timestamp in [ISO 8601](https://en.wikipedia.org/wiki/ISO_8601) format: `YYYY-MM-DDTHH:MM:SSZ` or `YYYY-MM-DDTHH:MM:SS.SSS±HH:MM`\n","description_kind":"markdown","computed":true},"filesystems":{"nested_type":{"attributes":{"attach_mode":{"type":"string","description":":\n\n   #### Supported values\n   \n   Possible values:\n   \n   - `UNSPECIFIED`\n   - `READ_ONLY`\n   - `READ_WRITE`\n   \n","description_kind":"markdown","required":true},"existing_filesystem":{"nested_type":{"attributes":{"id":{"type":"string","description_kind":"plain","required":true}},"nesting_mode":"single"},"description_kind":"plain","optional":true},"mount_tag":{"type":"string","description":"Specifies the user-defined identifier, allowing to use it as a device in mount command.","description_kind":"markdown","required":true}},"nesting_mode":"list"},"description":"List of Shared Filesystems attached to the instance.","description_kind":"markdown","optional":true},"gpu_cluster":{"nested_type":{"attributes":{"id":{"type":"string","description":":\n\n   If you want to interconnect several instances in a GPU cluster via NVIDIA InfiniBand,\n   set the ID of an existing GPU cluster.\n   You can only add the VM to the cluster when creating the VM.\n   For details, see https://docs.nebius.com/compute/clusters/gpu\n","description_kind":"markdown","optional":true}},"nesting_mode":"single"},"description":":\n\n   If you want to interconnect several instances in a GPU cluster via NVIDIA InfiniBand,\n   set the ID of an existing GPU cluster.\n   You can only add the VM to the cluster when creating the VM.\n   For details, see https://docs.nebius.com/compute/clusters/gpu\n","description_kind":"markdown","optional":true},"hostname":{"type":"string","description":":\n\n   Instance's hostname. Used to generate default DNS record in format `\u003chostname\u003e.\u003cnetwork_id\u003e.compute.internal.`\n   or `\u003cinstance_id\u003e.\u003cnetwork_id\u003e.compute.internal.` if hostname is not specified.\n","description_kind":"markdown","optional":true},"id":{"type":"string","description":"Identifier for the resource, unique for its resource type.","description_kind":"markdown","computed":true},"labels":{"type":["map","string"],"description":":\n\n   Labels associated with the resource.\n   \n","description_kind":"markdown","optional":true},"local_disks":{"nested_type":{"attributes":{"passthrough_group":{"nested_type":{"attributes":{"requested":{"type":"bool","description":":\n\n   Passthrough local disks from the underlying host.\n   \n   Devices are expected to appear in the guest as NVMe devices (nvme0, nvme1, ...),\n   but the exact number depends on the preset.\n   Enabled only when this field is explicitly set.\n","description_kind":"markdown","optional":true}},"nesting_mode":"single"},"description":":\n\n   Requests passthrough local disks from the host.\n   Topology of the provided disks is preserved during stop and start\n   for every instance of a specific platform and preset in the region.\n   \n   \n","description_kind":"markdown","optional":true}},"nesting_mode":"single"},"description":":\n\n   Local disks are meaningfully different from regular (remote) disks:\n   they are provided by the underlying host and are tied to a particular VM run.\n   Local disk data is not preserved across Stop-Start initiated via Compute API.\n   Local disks are not provided by default. To get them, explicitly request them via this field.\n   Availability depends on the selected platform, preset and region.\n   Changing this field will result in disks change and content loss, but only after stop and start the instance.\n","description_kind":"markdown","optional":true},"metadata":{"nested_type":{"nesting_mode":"single"},"description":":\n\n   #### Inner value description\n   \n   Common resource metadata.\n","description_kind":"markdown","optional":true,"computed":true},"name":{"type":"string","description":"Human readable name for the resource.","description_kind":"markdown","optional":true},"network_interfaces":{"nested_type":{"attributes":{"aliases":{"nested_type":{"attributes":{"allocation_id":{"type":"string","description":"ID of allocation","description_kind":"markdown","required":true}},"nesting_mode":"list"},"description":"Assign ranges of IP addresses as aliases","description_kind":"markdown","optional":true},"ip_address":{"nested_type":{"attributes":{"allocation_id":{"type":"string","description":"Allocation identifier if it was created before.","description_kind":"markdown","optional":true}},"nesting_mode":"single"},"description":":\n\n   Private IPv4 address associated with the interface.\n   \n   #### Inner value description\n   \n   Describes an IPv4 address.\n","description_kind":"markdown","required":true},"name":{"type":"string","description":":\n\n   Interface name\n   Value of this field configures the name of the network interface inside VM's OS.\n   Longer values will persist in the specification but will be truncated to 15 symbols before being passed to VM configuration.\n","description_kind":"markdown","required":true},"public_ip_address":{"nested_type":{"attributes":{"allocation_id":{"type":"string","description":"Allocation identifier if it was created before.","description_kind":"markdown","optional":true},"static":{"type":"bool","description":":\n\n   If false - Allocation will be created/deleted during NetworkInterface.Allocate/NetworkInterface.Deallocate\n   If true  - Allocation will be created/deleted during NetworkInterface.Create/NetworkInterface.Delete\n   False by default\n","description_kind":"markdown","optional":true}},"nesting_mode":"single"},"description":":\n\n   Public IPv4 address associated with the interface.\n   \n   #### Inner value description\n   \n   Describes a public IP address.\n","description_kind":"markdown","optional":true},"security_groups":{"nested_type":{"attributes":{"id":{"type":"string","description":"Security group identifier","description_kind":"markdown","optional":true}},"nesting_mode":"list"},"description":":\n\n   Security groups associated with the network interface.\n   If an empty list is provided, the default security group for the network will be used.\n   Effective security groups can be seen in the status.\n","description_kind":"markdown","optional":true},"subnet_id":{"type":"string","description":"Subnet ID","description_kind":"markdown","required":true}},"nesting_mode":"list"},"description":":\n\n   List of network interfaces attached to the instance.\n   \n   #### Inner value description\n   \n   Describes the specification of a network interface.\n","description_kind":"markdown","required":true},"nvl_instance_group_id":{"type":"string","description":"NVLink Instance Group ID associated with the VM","description_kind":"markdown","optional":true},"parent_id":{"type":"string","description":"Identifier of the parent resource to which the resource belongs.","description_kind":"markdown","required":true},"preemptible":{"nested_type":{"attributes":{"on_preemption":{"type":"string","description":":\n\n   Specifies what happens when the VM is preempted. The only supported value is STOP:\n   Compute stops the VM without deleting or restarting it.\n   \n   #### Supported values\n   \n   Possible values:\n   \n   - `UNSPECIFIED`\n   - `STOP`\n   \n","description_kind":"markdown","required":true},"priority":{"type":"number","description_kind":"plain","deprecated":true,"optional":true}},"nesting_mode":"single"},"description":":\n\n   Include these parameters to create a Preemptible VM and omit them to create a Regular VM\n   For details, see https://docs.nebius.com/compute/virtual-machines/preemptible\n","description_kind":"markdown","optional":true},"recovery_policy":{"type":"string","description":":\n\n   Recovery policy defines how the instance will be treated in case of a failure.\n   Common source of failure is a host failure, but it can be any other failure.\n   Instance undergoing a guest shutdown (poweroff, etc.) will be subject to recovery policy, meaning that it could\n   be restarted and billed accordingly. Stop instance via API or UI to stop it to avoid recovering.\n   - If set to RECOVER, instance will be restarted, if possible. It could be restarted on the same host or on another host.\n   - If set to FAIL, instance will be stopped and not restarted.\n   \n   #### Supported values\n   \n   Possible values:\n   \n   - `RECOVER`\n   - `FAIL`\n   \n","description_kind":"markdown","optional":true},"reservation_policy":{"nested_type":{"attributes":{"policy":{"type":"string","description":":\n\n   #### Supported values\n   \n   Possible values:\n   \n   - `AUTO`:\n      1) Will try to launch instance in any reservation_ids if provided.\n      2) Will try to launch instance in any of the available capacity block.\n      3) Will try to launch instance in PAYG if 1 \u0026 2 are not satisfied.\n   \n   - `FORBID`:\n      The instance is launched only using on-demand (PAYG) capacity.\n      No attempt is made to find or use a Capacity Block.\n      It's an error to provide reservation_ids with policy = FORBID\n   \n   - `STRICT`:\n      1) Will try to launch the instance in Capacity Blocks from reservation_ids if provided.\n      2) If reservation_ids are not provided will try to launch instance in suitable \u0026 available Capacity Block.\n      3) Fail otherwise.\n   \n   \n","description_kind":"markdown","optional":true},"reservation_ids":{"type":["list","string"],"description":"Capacity block groups, order matters","description_kind":"markdown","optional":true}},"nesting_mode":"single"},"description_kind":"plain","optional":true},"resource_version":{"type":"number","description":":\n\n   Version of the resource for safe concurrent modifications and consistent reads.\n   Positive and monotonically increases on each resource spec change (but *not* on each change of the\n   resource's container(s) or status).\n   Service allows zero value or current.\n   \n","description_kind":"markdown","computed":true},"resources":{"nested_type":{"attributes":{"platform":{"type":"string","description_kind":"plain","required":true},"preset":{"type":"string","description_kind":"plain","optional":true}},"nesting_mode":"single"},"description":":\n\n   Specification of compute resources allocated to the instance.\n   For details, see https://docs.nebius.com/compute/virtual-machines/types\n","description_kind":"markdown","required":true},"secondary_disks":{"nested_type":{"attributes":{"attach_mode":{"type":"string","description":":\n\n   #### Supported values\n   \n   Possible values:\n   \n   - `UNSPECIFIED`\n   - `READ_ONLY`\n   - `READ_WRITE`\n   \n","description_kind":"markdown","required":true},"device_id":{"type":"string","description":"Specifies the user-defined identifier, allowing to use '/dev/disk/by-id/virtio-{device_id}' as a device path in mount command.","description_kind":"markdown","optional":true},"existing_disk":{"nested_type":{"attributes":{"id":{"type":"string","description_kind":"plain","required":true}},"nesting_mode":"single"},"description":":\n\n   Attach an existing disk.\n   \n   Lifecycle:\n   - The disk is preserved when the instance is deleted (it will be detached).\n   \n   Switching to a managed disk:\n   - To delete the disk together with the instance, switch to ManagedDisk in the instance spec.\n   - For the switch, `ManagedDisk.name` MUST match the current disk `name`\n     (see DiskService.Get for the disk referenced by `ExistingDisk.id`).\n   - When converting an ExistingDisk to a ManagedDisk, you must provide `ManagedDisk.name` and `ManagedDisk.spec`\n     exactly as they are currently defined in the disk resource.\n     Obtain the current values via `DiskService.Get` and copy them verbatim.\n     If `ManagedDisk.spec` differs from the current disk spec, the instance update will fail.\n   \n   *Cannot be set alongside managed_disk.*\n","description_kind":"markdown","optional":true},"managed_disk":{"nested_type":{"attributes":{"labels":{"type":["map","string"],"description":":\n\n   Labels associated with disk resource.\n   \n","description_kind":"markdown","optional":true},"name":{"type":"string","description":":\n\n   Name of a dependent disk.\n   Use it to convert an ExistingDisk to a dependent disk.\n   Changing the name will replace the disk and cause data loss.\n","description_kind":"markdown","required":true},"spec":{"nested_type":{"attributes":{"block_size_bytes":{"type":"number","description":":\n\n   Block size in bytes.\n   The block size must be a power of two between 4096 bytes (4 KiB) and 131072 bytes (128 KiB).\n   The default value is 4096 bytes (4 KiB).\n","description_kind":"markdown","optional":true},"disk_encryption":{"nested_type":{"attributes":{"type":{"type":"string","description":":\n\n   #### Supported values\n   \n   Possible values:\n   \n   - `DISK_ENCRYPTION_UNSPECIFIED` - No encryption is applied unless explicitly specified.\n   - `DISK_ENCRYPTION_MANAGED`:\n      Enables encryption using the platform's default root key from KMS.\n      Available for disks with NETWORK_SSD_NON_REPLICATED and NETWORK_SSD_IO_M3 types only.\n   \n   \n","description_kind":"markdown","optional":true}},"nesting_mode":"single"},"description":"Defines how data on the disk is encrypted. By default, no encryption is applied.","description_kind":"markdown","optional":true},"forbid_deletion":{"type":"bool","description":"Prevents deletion whilst set","description_kind":"markdown","optional":true},"size_bytes":{"type":"number","description":"*Cannot be set alongside size_kibibytes, size_mebibytes or size_gibibytes.*","description_kind":"markdown","optional":true},"size_gibibytes":{"type":"number","description":"*Cannot be set alongside size_bytes, size_kibibytes or size_mebibytes.*","description_kind":"markdown","optional":true},"size_kibibytes":{"type":"number","description":"*Cannot be set alongside size_bytes, size_mebibytes or size_gibibytes.*","description_kind":"markdown","optional":true},"size_mebibytes":{"type":"number","description":"*Cannot be set alongside size_bytes, size_kibibytes or size_gibibytes.*","description_kind":"markdown","optional":true},"source_image_family":{"nested_type":{"attributes":{"image_family":{"type":"string","description_kind":"plain","required":true},"parent_id":{"type":"string","description_kind":"plain","optional":true}},"nesting_mode":"single"},"description":"*Cannot be set alongside source_image_id.*","description_kind":"markdown","optional":true},"source_image_id":{"type":"string","description":"*Cannot be set alongside source_image_family.*","description_kind":"markdown","optional":true},"type":{"type":"string","description":":\n\n   The type of disk defines the performance and reliability characteristics of the block device.\n   For details, see https://docs.nebius.com/compute/storage/types#disks-types\n   \n   #### Supported values\n   \n   the list of available types will be clarified later, it is not final version\n   Possible values:\n   \n   - `UNSPECIFIED`\n   - `NETWORK_SSD`\n   - `NETWORK_HDD`\n   - `NETWORK_SSD_NON_REPLICATED`\n   - `NETWORK_SSD_IO_M3`\n   \n","description_kind":"markdown","required":true}},"nesting_mode":"single"},"description":"Specification of a dependent disk to be created.","description_kind":"markdown","required":true}},"nesting_mode":"single"},"description":":\n\n   Attach a managed disk.\n   \n   Lifecycle:\n   - The disk is deleted when the instance is deleted.\n   \n   Semantics:\n   - Specifying a ManagedDisk expresses an intent to have that managed disk attached.\n   - If this intent cannot be satisfied, the entire operation fails.\n   - You can check the intent status in `instance.status.disk_attachments`.\n   \n   Updates and matching:\n   - Managed disks can be updated only via instance spec updates. Updates via DiskService are not allowed.\n   - During updates, disks are matched by `name`.\n   \n   Renaming and data loss:\n   - Changing the disk `name` triggers disk replacement (create a new disk and delete the old one),\n     which causes data loss.\n   - To rename a managed disk safely:\n     1) switch it to ExistingDisk in the instance spec, and\n     2) update/rename it via DiskService.\n   \n   Conflicts:\n   - Instance create/update fails if there is already a disk with the same `name`.\n     as requested by any ManagedDisk.\n   \n   Finding the disk ID:\n   - The disk ID is available in `instance.status.disk_attachments` after it is created.\n     Use `DiskAttachmentStatus.name` to find the desired disk which matches `name`.\n   \n   Switching to an existing (non-managed) disk:\n   - To preserve the disk after instance deletion, switch it to ExistingDisk in the instance spec,\n     use the disk ID from `instance.status.disk_attachments`.\n   \n   Deletion protection:\n   - Switching ExistingDisk to ManagedDisk fails if `Disk.spec.deletion_protection` is enabled.\n   - Deleting an instance that has a ManagedDisk fails if `Disk.spec.deletion_protection` is enabled.\n   \n   *Cannot be set alongside existing_disk.*\n","description_kind":"markdown","optional":true}},"nesting_mode":"list"},"description":"List of additional data disks attached to the instance beyond the boot disk.","description_kind":"markdown","optional":true},"service_account_id":{"type":"string","description":":\n\n   Unique identifier of the service account associated with this instance.\n   For details, see https://docs.nebius.com/iam/service-accounts/manage\n","description_kind":"markdown","optional":true},"status":{"nested_type":{"attributes":{"disk_attachments":{"nested_type":{"attributes":{"id":{"type":"string","description":":\n\n   Disk ID.\n   - For ExistingDisk, this is the referenced disk ID.\n   - For ManagedDisk, may be empty while the attachment intent is still pending.\n","description_kind":"markdown","computed":true},"is_managed":{"type":"bool","description":":\n\n   Indicates whether this attachment is managed by the instance lifecycle.\n   If true, the disk is expected to be deleted when the instance is deleted.\n   If false, the disk is preserved and only detached on instance deletion.\n","description_kind":"markdown","computed":true},"name":{"type":"string","description":":\n\n   Disk name used to match this status entry with the desired attachment\n   from the instance specification.\n   \n   Consistency:\n   - For ManagedDisk, this value is derived from the instance spec (ManagedDisk.name).\n   - For ExistingDisk, this value is derived from the disk resource name and may lag behind\n     in case of renaming. It is updated asynchronously and is eventually consistent.\n","description_kind":"markdown","computed":true}},"nesting_mode":"list"},"description":"Status of the requested disk attachments.","description_kind":"markdown","computed":true},"infiniband_topology_path":{"nested_type":{"attributes":{"path":{"type":["list","string"],"description_kind":"plain","computed":true}},"nesting_mode":"single"},"description_kind":"plain","computed":true},"maintenance_event_id":{"type":"string","description_kind":"plain","computed":true},"network_interfaces":{"nested_type":{"attributes":{"aliases":{"nested_type":{"attributes":{"cidrs":{"type":["list","string"],"description_kind":"plain","computed":true}},"nesting_mode":"single"},"description":"Effective IP Aliases","description_kind":"markdown","computed":true},"fqdn":{"type":"string","description":"FQDN of the interface","description_kind":"markdown","computed":true},"index":{"type":"number","description":"The index of the network interface","description_kind":"markdown","computed":true},"ip_address":{"nested_type":{"attributes":{"address":{"type":"string","description":"Effective private IPv4 address assigned to the interface.","description_kind":"markdown","computed":true},"allocation_id":{"type":"string","description":"Allocation identifier.","description_kind":"markdown","computed":true}},"nesting_mode":"single"},"description":"Effective Private IPv4 address","description_kind":"markdown","computed":true},"mac_address":{"type":"string","description":"MAC address","description_kind":"markdown","computed":true},"name":{"type":"string","description":":\n\n   Name for interface.\n   Unique within instance's network interfaces\n","description_kind":"markdown","computed":true},"public_ip_address":{"nested_type":{"attributes":{"address":{"type":"string","description":"Effective public IPv4 address assigned to the interface.","description_kind":"markdown","computed":true},"allocation_id":{"type":"string","description":"Allocation identifier.","description_kind":"markdown","computed":true},"static":{"type":"bool","description":":\n\n   If false - Allocation will be created/deleted during NetworkInterface.Allocate/NetworkInterface.Deallocate\n   If true  - Allocation will be created/deleted during NetworkInterface.Create/NetworkInterface.Delete\n   False by default\n","description_kind":"markdown","computed":true}},"nesting_mode":"single"},"description":"Effective Public IPv4 address","description_kind":"markdown","computed":true}},"nesting_mode":"list"},"description":":\n\n   #### Inner value description\n   \n   Describes the status of a network interface.\n","description_kind":"markdown","computed":true},"reconciling":{"type":"bool","description":"Indicates whether there is an ongoing operation","description_kind":"markdown","computed":true},"reservation_id":{"type":"string","description_kind":"plain","computed":true},"state":{"type":"string","description":":\n\n   #### Supported values\n   \n   Possible values:\n   \n   - `UNSPECIFIED`\n   - `CREATING`\n   - `UPDATING`\n   - `STARTING`\n   - `RUNNING`\n   - `STOPPING`\n   - `STOPPED`\n   - `DELETING`\n   - `ERROR`\n   \n","description_kind":"markdown","computed":true}},"nesting_mode":"single"},"description_kind":"plain","computed":true},"stopped":{"type":"bool","description":"Indicates whether the instance should be stopped.","description_kind":"markdown","optional":true},"updated_at":{"type":"string","description":":\n\n   Timestamp indicating when the resource was last updated.\n   \n   A string representing a timestamp in [ISO 8601](https://en.wikipedia.org/wiki/ISO_8601) format: `YYYY-MM-DDTHH:MM:SSZ` or `YYYY-MM-DDTHH:MM:SS.SSS±HH:MM`\n","description_kind":"markdown","computed":true}},"description_kind":"plain"}},"nebius_compute_v1_nvl_instance_group":{"version":0,"block":{"attributes":{"created_at":{"type":"string","description":":\n\n   Timestamp indicating when the resource was created.\n   \n   A string representing a timestamp in [ISO 8601](https://en.wikipedia.org/wiki/ISO_8601) format: `YYYY-MM-DDTHH:MM:SSZ` or `YYYY-MM-DDTHH:MM:SS.SSS±HH:MM`\n","description_kind":"markdown","computed":true},"id":{"type":"string","description":"Identifier for the resource, unique for its resource type.","description_kind":"markdown","computed":true},"labels":{"type":["map","string"],"description":":\n\n   Labels associated with the resource.\n   \n","description_kind":"markdown","optional":true},"metadata":{"nested_type":{"nesting_mode":"single"},"description":":\n\n   #### Inner value description\n   \n   Common resource metadata.\n","description_kind":"markdown","optional":true,"computed":true},"name":{"type":"string","description":"Human readable name for the resource.","description_kind":"markdown","optional":true},"parent_id":{"type":"string","description":"Identifier of the parent resource to which the resource belongs.","description_kind":"markdown","required":true},"resource_version":{"type":"number","description":":\n\n   Version of the resource for safe concurrent modifications and consistent reads.\n   Positive and monotonically increases on each resource spec change (but *not* on each change of the\n   resource's container(s) or status).\n   Service allows zero value or current.\n   \n","description_kind":"markdown","computed":true},"status":{"nested_type":{"attributes":{"instances":{"nested_type":{"attributes":{"instance_state":{"type":"string","description":":\n\n   Current state of the instance.\n   \n   #### Supported values\n   \n   Possible values:\n   \n   - `UNSPECIFIED`\n   - `CREATING`\n   - `UPDATING`\n   - `STARTING`\n   - `RUNNING`\n   - `STOPPING`\n   - `STOPPED`\n   - `DELETING`\n   - `ERROR`\n   \n","description_kind":"markdown","computed":true}},"nesting_mode":"map"},"description":"Instances that are associated with this NVLink InstanceGroup","description_kind":"markdown","computed":true},"reconciling":{"type":"bool","description":"Indicates whether there is an ongoing operation with any VM in the InstanceGroup","description_kind":"markdown","computed":true}},"nesting_mode":"single"},"description_kind":"plain","computed":true},"type":{"type":"string","description":":\n\n   Type of the NVLink InstanceGroup (corresponds to the Compute platform)\n   \n   #### Supported values\n   \n   Type of the NVLink InstanceGroup.\n   Possible values:\n   \n   - `UNSPECIFIED`\n   - `GB200`\n   - `GB300`\n   \n","description_kind":"markdown","optional":true},"updated_at":{"type":"string","description":":\n\n   Timestamp indicating when the resource was last updated.\n   \n   A string representing a timestamp in [ISO 8601](https://en.wikipedia.org/wiki/ISO_8601) format: `YYYY-MM-DDTHH:MM:SSZ` or `YYYY-MM-DDTHH:MM:SS.SSS±HH:MM`\n","description_kind":"markdown","computed":true}},"description":"Represents an NVLink InstanceGroup.","description_kind":"markdown"}},"nebius_iam_v1_access_permit":{"version":0,"block":{"attributes":{"created_at":{"type":"string","description":":\n\n   Timestamp indicating when the resource was created.\n   \n   A string representing a timestamp in [ISO 8601](https://en.wikipedia.org/wiki/ISO_8601) format: `YYYY-MM-DDTHH:MM:SSZ` or `YYYY-MM-DDTHH:MM:SS.SSS±HH:MM`\n","description_kind":"markdown","computed":true},"id":{"type":"string","description":"Identifier for the resource, unique for its resource type.","description_kind":"markdown","computed":true},"labels":{"type":["map","string"],"description":":\n\n   Labels associated with the resource.\n   \n","description_kind":"markdown","optional":true},"metadata":{"nested_type":{"nesting_mode":"single"},"description":":\n\n   #### Inner value description\n   \n   Common resource metadata.\n","description_kind":"markdown","optional":true,"computed":true},"name":{"type":"string","description":"Human readable name for the resource.","description_kind":"markdown","optional":true},"parent_id":{"type":"string","description":"Identifier of the parent resource to which the resource belongs.","description_kind":"markdown","required":true},"resource_id":{"type":"string","description":"Resource for granting access permit.","description_kind":"markdown","optional":true},"resource_version":{"type":"number","description":":\n\n   Version of the resource for safe concurrent modifications and consistent reads.\n   Positive and monotonically increases on each resource spec change (but *not* on each change of the\n   resource's container(s) or status).\n   Service allows zero value or current.\n   \n","description_kind":"markdown","computed":true},"role":{"type":"string","description":"Role for granting access permit.","description_kind":"markdown","optional":true},"status":{"nested_type":{"nesting_mode":"single"},"description_kind":"plain","computed":true},"updated_at":{"type":"string","description":":\n\n   Timestamp indicating when the resource was last updated.\n   \n   A string representing a timestamp in [ISO 8601](https://en.wikipedia.org/wiki/ISO_8601) format: `YYYY-MM-DDTHH:MM:SSZ` or `YYYY-MM-DDTHH:MM:SS.SSS±HH:MM`\n","description_kind":"markdown","computed":true}},"description_kind":"plain"}},"nebius_iam_v1_auth_public_key":{"version":0,"block":{"attributes":{"account":{"nested_type":{"attributes":{"anonymous_account":{"nested_type":{"nesting_mode":"single"},"description":"*Cannot be set alongside user_account or service_account.*","description_kind":"markdown","optional":true},"service_account":{"nested_type":{"attributes":{"id":{"type":"string","description_kind":"plain","optional":true}},"nesting_mode":"single"},"description":"*Cannot be set alongside user_account or anonymous_account.*","description_kind":"markdown","optional":true},"user_account":{"nested_type":{"attributes":{"id":{"type":"string","description_kind":"plain","optional":true}},"nesting_mode":"single"},"description":"*Cannot be set alongside service_account or anonymous_account.*","description_kind":"markdown","optional":true}},"nesting_mode":"single"},"description_kind":"plain","optional":true},"created_at":{"type":"string","description":":\n\n   Timestamp indicating when the resource was created.\n   \n   A string representing a timestamp in [ISO 8601](https://en.wikipedia.org/wiki/ISO_8601) format: `YYYY-MM-DDTHH:MM:SSZ` or `YYYY-MM-DDTHH:MM:SS.SSS±HH:MM`\n","description_kind":"markdown","computed":true},"data":{"type":"string","description_kind":"plain","optional":true},"description":{"type":"string","description_kind":"plain","optional":true},"expires_at":{"type":"string","description":"A string representing a timestamp in [ISO 8601](https://en.wikipedia.org/wiki/ISO_8601) format: `YYYY-MM-DDTHH:MM:SSZ` or `YYYY-MM-DDTHH:MM:SS.SSS±HH:MM`","description_kind":"markdown","optional":true},"id":{"type":"string","description":"Identifier for the resource, unique for its resource type.","description_kind":"markdown","computed":true},"labels":{"type":["map","string"],"description":":\n\n   Labels associated with the resource.\n   \n","description_kind":"markdown","optional":true},"metadata":{"nested_type":{"nesting_mode":"single"},"description":":\n\n   #### Inner value description\n   \n   Common resource metadata.\n","description_kind":"markdown","optional":true,"computed":true},"name":{"type":"string","description":"Human readable name for the resource.","description_kind":"markdown","optional":true},"parent_id":{"type":"string","description":"Identifier of the parent resource to which the resource belongs.","description_kind":"markdown","required":true},"resource_version":{"type":"number","description":":\n\n   Version of the resource for safe concurrent modifications and consistent reads.\n   Positive and monotonically increases on each resource spec change (but *not* on each change of the\n   resource's container(s) or status).\n   Service allows zero value or current.\n   \n","description_kind":"markdown","computed":true},"status":{"nested_type":{"attributes":{"algorithm":{"type":"string","description_kind":"plain","computed":true},"fingerprint":{"type":"string","description_kind":"plain","computed":true},"key_size":{"type":"number","description_kind":"plain","computed":true},"state":{"type":"string","description":":\n\n   #### Supported values\n   \n   Possible values:\n   \n   - `STATE_UNSPECIFIED`\n   - `ACTIVE`\n   - `INACTIVE`\n   - `EXPIRED`\n   - `DELETING`\n   - `DELETED`\n   \n","description_kind":"markdown","computed":true}},"nesting_mode":"single"},"description_kind":"plain","computed":true},"updated_at":{"type":"string","description":":\n\n   Timestamp indicating when the resource was last updated.\n   \n   A string representing a timestamp in [ISO 8601](https://en.wikipedia.org/wiki/ISO_8601) format: `YYYY-MM-DDTHH:MM:SSZ` or `YYYY-MM-DDTHH:MM:SS.SSS±HH:MM`\n","description_kind":"markdown","computed":true}},"description_kind":"plain"}},"nebius_iam_v1_federated_credentials":{"version":0,"block":{"attributes":{"created_at":{"type":"string","description":":\n\n   Timestamp indicating when the resource was created.\n   \n   A string representing a timestamp in [ISO 8601](https://en.wikipedia.org/wiki/ISO_8601) format: `YYYY-MM-DDTHH:MM:SSZ` or `YYYY-MM-DDTHH:MM:SS.SSS±HH:MM`\n","description_kind":"markdown","computed":true},"federated_subject_id":{"type":"string","description":":\n\n   Federated subject ID. For oidc_provider, the subject is calculated from the\n   \"sub\" claim of the federated JWT token.\n","description_kind":"markdown","optional":true},"id":{"type":"string","description":"Identifier for the resource, unique for its resource type.","description_kind":"markdown","computed":true},"labels":{"type":["map","string"],"description":":\n\n   Labels associated with the resource.\n   \n","description_kind":"markdown","optional":true},"metadata":{"nested_type":{"nesting_mode":"single"},"description":":\n\n   Federated credentials resource metadata.\n   \n   #### Inner value description\n   \n   Common resource metadata.\n","description_kind":"markdown","optional":true,"computed":true},"name":{"type":"string","description":"Human readable name for the resource.","description_kind":"markdown","optional":true},"oidc_provider":{"nested_type":{"attributes":{"issuer_url":{"type":"string","description":"OIDC-compatible JWT issuer URL.","description_kind":"markdown","required":true},"jwk_set_json":{"type":"string","description":":\n\n   JSON representation of a JSON Web Key Set (JWKS) with public keys used for\n   JWT signature verification.\n   If set, the token service uses this JWKS to verify token signatures.\n","description_kind":"markdown","optional":true}},"nesting_mode":"single"},"description":":\n\n   #### Inner value description\n   \n   The OIDC provider does not have to be a full OIDC provider, but it must expose\n   OIDC discovery metadata at the \"/.well-known/openid-configuration\" endpoint.\n   The discovery metadata must contain \"jwks_uri\", which points to the JSON Web\n   Key Set (JWKS). The JWKS contains public keys used to verify JSON\n   Web Tokens (JWTs) issued by the identity provider.\n","description_kind":"markdown","optional":true},"parent_id":{"type":"string","description":"Identifier of the parent resource to which the resource belongs.","description_kind":"markdown","required":true},"resource_version":{"type":"number","description":":\n\n   Version of the resource for safe concurrent modifications and consistent reads.\n   Positive and monotonically increases on each resource spec change (but *not* on each change of the\n   resource's container(s) or status).\n   Service allows zero value or current.\n   \n","description_kind":"markdown","computed":true},"status":{"nested_type":{"nesting_mode":"single"},"description":"Federated credentials resource status.","description_kind":"markdown","computed":true},"subject_id":{"type":"string","description":"IAM subject (service account) that the federated subject impersonates.","description_kind":"markdown","required":true},"updated_at":{"type":"string","description":":\n\n   Timestamp indicating when the resource was last updated.\n   \n   A string representing a timestamp in [ISO 8601](https://en.wikipedia.org/wiki/ISO_8601) format: `YYYY-MM-DDTHH:MM:SSZ` or `YYYY-MM-DDTHH:MM:SS.SSS±HH:MM`\n","description_kind":"markdown","computed":true}},"description_kind":"plain"}},"nebius_iam_v1_federation":{"version":0,"block":{"attributes":{"active":{"type":"bool","description":"Specifies if the federation in active state","description_kind":"markdown","deprecated":true,"optional":true},"created_at":{"type":"string","description":":\n\n   Timestamp indicating when the resource was created.\n   \n   A string representing a timestamp in [ISO 8601](https://en.wikipedia.org/wiki/ISO_8601) format: `YYYY-MM-DDTHH:MM:SSZ` or `YYYY-MM-DDTHH:MM:SS.SSS±HH:MM`\n","description_kind":"markdown","computed":true},"id":{"type":"string","description":"Identifier for the resource, unique for its resource type.","description_kind":"markdown","computed":true},"labels":{"type":["map","string"],"description":":\n\n   Labels associated with the resource.\n   \n","description_kind":"markdown","optional":true},"metadata":{"nested_type":{"nesting_mode":"single"},"description":":\n\n   Federation resource metadata.\n   \n   #### Inner value description\n   \n   Common resource metadata.\n","description_kind":"markdown","optional":true,"computed":true},"name":{"type":"string","description":"Human readable name for the resource.","description_kind":"markdown","optional":true},"parent_id":{"type":"string","description":"Identifier of the parent resource to which the resource belongs.","description_kind":"markdown","required":true},"resource_version":{"type":"number","description":":\n\n   Version of the resource for safe concurrent modifications and consistent reads.\n   Positive and monotonically increases on each resource spec change (but *not* on each change of the\n   resource's container(s) or status).\n   Service allows zero value or current.\n   \n","description_kind":"markdown","computed":true},"saml_settings":{"nested_type":{"attributes":{"force_authn":{"type":"bool","description":"if \"true\", the identity provider MUST authenticate the presenter directly rather than rely on a previous security context.","description_kind":"markdown","optional":true},"idp_issuer":{"type":"string","description":"The unique identifier of the SAML Identity Provider. It usually matches the entityID from the IdP metadata.","description_kind":"markdown","optional":true},"sso_url":{"type":"string","description":"Identity Provider’s Single Sign-On endpoint. This is the URL where the user is redirected to start SAML login.","description_kind":"markdown","optional":true}},"nesting_mode":"single"},"description":"SAML federation settings.","description_kind":"markdown","optional":true},"status":{"nested_type":{"attributes":{"certificates_count":{"type":"number","description":"Number of certificates attached to the SAML federation for verifying SAML responses.","description_kind":"markdown","computed":true},"state":{"type":"string","description":":\n\n   Federation state.\n   \n   #### Supported values\n   \n   Possible values:\n   \n   - `UNSPECIFIED`\n   - `ACTIVE`\n   - `INACTIVE`\n   \n","description_kind":"markdown","computed":true},"users_count":{"type":"number","description":"Number of users registered in the IAM federation. This value may differ from the number of users in the identity provider.","description_kind":"markdown","computed":true}},"nesting_mode":"single"},"description":"Federation resource status.","description_kind":"markdown","computed":true},"updated_at":{"type":"string","description":":\n\n   Timestamp indicating when the resource was last updated.\n   \n   A string representing a timestamp in [ISO 8601](https://en.wikipedia.org/wiki/ISO_8601) format: `YYYY-MM-DDTHH:MM:SSZ` or `YYYY-MM-DDTHH:MM:SS.SSS±HH:MM`\n","description_kind":"markdown","computed":true},"user_account_auto_creation":{"type":"bool","description":":\n\n   If false, users with access to the federation cannot sign in automatically\n   and user accounts for them must be pre-created by a federation administrator.\n","description_kind":"markdown","optional":true}},"description_kind":"plain"}},"nebius_iam_v1_federation_certificate":{"version":0,"block":{"attributes":{"created_at":{"type":"string","description":":\n\n   Timestamp indicating when the resource was created.\n   \n   A string representing a timestamp in [ISO 8601](https://en.wikipedia.org/wiki/ISO_8601) format: `YYYY-MM-DDTHH:MM:SSZ` or `YYYY-MM-DDTHH:MM:SS.SSS±HH:MM`\n","description_kind":"markdown","computed":true},"data":{"type":"string","description_kind":"plain","optional":true},"description":{"type":"string","description_kind":"plain","optional":true},"id":{"type":"string","description":"Identifier for the resource, unique for its resource type.","description_kind":"markdown","computed":true},"labels":{"type":["map","string"],"description":":\n\n   Labels associated with the resource.\n   \n","description_kind":"markdown","optional":true},"metadata":{"nested_type":{"nesting_mode":"single"},"description":":\n\n   #### Inner value description\n   \n   Common resource metadata.\n","description_kind":"markdown","optional":true,"computed":true},"name":{"type":"string","description":"Human readable name for the resource.","description_kind":"markdown","optional":true},"parent_id":{"type":"string","description":"Identifier of the parent resource to which the resource belongs.","description_kind":"markdown","required":true},"resource_version":{"type":"number","description":":\n\n   Version of the resource for safe concurrent modifications and consistent reads.\n   Positive and monotonically increases on each resource spec change (but *not* on each change of the\n   resource's container(s) or status).\n   Service allows zero value or current.\n   \n","description_kind":"markdown","computed":true},"status":{"nested_type":{"attributes":{"algorithm":{"type":"string","description_kind":"plain","computed":true},"fingerprint":{"type":"string","description_kind":"plain","computed":true},"key_size":{"type":"number","description_kind":"plain","computed":true},"not_after":{"type":"string","description":"A string representing a timestamp in [ISO 8601](https://en.wikipedia.org/wiki/ISO_8601) format: `YYYY-MM-DDTHH:MM:SSZ` or `YYYY-MM-DDTHH:MM:SS.SSS±HH:MM`","description_kind":"markdown","computed":true},"not_before":{"type":"string","description":"A string representing a timestamp in [ISO 8601](https://en.wikipedia.org/wiki/ISO_8601) format: `YYYY-MM-DDTHH:MM:SSZ` or `YYYY-MM-DDTHH:MM:SS.SSS±HH:MM`","description_kind":"markdown","computed":true},"state":{"type":"string","description":":\n\n   #### Supported values\n   \n   Possible values:\n   \n   - `STATE_UNSPECIFIED`\n   - `ACTIVE`\n   - `EXPIRED`\n   \n","description_kind":"markdown","computed":true}},"nesting_mode":"single"},"description_kind":"plain","computed":true},"updated_at":{"type":"string","description":":\n\n   Timestamp indicating when the resource was last updated.\n   \n   A string representing a timestamp in [ISO 8601](https://en.wikipedia.org/wiki/ISO_8601) format: `YYYY-MM-DDTHH:MM:SSZ` or `YYYY-MM-DDTHH:MM:SS.SSS±HH:MM`\n","description_kind":"markdown","computed":true}},"description_kind":"plain"}},"nebius_iam_v1_group":{"version":0,"block":{"attributes":{"created_at":{"type":"string","description":":\n\n   Timestamp indicating when the resource was created.\n   \n   A string representing a timestamp in [ISO 8601](https://en.wikipedia.org/wiki/ISO_8601) format: `YYYY-MM-DDTHH:MM:SSZ` or `YYYY-MM-DDTHH:MM:SS.SSS±HH:MM`\n","description_kind":"markdown","computed":true},"id":{"type":"string","description":"Identifier for the resource, unique for its resource type.","description_kind":"markdown","computed":true},"labels":{"type":["map","string"],"description":":\n\n   Labels associated with the resource.\n   \n","description_kind":"markdown","optional":true},"metadata":{"nested_type":{"nesting_mode":"single"},"description":":\n\n   #### Inner value description\n   \n   Common resource metadata.\n","description_kind":"markdown","optional":true,"computed":true},"name":{"type":"string","description":"Human readable name for the resource.","description_kind":"markdown","optional":true},"parent_id":{"type":"string","description":"Identifier of the parent resource to which the resource belongs.","description_kind":"markdown","required":true},"resource_version":{"type":"number","description":":\n\n   Version of the resource for safe concurrent modifications and consistent reads.\n   Positive and monotonically increases on each resource spec change (but *not* on each change of the\n   resource's container(s) or status).\n   Service allows zero value or current.\n   \n","description_kind":"markdown","computed":true},"status":{"nested_type":{"attributes":{"members_count":{"type":"number","description_kind":"plain","computed":true},"service_accounts_count":{"type":"number","description_kind":"plain","computed":true},"state":{"type":"string","description":":\n\n   #### Supported values\n   \n   Possible values:\n   \n   - `UNSPECIFIED`\n   - `ACTIVE`\n   \n","description_kind":"markdown","computed":true},"tenant_user_accounts_count":{"type":"number","description_kind":"plain","computed":true}},"nesting_mode":"single"},"description_kind":"plain","computed":true},"updated_at":{"type":"string","description":":\n\n   Timestamp indicating when the resource was last updated.\n   \n   A string representing a timestamp in [ISO 8601](https://en.wikipedia.org/wiki/ISO_8601) format: `YYYY-MM-DDTHH:MM:SSZ` or `YYYY-MM-DDTHH:MM:SS.SSS±HH:MM`\n","description_kind":"markdown","computed":true}},"description_kind":"plain"}},"nebius_iam_v1_group_membership":{"version":0,"block":{"attributes":{"created_at":{"type":"string","description":":\n\n   Timestamp indicating when the resource was created.\n   \n   A string representing a timestamp in [ISO 8601](https://en.wikipedia.org/wiki/ISO_8601) format: `YYYY-MM-DDTHH:MM:SSZ` or `YYYY-MM-DDTHH:MM:SS.SSS±HH:MM`\n","description_kind":"markdown","computed":true},"id":{"type":"string","description":"Identifier for the resource, unique for its resource type.","description_kind":"markdown","computed":true},"labels":{"type":["map","string"],"description":":\n\n   Labels associated with the resource.\n   \n","description_kind":"markdown","optional":true},"member_id":{"type":"string","description":"Member of the group. Can be tenant user account id or service account id.","description_kind":"markdown","optional":true},"metadata":{"nested_type":{"nesting_mode":"single"},"description":":\n\n   #### Inner value description\n   \n   Common resource metadata.\n","description_kind":"markdown","optional":true,"computed":true},"name":{"type":"string","description":"Human readable name for the resource.","description_kind":"markdown","optional":true},"parent_id":{"type":"string","description":"Identifier of the parent resource to which the resource belongs.","description_kind":"markdown","required":true},"resource_version":{"type":"number","description":":\n\n   Version of the resource for safe concurrent modifications and consistent reads.\n   Positive and monotonically increases on each resource spec change (but *not* on each change of the\n   resource's container(s) or status).\n   Service allows zero value or current.\n   \n","description_kind":"markdown","computed":true},"status":{"nested_type":{"attributes":{"group_member_metadata":{"nested_type":{"attributes":{"created_at":{"type":"string","description":":\n\n   Timestamp indicating when the resource was created.\n   \n   A string representing a timestamp in [ISO 8601](https://en.wikipedia.org/wiki/ISO_8601) format: `YYYY-MM-DDTHH:MM:SSZ` or `YYYY-MM-DDTHH:MM:SS.SSS±HH:MM`\n","description_kind":"markdown","computed":true},"id":{"type":"string","description":"Identifier for the resource, unique for its resource type.","description_kind":"markdown","computed":true},"labels":{"type":["map","string"],"description":":\n\n   Labels associated with the resource.\n   \n","description_kind":"markdown","computed":true},"name":{"type":"string","description":"Human readable name for the resource.","description_kind":"markdown","computed":true},"parent_id":{"type":"string","description":"Identifier of the parent resource to which the resource belongs.","description_kind":"markdown","computed":true},"resource_version":{"type":"number","description":":\n\n   Version of the resource for safe concurrent modifications and consistent reads.\n   Positive and monotonically increases on each resource spec change (but *not* on each change of the\n   resource's container(s) or status).\n   Service allows zero value or current.\n   \n","description_kind":"markdown","computed":true},"updated_at":{"type":"string","description":":\n\n   Timestamp indicating when the resource was last updated.\n   \n   A string representing a timestamp in [ISO 8601](https://en.wikipedia.org/wiki/ISO_8601) format: `YYYY-MM-DDTHH:MM:SSZ` or `YYYY-MM-DDTHH:MM:SS.SSS±HH:MM`\n","description_kind":"markdown","computed":true}},"nesting_mode":"single"},"description":":\n\n   #### Inner value description\n   \n   Common resource metadata.\n","description_kind":"markdown","computed":true},"service_account_status":{"nested_type":{"attributes":{"active":{"type":"bool","description_kind":"plain","computed":true}},"nesting_mode":"single"},"description":"*Cannot be set alongside tenant_user_account_status.*","description_kind":"markdown","computed":true},"tenant_user_account_status":{"nested_type":{"attributes":{"federation_id":{"type":"string","description":":\n\n   the federation id of the linked user account. Could be empty in a case of a tenant user account belongs to an invitation which wasn't\n   accepted.\n","description_kind":"markdown","computed":true},"invitation_id":{"type":"string","description":":\n\n   if a tenant user account is created during invitation it gets a reference to the invitation resource\n   once invitation is accepted it looses this reference (and internally gets a reference to their global federated user account)\n","description_kind":"markdown","computed":true},"state":{"type":"string","description":":\n\n   #### Supported values\n   \n   Possible values:\n   \n   - `STATE_UNSPECIFIED`\n   - `ACTIVE`:\n      - in case of ordinary tenant user account a corresponding user can log into the system and use granted tenant resources\n      - in case of invited tenant user account once the invitation is accepted a corresponding user can start using granted resources\n        immediately\n   \n   - `INACTIVE` - unused\n   - `BLOCKED`:\n      - in case of ordinary tenant user account a corresponding user can log into the system but cannot be authorized to use tenant\n        resources\n      - in case of invited tenant user account once the invitation is accepted a corresponding user cannot start using granted resources\n        until is unblocked\n   \n   \n","description_kind":"markdown","computed":true},"user_account_state":{"type":"string","description":":\n\n   user account state can help distinguish case when account is blocked globally\n   \n   #### Supported values\n   \n   Possible values:\n   \n   - `STATE_UNSPECIFIED`\n   - `ACTIVE` - usual state when federated user can log into the system and view/manage granted resources in one or more tenants\n   - `INACTIVE` - federated user can be blocked (manually or by any specific automated process), in this state user cannot log into the system\n   - `DELETING`:\n      federated user can be deleted/forgot, in this state user cannot log into the system and various internal removal interactions are in\n      progress\n   \n   \n","description_kind":"markdown","computed":true}},"nesting_mode":"single"},"description":"*Cannot be set alongside service_account_status.*","description_kind":"markdown","computed":true}},"nesting_mode":"single"},"description_kind":"plain","computed":true},"updated_at":{"type":"string","description":":\n\n   Timestamp indicating when the resource was last updated.\n   \n   A string representing a timestamp in [ISO 8601](https://en.wikipedia.org/wiki/ISO_8601) format: `YYYY-MM-DDTHH:MM:SSZ` or `YYYY-MM-DDTHH:MM:SS.SSS±HH:MM`\n","description_kind":"markdown","computed":true}},"description_kind":"plain"}},"nebius_iam_v1_invitation":{"version":0,"block":{"attributes":{"created_at":{"type":"string","description":":\n\n   Timestamp indicating when the resource was created.\n   \n   A string representing a timestamp in [ISO 8601](https://en.wikipedia.org/wiki/ISO_8601) format: `YYYY-MM-DDTHH:MM:SSZ` or `YYYY-MM-DDTHH:MM:SS.SSS±HH:MM`\n","description_kind":"markdown","computed":true},"description":{"type":"string","description_kind":"plain","optional":true},"email":{"type":"string","description_kind":"plain","optional":true,"sensitive":true},"id":{"type":"string","description":"Identifier for the resource, unique for its resource type.","description_kind":"markdown","computed":true},"labels":{"type":["map","string"],"description":":\n\n   Labels associated with the resource.\n   \n","description_kind":"markdown","optional":true},"metadata":{"nested_type":{"nesting_mode":"single"},"description":":\n\n   #### Inner value description\n   \n   Common resource metadata.\n","description_kind":"markdown","optional":true,"computed":true},"name":{"type":"string","description":"Human readable name for the resource.","description_kind":"markdown","optional":true},"parent_id":{"type":"string","description":"Identifier of the parent resource to which the resource belongs.","description_kind":"markdown","required":true},"resource_version":{"type":"number","description":":\n\n   Version of the resource for safe concurrent modifications and consistent reads.\n   Positive and monotonically increases on each resource spec change (but *not* on each change of the\n   resource's container(s) or status).\n   Service allows zero value or current.\n   \n","description_kind":"markdown","computed":true},"status":{"nested_type":{"attributes":{"expires_at":{"type":"string","description":"A string representing a timestamp in [ISO 8601](https://en.wikipedia.org/wiki/ISO_8601) format: `YYYY-MM-DDTHH:MM:SSZ` or `YYYY-MM-DDTHH:MM:SS.SSS±HH:MM`","description_kind":"markdown","computed":true},"state":{"type":"string","description":":\n\n   #### Supported values\n   \n   Possible values:\n   \n   - `UNSPECIFIED`\n   - `CREATING` - contacts data is not stored in pds yet. probably will GC it later\n   - `CREATED` - notification is not sent yet\n   - `PENDING` - notification is sent, we are waiting for the user to approve the notification\n   - `EXPIRED` - notification is expired, accept is no longer possible\n   - `ACCEPTED` - notification is accepted\n   \n","description_kind":"markdown","computed":true},"tenant_user_account_id":{"type":"string","description_kind":"plain","computed":true}},"nesting_mode":"single"},"description_kind":"plain","computed":true},"updated_at":{"type":"string","description":":\n\n   Timestamp indicating when the resource was last updated.\n   \n   A string representing a timestamp in [ISO 8601](https://en.wikipedia.org/wiki/ISO_8601) format: `YYYY-MM-DDTHH:MM:SSZ` or `YYYY-MM-DDTHH:MM:SS.SSS±HH:MM`\n","description_kind":"markdown","computed":true}},"description_kind":"plain"}},"nebius_iam_v1_service_account":{"version":0,"block":{"attributes":{"created_at":{"type":"string","description":":\n\n   Timestamp indicating when the resource was created.\n   \n   A string representing a timestamp in [ISO 8601](https://en.wikipedia.org/wiki/ISO_8601) format: `YYYY-MM-DDTHH:MM:SSZ` or `YYYY-MM-DDTHH:MM:SS.SSS±HH:MM`\n","description_kind":"markdown","computed":true},"description":{"type":"string","description_kind":"plain","optional":true},"id":{"type":"string","description":"Identifier for the resource, unique for its resource type.","description_kind":"markdown","computed":true},"labels":{"type":["map","string"],"description":":\n\n   Labels associated with the resource.\n   \n","description_kind":"markdown","optional":true},"metadata":{"nested_type":{"nesting_mode":"single"},"description":":\n\n   #### Inner value description\n   \n   Common resource metadata.\n","description_kind":"markdown","optional":true,"computed":true},"name":{"type":"string","description":"Human readable name for the resource.","description_kind":"markdown","optional":true},"parent_id":{"type":"string","description":"Identifier of the parent resource to which the resource belongs.","description_kind":"markdown","required":true},"resource_version":{"type":"number","description":":\n\n   Version of the resource for safe concurrent modifications and consistent reads.\n   Positive and monotonically increases on each resource spec change (but *not* on each change of the\n   resource's container(s) or status).\n   Service allows zero value or current.\n   \n","description_kind":"markdown","computed":true},"status":{"nested_type":{"attributes":{"active":{"type":"bool","description_kind":"plain","computed":true}},"nesting_mode":"single"},"description_kind":"plain","computed":true},"updated_at":{"type":"string","description":":\n\n   Timestamp indicating when the resource was last updated.\n   \n   A string representing a timestamp in [ISO 8601](https://en.wikipedia.org/wiki/ISO_8601) format: `YYYY-MM-DDTHH:MM:SSZ` or `YYYY-MM-DDTHH:MM:SS.SSS±HH:MM`\n","description_kind":"markdown","computed":true}},"description_kind":"plain"}},"nebius_iam_v2_access_key":{"version":0,"block":{"attributes":{"account":{"nested_type":{"attributes":{"anonymous_account":{"nested_type":{"nesting_mode":"single"},"description":"*Cannot be set alongside user_account or service_account.*","description_kind":"markdown","optional":true},"service_account":{"nested_type":{"attributes":{"id":{"type":"string","description_kind":"plain","optional":true}},"nesting_mode":"single"},"description":"*Cannot be set alongside user_account or anonymous_account.*","description_kind":"markdown","optional":true},"user_account":{"nested_type":{"attributes":{"id":{"type":"string","description_kind":"plain","optional":true}},"nesting_mode":"single"},"description":"*Cannot be set alongside service_account or anonymous_account.*","description_kind":"markdown","optional":true}},"nesting_mode":"single"},"description_kind":"plain","optional":true},"created_at":{"type":"string","description":":\n\n   Timestamp indicating when the resource was created.\n   \n   A string representing a timestamp in [ISO 8601](https://en.wikipedia.org/wiki/ISO_8601) format: `YYYY-MM-DDTHH:MM:SSZ` or `YYYY-MM-DDTHH:MM:SS.SSS±HH:MM`\n","description_kind":"markdown","computed":true},"description":{"type":"string","description_kind":"plain","optional":true},"expires_at":{"type":"string","description":"A string representing a timestamp in [ISO 8601](https://en.wikipedia.org/wiki/ISO_8601) format: `YYYY-MM-DDTHH:MM:SSZ` or `YYYY-MM-DDTHH:MM:SS.SSS±HH:MM`","description_kind":"markdown","optional":true},"id":{"type":"string","description":"Identifier for the resource, unique for its resource type.","description_kind":"markdown","computed":true},"labels":{"type":["map","string"],"description":":\n\n   Labels associated with the resource.\n   \n","description_kind":"markdown","optional":true},"metadata":{"nested_type":{"nesting_mode":"single"},"description":":\n\n   #### Inner value description\n   \n   Common resource metadata.\n","description_kind":"markdown","optional":true,"computed":true},"name":{"type":"string","description":"Human readable name for the resource.","description_kind":"markdown","optional":true},"parent_id":{"type":"string","description":"Identifier of the parent resource to which the resource belongs.","description_kind":"markdown","required":true},"resource_version":{"type":"number","description":":\n\n   Version of the resource for safe concurrent modifications and consistent reads.\n   Positive and monotonically increases on each resource spec change (but *not* on each change of the\n   resource's container(s) or status).\n   Service allows zero value or current.\n   \n","description_kind":"markdown","computed":true},"secret_delivery_mode":{"type":"string","description":":\n\n   Specifies how the secret will be delivered upon creation. This field is immutable — it cannot be changed after the resource is\n   created.\n   \n   #### Supported values\n   \n   Possible values:\n   \n   - `UNSPECIFIED` - If not specified, the default behaviour will be applied. Currently it's INLINE, later will be EXPLICIT.\n   - `INLINE` - The secret value will be returned directly in the API response\n   - `MYSTERY_BOX` - The secret will be delivered via a MysteryBox secret, in case of terraform it is recommended to use that enum\n   - `EXPLICIT` - The secret value will be accessible via a separate method GetSecret\n   \n","description_kind":"markdown","optional":true},"status":{"nested_type":{"attributes":{"algorithm":{"type":"string","description_kind":"plain","computed":true},"aws_access_key_id":{"type":"string","description_kind":"plain","computed":true},"fingerprint":{"type":"string","description_kind":"plain","computed":true},"key_size":{"type":"number","description_kind":"plain","computed":true},"secret":{"type":"string","description_kind":"plain","computed":true,"sensitive":true},"secret_reference_id":{"type":"string","description_kind":"plain","computed":true},"state":{"type":"string","description":":\n\n   #### Supported values\n   \n   Possible values:\n   \n   - `STATE_UNSPECIFIED`\n   - `ACTIVE`\n   - `INACTIVE`\n   - `EXPIRED`\n   - `DELETING`\n   - `DELETED`\n   \n","description_kind":"markdown","computed":true}},"nesting_mode":"single"},"description_kind":"plain","computed":true},"updated_at":{"type":"string","description":":\n\n   Timestamp indicating when the resource was last updated.\n   \n   A string representing a timestamp in [ISO 8601](https://en.wikipedia.org/wiki/ISO_8601) format: `YYYY-MM-DDTHH:MM:SSZ` or `YYYY-MM-DDTHH:MM:SS.SSS±HH:MM`\n","description_kind":"markdown","computed":true}},"description_kind":"plain"}},"nebius_iam_v2_project":{"version":0,"block":{"attributes":{"created_at":{"type":"string","description":":\n\n   Timestamp indicating when the resource was created.\n   \n   A string representing a timestamp in [ISO 8601](https://en.wikipedia.org/wiki/ISO_8601) format: `YYYY-MM-DDTHH:MM:SSZ` or `YYYY-MM-DDTHH:MM:SS.SSS±HH:MM`\n","description_kind":"markdown","computed":true},"id":{"type":"string","description":"Identifier for the resource, unique for its resource type.","description_kind":"markdown","computed":true},"labels":{"type":["map","string"],"description":":\n\n   Labels associated with the resource.\n   \n","description_kind":"markdown","optional":true},"metadata":{"nested_type":{"nesting_mode":"single"},"description":":\n\n   #### Inner value description\n   \n   Common resource metadata.\n","description_kind":"markdown","optional":true,"computed":true},"name":{"type":"string","description":"Human readable name for the resource.","description_kind":"markdown","optional":true},"parent_id":{"type":"string","description":"Identifier of the parent resource to which the resource belongs.","description_kind":"markdown","required":true},"region":{"type":"string","description":":\n\n   Name of the region where project resources will be created.\n   Example: \"eu-north1\".\n","description_kind":"markdown","optional":true},"resource_version":{"type":"number","description":":\n\n   Version of the resource for safe concurrent modifications and consistent reads.\n   Positive and monotonically increases on each resource spec change (but *not* on each change of the\n   resource's container(s) or status).\n   Service allows zero value or current.\n   \n","description_kind":"markdown","computed":true},"status":{"nested_type":{"attributes":{"project_state":{"type":"string","description":":\n\n   Current state of the project.\n   \n   #### Supported values\n   \n   Possible values:\n   \n   - `STATE_UNSPECIFIED`\n   - `CREATING`\n   - `ACTIVE`\n   - `PURGING`\n   - `CREATED`\n   - `ACTIVATING`\n   - `PARKING`\n   - `PARKED`\n   \n","description_kind":"markdown","computed":true}},"nesting_mode":"single"},"description_kind":"plain","computed":true},"updated_at":{"type":"string","description":":\n\n   Timestamp indicating when the resource was last updated.\n   \n   A string representing a timestamp in [ISO 8601](https://en.wikipedia.org/wiki/ISO_8601) format: `YYYY-MM-DDTHH:MM:SSZ` or `YYYY-MM-DDTHH:MM:SS.SSS±HH:MM`\n","description_kind":"markdown","computed":true}},"description_kind":"plain"}},"nebius_mk8s_v1_cluster":{"version":0,"block":{"attributes":{"control_plane":{"nested_type":{"attributes":{"audit_logs":{"nested_type":{"nesting_mode":"single"},"description":":\n\n   Specify configuration of the pushing k8s audit logs into service logs and show it in the UI.\n   By default cluster will be created without it.\n","description_kind":"markdown","optional":true},"endpoints":{"nested_type":{"attributes":{"public_endpoint":{"nested_type":{"nesting_mode":"single"},"description":"Public endpoint specification. When set, a public endpoint is created.","description_kind":"markdown","optional":true}},"nesting_mode":"single"},"description":"Specification of endpoints of cluster control plane.","description_kind":"markdown","optional":true},"etcd_cluster_size":{"type":"number","description":":\n\n   Number of instances in etcd cluster.\n   3 by default.\n   Control plane with `etcd_cluster_size: 3` called \"Highly Available\" (\"HA\"), because it's Kubernetes API\n   will be available despite a failure of one control plane instance.\n","description_kind":"markdown","optional":true},"karpenter":{"nested_type":{"nesting_mode":"single"},"description":":\n\n   Enables installation of the Karpenter inside a cluster.\n   Karpenter will be installed as a helm chart inside cluster\n   so it requires creation of at least one CPU public node group.\n   \n   Please note that there is no feature parity between Karpenter node pools and\n   public node groups.\n   By default cluster will be created without it.\n","description_kind":"markdown","optional":true},"subnet_id":{"type":"string","description":":\n\n   Nebius VPC Subnet ID where control plane instances will be located.\n   Also will be default NodeGroup subnet.\n","description_kind":"markdown","required":true},"version":{"type":"string","description":":\n\n   Desired Kubernetes version of the cluster. For now only acceptable format is\n   `\u003cmajor\u003e.\u003cminor\u003e` like \"1.31\". Option for patch version update will be added later.\n","description_kind":"markdown","optional":true}},"nesting_mode":"single"},"description_kind":"plain","required":true},"created_at":{"type":"string","description":":\n\n   Timestamp indicating when the resource was created.\n   \n   A string representing a timestamp in [ISO 8601](https://en.wikipedia.org/wiki/ISO_8601) format: `YYYY-MM-DDTHH:MM:SSZ` or `YYYY-MM-DDTHH:MM:SS.SSS±HH:MM`\n","description_kind":"markdown","computed":true},"id":{"type":"string","description":"Identifier for the resource, unique for its resource type.","description_kind":"markdown","computed":true},"kube_network":{"nested_type":{"attributes":{"service_cidrs":{"type":["list","string"],"description":":\n\n   CIDR blocks for Service ClusterIP allocation.\n   For now, only one value is supported.\n   Must be a valid CIDR block or prefix length.\n   In case of prefix length, certain CIDR is auto allocated.\n   Specified CIDR blocks will be reserved in Cluster.spec.control_plane.subnet_id to prevent address duplication.\n   Allowed prefix length is from \"/12\" to \"/28\".\n   Empty value treated as [\"/16\"].\n","description_kind":"markdown","optional":true}},"nesting_mode":"single"},"description":"Defines kubernetes network configuration, like IP allocation.","description_kind":"markdown","optional":true},"labels":{"type":["map","string"],"description":":\n\n   Labels associated with the resource.\n   \n","description_kind":"markdown","optional":true},"metadata":{"nested_type":{"nesting_mode":"single"},"description":":\n\n   #### Inner value description\n   \n   Common resource metadata.\n","description_kind":"markdown","optional":true,"computed":true},"name":{"type":"string","description":"Human readable name for the resource.","description_kind":"markdown","optional":true},"parent_id":{"type":"string","description":"Identifier of the parent resource to which the resource belongs.","description_kind":"markdown","required":true},"resource_version":{"type":"number","description":":\n\n   Version of the resource for safe concurrent modifications and consistent reads.\n   Positive and monotonically increases on each resource spec change (but *not* on each change of the\n   resource's container(s) or status).\n   Service allows zero value or current.\n   \n","description_kind":"markdown","computed":true},"status":{"nested_type":{"attributes":{"control_plane":{"nested_type":{"attributes":{"auth":{"nested_type":{"attributes":{"cluster_ca_certificate":{"type":"string","description":"PEM with the Cluster Certificate Authority, that must be used for TLS connection to Kubernetes API.","description_kind":"markdown","computed":true}},"nesting_mode":"single"},"description_kind":"plain","computed":true},"endpoints":{"nested_type":{"attributes":{"private_endpoint":{"type":"string","description":"DNS name or IP address accessible from the user VPC.","description_kind":"markdown","computed":true},"public_endpoint":{"type":"string","description":"DNS name or IP address accessible from the Internet.","description_kind":"markdown","computed":true}},"nesting_mode":"single"},"description":":\n\n   #### Inner value description\n   \n   Endpoints of Kubernetes control plane. Kubernetes API can be accessed at `https://endpoint/`.\n","description_kind":"markdown","computed":true},"etcd_cluster_size":{"type":"number","description":"Number of instances in etcd cluster.","description_kind":"markdown","computed":true},"version":{"type":"string","description":":\n\n   Actual Kubernetes and configuration version.\n   Version has format `\u003cmajor\u003e.\u003cminor\u003e.\u003cpatch\u003e-nebius-cp.\u003cinfra_version\u003e` like\n   \"1.30.0-nebius-cp.3\", where `\u003cmajor\u003e.\u003cminor\u003e.\u003cpatch\u003e` is Kubernetes version and `\u003cinfra_version\u003e` is version of control plane\n   infrastructure and configuration, updating of which may include bug fixes, security updates and new features of components running on\n   control plane, like CCM or Cluster Autoscaler.\n","description_kind":"markdown","computed":true}},"nesting_mode":"single"},"description_kind":"plain","computed":true},"events":{"nested_type":{"attributes":{"first_occurred_at":{"type":"string","description":":\n\n   Time of the first occurrence of a recurrent event\n   \n   A string representing a timestamp in [ISO 8601](https://en.wikipedia.org/wiki/ISO_8601) format: `YYYY-MM-DDTHH:MM:SSZ` or `YYYY-MM-DDTHH:MM:SS.SSS±HH:MM`\n","description_kind":"markdown","computed":true},"last_occurrence":{"nested_type":{"attributes":{"code":{"type":"string","description":"Event code (unique within the API service), in UpperCamelCase, e.g. `\"DiskAttached\"`","description_kind":"markdown","computed":true},"level":{"type":"string","description":":\n\n   Severity level for the event\n   \n   #### Supported values\n   \n   Possible values:\n   \n   - `UNSPECIFIED` - Unspecified event severity level\n   - `DEBUG` - A debug event providing detailed insight. Such events are used to debug problems with specific resource(s) and process(es)\n   - `INFO` - A normal event or state change. Informs what is happening with the API resource. Does not require user attention or interaction\n   - `WARN`:\n      Warning event. Indicates a potential or minor problem with the API resource and/or the corresponding processes. Needs user attention,\n      but requires no immediate action (yet)\n   \n   - `ERROR` - Error event. Indicates a serious problem with the API resource and/or the corresponding processes. Requires immediate user action\n   \n","description_kind":"markdown","computed":true},"message":{"type":"string","description":":\n\n   A human-readable message describing what has happened\n   (and suggested actions for the user, if this is a `WARN` or `ERROR` level event)\n","description_kind":"markdown","computed":true},"occurred_at":{"type":"string","description":":\n\n   Time at which the event has occurred\n   \n   A string representing a timestamp in [ISO 8601](https://en.wikipedia.org/wiki/ISO_8601) format: `YYYY-MM-DDTHH:MM:SSZ` or `YYYY-MM-DDTHH:MM:SS.SSS±HH:MM`\n","description_kind":"markdown","computed":true}},"nesting_mode":"single"},"description":":\n\n   Last occurrence of a recurrent event\n   \n   #### Inner value description\n   \n   Represents an API Resource-related event which is potentially important to the end-user. What exactly constitutes an *event* to be\n   reported is service-dependent\n","description_kind":"markdown","computed":true},"occurrence_count":{"type":"number","description":"The number of times this event has occurred between `first_occurred_at` and `last_occurrence.occurred_at`. Must be \u003e 0","description_kind":"markdown","computed":true}},"nesting_mode":"list"},"description":":\n\n   #### Inner value description\n   \n   A resource event that has occurred (more or less in the same way) multiple times across a service-defined aggregation interval\n","description_kind":"markdown","computed":true},"reconciling":{"type":"bool","description":"Show that changes are in flight","description_kind":"markdown","computed":true},"state":{"type":"string","description":":\n\n   #### Supported values\n   \n   Possible values:\n   \n   - `STATE_UNSPECIFIED`\n   - `PROVISIONING`\n   - `RUNNING`\n   - `DELETING`\n   \n","description_kind":"markdown","computed":true}},"nesting_mode":"single"},"description_kind":"plain","computed":true},"updated_at":{"type":"string","description":":\n\n   Timestamp indicating when the resource was last updated.\n   \n   A string representing a timestamp in [ISO 8601](https://en.wikipedia.org/wiki/ISO_8601) format: `YYYY-MM-DDTHH:MM:SSZ` or `YYYY-MM-DDTHH:MM:SS.SSS±HH:MM`\n","description_kind":"markdown","computed":true}},"description_kind":"plain"}},"nebius_mk8s_v1_node_group":{"version":0,"block":{"attributes":{"auto_repair":{"nested_type":{"attributes":{"conditions":{"nested_type":{"attributes":{"disabled":{"type":"bool","description":":\n\n   When true, disables the default auto-repair condition rules.\n   \n   *Cannot be set alongside timeout.*\n","description_kind":"markdown","optional":true},"status":{"type":"string","description":":\n\n   Node condition status.\n   \n   #### Supported values\n   \n   Possible values:\n   \n   - `CONDITION_STATUS_UNSPECIFIED`\n   - `TRUE`\n   - `FALSE`\n   - `UNKNOWN`\n   \n","description_kind":"markdown","optional":true},"timeout":{"type":"string","description":":\n\n   The duration after which the node is automatically repaired if the condition remains in the specified status.\n   \n   Duration as a string: possibly signed sequence of decimal numbers, each with optional fraction and a unit suffix, such as `300ms`, `-1.5h` or `2h45m`. Valid time units are `ns`, `us` (or `µs`), `ms`, `s`, `m`, `h`, `d`.\n   \n   *Cannot be set alongside disabled.*\n","description_kind":"markdown","optional":true},"type":{"type":"string","description":"Node condition type.","description_kind":"markdown","required":true}},"nesting_mode":"list"},"description":"Conditions that determine whether a node should be auto repaired.","description_kind":"markdown","optional":true}},"nesting_mode":"single"},"description":"Parameters for nodes auto repair.","description_kind":"markdown","optional":true},"autoscaling":{"nested_type":{"attributes":{"max_node_count":{"type":"number","description_kind":"plain","optional":true},"min_node_count":{"type":"number","description_kind":"plain","optional":true}},"nesting_mode":"single"},"description":":\n\n   Enables [Kubernetes Cluster Autoscaler](https://github.com/kubernetes/autoscaler/tree/master/cluster-autoscaler)\n   for that NodeGroup, and defines autoscaling parameters.\n   \n   *Cannot be set alongside fixed_node_count.*\n","description_kind":"markdown","optional":true},"created_at":{"type":"string","description":":\n\n   Timestamp indicating when the resource was created.\n   \n   A string representing a timestamp in [ISO 8601](https://en.wikipedia.org/wiki/ISO_8601) format: `YYYY-MM-DDTHH:MM:SSZ` or `YYYY-MM-DDTHH:MM:SS.SSS±HH:MM`\n","description_kind":"markdown","computed":true},"fixed_node_count":{"type":"number","description":":\n\n   Number of nodes in the group. Can be changed manually at any time.\n   \n   *Cannot be set alongside autoscaling.*\n","description_kind":"markdown","optional":true},"id":{"type":"string","description":"Identifier for the resource, unique for its resource type.","description_kind":"markdown","computed":true},"labels":{"type":["map","string"],"description":":\n\n   Labels associated with the resource.\n   \n","description_kind":"markdown","optional":true},"metadata":{"nested_type":{"nesting_mode":"single"},"description":":\n\n   #### Inner value description\n   \n   Common resource metadata.\n   \n   \n","description_kind":"markdown","optional":true,"computed":true},"name":{"type":"string","description":"Human readable name for the resource.","description_kind":"markdown","optional":true},"parent_id":{"type":"string","description":"Identifier of the parent resource to which the resource belongs.","description_kind":"markdown","required":true},"resource_version":{"type":"number","description":":\n\n   Version of the resource for safe concurrent modifications and consistent reads.\n   Positive and monotonically increases on each resource spec change (but *not* on each change of the\n   resource's container(s) or status).\n   Service allows zero value or current.\n   \n","description_kind":"markdown","computed":true},"status":{"nested_type":{"attributes":{"events":{"nested_type":{"attributes":{"first_occurred_at":{"type":"string","description":":\n\n   Time of the first occurrence of a recurrent event\n   \n   A string representing a timestamp in [ISO 8601](https://en.wikipedia.org/wiki/ISO_8601) format: `YYYY-MM-DDTHH:MM:SSZ` or `YYYY-MM-DDTHH:MM:SS.SSS±HH:MM`\n","description_kind":"markdown","computed":true},"last_occurrence":{"nested_type":{"attributes":{"code":{"type":"string","description":"Event code (unique within the API service), in UpperCamelCase, e.g. `\"DiskAttached\"`","description_kind":"markdown","computed":true},"level":{"type":"string","description":":\n\n   Severity level for the event\n   \n   #### Supported values\n   \n   Possible values:\n   \n   - `UNSPECIFIED` - Unspecified event severity level\n   - `DEBUG` - A debug event providing detailed insight. Such events are used to debug problems with specific resource(s) and process(es)\n   - `INFO` - A normal event or state change. Informs what is happening with the API resource. Does not require user attention or interaction\n   - `WARN`:\n      Warning event. Indicates a potential or minor problem with the API resource and/or the corresponding processes. Needs user attention,\n      but requires no immediate action (yet)\n   \n   - `ERROR` - Error event. Indicates a serious problem with the API resource and/or the corresponding processes. Requires immediate user action\n   \n","description_kind":"markdown","computed":true},"message":{"type":"string","description":":\n\n   A human-readable message describing what has happened\n   (and suggested actions for the user, if this is a `WARN` or `ERROR` level event)\n","description_kind":"markdown","computed":true},"occurred_at":{"type":"string","description":":\n\n   Time at which the event has occurred\n   \n   A string representing a timestamp in [ISO 8601](https://en.wikipedia.org/wiki/ISO_8601) format: `YYYY-MM-DDTHH:MM:SSZ` or `YYYY-MM-DDTHH:MM:SS.SSS±HH:MM`\n","description_kind":"markdown","computed":true}},"nesting_mode":"single"},"description":":\n\n   Last occurrence of a recurrent event\n   \n   #### Inner value description\n   \n   Represents an API Resource-related event which is potentially important to the end-user. What exactly constitutes an *event* to be\n   reported is service-dependent\n","description_kind":"markdown","computed":true},"occurrence_count":{"type":"number","description":"The number of times this event has occurred between `first_occurred_at` and `last_occurrence.occurred_at`. Must be \u003e 0","description_kind":"markdown","computed":true}},"nesting_mode":"list"},"description":":\n\n   #### Inner value description\n   \n   A resource event that has occurred (more or less in the same way) multiple times across a service-defined aggregation interval\n","description_kind":"markdown","computed":true},"node_count":{"type":"number","description":":\n\n   Total number of nodes that are currently in the node group.\n   Both ready and not ready nodes are counted.\n","description_kind":"markdown","computed":true},"outdated_node_count":{"type":"number","description":":\n\n   Total number of nodes that has outdated node configuration.\n   These nodes will be replaced by new nodes with up-to-date configuration.\n","description_kind":"markdown","computed":true},"ready_node_count":{"type":"number","description":":\n\n   Total number of nodes that successfully joined the cluster and are ready to serve workloads.\n   Both outdated and up-to-date nodes are counted.\n","description_kind":"markdown","computed":true},"reconciling":{"type":"bool","description":"Show that there are changes are in flight.","description_kind":"markdown","computed":true},"state":{"type":"string","description":":\n\n   #### Supported values\n   \n   Possible values:\n   \n   - `STATE_UNSPECIFIED`\n   - `PROVISIONING`\n   - `RUNNING`\n   - `DELETING`\n   \n","description_kind":"markdown","computed":true},"strategy":{"nested_type":{"attributes":{"drain_timeout":{"type":"string","description":":\n\n   Maximum amount of time that the service will spend attempting to gracefully drain a node\n   (evicting its pods) before falling back to pod deletion.\n   A value of 0 (or when field is omitted) means no timeout: the node can be drained for an unlimited time.\n   Important consequence of that is if PodDisruptionBudget doesn't allow evicting a pod,\n   then NodeGroup update with node re-creation will hang on that pod eviction.\n   Note that this is different from `kubectl drain --timeout`, which gives up and returns an error.\n   \n   Duration as a string: possibly signed sequence of decimal numbers, each with optional fraction and a unit suffix, such as `300ms`, `-1.5h` or `2h45m`. Valid time units are `ns`, `us` (or `µs`), `ms`, `s`, `m`, `h`, `d`.\n","description_kind":"markdown","computed":true},"max_surge":{"nested_type":{"attributes":{"count":{"type":"number","description":"*Cannot be set alongside percent.*","description_kind":"markdown","computed":true},"percent":{"type":"number","description":"*Cannot be set alongside count.*","description_kind":"markdown","computed":true}},"nesting_mode":"single"},"description":":\n\n   The maximum number of additional nodes that can be provisioned above the desired number of nodes during the update process.\n   \n   This value can be specified either as an absolute number (for example 3) or as a percentage of the desired\n   number of nodes (for example 5%).\n   \n   When specified as a percentage, the actual number is calculated by rounding up to the nearest whole number.\n   This value cannot be 0 if `max_unavailable` is also set to 0.\n   \n   Defaults to 1.\n   \n   Example: If set to 25%, the node group can scale up by an additional 25% during the update,\n   allowing new nodes to be added before old nodes are removed, which helps minimize workload disruption.\n   \n   NOTE:\n   \n   it is user responsibility to ensure that there are enough quota for provision nodes above the desired number.\n   Available quota effectively limits `max_surge`.\n   In case of not enough quota even for one extra node, update operation will hung because of quota exhausted error.\n   Such error will be visible in Operation.progress_data.\n","description_kind":"markdown","computed":true},"max_unavailable":{"nested_type":{"attributes":{"count":{"type":"number","description":"*Cannot be set alongside percent.*","description_kind":"markdown","computed":true},"percent":{"type":"number","description":"*Cannot be set alongside count.*","description_kind":"markdown","computed":true}},"nesting_mode":"single"},"description":":\n\n   The maximum number of nodes that can be simultaneously unavailable during the update process.\n   \n   This value can be specified either as an absolute number (for example 3) or as a percentage of the desired\n   number of nodes (for example 5%).\n   \n   When specified as a percentage, the actual number is calculated by rounding down to the nearest whole number.\n   This value cannot be 0 if `max_surge` is also set to 0.\n   \n   Defaults to 0.\n   \n   Example: If set to 20%, up to 20% of the nodes can be taken offline at once during the update,\n   ensuring that at least 80% of the desired nodes remain operational.\n","description_kind":"markdown","computed":true}},"nesting_mode":"single"},"description":":\n\n   Deployment strategy used by the service for node group rollouts and node deletions.\n   It includes default values applied by the service. A drain_timeout value of 0 means\n   that node draining is not time-limited.\n","description_kind":"markdown","computed":true},"target_node_count":{"type":"number","description":":\n\n   Desired total number of nodes that should be in the node group.\n   It is either `NodeGroupSpec.fixed_node_count` or arbitrary number between\n   `NodeGroupAutoscalingSpec.min_node_count` and `NodeGroupAutoscalingSpec.max_node_count` decided by autoscaler.\n","description_kind":"markdown","computed":true},"version":{"type":"string","description":":\n\n   Actual version of NodeGroup. Have format `\u003cmajor\u003e.\u003cminor\u003e.\u003cpatch\u003e-nebius-node.\u003cinfra_version\u003e` like \"1.30.0-nebius-node.10\".\n   Where `\u003cmajor\u003e.\u003cminor\u003e.\u003cpatch\u003e` is Kubernetes version and `\u003cinfra_version\u003e` is version of Node infrastructure and configuration,\n   which update may include bug fixes, security updates and new features depending on worker node configuration.\n","description_kind":"markdown","computed":true}},"nesting_mode":"single"},"description_kind":"plain","computed":true},"strategy":{"nested_type":{"attributes":{"drain_timeout":{"type":"string","description":":\n\n   Maximum amount of time that the service will spend attempting to gracefully drain a node\n   (evicting its pods) before falling back to pod deletion.\n   A value of 0 (or when field is omitted) means no timeout: the node can be drained for an unlimited time.\n   Important consequence of that is if PodDisruptionBudget doesn't allow evicting a pod,\n   then NodeGroup update with node re-creation will hang on that pod eviction.\n   Note that this is different from `kubectl drain --timeout`, which gives up and returns an error.\n   \n   Duration as a string: possibly signed sequence of decimal numbers, each with optional fraction and a unit suffix, such as `300ms`, `-1.5h` or `2h45m`. Valid time units are `ns`, `us` (or `µs`), `ms`, `s`, `m`, `h`, `d`.\n","description_kind":"markdown","optional":true},"max_surge":{"nested_type":{"attributes":{"count":{"type":"number","description":"*Cannot be set alongside percent.*","description_kind":"markdown","optional":true},"percent":{"type":"number","description":"*Cannot be set alongside count.*","description_kind":"markdown","optional":true}},"nesting_mode":"single"},"description":":\n\n   The maximum number of additional nodes that can be provisioned above the desired number of nodes during the update process.\n   \n   This value can be specified either as an absolute number (for example 3) or as a percentage of the desired\n   number of nodes (for example 5%).\n   \n   When specified as a percentage, the actual number is calculated by rounding up to the nearest whole number.\n   This value cannot be 0 if `max_unavailable` is also set to 0.\n   \n   Defaults to 1.\n   \n   Example: If set to 25%, the node group can scale up by an additional 25% during the update,\n   allowing new nodes to be added before old nodes are removed, which helps minimize workload disruption.\n   \n   NOTE:\n   \n   it is user responsibility to ensure that there are enough quota for provision nodes above the desired number.\n   Available quota effectively limits `max_surge`.\n   In case of not enough quota even for one extra node, update operation will hung because of quota exhausted error.\n   Such error will be visible in Operation.progress_data.\n","description_kind":"markdown","optional":true},"max_unavailable":{"nested_type":{"attributes":{"count":{"type":"number","description":"*Cannot be set alongside percent.*","description_kind":"markdown","optional":true},"percent":{"type":"number","description":"*Cannot be set alongside count.*","description_kind":"markdown","optional":true}},"nesting_mode":"single"},"description":":\n\n   The maximum number of nodes that can be simultaneously unavailable during the update process.\n   \n   This value can be specified either as an absolute number (for example 3) or as a percentage of the desired\n   number of nodes (for example 5%).\n   \n   When specified as a percentage, the actual number is calculated by rounding down to the nearest whole number.\n   This value cannot be 0 if `max_surge` is also set to 0.\n   \n   Defaults to 0.\n   \n   Example: If set to 20%, up to 20% of the nodes can be taken offline at once during the update,\n   ensuring that at least 80% of the desired nodes remain operational.\n","description_kind":"markdown","optional":true}},"nesting_mode":"single"},"description":":\n\n   Defines deployment - roll-out, or nodes re-creation during configuration change.\n   Allows to setup compromise in roll-out speed, extra resources consumption and workloads disruption.\n","description_kind":"markdown","optional":true},"template":{"nested_type":{"attributes":{"boot_disk":{"nested_type":{"attributes":{"block_size_bytes":{"type":"number","description_kind":"plain","optional":true,"computed":true},"size_bytes":{"type":"number","description":"*Cannot be set alongside size_kibibytes, size_mebibytes or size_gibibytes.*","description_kind":"markdown","optional":true,"computed":true},"size_gibibytes":{"type":"number","description":"*Cannot be set alongside size_bytes, size_kibibytes or size_mebibytes.*","description_kind":"markdown","optional":true,"computed":true},"size_kibibytes":{"type":"number","description":"*Cannot be set alongside size_bytes, size_mebibytes or size_gibibytes.*","description_kind":"markdown","optional":true,"computed":true},"size_mebibytes":{"type":"number","description":"*Cannot be set alongside size_bytes, size_kibibytes or size_gibibytes.*","description_kind":"markdown","optional":true,"computed":true},"type":{"type":"string","description":":\n\n   #### Supported values\n   \n   Possible values:\n   \n   - `UNSPECIFIED`\n   - `NETWORK_SSD`\n   - `NETWORK_HDD`\n   - `NETWORK_SSD_IO_M3`\n   - `NETWORK_SSD_NON_REPLICATED`\n   \n","description_kind":"markdown","optional":true,"computed":true}},"nesting_mode":"single"},"description":"Parameters of a Node Nebius Compute Instance boot disk.","description_kind":"markdown","optional":true,"computed":true},"cloud_init_user_data":{"type":"string","description":":\n\n   cloud-init user-data\n   Should contain at least one SSH key.\n","description_kind":"markdown","optional":true,"sensitive":true},"filesystems":{"nested_type":{"attributes":{"attach_mode":{"type":"string","description":":\n\n   #### Supported values\n   \n   Possible values:\n   \n   - `UNSPECIFIED`\n   - `READ_ONLY`\n   - `READ_WRITE`\n   \n","description_kind":"markdown","required":true},"existing_filesystem":{"nested_type":{"attributes":{"id":{"type":"string","description_kind":"plain","required":true}},"nesting_mode":"single"},"description_kind":"plain","optional":true},"mount_tag":{"type":"string","description":"Specifies the user-defined identifier, allowing to use it as a device in mount command.","description_kind":"markdown","required":true}},"nesting_mode":"list"},"description":":\n\n   Static attachments of Compute Filesystem.\n   Can be used as a workaround, until CSI for Compute Disk and Filesystem will be available.\n","description_kind":"markdown","optional":true},"gpu_cluster":{"nested_type":{"attributes":{"id":{"type":"string","description_kind":"plain","optional":true}},"nesting_mode":"single"},"description":"Nebius Compute GPUCluster ID that will be attached to node.","description_kind":"markdown","optional":true},"gpu_settings":{"nested_type":{"attributes":{"drivers_preset":{"type":"string","description":":\n\n   Identifier of the predefined set of drivers included in the ComputeImage deployed on ComputeInstances that are part of the NodeGroup.\n   Supported presets for different platform / Kubernetes version combinations:\n   * `gpu-l40s-a`, `gpu-l40s-d`, `gpu-h100-sxm`, `gpu-h200-sxm`:\n     * `version`: 1.30 → `\"cuda12\"` (CUDA 12.4)\n     * `version`: 1.31 → `\"cuda12\"` (CUDA 12.4), `\"cuda12.4\"`, `\"cuda12.8\"`\n   * `gpu-b200-sxm`:\n     * `version`: 1.31 → `\"cuda12\"` (CUDA 12.8), `\"cuda12.8\"`\n   * `gpu-b200-sxm-a`:\n     * `version`: 1.31 → `\"cuda12.8\"`\n","description_kind":"markdown","required":true}},"nesting_mode":"single"},"description":":\n\n   GPU-related settings.\n   \n   #### Inner value description\n   \n   GPU-related settings.\n","description_kind":"markdown","optional":true},"local_disks":{"nested_type":{"attributes":{"config":{"nested_type":{"attributes":{"kubelet_ephemeral":{"type":"bool","description":":\n\n   kubelet_ephemeral: combine all local disks into a single storage volume and use it as kubelet's local ephemeral storage on the node\n   See also https://kubernetes.io/docs/concepts/storage/ephemeral-storage/\n   \n   The default when LocalDisksSpecConfig is not set.\n   \n   *Cannot be set alongside none.*\n","description_kind":"markdown","optional":true,"computed":true},"none":{"type":"bool","description":":\n\n   none: \"do nothing\" - local disks will be provisioned as on a regular compute instance.\n   \n   *Cannot be set alongside kubelet_ephemeral.*\n","description_kind":"markdown","optional":true,"computed":true}},"nesting_mode":"single"},"description":":\n\n   config defines actions that managed Kubernetes service performs on mounted local disks\n   to provide them inside Kubernetes cluster with a convenient interface.\n   \n   When omitted, a default value is generated.\n   \n   #### Inner value description\n   \n   LocalDisksSpecConfig defines actions that managed Kubernetes service performs on mounted local disks\n   to provide them inside Kubernetes cluster with a convenient interface.\n","description_kind":"markdown","optional":true,"computed":true},"passthrough_group":{"nested_type":{"attributes":{"requested":{"type":"bool","description":":\n\n   Passthrough local disks from the underlying host.\n   \n   Devices are expected to appear in the guest as NVMe devices (nvme0, nvme1, ...),\n   but the exact number depends on the preset.\n   Enabled only when this field is explicitly set.\n","description_kind":"markdown","optional":true}},"nesting_mode":"single"},"description":":\n\n   Requests passthrough local disks from the host.\n   Topology of the provided disks is preserved during stop and start\n   for every instance of a specific platform and preset in the region.\n   \n   \n","description_kind":"markdown","optional":true}},"nesting_mode":"single"},"description":":\n\n   local_disks enables the provisioning of fast local drives.\n   This type of storage is strictly ephemeral: on node restart, all data is erased, similar to RAM.\n","description_kind":"markdown","optional":true,"computed":true},"max_pods":{"type":"number","description":":\n\n   The maximum number of Pods per node for your cluster. If omitted, MK8S assigns the default value of 110. When you\n   configure the maximum number of Pods per node for the cluster, MK8S uses this value to allocate a CIDR range for every node\n   in group. The node CIDR prefix is calculated as `32 - ceil(log2(2 * max_pods))`, i.e. the smallest IPv4 subnet whose total address\n   count is at least `2 * max_pods`. Not all IPs are usable for workload Pods because some of them are consumed by system Pods.\n","description_kind":"markdown","optional":true},"metadata":{"nested_type":{"attributes":{"labels":{"type":["map","string"],"description":":\n\n   Kubernetes Node labels.\n   \n   Keys and values must follow Kubernetes label syntax:\n   https://kubernetes.io/docs/concepts/overview/working-with-objects/labels/\n   \n   For now change will not be propagated to existing nodes, so will be applied only to Kubernetes Nodes created after the field change.\n   That behavior may change later.\n   So, for now you will need to manually set them to existing nodes, if that is needed.\n   \n   System labels containing \"kubernetes.io\" and \"k8s.io\" will be ignored.\n   Field change will NOT trigger NodeGroup roll out.\n","description_kind":"markdown","optional":true}},"nesting_mode":"single"},"description_kind":"plain","optional":true},"network_interfaces":{"nested_type":{"attributes":{"public_ip_address":{"nested_type":{"nesting_mode":"single"},"description":":\n\n   Parameters for Public IPv4 address associated with the interface.\n   Set to empty value, to enable it.\n   \n   #### Inner value description\n   \n   Describes a public IP address.\n","description_kind":"markdown","optional":true,"computed":true},"subnet_id":{"type":"string","description":":\n\n   Nebius VPC Subnet ID that will be attached to a node cloud instance network interface.\n   By default Cluster control plane subnet_id used.\n   Subnet should be located in the same network with control plane.\n","description_kind":"markdown","optional":true,"computed":true}},"nesting_mode":"list"},"description_kind":"plain","optional":true,"computed":true},"os":{"type":"string","description":":\n\n   OS version that will be used to create the boot disk of Compute Instances in the NodeGroup.\n   Supported platform / Kubernetes version / OS / driver presets combinations\n   * `gpu-l40s-a`, `gpu-l40s-d`, `gpu-h100-sxm`, `gpu-h200-sxm`, `cpu-e1`, `cpu-e2`, `cpu-d3`:\n     * `drivers_preset`: `\"\"`\n       * `version`: 1.30 → `\"ubuntu22.04\"`\n       * `version`: 1.31 → `\"ubuntu22.04\"` (default), `\"ubuntu24.04\"`\n   * `gpu-l40s-a`, `gpu-l40s-d`, `gpu-h100-sxm`, `gpu-h200-sxm`:\n     * `drivers_preset`: `\"cuda12\"` (CUDA 12.4)\n       * `version`: 1.30, 1.31 → `\"ubuntu22.04\"`\n     * `drivers_preset`: `\"cuda12.4\"`\n       * `version`: 1.31 → `\"ubuntu22.04\"`\n     * `drivers_preset`: `\"cuda12.8\"`\n       * `version`: 1.31 → `\"ubuntu24.04\"`\n   * `gpu-b200-sxm`:\n     * `drivers_preset`: `\"\"`\n       * `version`: 1.30, 1.31 → `\"ubuntu24.04\"`\n     * `drivers_preset`: `\"cuda12\"` (CUDA 12.8)\n       * `version`: 1.30, 1.31 → `\"ubuntu24.04\"`\n     * `drivers_preset`: `\"cuda12.8\"`\n       * `version`: 1.31 → `\"ubuntu24.04\"`\n   * `gpu-b200-sxm-a`:\n     * `drivers_preset`: `\"\"`\n       * `version`: 1.31 → `\"ubuntu24.04\"`\n     * `drivers_preset`: `\"cuda12.8\"`\n       * `version`: 1.31 → `\"ubuntu24.04\"`\n","description_kind":"markdown","optional":true},"preemptible":{"nested_type":{"nesting_mode":"single"},"description":":\n\n   Configures whether the nodes in the group are preemptible.\n   Set to empty value to enable preemptible nodes.\n","description_kind":"markdown","optional":true},"reservation_policy":{"nested_type":{"attributes":{"policy":{"type":"string","description":":\n\n   #### Supported values\n   \n   Possible values:\n   \n   - `AUTO`:\n      1) Will try to launch instance in any reservation_ids if provided.\n      2) Will try to launch instance in any of the available capacity block.\n      3) Will try to launch instance in PAYG if 1 \u0026 2 are not satisfied.\n   \n   - `FORBID`:\n      The instance is launched only using on-demand (PAYG) capacity.\n      No attempt is made to find or use a Capacity Block.\n      It's an error to provide reservation_ids with policy = FORBID\n   \n   - `STRICT`:\n      1) Will try to launch the instance in Capacity Blocks from reservation_ids if provided.\n      2) If reservation_ids are not provided will try to launch instance in suitable \u0026 available Capacity Block.\n      3) Fail otherwise.\n   \n   \n","description_kind":"markdown","optional":true},"reservation_ids":{"type":["list","string"],"description":"Capacity block groups, order matters","description_kind":"markdown","optional":true}},"nesting_mode":"single"},"description":":\n\n   reservation_policy is an interface of the \"capacity block\" (or \"capacity block group\") mechanism of Nebius Compute.\n   \n   #### Inner value description\n   \n   ReservationPolicy is copied as-is from NebiusAPI `compute/v1/instance.proto`.\n","description_kind":"markdown","optional":true},"resources":{"nested_type":{"attributes":{"platform":{"type":"string","description_kind":"plain","required":true},"preset":{"type":"string","description_kind":"plain","optional":true}},"nesting_mode":"single"},"description":"Resources that will have Nebius Compute Instance where Node kubelet will run.","description_kind":"markdown","required":true},"service_account_id":{"type":"string","description":":\n\n   the Nebius service account whose credentials will be available on the nodes of the group.\n   With these credentials, it is possible to make `nebius` CLI or public API requests from the nodes\n   without the need for extra authentication.\n   This service account is also used to make requests to container registry.\n   \n   `resource.serviceaccount.issueAccessToken` permission is required to use this field.\n","description_kind":"markdown","optional":true},"taints":{"nested_type":{"attributes":{"effect":{"type":"string","description":":\n\n   #### Supported values\n   \n   Possible values:\n   \n   - `EFFECT_UNSPECIFIED`\n   - `NO_EXECUTE`\n   - `NO_SCHEDULE`\n   - `PREFER_NO_SCHEDULE`\n   \n","description_kind":"markdown","required":true},"key":{"type":"string","description_kind":"plain","required":true},"value":{"type":"string","description_kind":"plain","required":true}},"nesting_mode":"list"},"description":":\n\n   Kubernetes Node taints.\n   For now change will not be propagated to existing nodes, so will be applied only to Kubernetes Nodes created after the field change.\n   That behaviour may change later.\n   So, for now you will need to manually set them to existing nodes, if that is needed.\n   Field change will NOT trigger NodeGroup roll out.\n   \n   #### Inner value description\n   \n   See https://kubernetes.io/docs/concepts/scheduling-eviction/taint-and-toleration/\n","description_kind":"markdown","optional":true}},"nesting_mode":"single"},"description":":\n\n   Parameters for Kubernetes Node object and Nebius Compute Instance\n   If not written opposite a NodeTemplate field update will cause NodeGroup roll-out according NodeGroupDeploymentStrategy.\n","description_kind":"markdown","required":true},"updated_at":{"type":"string","description":":\n\n   Timestamp indicating when the resource was last updated.\n   \n   A string representing a timestamp in [ISO 8601](https://en.wikipedia.org/wiki/ISO_8601) format: `YYYY-MM-DDTHH:MM:SSZ` or `YYYY-MM-DDTHH:MM:SS.SSS±HH:MM`\n","description_kind":"markdown","computed":true},"version":{"type":"string","description":":\n\n   Version is desired Kubernetes version of the cluster. For now only acceptable format is\n   `\u003cmajor\u003e.\u003cminor\u003e` like \"1.31\". Option for patch version update will be added later.\n   By default the cluster control plane `\u003cmajor\u003e.\u003cminor\u003e` version will be used.\n","description_kind":"markdown","optional":true}},"description":"NodeGroup represents Kubernetes node pool - set of worker machines having the same configuration.\nA Node is a Nebius Compute Instance created in Cluster.metadata.parent_id container, running kubelet\nthat registers in Kubernetes API and a Node object created.","description_kind":"markdown"}},"nebius_mk8s_v1alpha1_cluster":{"version":0,"block":{"attributes":{"control_plane":{"nested_type":{"attributes":{"endpoints":{"nested_type":{"attributes":{"public_endpoint":{"nested_type":{"nesting_mode":"single"},"description":"PublicEndpointSpec is a specification of public endpoint for control plane.","description_kind":"markdown","optional":true}},"nesting_mode":"single"},"description_kind":"plain","optional":true},"etcd_cluster_size":{"type":"number","description":":\n\n   Number of instances in etcd cluster.\n   3 by default.\n   Control plane with `etcd_cluster_size: 3` called \"Highly Available\" (\"HA\"), because it's Kubernetes API\n   will be available despite a failure of one control plane instance.\n","description_kind":"markdown","optional":true},"subnet_id":{"type":"string","description":"Subnet ID where control plane instances will be located.","description_kind":"markdown","required":true},"version":{"type":"string","description":":\n\n   Version is desired Kubernetes version of the cluster. For now only acceptable format is\n   `MAJOR.MINOR` like \"1.31\". Option for patch version update will be added later.\n","description_kind":"markdown","optional":true}},"nesting_mode":"single"},"description_kind":"plain","required":true},"created_at":{"type":"string","description":":\n\n   Timestamp indicating when the resource was created.\n   \n   A string representing a timestamp in [ISO 8601](https://en.wikipedia.org/wiki/ISO_8601) format: `YYYY-MM-DDTHH:MM:SSZ` or `YYYY-MM-DDTHH:MM:SS.SSS±HH:MM`\n","description_kind":"markdown","computed":true},"id":{"type":"string","description":"Identifier for the resource, unique for its resource type.","description_kind":"markdown","computed":true},"kube_network":{"nested_type":{"attributes":{"service_cidrs":{"type":["list","string"],"description":":\n\n   CIDR blocks for Service ClusterIP allocation.\n   For now, only one value is supported.\n   Must be a valid CIDR block or prefix length.\n   In case of prefix length, certain CIDR is auto allocated.\n   Specified CIDR blocks will be reserved in Cluster.spec.control_plane.subnet_id to prevent address duplication.\n   Allowed prefix length is from \"/12\" to \"/28\".\n   Empty value treated as [\"/16\"].\n","description_kind":"markdown","optional":true}},"nesting_mode":"single"},"description":"Defines kubernetes network configuration, like IP allocation.","description_kind":"markdown","optional":true},"labels":{"type":["map","string"],"description":":\n\n   Labels associated with the resource.\n   \n","description_kind":"markdown","optional":true},"metadata":{"nested_type":{"nesting_mode":"single"},"description":":\n\n   #### Inner value description\n   \n   Common resource metadata.\n","description_kind":"markdown","optional":true,"computed":true},"name":{"type":"string","description":"Human readable name for the resource.","description_kind":"markdown","optional":true},"parent_id":{"type":"string","description":"Identifier of the parent resource to which the resource belongs.","description_kind":"markdown","required":true},"resource_version":{"type":"number","description":":\n\n   Version of the resource for safe concurrent modifications and consistent reads.\n   Positive and monotonically increases on each resource spec change (but *not* on each change of the\n   resource's container(s) or status).\n   Service allows zero value or current.\n   \n","description_kind":"markdown","computed":true},"status":{"nested_type":{"attributes":{"control_plane":{"nested_type":{"attributes":{"auth":{"nested_type":{"attributes":{"cluster_ca_certificate":{"type":"string","description_kind":"plain","computed":true}},"nesting_mode":"single"},"description_kind":"plain","computed":true},"endpoints":{"nested_type":{"attributes":{"private_endpoint":{"type":"string","description":"DNS name or IP address accessible from the user VPC.","description_kind":"markdown","computed":true},"public_endpoint":{"type":"string","description":"DNS name or IP address accessible from the Internet.","description_kind":"markdown","computed":true}},"nesting_mode":"single"},"description":":\n\n   #### Inner value description\n   \n   Endpoints of Kubernetes control plane. Kubernetes API can be accessed at `https://endpoint/`.\n","description_kind":"markdown","computed":true},"etcd_cluster_size":{"type":"number","description":"Number of instances in etcd cluster.","description_kind":"markdown","computed":true},"version":{"type":"string","description":"Version have format `major.minor.patch-nebius-cp.n` like \"1.30.0-nebius-cp.3\".","description_kind":"markdown","computed":true}},"nesting_mode":"single"},"description_kind":"plain","computed":true},"reconciling":{"type":"bool","description":"Show that changes are in flight","description_kind":"markdown","computed":true},"state":{"type":"string","description":":\n\n   #### Supported values\n   \n   Possible values:\n   \n   - `STATE_UNSPECIFIED`\n   - `PROVISIONING`\n   - `RUNNING`\n   - `DELETING`\n   \n","description_kind":"markdown","computed":true}},"nesting_mode":"single"},"description_kind":"plain","computed":true},"updated_at":{"type":"string","description":":\n\n   Timestamp indicating when the resource was last updated.\n   \n   A string representing a timestamp in [ISO 8601](https://en.wikipedia.org/wiki/ISO_8601) format: `YYYY-MM-DDTHH:MM:SSZ` or `YYYY-MM-DDTHH:MM:SS.SSS±HH:MM`\n","description_kind":"markdown","computed":true}},"description_kind":"plain","deprecated":true}},"nebius_mk8s_v1alpha1_node_group":{"version":0,"block":{"attributes":{"auto_repair":{"nested_type":{"attributes":{"conditions":{"nested_type":{"attributes":{"disabled":{"type":"bool","description":":\n\n   When true, disables the default auto-repair condition rules.\n   \n   *Cannot be set alongside timeout.*\n","description_kind":"markdown","optional":true},"status":{"type":"string","description":":\n\n   Node condition status.\n   \n   #### Supported values\n   \n   Possible values:\n   \n   - `CONDITION_STATUS_UNSPECIFIED`\n   - `TRUE`\n   - `FALSE`\n   - `UNKNOWN`\n   \n","description_kind":"markdown","optional":true},"timeout":{"type":"string","description":":\n\n   The duration after which the node is automatically repaired if the condition remains in the specified status.\n   \n   Duration as a string: possibly signed sequence of decimal numbers, each with optional fraction and a unit suffix, such as `300ms`, `-1.5h` or `2h45m`. Valid time units are `ns`, `us` (or `µs`), `ms`, `s`, `m`, `h`, `d`.\n   \n   *Cannot be set alongside disabled.*\n","description_kind":"markdown","optional":true},"type":{"type":"string","description":"Node condition type.","description_kind":"markdown","required":true}},"nesting_mode":"list"},"description":"Conditions that determine whether a node should be auto repaired.","description_kind":"markdown","optional":true}},"nesting_mode":"single"},"description":"Parameters for nodes auto repair.","description_kind":"markdown","optional":true},"autoscaling":{"nested_type":{"attributes":{"max_node_count":{"type":"number","description_kind":"plain","optional":true},"min_node_count":{"type":"number","description_kind":"plain","optional":true}},"nesting_mode":"single"},"description":"*Cannot be set alongside fixed_node_count.*","description_kind":"markdown","optional":true},"created_at":{"type":"string","description":":\n\n   Timestamp indicating when the resource was created.\n   \n   A string representing a timestamp in [ISO 8601](https://en.wikipedia.org/wiki/ISO_8601) format: `YYYY-MM-DDTHH:MM:SSZ` or `YYYY-MM-DDTHH:MM:SS.SSS±HH:MM`\n","description_kind":"markdown","computed":true},"fixed_node_count":{"type":"number","description":"*Cannot be set alongside autoscaling.*","description_kind":"markdown","optional":true},"id":{"type":"string","description":"Identifier for the resource, unique for its resource type.","description_kind":"markdown","computed":true},"labels":{"type":["map","string"],"description":":\n\n   Labels associated with the resource.\n   \n","description_kind":"markdown","optional":true},"metadata":{"nested_type":{"nesting_mode":"single"},"description":":\n\n   #### Inner value description\n   \n   Common resource metadata.\n   \n   the parent_id is an ID of Cluster\n","description_kind":"markdown","optional":true,"computed":true},"name":{"type":"string","description":"Human readable name for the resource.","description_kind":"markdown","optional":true},"parent_id":{"type":"string","description":"Identifier of the parent resource to which the resource belongs.","description_kind":"markdown","required":true},"resource_version":{"type":"number","description":":\n\n   Version of the resource for safe concurrent modifications and consistent reads.\n   Positive and monotonically increases on each resource spec change (but *not* on each change of the\n   resource's container(s) or status).\n   Service allows zero value or current.\n   \n","description_kind":"markdown","computed":true},"status":{"nested_type":{"attributes":{"node_count":{"type":"number","description":":\n\n   Total number of nodes that are currently in the node group.\n   Both ready and not ready nodes are counted.\n","description_kind":"markdown","computed":true},"outdated_node_count":{"type":"number","description":":\n\n   Total number of nodes that has outdated node configuration.\n   These nodes will be replaced by new nodes with up-to-date configuration.\n","description_kind":"markdown","computed":true},"ready_node_count":{"type":"number","description":":\n\n   Total number of nodes that successfully joined the cluster and are ready to serve workloads.\n   Both outdated and up-to-date nodes are counted.\n","description_kind":"markdown","computed":true},"reconciling":{"type":"bool","description":"Show that changes are in flight","description_kind":"markdown","computed":true},"state":{"type":"string","description":":\n\n   #### Supported values\n   \n   Possible values:\n   \n   - `STATE_UNSPECIFIED`\n   - `PROVISIONING`\n   - `RUNNING`\n   - `DELETING`\n   \n","description_kind":"markdown","computed":true},"target_node_count":{"type":"number","description":":\n\n   Desired total number of nodes that should be in the node group.\n   It is either fixed_node_count or arbitrary number between min_node_count and max_node_count decided by autoscaler.\n","description_kind":"markdown","computed":true},"version":{"type":"string","description":"Version have format `MAJOR.MINOR.PATCH-nebius-node.n` like \"1.30.0-nebius-node.10\".","description_kind":"markdown","computed":true}},"nesting_mode":"single"},"description_kind":"plain","computed":true},"strategy":{"nested_type":{"attributes":{"drain_timeout":{"type":"string","description":":\n\n   DrainTimeout is the total amount of time that the service will spend on draining a node.\n   By default, node can be drained without any time limitations.\n   NOTE: NodeDrainTimeout is different from `kubectl drain --timeout`\n   \n   Duration as a string: possibly signed sequence of decimal numbers, each with optional fraction and a unit suffix, such as `300ms`, `-1.5h` or `2h45m`. Valid time units are `ns`, `us` (or `µs`), `ms`, `s`, `m`, `h`, `d`.\n","description_kind":"markdown","optional":true},"max_surge":{"nested_type":{"attributes":{"count":{"type":"number","description":"*Cannot be set alongside percent.*","description_kind":"markdown","optional":true},"percent":{"type":"number","description":"*Cannot be set alongside count.*","description_kind":"markdown","optional":true}},"nesting_mode":"single"},"description":":\n\n   The maximum number of machines that can be scheduled above the\n   desired number of machines.\n   Value can be an absolute number (ex: 5) or a percentage of\n   desired machines (ex: 10%).\n   This can not be 0 if MaxUnavailable is 0.\n   Absolute number is calculated from percentage by rounding up.\n   Defaults to 1.\n   Example: when this is set to 30%, the new MachineSet can be scaled\n   up immediately when the rolling update starts, such that the total\n   number of old and new machines do not exceed 130% of desired\n   machines. Once old machines have been killed, new MachineSet can\n   be scaled up further, ensuring that total number of machines running\n   at any time during the update is at most 130% of desired machines.\n","description_kind":"markdown","optional":true},"max_unavailable":{"nested_type":{"attributes":{"count":{"type":"number","description":"*Cannot be set alongside percent.*","description_kind":"markdown","optional":true},"percent":{"type":"number","description":"*Cannot be set alongside count.*","description_kind":"markdown","optional":true}},"nesting_mode":"single"},"description":":\n\n   The maximum number of machines that can be unavailable during the update.\n   Value can be an absolute number (ex: 5) or a percentage of desired\n   machines (ex: 10%).\n   Absolute number is calculated from percentage by rounding down.\n   This can not be 0 if MaxSurge is 0.\n   Defaults to 0.\n   Example: when this is set to 30%, the old MachineSet can be scaled\n   down to 70% of desired machines immediately when the rolling update\n   starts. Once new machines are ready, old MachineSet can be scaled\n   down further, followed by scaling up the new MachineSet, ensuring\n   that the total number of machines available at all times\n   during the update is at least 70% of desired machines.\n","description_kind":"markdown","optional":true}},"nesting_mode":"single"},"description_kind":"plain","optional":true},"template":{"nested_type":{"attributes":{"boot_disk":{"nested_type":{"attributes":{"block_size_bytes":{"type":"number","description_kind":"plain","optional":true,"computed":true},"size_bytes":{"type":"number","description":"*Cannot be set alongside size_kibibytes, size_mebibytes or size_gibibytes.*","description_kind":"markdown","optional":true,"computed":true},"size_gibibytes":{"type":"number","description":"*Cannot be set alongside size_bytes, size_kibibytes or size_mebibytes.*","description_kind":"markdown","optional":true,"computed":true},"size_kibibytes":{"type":"number","description":"*Cannot be set alongside size_bytes, size_mebibytes or size_gibibytes.*","description_kind":"markdown","optional":true,"computed":true},"size_mebibytes":{"type":"number","description":"*Cannot be set alongside size_bytes, size_kibibytes or size_gibibytes.*","description_kind":"markdown","optional":true,"computed":true},"type":{"type":"string","description":":\n\n   #### Supported values\n   \n   Possible values:\n   \n   - `UNSPECIFIED`\n   - `NETWORK_SSD` - the list of available types will be clarified later, it is not final version\n   - `NETWORK_HDD`\n   - `NETWORK_SSD_IO_M3`\n   - `NETWORK_SSD_NON_REPLICATED`\n   \n","description_kind":"markdown","optional":true,"computed":true}},"nesting_mode":"single"},"description_kind":"plain","optional":true,"computed":true},"cloud_init_user_data":{"type":"string","description":"cloud-init user-data. Must contain at least one SSH key.","description_kind":"markdown","optional":true,"sensitive":true},"filesystems":{"nested_type":{"attributes":{"attach_mode":{"type":"string","description":":\n\n   #### Supported values\n   \n   Possible values:\n   \n   - `UNSPECIFIED`\n   - `READ_ONLY`\n   - `READ_WRITE`\n   \n","description_kind":"markdown","required":true},"device_name":{"type":"string","description_kind":"plain","required":true},"existing_filesystem":{"nested_type":{"attributes":{"id":{"type":"string","description_kind":"plain","required":true}},"nesting_mode":"single"},"description_kind":"plain","optional":true}},"nesting_mode":"list"},"description_kind":"plain","optional":true},"gpu_cluster":{"nested_type":{"attributes":{"id":{"type":"string","description_kind":"plain","optional":true}},"nesting_mode":"single"},"description_kind":"plain","optional":true},"gpu_settings":{"nested_type":{"attributes":{"drivers_preset":{"type":"string","description":":\n\n   Identifier of the predefined set of drivers included in the ComputeImage deployed on ComputeInstances that are part of the NodeGroup.\n   Supported presets for different platform / k8s version combinations:\n   - gpu-l40s-a, gpu-l40s-d, gpu-h100-sxm, gpu-h200-sxm:\n     - k8s: 1.30 → \"cuda12\" (CUDA 12.4)\n     - k8s: 1.31 → \"cuda12\" (CUDA 12.4), \"cuda12.4\", \"cuda12.8\"\n   - gpu-b200-sxm:\n     - k8s: 1.31 → \"cuda12\" (CUDA 12.8), \"cuda12.8\"\n   - gpu-b200-sxm-a:\n     - k8s: 1.31 → \"cuda12.8\"\n","description_kind":"markdown","required":true}},"nesting_mode":"single"},"description":":\n\n   GPU-related settings.\n   \n   #### Inner value description\n   \n   GPU-related settings.\n","description_kind":"markdown","optional":true},"metadata":{"nested_type":{"attributes":{"labels":{"type":["map","string"],"description":":\n\n   Labels will be propagated into nodes metadata.\n   System labels containing \"kubernetes.io\" and \"k8s.io\" will not be propagated.\n   On update labels they will not be updated in nodes right away, only on node group update.\n","description_kind":"markdown","optional":true}},"nesting_mode":"single"},"description_kind":"plain","optional":true},"network_interfaces":{"nested_type":{"attributes":{"public_ip_address":{"nested_type":{"nesting_mode":"single"},"description":":\n\n   Public IPv4 address associated with the interface.\n   \n   #### Inner value description\n   \n   Describes a public IP address.\n","description_kind":"markdown","optional":true,"computed":true},"subnet_id":{"type":"string","description":":\n\n   Subnet ID that will be attached to a node cloud instance network interface.\n   By default control plane subnet_id used.\n   Subnet should be located in the same network with control plane and have same parent ID as cluster.\n","description_kind":"markdown","optional":true,"computed":true}},"nesting_mode":"list"},"description_kind":"plain","optional":true,"computed":true},"os":{"type":"string","description":":\n\n   OS version that will be used to create the boot disk of Compute Instances in the NodeGroup.\n   Supported platform / k8s version /  OS / driver presets combinations\n   - gpu-l40s-a, gpu-l40s-d, gpu-h100-sxm, gpu-h200-sxm, cpu-e1, cpu-e2, cpu-d3:\n     - drivers_preset: \"\"\n       - k8s: 1.30 → \"ubuntu22.04\"\n       - k8s: 1.31 → \"ubuntu22.04\" (default), \"ubuntu24.04\"\n   - gpu-l40s-a, gpu-l40s-d, gpu-h100-sxm, gpu-h200-sxm:\n     - drivers_preset: \"cuda12\" (CUDA 12.4)\n       - k8s: 1.30, 1.31 → \"ubuntu22.04\"\n     - drivers_preset: \"cuda12.4\"\n       - k8s: 1.31 → \"ubuntu22.04\"\n     - drivers_preset: \"cuda12.8\"\n       - k8s: 1.31 → \"ubuntu24.04\"\n   - gpu-b200-sxm:\n     - drivers_preset: \"\"\n       - k8s: 1.30, 1.31 → \"ubuntu24.04\"\n     - drivers_preset: \"cuda12\" (CUDA 12.8)\n       - k8s: 1.30, 1.31 → \"ubuntu24.04\"\n     - drivers_preset: \"cuda12.8\"\n       - k8s: 1.31 → \"ubuntu24.04\"\n   - gpu-b200-sxm-a:\n     - drivers_preset: \"\"\n       - k8s: 1.31 → \"ubuntu24.04\"\n     - drivers_preset: \"cuda12.8\"\n       - k8s: 1.31 → \"ubuntu24.04\"\n","description_kind":"markdown","optional":true},"preemptible":{"nested_type":{"nesting_mode":"single"},"description":":\n\n   Configures whether the nodes in the group are preemptible.\n   Set to empty value to enable preemptible nodes.\n","description_kind":"markdown","optional":true},"resources":{"nested_type":{"attributes":{"platform":{"type":"string","description_kind":"plain","required":true},"preset":{"type":"string","description_kind":"plain","optional":true}},"nesting_mode":"single"},"description_kind":"plain","required":true},"service_account_id":{"type":"string","description":":\n\n   the Nebius service account whose credentials will be available on the nodes of the group. With these credentials, it is possible to\n   make `nebius` CLI or public API requests from the nodes without the need for extra authentication. This service account is also used to\n   make requests to container registry.\n   \n   `resource.serviceaccount.issueAccessToken` permission is required to use this field.\n","description_kind":"markdown","optional":true},"taints":{"nested_type":{"attributes":{"effect":{"type":"string","description":":\n\n   #### Supported values\n   \n   Possible values:\n   \n   - `EFFECT_UNSPECIFIED`\n   - `NO_EXECUTE`\n   - `NO_SCHEDULE`\n   - `PREFER_NO_SCHEDULE`\n   \n","description_kind":"markdown","required":true},"key":{"type":"string","description_kind":"plain","required":true},"value":{"type":"string","description_kind":"plain","required":true}},"nesting_mode":"list"},"description":":\n\n   #### Inner value description\n   \n   See https://kubernetes.io/docs/concepts/scheduling-eviction/taint-and-toleration/\n   \n   \n","description_kind":"markdown","optional":true}},"nesting_mode":"single"},"description_kind":"plain","required":true},"updated_at":{"type":"string","description":":\n\n   Timestamp indicating when the resource was last updated.\n   \n   A string representing a timestamp in [ISO 8601](https://en.wikipedia.org/wiki/ISO_8601) format: `YYYY-MM-DDTHH:MM:SSZ` or `YYYY-MM-DDTHH:MM:SS.SSS±HH:MM`\n","description_kind":"markdown","computed":true},"version":{"type":"string","description":":\n\n   Version is desired Kubernetes version of the cluster. For now only acceptable format is\n   `MAJOR.MINOR` like \"1.31\". Option for patch version update will be added later.\n   By default the cluster control plane MAJOR.MINOR version will be used.\n","description_kind":"markdown","optional":true}},"description":"NodeGroup represents Kubernetes node pool","description_kind":"markdown","deprecated":true}},"nebius_msp_mlflow_v1alpha1_cluster":{"version":0,"block":{"attributes":{"admin_password":{"type":"string","description":"MLflow admin password.","description_kind":"markdown","optional":true,"sensitive":true},"admin_username":{"type":"string","description":"MLflow admin username.","description_kind":"markdown","required":true},"created_at":{"type":"string","description":":\n\n   Timestamp indicating when the resource was created.\n   \n   A string representing a timestamp in [ISO 8601](https://en.wikipedia.org/wiki/ISO_8601) format: `YYYY-MM-DDTHH:MM:SSZ` or `YYYY-MM-DDTHH:MM:SS.SSS±HH:MM`\n","description_kind":"markdown","computed":true},"description":{"type":"string","description":"Description of the cluster.","description_kind":"markdown","optional":true},"id":{"type":"string","description":"Identifier for the resource, unique for its resource type.","description_kind":"markdown","computed":true},"labels":{"type":["map","string"],"description":":\n\n   Labels associated with the resource.\n   \n","description_kind":"markdown","optional":true},"metadata":{"nested_type":{"nesting_mode":"single"},"description":":\n\n   #### Inner value description\n   \n   Common resource metadata.\n","description_kind":"markdown","optional":true,"computed":true},"name":{"type":"string","description":"Human readable name for the resource.","description_kind":"markdown","optional":true},"network_id":{"type":"string","description":"ID of the vpc network.","description_kind":"markdown","required":true},"parent_id":{"type":"string","description":"Identifier of the parent resource to which the resource belongs.","description_kind":"markdown","required":true},"public_access":{"type":"bool","description":"Either make cluster public accessible or accessible only via private VPC.","description_kind":"markdown","optional":true},"resource_version":{"type":"number","description":":\n\n   Version of the resource for safe concurrent modifications and consistent reads.\n   Positive and monotonically increases on each resource spec change (but *not* on each change of the\n   resource's container(s) or status).\n   Service allows zero value or current.\n   \n","description_kind":"markdown","computed":true},"service_account_id":{"type":"string","description":"Id of the service account that will be used to access S3 bucket (and create one if not provided).","description_kind":"markdown","required":true},"size":{"type":"string","description":":\n\n   Size defines how much resources will be allocated to mlflow\n   See supported sizes in the documentation. Default size is the smallest available in the region.\n","description_kind":"markdown","optional":true,"computed":true},"status":{"nested_type":{"attributes":{"effective_storage_bucket_name":{"type":"string","description":"Name of the Nebius S3 bucket for MLflow artifacts.","description_kind":"markdown","computed":true},"experiments_count":{"type":"number","description":"Count of experiments in the MLflow cluster","description_kind":"markdown","computed":true},"mlflow_version":{"type":"string","description":"MLflow version","description_kind":"markdown","computed":true},"phase":{"type":"string","description":":\n\n   Current phase of the cluster.\n   \n   #### Supported values\n   \n   Possible values:\n   \n   - `PHASE_UNSPECIFIED`\n   - `PHASE_PROVISIONING`\n   - `PHASE_RUNNING`\n   - `PHASE_UPDATING`\n   - `PHASE_DELETING`\n   - `PHASE_DELETED`[deprecated]\n   - `PHASE_PURGING`\n   - `PHASE_STOPPING`\n   - `PHASE_RESUMING`\n   \n","description_kind":"markdown","computed":true},"state":{"type":"string","description":":\n\n   State reflects substatus of the phase to define whether it's healthy or not.\n   \n   #### Supported values\n   \n   Possible values:\n   \n   - `STATE_UNSPECIFIED`\n   - `STATE_IN_PROGRESS`\n   - `STATE_FINISHED`\n   - `STATE_ERROR`\n   - `STATE_DEGRADED`\n   - `STATE_SCHEDULED`\n   \n","description_kind":"markdown","computed":true},"tracking_endpoint":{"type":"string","description":":\n\n   Tracking endpoint url.\n   Will be removed soon in favor of private_tracking_endpoint and public_tracking_endpoint.\n","description_kind":"markdown","computed":true},"tracking_endpoints":{"nested_type":{"attributes":{"private":{"type":"string","description":"Private endpoint","description_kind":"markdown","computed":true},"public":{"type":"string","description":"Public endpoint","description_kind":"markdown","computed":true}},"nesting_mode":"single"},"description":"Public and private tracking endpoints","description_kind":"markdown","computed":true}},"nesting_mode":"single"},"description_kind":"plain","computed":true},"storage_bucket_name":{"type":"string","description":"Name of the Nebius S3 bucket for MLflow artifacts. If not provided, will be created under the same parent.","description_kind":"markdown","optional":true},"updated_at":{"type":"string","description":":\n\n   Timestamp indicating when the resource was last updated.\n   \n   A string representing a timestamp in [ISO 8601](https://en.wikipedia.org/wiki/ISO_8601) format: `YYYY-MM-DDTHH:MM:SSZ` or `YYYY-MM-DDTHH:MM:SS.SSS±HH:MM`\n","description_kind":"markdown","computed":true}},"description_kind":"plain"}},"nebius_msp_postgresql_v1alpha1_cluster":{"version":0,"block":{"attributes":{"backup":{"nested_type":{"attributes":{"backup_window_start":{"type":"string","description":"Backup window start in \"HH:MM:SS\" format (UTC Time)","description_kind":"markdown","optional":true},"retention_policy":{"type":"string","description":"Retention policy to be used for backups and WALs (i.e. '7d')","description_kind":"markdown","optional":true}},"nesting_mode":"single"},"description_kind":"plain","optional":true},"bootstrap":{"nested_type":{"attributes":{"db_name":{"type":"string","description":"Name of the PostgreSQL database. 1-63 characters long.","description_kind":"markdown","required":true},"user_name":{"type":"string","description":"Name of the bootstrap PostgreSQL user.","description_kind":"markdown","required":true},"user_password":{"type":"string","description":"Password of the bootstrap PostgreSQL user.","description_kind":"markdown","optional":true,"sensitive":true}},"nesting_mode":"single"},"description_kind":"plain","required":true},"config":{"nested_type":{"attributes":{"pooler_config":{"nested_type":{"attributes":{"max_pool_size":{"type":"number","description":"Maximum number of connections in the pool for a single user/database pair.","description_kind":"markdown","optional":true},"pooling_mode":{"type":"string","description":":\n\n   Mode that the connection pooler is working in.\n   \n   #### Supported values\n   \n   Possible values:\n   \n   - `POOLING_MODE_UNSPECIFIED`\n   - `SESSION` - Session pooling mode.\n   - `TRANSACTION` - Transaction pooling mode.\n   \n","description_kind":"markdown","optional":true}},"nesting_mode":"single"},"description":"Configuration of the connection pooler.","description_kind":"markdown","optional":true},"postgresql_config_16":{"nested_type":{"attributes":{"autovacuum_analyze_scale_factor":{"type":"number","description_kind":"plain","optional":true},"autovacuum_naptime":{"type":"number","description":"in seconds.","description_kind":"markdown","optional":true},"autovacuum_vacuum_cost_delay":{"type":"number","description":"in milliseconds.","description_kind":"markdown","optional":true},"autovacuum_vacuum_cost_limit":{"type":"number","description_kind":"plain","optional":true},"autovacuum_vacuum_scale_factor":{"type":"number","description_kind":"plain","optional":true},"autovacuum_work_mem":{"type":"number","description":"in kilobytes.","description_kind":"markdown","optional":true},"default_transaction_read_only":{"type":"bool","description_kind":"plain","optional":true},"idle_in_transaction_session_timeout":{"type":"number","description":"in milliseconds.","description_kind":"markdown","optional":true},"max_connections":{"type":"number","description_kind":"plain","optional":true},"search_path":{"type":"string","description_kind":"plain","optional":true},"shared_buffers":{"type":"number","description":"in kilobytes.","description_kind":"markdown","optional":true},"statement_timeout":{"type":"number","description":"in milliseconds.","description_kind":"markdown","optional":true}},"nesting_mode":"single"},"description":"Configuration parameters for postgres","description_kind":"markdown","optional":true},"public_access":{"type":"bool","description":"Either make cluster public accessible or accessible only via private VPC.","description_kind":"markdown","optional":true},"template":{"nested_type":{"attributes":{"disk":{"nested_type":{"attributes":{"size_gibibytes":{"type":"number","description_kind":"plain","required":true},"type":{"type":"string","description_kind":"plain","required":true}},"nesting_mode":"single"},"description_kind":"plain","required":true},"hosts":{"nested_type":{"attributes":{"count":{"type":"number","description_kind":"plain","required":true}},"nesting_mode":"single"},"description_kind":"plain","required":true},"resources":{"nested_type":{"attributes":{"platform":{"type":"string","description_kind":"plain","required":true},"preset":{"type":"string","description_kind":"plain","required":true}},"nesting_mode":"single"},"description":"reduced msp.v1alpha1.resource.TemplateSpec","description_kind":"markdown","required":true}},"nesting_mode":"single"},"description":"Resources allocated to PostgreSQL hosts.","description_kind":"markdown","required":true},"version":{"type":"string","description":":\n\n   Version of PostgreSQL used in the cluster.\n   Possible values: `16`\n","description_kind":"markdown","required":true}},"nesting_mode":"single"},"description_kind":"plain","required":true},"created_at":{"type":"string","description":":\n\n   Timestamp indicating when the resource was created.\n   \n   A string representing a timestamp in [ISO 8601](https://en.wikipedia.org/wiki/ISO_8601) format: `YYYY-MM-DDTHH:MM:SSZ` or `YYYY-MM-DDTHH:MM:SS.SSS±HH:MM`\n","description_kind":"markdown","computed":true},"description":{"type":"string","description":"Description of the PostgreSQL cluster.","description_kind":"markdown","optional":true},"id":{"type":"string","description":"Identifier for the resource, unique for its resource type.","description_kind":"markdown","computed":true},"labels":{"type":["map","string"],"description":":\n\n   Labels associated with the resource.\n   \n","description_kind":"markdown","optional":true},"metadata":{"nested_type":{"nesting_mode":"single"},"description":":\n\n   #### Inner value description\n   \n   Common resource metadata.\n","description_kind":"markdown","optional":true,"computed":true},"name":{"type":"string","description":"Human readable name for the resource.","description_kind":"markdown","optional":true},"network_id":{"type":"string","description":"Network ID in which the cluster is created.","description_kind":"markdown","required":true},"parent_id":{"type":"string","description":"Identifier of the parent resource to which the resource belongs.","description_kind":"markdown","required":true},"resource_version":{"type":"number","description":":\n\n   Version of the resource for safe concurrent modifications and consistent reads.\n   Positive and monotonically increases on each resource spec change (but *not* on each change of the\n   resource's container(s) or status).\n   Service allows zero value or current.\n   \n","description_kind":"markdown","computed":true},"status":{"nested_type":{"attributes":{"connection_endpoints":{"nested_type":{"attributes":{"private_read_only":{"type":"string","description":"Read only endpoint of the PostgreSQL cluster accessible from the private VPC.","description_kind":"markdown","computed":true},"private_read_write":{"type":"string","description":"Read write endpoint of the PostgreSQL cluster accessible from the private VPC.","description_kind":"markdown","computed":true},"public_read_only":{"type":"string","description":"Read only endpoint of the PostgreSQL cluster accessible from the internet.","description_kind":"markdown","computed":true},"public_read_write":{"type":"string","description":"Read write endpoint of the PostgreSQL cluster accessible from the internet.","description_kind":"markdown","computed":true}},"nesting_mode":"single"},"description":"Connection endpoints of the PostgreSQL cluster.","description_kind":"markdown","computed":true},"phase":{"type":"string","description":":\n\n   Current phase of the cluster.\n   \n   #### Supported values\n   \n   Possible values:\n   \n   - `PHASE_UNSPECIFIED`\n   - `PHASE_PROVISIONING`\n   - `PHASE_RUNNING`\n   - `PHASE_UPDATING`\n   - `PHASE_DELETING`\n   - `PHASE_DELETED`[deprecated]\n   - `PHASE_PURGING`\n   - `PHASE_STOPPING`\n   - `PHASE_RESUMING`\n   \n","description_kind":"markdown","computed":true},"preset_details":{"nested_type":{"attributes":{"cpu_count":{"type":"number","description_kind":"plain","computed":true},"gpu_count":{"type":"number","description_kind":"plain","computed":true},"memory_gibibytes":{"type":"number","description_kind":"plain","computed":true}},"nesting_mode":"single"},"description":"Cluster resource preset details","description_kind":"markdown","computed":true},"state":{"type":"string","description":":\n\n   State reflects substatus of the phase to define whether it's healthy or not.\n   \n   #### Supported values\n   \n   Possible values:\n   \n   - `STATE_UNSPECIFIED`\n   - `STATE_IN_PROGRESS`\n   - `STATE_FINISHED`\n   - `STATE_ERROR`\n   - `STATE_DEGRADED`\n   - `STATE_SCHEDULED`\n   \n","description_kind":"markdown","computed":true}},"nesting_mode":"single"},"description_kind":"plain","computed":true},"updated_at":{"type":"string","description":":\n\n   Timestamp indicating when the resource was last updated.\n   \n   A string representing a timestamp in [ISO 8601](https://en.wikipedia.org/wiki/ISO_8601) format: `YYYY-MM-DDTHH:MM:SSZ` or `YYYY-MM-DDTHH:MM:SS.SSS±HH:MM`\n","description_kind":"markdown","computed":true}},"description_kind":"plain"}},"nebius_mysterybox_v1_secret":{"version":0,"block":{"attributes":{"created_at":{"type":"string","description":":\n\n   Timestamp indicating when the resource was created.\n   \n   A string representing a timestamp in [ISO 8601](https://en.wikipedia.org/wiki/ISO_8601) format: `YYYY-MM-DDTHH:MM:SSZ` or `YYYY-MM-DDTHH:MM:SS.SSS±HH:MM`\n","description_kind":"markdown","computed":true},"description":{"type":"string","description":"Description of the secret.","description_kind":"markdown","optional":true},"id":{"type":"string","description":"Identifier for the resource, unique for its resource type.","description_kind":"markdown","computed":true},"labels":{"type":["map","string"],"description":":\n\n   Labels associated with the resource.\n   \n","description_kind":"markdown","optional":true},"metadata":{"nested_type":{"nesting_mode":"single"},"description":":\n\n   #### Inner value description\n   \n   Common resource metadata.\n","description_kind":"markdown","optional":true,"computed":true},"name":{"type":"string","description":"Human readable name for the resource.","description_kind":"markdown","optional":true},"parent_id":{"type":"string","description":"Identifier of the parent resource to which the resource belongs.","description_kind":"markdown","required":true},"primary_version_id":{"type":"string","description":"Specifies the primary version of the secret to update its payload. This parameter should only be provided during update operations.","description_kind":"markdown","optional":true,"computed":true},"resource_version":{"type":"number","description":":\n\n   Version of the resource for safe concurrent modifications and consistent reads.\n   Positive and monotonically increases on each resource spec change (but *not* on each change of the\n   resource's container(s) or status).\n   Service allows zero value or current.\n   \n","description_kind":"markdown","computed":true},"secret_version":{"nested_type":{"attributes":{"description":{"type":"string","description":"Description of the version.","description_kind":"markdown","optional":true},"payload":{"nested_type":{"attributes":{"binary_value":{"type":"string","description":":\n\n   The binary data to encrypt and store in the version of the secret.\n   \n   *Cannot be set alongside string_value.*\n","description_kind":"markdown","optional":true,"sensitive":true},"key":{"type":"string","description":"Non-confidential key of the payload entry.","description_kind":"markdown","required":true,"sensitive":true},"string_value":{"type":"string","description":":\n\n   The text data to encrypt and store in the version of the secret.\n   \n   *Cannot be set alongside binary_value.*\n","description_kind":"markdown","optional":true,"sensitive":true}},"nesting_mode":"list"},"description":":\n\n   Payload entries related to the version.\n   \n   #### Inner value description\n   \n   Represents the secret's content as key-value pair.\n","description_kind":"markdown","optional":true},"set_primary":{"type":"bool","description_kind":"plain","optional":true}},"nesting_mode":"single"},"description":":\n\n   Secret's version specification, defines the secret version, including its payload. This parameter must be specified only during create\n   operations.\n","description_kind":"markdown","optional":true},"status":{"nested_type":{"attributes":{"deleted_at":{"type":"string","description":":\n\n   Time when user called soft delete method\n   \n   A string representing a timestamp in [ISO 8601](https://en.wikipedia.org/wiki/ISO_8601) format: `YYYY-MM-DDTHH:MM:SSZ` or `YYYY-MM-DDTHH:MM:SS.SSS±HH:MM`\n","description_kind":"markdown","computed":true},"effective_kms_key_id":{"type":"string","description_kind":"plain","computed":true},"purge_at":{"type":"string","description":":\n\n   Time when key should be totally deleted from DB\n   \n   A string representing a timestamp in [ISO 8601](https://en.wikipedia.org/wiki/ISO_8601) format: `YYYY-MM-DDTHH:MM:SSZ` or `YYYY-MM-DDTHH:MM:SS.SSS±HH:MM`\n","description_kind":"markdown","computed":true},"state":{"type":"string","description":":\n\n   State (ACTIVE, SCHEDULED_FOR_DELETION)\n   \n   #### Supported values\n   \n   Possible values:\n   \n   - `STATE_UNSPECIFIED`\n   - `ACTIVE` - Resource is active, ready for use\n   - `SCHEDULED_FOR_DELETION` - Resource was marked as soft deleted\n   \n","description_kind":"markdown","computed":true}},"nesting_mode":"single"},"description":"The status of the secret.","description_kind":"markdown","computed":true},"updated_at":{"type":"string","description":":\n\n   Timestamp indicating when the resource was last updated.\n   \n   A string representing a timestamp in [ISO 8601](https://en.wikipedia.org/wiki/ISO_8601) format: `YYYY-MM-DDTHH:MM:SSZ` or `YYYY-MM-DDTHH:MM:SS.SSS±HH:MM`\n","description_kind":"markdown","computed":true}},"description_kind":"plain"}},"nebius_mysterybox_v1_secret_version":{"version":0,"block":{"attributes":{"created_at":{"type":"string","description":":\n\n   Timestamp indicating when the resource was created.\n   \n   A string representing a timestamp in [ISO 8601](https://en.wikipedia.org/wiki/ISO_8601) format: `YYYY-MM-DDTHH:MM:SSZ` or `YYYY-MM-DDTHH:MM:SS.SSS±HH:MM`\n","description_kind":"markdown","computed":true},"description":{"type":"string","description":"Description of the version.","description_kind":"markdown","optional":true},"id":{"type":"string","description":"Identifier for the resource, unique for its resource type.","description_kind":"markdown","computed":true},"labels":{"type":["map","string"],"description":":\n\n   Labels associated with the resource.\n   \n","description_kind":"markdown","optional":true},"metadata":{"nested_type":{"nesting_mode":"single"},"description":":\n\n   #### Inner value description\n   \n   Common resource metadata.\n","description_kind":"markdown","optional":true,"computed":true},"name":{"type":"string","description":"Human readable name for the resource.","description_kind":"markdown","optional":true},"parent_id":{"type":"string","description":"Identifier of the parent resource to which the resource belongs.","description_kind":"markdown","required":true},"payload":{"nested_type":{"attributes":{"binary_value":{"type":"string","description":":\n\n   The binary data to encrypt and store in the version of the secret.\n   \n   *Cannot be set alongside string_value.*\n","description_kind":"markdown","optional":true,"sensitive":true},"key":{"type":"string","description":"Non-confidential key of the payload entry.","description_kind":"markdown","required":true,"sensitive":true},"string_value":{"type":"string","description":":\n\n   The text data to encrypt and store in the version of the secret.\n   \n   *Cannot be set alongside binary_value.*\n","description_kind":"markdown","optional":true,"sensitive":true}},"nesting_mode":"list"},"description":":\n\n   Payload entries related to the version.\n   \n   #### Inner value description\n   \n   Represents the secret's content as key-value pair.\n","description_kind":"markdown","optional":true},"resource_version":{"type":"number","description":":\n\n   Version of the resource for safe concurrent modifications and consistent reads.\n   Positive and monotonically increases on each resource spec change (but *not* on each change of the\n   resource's container(s) or status).\n   Service allows zero value or current.\n   \n","description_kind":"markdown","computed":true},"set_primary":{"type":"bool","description_kind":"plain","optional":true},"status":{"nested_type":{"attributes":{"deleted_at":{"type":"string","description":":\n\n   Time when user called soft delete method\n   \n   A string representing a timestamp in [ISO 8601](https://en.wikipedia.org/wiki/ISO_8601) format: `YYYY-MM-DDTHH:MM:SSZ` or `YYYY-MM-DDTHH:MM:SS.SSS±HH:MM`\n","description_kind":"markdown","computed":true},"purge_at":{"type":"string","description":":\n\n   Time when key should be totally deleted from DB\n   \n   A string representing a timestamp in [ISO 8601](https://en.wikipedia.org/wiki/ISO_8601) format: `YYYY-MM-DDTHH:MM:SSZ` or `YYYY-MM-DDTHH:MM:SS.SSS±HH:MM`\n","description_kind":"markdown","computed":true},"state":{"type":"string","description":":\n\n   State (ACTIVE, SCHEDULED_FOR_DELETION)\n   \n   #### Supported values\n   \n   Possible values:\n   \n   - `STATE_UNSPECIFIED`\n   - `ACTIVE` - Resource is active, ready for use\n   - `SCHEDULED_FOR_DELETION` - Resource was marked as soft deleted\n   \n","description_kind":"markdown","computed":true}},"nesting_mode":"single"},"description":"The status of the secret version.","description_kind":"markdown","computed":true},"updated_at":{"type":"string","description":":\n\n   Timestamp indicating when the resource was last updated.\n   \n   A string representing a timestamp in [ISO 8601](https://en.wikipedia.org/wiki/ISO_8601) format: `YYYY-MM-DDTHH:MM:SSZ` or `YYYY-MM-DDTHH:MM:SS.SSS±HH:MM`\n","description_kind":"markdown","computed":true}},"description_kind":"plain"}},"nebius_quotas_v1_quota_allowance":{"version":0,"block":{"attributes":{"created_at":{"type":"string","description":":\n\n   Timestamp indicating when the resource was created.\n   \n   A string representing a timestamp in [ISO 8601](https://en.wikipedia.org/wiki/ISO_8601) format: `YYYY-MM-DDTHH:MM:SSZ` or `YYYY-MM-DDTHH:MM:SS.SSS±HH:MM`\n","description_kind":"markdown","computed":true},"id":{"type":"string","description":"Identifier for the resource, unique for its resource type.","description_kind":"markdown","computed":true},"labels":{"type":["map","string"],"description":":\n\n   Labels associated with the resource.\n   \n","description_kind":"markdown","optional":true},"limit":{"type":"number","description":"Total amount of resources allocated.","description_kind":"markdown","optional":true},"metadata":{"nested_type":{"nesting_mode":"single"},"description":":\n\n   #### Inner value description\n   \n   Common resource metadata.\n","description_kind":"markdown","optional":true,"computed":true},"name":{"type":"string","description":"Human readable name for the resource.","description_kind":"markdown","optional":true},"parent_id":{"type":"string","description":"Identifier of the parent resource to which the resource belongs.","description_kind":"markdown","required":true},"region":{"type":"string","description":":\n\n   Name of the region where the quota is allocated.\n   Example: \"eu-north1\".\n","description_kind":"markdown","optional":true},"resource_version":{"type":"number","description":":\n\n   Version of the resource for safe concurrent modifications and consistent reads.\n   Positive and monotonically increases on each resource spec change (but *not* on each change of the\n   resource's container(s) or status).\n   Service allows zero value or current.\n   \n","description_kind":"markdown","computed":true},"status":{"nested_type":{"attributes":{"description":{"type":"string","description":":\n\n   Human-readable description of the quota.\n   Example: \"Total RAM across VMs\".\n","description_kind":"markdown","computed":true},"service":{"type":"string","description":":\n\n   Service in which the quota is allocated.\n   Example: \"mk8s\".\n","description_kind":"markdown","computed":true},"service_description":{"type":"string","description":":\n\n   Human-readable name of the service managing the quota.\n   Example: \"Managed Kubernetes®\".\n","description_kind":"markdown","computed":true},"state":{"type":"string","description":":\n\n   Current state of the quota.\n   \n   #### Supported values\n   \n   Possible values:\n   \n   - `STATE_UNSPECIFIED`\n   - `STATE_PROVISIONING` - Quota is being allocated; the process can take up to several minutes.\n   - `STATE_ACTIVE` - Quota is allocated and can be used.\n   - `STATE_FROZEN` - Quota is allocated but cannot be used any longer\n   - `STATE_DELETED` - Quota has been removed and is no longer allocated.\n   \n","description_kind":"markdown","computed":true},"unit":{"type":"string","description":":\n\n   Quota unit.\n   Example: \"byte\".\n","description_kind":"markdown","computed":true},"usage":{"type":"number","description":"Current quota usage.","description_kind":"markdown","computed":true},"usage_percentage":{"type":"string","description":":\n\n   Current quota usage as a percentage.\n   Values range from 0.0 to 1.0, representing 0% to 100%.\n   Values can exceed 1.0 if usage exceeds the limit.\n   Example: \"0.12\".\n","description_kind":"markdown","computed":true},"usage_state":{"type":"string","description":":\n\n   Current state of the quota usage.\n   \n   #### Supported values\n   \n   Possible values:\n   \n   - `USAGE_STATE_UNSPECIFIED`\n   - `USAGE_STATE_USED` - Quota is actively in use.\n   - `USAGE_STATE_NOT_USED` - Quota is not currently in use.\n   - `USAGE_STATE_UNKNOWN`:\n      Quota region is unreachable, the current usage is therefore unknown.\n      Please, retry the request later.\n   \n   - `USAGE_STATE_NOT_APPLICABLE` - Quota usage is not applicable\n   \n","description_kind":"markdown","computed":true}},"nesting_mode":"single"},"description_kind":"plain","computed":true},"updated_at":{"type":"string","description":":\n\n   Timestamp indicating when the resource was last updated.\n   \n   A string representing a timestamp in [ISO 8601](https://en.wikipedia.org/wiki/ISO_8601) format: `YYYY-MM-DDTHH:MM:SSZ` or `YYYY-MM-DDTHH:MM:SS.SSS±HH:MM`\n","description_kind":"markdown","computed":true}},"description_kind":"plain"}},"nebius_registry_v1_registry":{"version":0,"block":{"attributes":{"created_at":{"type":"string","description":":\n\n   Timestamp indicating when the resource was created.\n   \n   A string representing a timestamp in [ISO 8601](https://en.wikipedia.org/wiki/ISO_8601) format: `YYYY-MM-DDTHH:MM:SSZ` or `YYYY-MM-DDTHH:MM:SS.SSS±HH:MM`\n","description_kind":"markdown","computed":true},"description":{"type":"string","description_kind":"plain","optional":true},"id":{"type":"string","description":"Identifier for the resource, unique for its resource type.","description_kind":"markdown","computed":true},"images_count":{"type":"number","description":"Registry.Type type = 2;","description_kind":"markdown","computed":true},"labels":{"type":["map","string"],"description":":\n\n   Labels associated with the resource.\n   \n","description_kind":"markdown","optional":true},"metadata":{"nested_type":{"nesting_mode":"single"},"description":":\n\n   This is metadata about the resource, such as its id, name, labels, etc.\n   This contains fields that may be updated both by the end user and the system.\n   \n   #### Inner value description\n   \n   Common resource metadata.\n","description_kind":"markdown","optional":true,"computed":true},"name":{"type":"string","description":"Human readable name for the resource.","description_kind":"markdown","optional":true},"parent_id":{"type":"string","description":"Identifier of the parent resource to which the resource belongs.","description_kind":"markdown","required":true},"resource_version":{"type":"number","description":":\n\n   Version of the resource for safe concurrent modifications and consistent reads.\n   Positive and monotonically increases on each resource spec change (but *not* on each change of the\n   resource's container(s) or status).\n   Service allows zero value or current.\n   \n","description_kind":"markdown","computed":true},"status":{"nested_type":{"attributes":{"images_count":{"type":"number","description_kind":"plain","computed":true},"registry_fqdn":{"type":"string","description":"regional fqdn \"cr.eu-north1.nebius.cloud\"","description_kind":"markdown","computed":true},"state":{"type":"string","description":":\n\n   #### Supported values\n   \n   Possible values:\n   \n   - `CREATING`\n   - `ACTIVE`\n   - `DELETING`\n   - `SUSPENDED`\n   \n","description_kind":"markdown","computed":true}},"nesting_mode":"single"},"description":"This is filled in by the server and reports the current state of the system.","description_kind":"markdown","computed":true},"updated_at":{"type":"string","description":":\n\n   Timestamp indicating when the resource was last updated.\n   \n   A string representing a timestamp in [ISO 8601](https://en.wikipedia.org/wiki/ISO_8601) format: `YYYY-MM-DDTHH:MM:SSZ` or `YYYY-MM-DDTHH:MM:SS.SSS±HH:MM`\n","description_kind":"markdown","computed":true}},"description_kind":"plain"}},"nebius_storage_v1_bucket":{"version":0,"block":{"attributes":{"bucket_policy":{"nested_type":{"attributes":{"rules":{"nested_type":{"attributes":{"anonymous":{"nested_type":{"nesting_mode":"single"},"description":":\n\n   Enable anonymous access. Only read-only roles are allowed in anonymous mode.\n   \n   *Cannot be set alongside group_id.*\n","description_kind":"markdown","optional":true},"group_id":{"type":"string","description":":\n\n   Group ID to grant access to.\n   \n   *Cannot be set alongside anonymous.*\n","description_kind":"markdown","optional":true},"paths":{"type":["list","string"],"description":":\n\n   A list of paths each of which is either a full object key or a prefix ending with a\n   single \"*\" wildcard character. A rule is only applied to objects matching any of paths.\n   If there is a path equal to \"*\", a rule applies to a whole bucket.\n","description_kind":"markdown","optional":true},"roles":{"type":["list","string"],"description":"A set of roles which a subject will have. All `storage.*` roles are supported.","description_kind":"markdown","optional":true}},"nesting_mode":"list"},"description":":\n\n   Rule specifies which role must be given to a subject to access a set of objects with given\n   prefixes or a whole bucket.\n","description_kind":"markdown","optional":true}},"nesting_mode":"single"},"description":":\n\n   Bucket policy specifies granular permissions for a bucket.\n   \n   #### Inner value description\n   \n   Bucket policy specifies granular permissions for a bucket.\n","description_kind":"markdown","optional":true},"cors":{"nested_type":{"attributes":{"rules":{"nested_type":{"attributes":{"allowed_headers":{"type":["list","string"],"description":"Headers that are allowed in a preflight request through the Access-Control-Request-Headers header","description_kind":"markdown","optional":true},"allowed_methods":{"type":["list","string"],"description":"HTTP methods CORS is allowed for: GET, PUT, POST, DELETE, HEAD.","description_kind":"markdown","required":true},"allowed_origins":{"type":["list","string"],"description":"The origins that you want to allow cross-domain requests from. Single wildcard * is allowed.","description_kind":"markdown","required":true},"expose_headers":{"type":["list","string"],"description":"Headers in the response that you want customers to be able to access from their applications.","description_kind":"markdown","optional":true},"id":{"type":"string","description":"Optional rule identifier.","description_kind":"markdown","optional":true},"max_age_seconds":{"type":"number","description":"Time in seconds that your browser can cache the response for a preflight request as identified by the resource.","description_kind":"markdown","optional":true}},"nesting_mode":"list"},"description":"CORS rules.","description_kind":"markdown","optional":true}},"nesting_mode":"single"},"description":":\n\n   Cross-origin resource sharing configuration.\n   \n   #### Inner value description\n   \n   Cross-origin resource sharing (CORS) configuration.\n","description_kind":"markdown","optional":true},"created_at":{"type":"string","description":":\n\n   Timestamp indicating when the resource was created.\n   \n   A string representing a timestamp in [ISO 8601](https://en.wikipedia.org/wiki/ISO_8601) format: `YYYY-MM-DDTHH:MM:SSZ` or `YYYY-MM-DDTHH:MM:SS.SSS±HH:MM`\n","description_kind":"markdown","computed":true},"default_storage_class":{"type":"string","description":":\n\n   Storage class to use by default for uploads to the bucket. It may be overridden by `x-amz-storage-class` header.\n   If not set - STANDARD is used as a default storage class.\n   \n   #### Supported values\n   \n   Possible values:\n   \n   - `STORAGE_CLASS_UNSPECIFIED`\n   - `STANDARD`\n   - `ENHANCED_THROUGHPUT`\n   - `INTELLIGENT`\n   - `FILESYSTEM` - Special storage class only for filesystem buckets.\n   \n","description_kind":"markdown","optional":true},"force_storage_class":{"type":"bool","description":"Flag to force usage of default_storage_class, ignoring `x-amz-storage-class` header.","description_kind":"markdown","optional":true},"id":{"type":"string","description":"Identifier for the resource, unique for its resource type.","description_kind":"markdown","computed":true},"labels":{"type":["map","string"],"description":":\n\n   Labels associated with the resource.\n   \n","description_kind":"markdown","optional":true},"lifecycle_configuration":{"nested_type":{"attributes":{"last_access_filter":{"nested_type":{"attributes":{"conditions":{"nested_type":{"attributes":{"methods":{"type":["list","string"],"description":":\n\n   The s3 methods to match.\n   An empty list matches all methods\n   \n   #### Supported values\n   \n   Possible values:\n   \n   - `METHOD_UNSPECIFIED`\n   - `GET_OBJECT`\n   - `HEAD_OBJECT`\n   - `GET_OBJECT_TAGGING`\n   - `COPY_OBJECT`:\n      Copy object method reads the source object.\n      We account for those operations as source object accesses when calculating `days_since_last_access` for source object.\n   \n   - `UPLOAD_PART_COPY`:\n      Upload part copy method reads the source object.\n      We account for those operations as source object accesses when calculating `days_since_last_access` for source object.\n   \n   \n","description_kind":"markdown","optional":true},"type":{"type":"string","description":":\n\n   #### Supported values\n   \n   Possible values:\n   \n   - `TYPE_UNSPECIFIED`\n   - `INCLUDE`:\n      If an include type condition is the first condition that the request match, the request will be included in\n      `days_since_last_access` calculation.\n   \n   - `EXCLUDE`:\n      If an exclude type condition is the first condition that the request match, the request will be ignored in `days_since_last_access`\n      calculation.\n   \n   \n","description_kind":"markdown","required":true},"user_agents":{"type":["list","string"],"description":":\n\n   User agents to match. Condition is satisfied if the request's user agent contains any of these substrings.\n   An empty list matches all user agents.\n","description_kind":"markdown","optional":true}},"nesting_mode":"list"},"description":":\n\n   A request is included in `days_since_last_access` calculations if:\n   - The first condition matching the request has `INCLUDE` type.\n   OR\n   - The request doesn't match any conditions\n","description_kind":"markdown","optional":true}},"nesting_mode":"single"},"description":":\n\n   Specifies which requests are included in `days_since_last_access` calculations for all transition rules.\n   \n   #### Inner value description\n   \n   Specifies which requests are included in `days_since_last_access` calculations.\n","description_kind":"markdown","optional":true},"rules":{"nested_type":{"attributes":{"abort_incomplete_multipart_upload":{"nested_type":{"attributes":{"days_after_initiation":{"type":"number","description":":\n\n   Specifies the days since the initiation of an incomplete multipart upload that\n   the system will wait before permanently removing all parts of the upload.\n","description_kind":"markdown","optional":true}},"nesting_mode":"single"},"description":":\n\n   Specifies the days since the initiation of an incomplete multipart upload that\n   the system will wait before permanently removing all parts of the upload.\n","description_kind":"markdown","optional":true},"expiration":{"nested_type":{"attributes":{"date":{"type":"string","description":":\n\n   Indicates at what date the object will be deleted. The time is always midnight UTC.\n   \n   A string representing a timestamp in [ISO 8601](https://en.wikipedia.org/wiki/ISO_8601) format: `YYYY-MM-DDTHH:MM:SSZ` or `YYYY-MM-DDTHH:MM:SS.SSS±HH:MM`\n   \n   *Cannot be set alongside days.*\n","description_kind":"markdown","optional":true},"days":{"type":"number","description":":\n\n   Indicates the lifetime, in days, of the objects that are subject to the rule.\n   The value must be a non-zero positive integer.\n   \n   *Cannot be set alongside date.*\n","description_kind":"markdown","optional":true},"expired_object_delete_marker":{"type":"bool","description":":\n\n   Indicates whether the system will remove a \"delete marker\" with no noncurrent versions.\n   If set to true, the \"delete marker\" will be permanently removed.\n   If set to false the policy takes no action.\n   This cannot be specified with Days or Date in a LifecycleExpiration Policy.\n","description_kind":"markdown","optional":true}},"nesting_mode":"single"},"description":":\n\n   Specifies the expiration for the lifecycle of the object in the form of date, days and,\n   whether the object has a delete marker.\n","description_kind":"markdown","optional":true},"filter":{"nested_type":{"attributes":{"object_size_greater_than_bytes":{"type":"number","description":"Minimum object size to which the rule applies.","description_kind":"markdown","optional":true,"computed":true},"object_size_less_than_bytes":{"type":"number","description":"Maximum object size to which the rule applies.","description_kind":"markdown","optional":true,"computed":true},"prefix":{"type":"string","description":":\n\n   Prefix identifying one or more objects to which the rule applies.\n   If prefix is empty, the rule applies to all objects in the bucket.\n","description_kind":"markdown","optional":true,"computed":true},"tags":{"nested_type":{"attributes":{"key":{"type":"string","description_kind":"plain","optional":true,"computed":true},"value":{"type":"string","description_kind":"plain","optional":true,"computed":true}},"nesting_mode":"list"},"description":":\n\n   Tags to filter objects by their tagging. Rule applies only to objects that\n   match all tags in a filter.\n","description_kind":"markdown","optional":true,"computed":true}},"nesting_mode":"single"},"description":":\n\n   The Filter is used to identify objects that a Lifecycle Rule applies to.\n   The Lifecycle Rule will apply to any object matching all of the predicates\n   configured inside (using logical AND).\n","description_kind":"markdown","optional":true,"computed":true},"id":{"type":"string","description":":\n\n   Unique identifier for the rule per configuration.\n   The value cannot be longer than 255 characters.\n","description_kind":"markdown","required":true},"noncurrent_version_expiration":{"nested_type":{"attributes":{"newer_noncurrent_versions":{"type":"number","description":"Specifies how many noncurrent versions the system will retain.","description_kind":"markdown","optional":true},"noncurrent_days":{"type":"number","description":"Specifies the number of days an object is noncurrent before the system will expire it.","description_kind":"markdown","optional":true}},"nesting_mode":"single"},"description":":\n\n   Specifies when noncurrent object versions expire.\n   It works only on a bucket that has versioning enabled (or suspended).\n","description_kind":"markdown","optional":true},"noncurrent_version_transition":{"nested_type":{"attributes":{"newer_noncurrent_versions":{"type":"number","description":"Specifies how many noncurrent versions the system will retain without transition.","description_kind":"markdown","optional":true},"noncurrent_days":{"type":"number","description":"Specifies the number of days an object is noncurrent before the system will transit it.","description_kind":"markdown","optional":true},"storage_class":{"type":"string","description":":\n\n   Target storage class to transit to.\n   \n   #### Supported values\n   \n   Possible values:\n   \n   - `STORAGE_CLASS_UNSPECIFIED`\n   - `STANDARD`\n   - `ENHANCED_THROUGHPUT`\n   - `INTELLIGENT`\n   - `FILESYSTEM` - Special storage class only for filesystem buckets.\n   \n","description_kind":"markdown","optional":true}},"nesting_mode":"single"},"description":":\n\n   Specifies the transition for the lifecycle of a noncurrent object.\n   It works only on a bucket that has versioning enabled (or suspended).\n","description_kind":"markdown","optional":true},"status":{"type":"string","description":":\n\n   #### Supported values\n   \n   Possible values:\n   \n   - `STATUS_UNSPECIFIED`\n   - `ENABLED`\n   - `DISABLED`\n   \n","description_kind":"markdown","required":true},"transition":{"nested_type":{"attributes":{"date":{"type":"string","description":":\n\n   Indicates at what date the object will be transited. The time is always midnight UTC.\n   \n   A string representing a timestamp in [ISO 8601](https://en.wikipedia.org/wiki/ISO_8601) format: `YYYY-MM-DDTHH:MM:SSZ` or `YYYY-MM-DDTHH:MM:SS.SSS±HH:MM`\n   \n   *Cannot be set alongside days or days_since_last_access.*\n","description_kind":"markdown","optional":true},"days":{"type":"number","description":":\n\n   Amount of days since object was uploaded before it's transited to a new storage class.\n   The value must be a non-zero positive integer.\n   \n   *Cannot be set alongside date or days_since_last_access.*\n","description_kind":"markdown","optional":true},"days_since_last_access":{"type":"number","description":":\n\n   The number of days since the object was last accessed before it is transitioned.\n   \n   *Cannot be set alongside date or days.*\n","description_kind":"markdown","optional":true},"storage_class":{"type":"string","description":":\n\n   Target storage class to transit to.\n   \n   #### Supported values\n   \n   Possible values:\n   \n   - `STORAGE_CLASS_UNSPECIFIED`\n   - `STANDARD`\n   - `ENHANCED_THROUGHPUT`\n   - `INTELLIGENT`\n   - `FILESYSTEM` - Special storage class only for filesystem buckets.\n   \n","description_kind":"markdown","optional":true}},"nesting_mode":"single"},"description":":\n\n   Specifies the transition for the lifecycle of an object in the form of date or days and\n   target storage class to transit object to.\n","description_kind":"markdown","optional":true}},"nesting_mode":"list"},"description_kind":"plain","optional":true,"computed":true}},"nesting_mode":"single"},"description":":\n\n   #### Inner value description\n   \n   The lifecycle configuration consists of one or more rules.\n   An Lifecycle configuration can have up to 1,000 rules.\n   Each rule consists of the following:\n   - A filter identifying a subset of objects to which the rule applies.\n     The filter can be based on a key name prefix, object size, or any combination of these.\n   - A status indicating whether the rule is currently active.\n   - One or more lifecycle expiration actions that you want to be performed on the objects\n     identified by the filter. If the state of your bucket is versioning-enabled or versioning-suspended\n     (bucket.spec.versioning_policy equals to ENABLED or SUSPENDED) you can have many versions of the same\n     object (one current version and zero or more noncurrent versions). The system provides predefined actions\n     that you can specify for current and noncurrent object versions.\n","description_kind":"markdown","optional":true,"computed":true},"max_size_bytes":{"type":"number","description":":\n\n   Maximum bucket size.\n   Zero means unlimited.\n   Actual limit can be lower if customer doesn't have enough quota.\n   Real bucket size can go a little higher if customer writes too fast.\n","description_kind":"markdown","optional":true},"metadata":{"nested_type":{"nesting_mode":"single"},"description":":\n\n   #### Inner value description\n   \n   Common resource metadata.\n","description_kind":"markdown","optional":true,"computed":true},"name":{"type":"string","description":"Human readable name for the resource.","description_kind":"markdown","optional":true},"object_audit_logging":{"type":"string","description":":\n\n   Object audit logging specifies which requests must be logged - none, all or mutational only.\n   \n   #### Supported values\n   \n   Possible values:\n   \n   - `OBJECT_AUDIT_LOGGING_UNSPECIFIED`\n   - `NONE` - Logging is disabled.\n   - `MUTATE_ONLY` - Logging enabled only for mutating requests.\n   - `ALL` - Logging enabled for all requests.\n   \n","description_kind":"markdown","optional":true},"parent_id":{"type":"string","description":"Identifier of the parent resource to which the resource belongs.","description_kind":"markdown","required":true},"resource_version":{"type":"number","description":":\n\n   Version of the resource for safe concurrent modifications and consistent reads.\n   Positive and monotonically increases on each resource spec change (but *not* on each change of the\n   resource's container(s) or status).\n   Service allows zero value or current.\n   \n","description_kind":"markdown","computed":true},"status":{"nested_type":{"attributes":{"anonymous_access_enabled":{"type":"bool","description":":\n\n   Indicator flag showing whether the bucket has any BucketPolicy rule\n   that grants anonymous access to any object, prefix, or the entire bucket.\n","description_kind":"markdown","computed":true},"counters":{"nested_type":{"attributes":{"counters":{"nested_type":{"attributes":{"inflight_parts_quantity":{"type":"number","description_kind":"plain","computed":true},"inflight_parts_size":{"type":"number","description_kind":"plain","computed":true},"multipart_objects_quantity":{"type":"number","description_kind":"plain","computed":true},"multipart_objects_size":{"type":"number","description_kind":"plain","computed":true},"multipart_uploads_quantity":{"type":"number","description_kind":"plain","computed":true},"simple_objects_quantity":{"type":"number","description_kind":"plain","computed":true},"simple_objects_size":{"type":"number","description_kind":"plain","computed":true}},"nesting_mode":"single"},"description_kind":"plain","computed":true},"non_current_counters":{"nested_type":{"attributes":{"multipart_objects_quantity":{"type":"number","description_kind":"plain","computed":true},"multipart_objects_size":{"type":"number","description_kind":"plain","computed":true},"simple_objects_quantity":{"type":"number","description_kind":"plain","computed":true},"simple_objects_size":{"type":"number","description_kind":"plain","computed":true}},"nesting_mode":"single"},"description":":\n\n   #### Inner value description\n   \n   Counters for non-current object versions (for versioning buckets).\n","description_kind":"markdown","computed":true},"storage_class":{"type":"string","description":":\n\n   #### Supported values\n   \n   Possible values:\n   \n   - `STORAGE_CLASS_UNSPECIFIED`\n   - `STANDARD`\n   - `ENHANCED_THROUGHPUT`\n   - `INTELLIGENT`\n   - `FILESYSTEM` - Special storage class only for filesystem buckets.\n   \n","description_kind":"markdown","computed":true}},"nesting_mode":"list"},"description_kind":"plain","computed":true},"deleted_at":{"type":"string","description":":\n\n   The time when the bucket was deleted (or scheduled for deletion).\n   It resets to null if the bucket is undeleted.\n   \n   A string representing a timestamp in [ISO 8601](https://en.wikipedia.org/wiki/ISO_8601) format: `YYYY-MM-DDTHH:MM:SSZ` or `YYYY-MM-DDTHH:MM:SS.SSS±HH:MM`\n","description_kind":"markdown","computed":true},"domain_name":{"type":"string","description":":\n\n   The domain of the endpoint where the bucket can be accessed. It omits the scheme (HTTPS) and the port (443)\n   and contains only the FQDN address.\n","description_kind":"markdown","computed":true},"purge_at":{"type":"string","description":":\n\n   The time when the bucket will be automatically purged in case it was soft-deleted.\n   \n   A string representing a timestamp in [ISO 8601](https://en.wikipedia.org/wiki/ISO_8601) format: `YYYY-MM-DDTHH:MM:SSZ` or `YYYY-MM-DDTHH:MM:SS.SSS±HH:MM`\n","description_kind":"markdown","computed":true},"region":{"type":"string","description":"The name of the region where the bucket is located for use with S3 clients, i.e. \"eu-west1\".","description_kind":"markdown","computed":true},"state":{"type":"string","description":":\n\n   #### Supported values\n   \n   Possible values:\n   \n   - `STATE_UNSPECIFIED`\n   - `CREATING` - Bucket is under creation and cannot be used yet.\n   - `ACTIVE` - Bucket is active and ready for usage.\n   - `UPDATING`:\n      Bucket is being updated.\n      It can be used, but some settings are being modified and you can observe their inconsistency.\n   \n   - `SCHEDULED_FOR_DELETION`:\n      Bucket is scheduled for deletion.\n      It cannot be used in s3 api anymore.\n   \n   \n","description_kind":"markdown","computed":true},"suspension_state":{"type":"string","description":":\n\n   #### Supported values\n   \n   Possible values:\n   \n   - `SUSPENSION_STATE_UNSPECIFIED`\n   - `NOT_SUSPENDED`\n   - `SUSPENDED`\n   \n","description_kind":"markdown","computed":true}},"nesting_mode":"single"},"description_kind":"plain","computed":true},"updated_at":{"type":"string","description":":\n\n   Timestamp indicating when the resource was last updated.\n   \n   A string representing a timestamp in [ISO 8601](https://en.wikipedia.org/wiki/ISO_8601) format: `YYYY-MM-DDTHH:MM:SSZ` or `YYYY-MM-DDTHH:MM:SS.SSS±HH:MM`\n","description_kind":"markdown","computed":true},"versioning_policy":{"type":"string","description":":\n\n   Supports transitions:\n    * disabled -\\\u003e enabled\n    * disabled -\\\u003e suspended\n    * enabled \\\u003c-\\\u003e suspended\n   \n   #### Supported values\n   \n   Possible values:\n   \n   - `VERSIONING_POLICY_UNSPECIFIED`\n   - `DISABLED`\n   - `ENABLED`\n   - `SUSPENDED`\n   \n","description_kind":"markdown","optional":true,"computed":true}},"description_kind":"plain"}},"nebius_storage_v1_transfer":{"version":0,"block":{"attributes":{"after_n_empty_iterations":{"nested_type":{"attributes":{"empty_iterations_threshold":{"type":"number","description":"Number of consecutive iterations with zero transferred objects required to stop transfer.","description_kind":"markdown","required":true}},"nesting_mode":"single"},"description":"*Cannot be set alongside after_one_iteration or infinite.*","description_kind":"markdown","optional":true},"after_one_iteration":{"nested_type":{"nesting_mode":"single"},"description":"*Cannot be set alongside after_n_empty_iterations or infinite.*","description_kind":"markdown","optional":true},"created_at":{"type":"string","description":":\n\n   Timestamp indicating when the resource was created.\n   \n   A string representing a timestamp in [ISO 8601](https://en.wikipedia.org/wiki/ISO_8601) format: `YYYY-MM-DDTHH:MM:SSZ` or `YYYY-MM-DDTHH:MM:SS.SSS±HH:MM`\n","description_kind":"markdown","computed":true},"destination":{"nested_type":{"attributes":{"nebius":{"nested_type":{"attributes":{"access_key":{"nested_type":{"attributes":{"access_key_id":{"type":"string","description":"Access key ID.","description_kind":"markdown","required":true},"secret_access_key":{"type":"string","description":"Secret access key.","description_kind":"markdown","optional":true,"sensitive":true}},"nesting_mode":"single"},"description_kind":"plain","optional":true},"bucket_name":{"type":"string","description":"Name of the destination bucket.","description_kind":"markdown","required":true},"region":{"type":"string","description":"Nebius region where the destination bucket is located.","description_kind":"markdown","required":true}},"nesting_mode":"single"},"description":"*Cannot be set alongside s3_compatible.*","description_kind":"markdown","optional":true},"prefix":{"type":"string","description":":\n\n   Prefix to add to the beginning of each transferred object key in the destination.\n   During transfer, the resulting object key in the destination is computed\n   by removing source.prefix (if provided) from the original key and then prepending destination.prefix.\n   Important: This transformation may result in an empty object key or one that exceeds allowed length limits.\n   Use prefixes that guarantee valid resulting object keys for your objects after transformation.\n","description_kind":"markdown","optional":true},"s3_compatible":{"nested_type":{"attributes":{"access_key":{"nested_type":{"attributes":{"access_key_id":{"type":"string","description":"Access key ID.","description_kind":"markdown","required":true},"secret_access_key":{"type":"string","description":"Secret access key.","description_kind":"markdown","optional":true,"sensitive":true}},"nesting_mode":"single"},"description":"*Cannot be set alongside anonymous.*","description_kind":"markdown","optional":true},"anonymous":{"nested_type":{"nesting_mode":"single"},"description":"*Cannot be set alongside access_key.*","description_kind":"markdown","optional":true},"bucket_name":{"type":"string","description":"Name of the destination bucket.","description_kind":"markdown","required":true},"endpoint":{"type":"string","description":":\n\n   The endpoint must be in the form of a URL, starting with the protocol (https),\n   followed by the endpoint address without a trailing slash.\n   Example: \"https://storage.some-cloud\".\n","description_kind":"markdown","required":true},"region":{"type":"string","description":"S3-compatible provider region where destination bucket is located.","description_kind":"markdown","required":true}},"nesting_mode":"single"},"description":"*Cannot be set alongside nebius.*","description_kind":"markdown","optional":true}},"nesting_mode":"single"},"description":"Destination to which the transfer writes data.","description_kind":"markdown","required":true},"id":{"type":"string","description":"Identifier for the resource, unique for its resource type.","description_kind":"markdown","computed":true},"infinite":{"nested_type":{"nesting_mode":"single"},"description":":\n\n   Infinite transfers do not stop automatically and can be stopped manually by the user.\n   \n   *Cannot be set alongside after_one_iteration or after_n_empty_iterations.*\n","description_kind":"markdown","optional":true},"inter_iteration_interval":{"type":"string","description":":\n\n   The time to wait since the previous iteration before starting the next one.\n   Default is 15 minutes if not specified.\n   \n   Duration as a string: possibly signed sequence of decimal numbers, each with optional fraction and a unit suffix, such as `300ms`, `-1.5h` or `2h45m`. Valid time units are `ns`, `us` (or `µs`), `ms`, `s`, `m`, `h`, `d`.\n","description_kind":"markdown","optional":true,"computed":true},"labels":{"type":["map","string"],"description":":\n\n   Labels associated with the resource.\n   \n","description_kind":"markdown","optional":true},"limiters":{"nested_type":{"attributes":{"bandwidth_bytes_per_second":{"type":"number","description":"Maximum bandwidth in bytes per second. If set to zero, default limit will be applied.","description_kind":"markdown","optional":true},"requests_per_second":{"type":"number","description":"Maximum number of requests per second. If set to zero, default limit will be applied.","description_kind":"markdown","optional":true}},"nesting_mode":"single"},"description":":\n\n   Limiters applied to source bucket operations. These limits include all operations\n   required for transfer (HeadObject, GetObject, ListObjects). For details about\n   which operations are used, see public documentation: http://docs.nebius.com/object-storage/transfer/quickstart#background.\n   \n   Note: Since the service performs comparable request volumes and data transfers\n   to both source and destination, these limits will indirectly constrain\n   destination operations as well.\n","description_kind":"markdown","optional":true},"metadata":{"nested_type":{"nesting_mode":"single"},"description":":\n\n   #### Inner value description\n   \n   Common resource metadata.\n","description_kind":"markdown","optional":true,"computed":true},"name":{"type":"string","description":"Human readable name for the resource.","description_kind":"markdown","optional":true},"overwrite_strategy":{"type":"string","description":":\n\n   Overwrite strategy set logic of overwrite already existed objects in destination bucket.\n   \n   #### Supported values\n   \n   Possible values:\n   \n   - `OVERWRITE_STRATEGY_UNSPECIFIED`\n   - `NEVER`:\n      Never overwrite objects that exist in the destination.\n      If object exists in destination bucket, skip it.\n      Safest option to prevent any data loss.\n   \n   - `IF_NEWER`:\n      Overwrite only if source object is newer than destination.\n      Comparison based on Last-Modified timestamp.\n      Recommended for incremental sync scenarios.\n      If touch_unmanaged flag isn't set, we do not overwrite objects that haven't been created by Data Transfer service.\n   \n   \n","description_kind":"markdown","required":true},"parent_id":{"type":"string","description":"Identifier of the parent resource to which the resource belongs.","description_kind":"markdown","required":true},"resource_version":{"type":"number","description":":\n\n   Version of the resource for safe concurrent modifications and consistent reads.\n   Positive and monotonically increases on each resource spec change (but *not* on each change of the\n   resource's container(s) or status).\n   Service allows zero value or current.\n   \n","description_kind":"markdown","computed":true},"source":{"nested_type":{"attributes":{"azure_blob_storage":{"nested_type":{"attributes":{"anonymous":{"nested_type":{"nesting_mode":"single"},"description":"*Cannot be set alongside azure_storage_account.*","description_kind":"markdown","optional":true},"azure_storage_account":{"nested_type":{"attributes":{"access_key":{"type":"string","description":"Storage account access key.","description_kind":"markdown","optional":true,"sensitive":true},"account_name":{"type":"string","description":"Storage account name.","description_kind":"markdown","required":true}},"nesting_mode":"single"},"description":"*Cannot be set alongside anonymous.*","description_kind":"markdown","optional":true},"container_name":{"type":"string","description":"Name of the source Azure Blob Storage container.","description_kind":"markdown","required":true},"endpoint":{"type":"string","description":":\n\n   The endpoint must be in the form of a URL, starting with the protocol (https),\n   followed by the endpoint address without a trailing slash.\n   Example: \"https://storageaccountname.blob.core.windows.net\".\n","description_kind":"markdown","required":true}},"nesting_mode":"single"},"description":"*Cannot be set alongside nebius or s3_compatible.*","description_kind":"markdown","optional":true},"nebius":{"nested_type":{"attributes":{"access_key":{"nested_type":{"attributes":{"access_key_id":{"type":"string","description":"Access key ID.","description_kind":"markdown","required":true},"secret_access_key":{"type":"string","description":"Secret access key.","description_kind":"markdown","optional":true,"sensitive":true}},"nesting_mode":"single"},"description":"*Cannot be set alongside anonymous.*","description_kind":"markdown","optional":true},"anonymous":{"nested_type":{"nesting_mode":"single"},"description":"*Cannot be set alongside access_key.*","description_kind":"markdown","optional":true},"bucket_name":{"type":"string","description":"Name of the source bucket.","description_kind":"markdown","required":true},"region":{"type":"string","description":"Nebius region where the source bucket is located.","description_kind":"markdown","required":true}},"nesting_mode":"single"},"description":"*Cannot be set alongside s3_compatible or azure_blob_storage.*","description_kind":"markdown","optional":true},"prefix":{"type":"string","description":":\n\n   Prefix to filter objects in the source. Only objects whose keys start with this prefix will be transferred.\n   During transfer, the resulting object key in the destination is computed\n   by removing source.prefix from the original key and then prepending destination.prefix (if provided).\n   Important: This transformation may result in an empty object key or one that exceeds allowed length limits.\n   Use prefixes that guarantee valid resulting object keys for your objects after transformation.\n","description_kind":"markdown","optional":true},"s3_compatible":{"nested_type":{"attributes":{"access_key":{"nested_type":{"attributes":{"access_key_id":{"type":"string","description":"Access key ID.","description_kind":"markdown","required":true},"secret_access_key":{"type":"string","description":"Secret access key.","description_kind":"markdown","optional":true,"sensitive":true}},"nesting_mode":"single"},"description":"*Cannot be set alongside anonymous.*","description_kind":"markdown","optional":true},"anonymous":{"nested_type":{"nesting_mode":"single"},"description":"*Cannot be set alongside access_key.*","description_kind":"markdown","optional":true},"bucket_name":{"type":"string","description":"Name of the source bucket.","description_kind":"markdown","required":true},"endpoint":{"type":"string","description":":\n\n   The endpoint must be in the form of a URL, starting with the protocol (https),\n   followed by the endpoint address without a trailing slash.\n   Example: \"https://storage.some-cloud\".\n","description_kind":"markdown","required":true},"region":{"type":"string","description":"S3-compatible provider region where source bucket is located.","description_kind":"markdown","required":true}},"nesting_mode":"single"},"description":"*Cannot be set alongside nebius or azure_blob_storage.*","description_kind":"markdown","optional":true}},"nesting_mode":"single"},"description":"Source from which the transfer reads data.","description_kind":"markdown","required":true},"status":{"nested_type":{"attributes":{"error":{"nested_type":{"attributes":{"code":{"type":"string","description":"Error code, usually taken from the endpoint response.","description_kind":"markdown","computed":true},"message":{"type":"string","description":"Error message, usually taken from the endpoint response.","description_kind":"markdown","computed":true},"origin":{"type":"string","description":":\n\n   Endpoint where the error occurred.\n   \n   #### Supported values\n   \n   Possible values:\n   \n   - `ORIGIN_UNSPECIFIED`\n   - `SOURCE` - Error originated from the source.\n   - `DESTINATION` - Error originated from the destination.\n   \n","description_kind":"markdown","computed":true}},"nesting_mode":"single"},"description":"Error information if the transfer has failed.","description_kind":"markdown","computed":true},"last_iteration":{"nested_type":{"attributes":{"average_throughput_bytes":{"type":"number","description":"Average throughput in bytes per second during the iteration.","description_kind":"markdown","computed":true},"end_time":{"type":"string","description":":\n\n   Iteration end time.\n   \n   A string representing a timestamp in [ISO 8601](https://en.wikipedia.org/wiki/ISO_8601) format: `YYYY-MM-DDTHH:MM:SSZ` or `YYYY-MM-DDTHH:MM:SS.SSS±HH:MM`\n","description_kind":"markdown","computed":true},"error":{"nested_type":{"attributes":{"code":{"type":"string","description":"Error code, usually taken from the endpoint response.","description_kind":"markdown","computed":true},"message":{"type":"string","description":"Error message, usually taken from the endpoint response.","description_kind":"markdown","computed":true},"origin":{"type":"string","description":":\n\n   Endpoint where the error occurred.\n   \n   #### Supported values\n   \n   Possible values:\n   \n   - `ORIGIN_UNSPECIFIED`\n   - `SOURCE` - Error originated from the source.\n   - `DESTINATION` - Error originated from the destination.\n   \n","description_kind":"markdown","computed":true}},"nesting_mode":"single"},"description":"Human-readable error description. Populated only if state is FAILED.","description_kind":"markdown","computed":true},"objects_transferred_count":{"type":"number","description":"Number of objects transferred during this iteration.","description_kind":"markdown","computed":true},"objects_transferred_size":{"type":"number","description":"Total size of objects transferred during this iteration.","description_kind":"markdown","computed":true},"sequence_number":{"type":"number","description":"Sequence number of the iteration in the transfer, starting from 1.","description_kind":"markdown","computed":true},"start_time":{"type":"string","description":":\n\n   Iteration start time.\n   \n   A string representing a timestamp in [ISO 8601](https://en.wikipedia.org/wiki/ISO_8601) format: `YYYY-MM-DDTHH:MM:SSZ` or `YYYY-MM-DDTHH:MM:SS.SSS±HH:MM`\n","description_kind":"markdown","computed":true},"state":{"type":"string","description":":\n\n   Current iteration state.\n   \n   #### Supported values\n   \n   Iteration state.\n   Possible values:\n   \n   - `STATE_UNSPECIFIED`\n   - `IN_PROGRESS`\n   - `COMPLETED`\n   - `INTERRUPTED`\n   - `FAILED`\n   \n","description_kind":"markdown","computed":true}},"nesting_mode":"single"},"description":":\n\n   If there is active iteration, its status will be given.\n   If it is a new transfer that doesn't have iteration yet, nothing will be returned.\n   Otherwise, last finished transaction will be returned.\n","description_kind":"markdown","computed":true},"state":{"type":"string","description":":\n\n   Current transfer state.\n   \n   #### Supported values\n   \n   Transfer state.\n   Possible values:\n   \n   - `STATE_UNSPECIFIED`\n   - `ACTIVE`\n   - `STOPPING`\n   - `STOPPED`\n   - `FAILING`\n   - `FAILED`\n   - `DELETING`\n   \n","description_kind":"markdown","computed":true},"suspension_state":{"type":"string","description":":\n\n   If the transfer is suspended, transfer's suspension state becomes SUSPENDED.\n   \n   #### Supported values\n   \n   Transfer suspension state.\n   Possible values:\n   \n   - `SUSPENSION_STATE_UNSPECIFIED`\n   - `NOT_SUSPENDED`\n   - `SUSPENDED`\n   \n","description_kind":"markdown","computed":true}},"nesting_mode":"single"},"description_kind":"plain","computed":true},"touch_unmanaged":{"type":"bool","description":":\n\n   If touch_unmanaged flag is set, service will be allowed to overwrite and delete from destination objects that were not\n   created by Data Transfer Service. If this flag is false, Data Transfer Service will never overwrite or delete objects\n   that haven't been created by Data Transfer service.\n","description_kind":"markdown","optional":true},"updated_at":{"type":"string","description":":\n\n   Timestamp indicating when the resource was last updated.\n   \n   A string representing a timestamp in [ISO 8601](https://en.wikipedia.org/wiki/ISO_8601) format: `YYYY-MM-DDTHH:MM:SSZ` or `YYYY-MM-DDTHH:MM:SS.SSS±HH:MM`\n","description_kind":"markdown","computed":true}},"description":"Transfer that migrates data from other providers or across different regions of Nebius Object Storage.\nTransfer consists of consecutive iterations where the service lists objects in the source bucket and\nmoves those that need to be transferred according to the specified overwrite strategy and touch unmanaged flag value.\nAfter an iteration completes, the transfer will stop if its stop condition is met. Otherwise,\nit will wait for the defined inter-iteration interval before starting the next iteration.","description_kind":"markdown"}},"nebius_storage_v1alpha1_transfer":{"version":0,"block":{"attributes":{"after_n_empty_iterations":{"nested_type":{"attributes":{"empty_iterations_threshold":{"type":"number","description":"Number of consecutive iterations with zero transferred objects required to stop transfer.","description_kind":"markdown","required":true}},"nesting_mode":"single"},"description":"*Cannot be set alongside after_one_iteration or infinite.*","description_kind":"markdown","optional":true},"after_one_iteration":{"nested_type":{"nesting_mode":"single"},"description":"*Cannot be set alongside after_n_empty_iterations or infinite.*","description_kind":"markdown","optional":true},"created_at":{"type":"string","description":":\n\n   Timestamp indicating when the resource was created.\n   \n   A string representing a timestamp in [ISO 8601](https://en.wikipedia.org/wiki/ISO_8601) format: `YYYY-MM-DDTHH:MM:SSZ` or `YYYY-MM-DDTHH:MM:SS.SSS±HH:MM`\n","description_kind":"markdown","computed":true},"destination":{"nested_type":{"attributes":{"bucket_name":{"type":"string","description_kind":"plain","required":true},"credentials":{"nested_type":{"attributes":{"access_key":{"nested_type":{"attributes":{"access_key_id":{"type":"string","description_kind":"plain","optional":true,"sensitive":true},"secret_access_key":{"type":"string","description_kind":"plain","optional":true,"sensitive":true}},"nesting_mode":"single"},"description":"*Cannot be set alongside anonymous or azure_access_key.*","description_kind":"markdown","optional":true},"anonymous":{"nested_type":{"nesting_mode":"single"},"description":"*Cannot be set alongside access_key or azure_access_key.*","description_kind":"markdown","optional":true},"azure_access_key":{"nested_type":{"attributes":{"access_key":{"type":"string","description_kind":"plain","optional":true,"sensitive":true},"account_name":{"type":"string","description_kind":"plain","optional":true,"sensitive":true}},"nesting_mode":"single"},"description":"*Cannot be set alongside anonymous or access_key.*","description_kind":"markdown","optional":true}},"nesting_mode":"single"},"description":":\n\n   Credentials for accessing the destination bucket. These credentials must have head and write permissions.\n   This parameter must be specified only during create operations.\n","description_kind":"markdown","optional":true},"endpoint":{"type":"string","description":":\n\n   The endpoint must be in the form of a URL, starting with the protocol (https),\n   followed by the endpoint address without a trailing slash.\n   Example: https://storage.us-central1.nebius.cloud\n","description_kind":"markdown","optional":true},"prefix":{"type":"string","description":":\n\n   Prefix to add to the beginning of each transferred object key in the destination bucket.\n   During transfer, the resulting object key in the destination bucket is computed\n   by removing source.prefix (if provided) from the original key and then prepending destination.prefix.\n   Important: This transformation may result in an empty object key or one that exceeds allowed length limits.\n   Use prefixes that guarantee valid resulting object keys for your objects after transformation.\n","description_kind":"markdown","optional":true},"region":{"type":"string","description_kind":"plain","optional":true}},"nesting_mode":"single"},"description_kind":"plain","required":true},"id":{"type":"string","description":"Identifier for the resource, unique for its resource type.","description_kind":"markdown","computed":true},"infinite":{"nested_type":{"nesting_mode":"single"},"description":":\n\n   Infinite transfers do not stop automatically and can be stopped manually by the user.\n   \n   *Cannot be set alongside after_one_iteration or after_n_empty_iterations.*\n","description_kind":"markdown","optional":true},"inter_iteration_interval":{"type":"string","description":":\n\n   Time to wait between transfer iterations. Default is 15 minutes if not specified.\n   \n   Duration as a string: possibly signed sequence of decimal numbers, each with optional fraction and a unit suffix, such as `300ms`, `-1.5h` or `2h45m`. Valid time units are `ns`, `us` (or `µs`), `ms`, `s`, `m`, `h`, `d`.\n","description_kind":"markdown","optional":true,"computed":true},"labels":{"type":["map","string"],"description":":\n\n   Labels associated with the resource.\n   \n","description_kind":"markdown","optional":true},"metadata":{"nested_type":{"nesting_mode":"single"},"description":":\n\n   #### Inner value description\n   \n   Common resource metadata.\n","description_kind":"markdown","optional":true,"computed":true},"name":{"type":"string","description":"Human readable name for the resource.","description_kind":"markdown","optional":true},"overwrite_strategy":{"type":"string","description":":\n\n   Overwrite strategy set logic of overwrite already existed objects in destination bucket.\n   \n   #### Supported values\n   \n   Possible values:\n   \n   - `OVERWRITE_STRATEGY_UNSPECIFIED`\n   - `NEVER`:\n      Never overwrite objects that exist in the destination.\n      If object exists in destination bucket, skip it.\n      Safest option to prevent data loss.\n   \n   - `IF_NEWER`:\n      Overwrite only if source object is newer than destination.\n      Comparison based on Last-Modified timestamp.\n      Recommended for incremental sync scenarios.\n   \n   - `ALWAYS`:\n      Always overwrite destination objects unconditionally.\n      Use with caution - may cause data loss in destination.\n      Suitable for full bucket synchronization.\n   \n   \n","description_kind":"markdown","required":true},"parent_id":{"type":"string","description":"Identifier of the parent resource to which the resource belongs.","description_kind":"markdown","required":true},"resource_version":{"type":"number","description":":\n\n   Version of the resource for safe concurrent modifications and consistent reads.\n   Positive and monotonically increases on each resource spec change (but *not* on each change of the\n   resource's container(s) or status).\n   Service allows zero value or current.\n   \n","description_kind":"markdown","computed":true},"source":{"nested_type":{"attributes":{"bucket_name":{"type":"string","description_kind":"plain","required":true},"credentials":{"nested_type":{"attributes":{"access_key":{"nested_type":{"attributes":{"access_key_id":{"type":"string","description_kind":"plain","optional":true,"sensitive":true},"secret_access_key":{"type":"string","description_kind":"plain","optional":true,"sensitive":true}},"nesting_mode":"single"},"description":"*Cannot be set alongside anonymous or azure_access_key.*","description_kind":"markdown","optional":true},"anonymous":{"nested_type":{"nesting_mode":"single"},"description":"*Cannot be set alongside access_key or azure_access_key.*","description_kind":"markdown","optional":true},"azure_access_key":{"nested_type":{"attributes":{"access_key":{"type":"string","description_kind":"plain","optional":true,"sensitive":true},"account_name":{"type":"string","description_kind":"plain","optional":true,"sensitive":true}},"nesting_mode":"single"},"description":"*Cannot be set alongside anonymous or access_key.*","description_kind":"markdown","optional":true}},"nesting_mode":"single"},"description":":\n\n   Credentials for accessing the source bucket. These credentials must have list and get permissions.\n   This parameter must be specified only during create operations.\n","description_kind":"markdown","optional":true},"endpoint":{"type":"string","description":":\n\n   The endpoint must be in the form of a URL, starting with the protocol (https),\n   followed by the endpoint address without a trailing slash.\n   Example: https://storage.us-central1.nebius.cloud\n","description_kind":"markdown","required":true},"limiters":{"nested_type":{"attributes":{"bandwidth_bytes_per_second":{"type":"number","description":"Maximum bandwidth in bytes per second. If set to zero, default limit will be applied.","description_kind":"markdown","optional":true},"requests_per_second":{"type":"number","description":"Maximum number of requests per second. If set to zero, default limit will be applied.","description_kind":"markdown","optional":true}},"nesting_mode":"single"},"description":":\n\n   Limiters applied to source bucket operations. These limits include all operations\n   required for transfer (HeadObject, GetObject, ListObjects). For details about\n   which operations are used, see public documentation: http://docs.nebius.com/object-storage/transfer/quickstart#background.\n   \n   Note: Since the service performs comparable request volumes and data transfers\n   to both source and destination, these limits will indirectly constrain\n   destination operations as well.\n","description_kind":"markdown","optional":true},"prefix":{"type":"string","description":":\n\n   Prefix to filter objects in the source bucket. Only objects whose keys start with this prefix will be transferred.\n   During transfer, the resulting object key in the destination bucket is computed\n   by removing source.prefix from the original key and then prepending destination.prefix (if provided).\n   Important: This transformation may result in an empty object key or one that exceeds allowed length limits.\n   Use prefixes that guarantee valid resulting object keys for your objects after transformation.\n","description_kind":"markdown","optional":true},"region":{"type":"string","description_kind":"plain","required":true}},"nesting_mode":"single"},"description_kind":"plain","required":true},"status":{"nested_type":{"attributes":{"error":{"type":"string","description":"Error information if the transfer has failed.","description_kind":"markdown","computed":true},"last_iteration":{"nested_type":{"attributes":{"average_throughput_bytes":{"type":"number","description_kind":"plain","computed":true},"end_time":{"type":"string","description":"A string representing a timestamp in [ISO 8601](https://en.wikipedia.org/wiki/ISO_8601) format: `YYYY-MM-DDTHH:MM:SSZ` or `YYYY-MM-DDTHH:MM:SS.SSS±HH:MM`","description_kind":"markdown","computed":true},"error":{"type":"string","description":"Human-readable error description. Populated only if state is FAILED.","description_kind":"markdown","computed":true},"objects_discovered_count":{"type":"number","description_kind":"plain","computed":true},"objects_migrated_count":{"type":"number","description_kind":"plain","computed":true},"objects_migrated_size":{"type":"number","description_kind":"plain","computed":true},"objects_skipped_count":{"type":"number","description_kind":"plain","computed":true},"sequence_number":{"type":"number","description_kind":"plain","computed":true},"start_time":{"type":"string","description":"A string representing a timestamp in [ISO 8601](https://en.wikipedia.org/wiki/ISO_8601) format: `YYYY-MM-DDTHH:MM:SSZ` or `YYYY-MM-DDTHH:MM:SS.SSS±HH:MM`","description_kind":"markdown","computed":true},"state":{"type":"string","description":":\n\n   #### Supported values\n   \n   Possible values:\n   \n   - `STATE_UNSPECIFIED`\n   - `IN_PROGRESS`\n   - `COMPLETED`\n   - `STOPPED`\n   - `FAILED`\n   \n","description_kind":"markdown","computed":true}},"nesting_mode":"single"},"description_kind":"plain","computed":true},"state":{"type":"string","description":":\n\n   #### Supported values\n   \n   Possible values:\n   \n   - `STATE_UNSPECIFIED`\n   - `ACTIVE`\n   - `STOPPING`\n   - `STOPPED`\n   - `FAILING`\n   - `FAILED`\n   \n","description_kind":"markdown","computed":true},"suspension_state":{"type":"string","description":":\n\n   #### Supported values\n   \n   Possible values:\n   \n   - `SUSPENSION_STATE_UNSPECIFIED`\n   - `NOT_SUSPENDED`\n   - `SUSPENDED`\n   \n","description_kind":"markdown","computed":true}},"nesting_mode":"single"},"description_kind":"plain","computed":true},"updated_at":{"type":"string","description":":\n\n   Timestamp indicating when the resource was last updated.\n   \n   A string representing a timestamp in [ISO 8601](https://en.wikipedia.org/wiki/ISO_8601) format: `YYYY-MM-DDTHH:MM:SSZ` or `YYYY-MM-DDTHH:MM:SS.SSS±HH:MM`\n","description_kind":"markdown","computed":true}},"description_kind":"plain","deprecated":true}},"nebius_vpc_v1_allocation":{"version":0,"block":{"attributes":{"created_at":{"type":"string","description":":\n\n   Timestamp indicating when the resource was created.\n   \n   A string representing a timestamp in [ISO 8601](https://en.wikipedia.org/wiki/ISO_8601) format: `YYYY-MM-DDTHH:MM:SSZ` or `YYYY-MM-DDTHH:MM:SS.SSS±HH:MM`\n","description_kind":"markdown","computed":true},"id":{"type":"string","description":"Identifier for the resource, unique for its resource type.","description_kind":"markdown","computed":true},"ipv4_private":{"nested_type":{"attributes":{"cidr":{"type":"string","description":":\n\n   A single IP address (e.g 10.1.2.1), a CIDR block (e.g., \"10.1.2.0/24\") or\n   a prefix length (e.g., \"/32\").\n   If prefix length is specified, the CIDR block will be auto-allocated from\n   the available space in the pool or subnet.\n   If not specified, defaults to \"/32\".\n","description_kind":"markdown","optional":true},"pool_id":{"type":"string","description":":\n\n   ID of the pool that allocation will receive its IP address from.\n   \n   *Cannot be set alongside subnet_id.*\n","description_kind":"markdown","optional":true},"subnet_id":{"type":"string","description":":\n\n   ID of the subnet that allocation will be associated with.\n   IP address of the allocation must be within a CIDR block associated\n   with this subnet.\n   In order to assign an allocation to a resource (i.e. network interface)\n   both must be associated with the same subnet.\n   \n   *Cannot be set alongside pool_id.*\n","description_kind":"markdown","optional":true}},"nesting_mode":"single"},"description":":\n\n   #### Inner value description\n   \n   Private IPv4 address configuration for the allocation.\n   \n   *Cannot be set alongside ipv4_public.*\n","description_kind":"markdown","optional":true},"ipv4_public":{"nested_type":{"attributes":{"cidr":{"type":"string","description":":\n\n   A single IP address (e.g. 1.2.3.4), a CIDR block (e.g., \"1.2.3.4/24\")\n   or a prefix length (e.g., \"/32\").\n   If prefix length is specified, the CIDR block will be auto-allocated from\n   the available space in the pool or subnet.\n   If not specified, defaults to \"/32\".\n","description_kind":"markdown","optional":true},"pool_id":{"type":"string","description":":\n\n   ID of the pool that allocation will receive its IP address from.\n   \n   *Cannot be set alongside subnet_id.*\n","description_kind":"markdown","optional":true},"subnet_id":{"type":"string","description":":\n\n   ID of the subnet that allocation will be associated with.\n   IP address of the allocation must be within a CIDR block associated with\n   this subnet.\n   Assigning an allocation to a resource (i.e. network interface) requires\n   both to be associated with the same subnet.\n   \n   *Cannot be set alongside pool_id.*\n","description_kind":"markdown","optional":true}},"nesting_mode":"single"},"description":":\n\n   #### Inner value description\n   \n   Public IPv4 address configuration for the allocation.\n   \n   *Cannot be set alongside ipv4_private.*\n","description_kind":"markdown","optional":true},"labels":{"type":["map","string"],"description":":\n\n   Labels associated with the resource.\n   \n","description_kind":"markdown","optional":true},"metadata":{"nested_type":{"nesting_mode":"single"},"description":":\n\n   Metadata for the Allocation.\n   `metadata.parent_id` represents IAM Container.\n   \n   #### Inner value description\n   \n   Common resource metadata.\n","description_kind":"markdown","optional":true,"computed":true},"name":{"type":"string","description":"Human readable name for the resource.","description_kind":"markdown","optional":true},"parent_id":{"type":"string","description":"Identifier of the parent resource to which the resource belongs.","description_kind":"markdown","required":true},"resource_version":{"type":"number","description":":\n\n   Version of the resource for safe concurrent modifications and consistent reads.\n   Positive and monotonically increases on each resource spec change (but *not* on each change of the\n   resource's container(s) or status).\n   Service allows zero value or current.\n   \n","description_kind":"markdown","computed":true},"status":{"nested_type":{"attributes":{"assignment":{"nested_type":{"attributes":{"load_balancer":{"nested_type":{"attributes":{"id":{"type":"string","description":"ID of the Load Balancer.","description_kind":"markdown","computed":true}},"nesting_mode":"single"},"description":"*Cannot be set alongside network_interface.*","description_kind":"markdown","computed":true},"network_interface":{"nested_type":{"attributes":{"instance_id":{"type":"string","description":"ID of the Compute instance network interface belongs to.","description_kind":"markdown","computed":true},"name":{"type":"string","description":"Network interface name","description_kind":"markdown","computed":true}},"nesting_mode":"single"},"description":"*Cannot be set alongside load_balancer.*","description_kind":"markdown","computed":true}},"nesting_mode":"single"},"description":":\n\n   Information about the assignment associated with the allocation,\n   such as network interface or load balancer assignment.\n","description_kind":"markdown","computed":true},"details":{"nested_type":{"attributes":{"allocated_cidr":{"type":"string","description":"The actual CIDR block that has been allocated.","description_kind":"markdown","computed":true},"pool_id":{"type":"string","description":"ID of the pool from which this allocation was made.","description_kind":"markdown","computed":true},"subnet_id":{"type":"string","description":":\n\n   ID of the subnet associated with this allocation.\n   Populated when created with explicit subnet_id, from a subnet-specific pool,\n   or when assigned to a resource.\n","description_kind":"markdown","computed":true},"version":{"type":"string","description":":\n\n   The IP version of this allocation (IPv4 or IPv6).\n   \n   #### Supported values\n   \n   Possible values:\n   \n   - `IP_VERSION_UNSPECIFIED` - Default, unspecified IP version.\n   - `IPV4` - IPv4 address.\n   - `IPV6` - IPv6 address.\n   \n","description_kind":"markdown","computed":true}},"nesting_mode":"single"},"description":":\n\n   Detailed information about the allocation status,\n   including the allocated CIDR, pool ID and IP version.\n","description_kind":"markdown","computed":true},"state":{"type":"string","description":":\n\n   This field represents the current state of the allocation.\n   \n   #### Supported values\n   \n   Enumeration of possible states of the Allocation.\n   Possible values:\n   \n   - `STATE_UNSPECIFIED` - Default state, unspecified.\n   - `CREATING` - Allocation is being created.\n   - `ALLOCATED` - Allocation is ready for use.\n   - `ASSIGNED` - Allocation is used.\n   - `DELETING` - Allocation is being deleted.\n   \n","description_kind":"markdown","computed":true},"static":{"type":"bool","description":"If false - Lifecycle of allocation depends on resource that using it.","description_kind":"markdown","computed":true}},"nesting_mode":"single"},"description":":\n\n   Contains the current status of the allocation, indicating its state and\n   any additional details.\n","description_kind":"markdown","computed":true},"updated_at":{"type":"string","description":":\n\n   Timestamp indicating when the resource was last updated.\n   \n   A string representing a timestamp in [ISO 8601](https://en.wikipedia.org/wiki/ISO_8601) format: `YYYY-MM-DDTHH:MM:SSZ` or `YYYY-MM-DDTHH:MM:SS.SSS±HH:MM`\n","description_kind":"markdown","computed":true}},"description_kind":"plain"}},"nebius_vpc_v1_network":{"version":0,"block":{"attributes":{"created_at":{"type":"string","description":":\n\n   Timestamp indicating when the resource was created.\n   \n   A string representing a timestamp in [ISO 8601](https://en.wikipedia.org/wiki/ISO_8601) format: `YYYY-MM-DDTHH:MM:SSZ` or `YYYY-MM-DDTHH:MM:SS.SSS±HH:MM`\n","description_kind":"markdown","computed":true},"id":{"type":"string","description":"Identifier for the resource, unique for its resource type.","description_kind":"markdown","computed":true},"ipv4_private_pools":{"nested_type":{"attributes":{"pools":{"nested_type":{"attributes":{"id":{"type":"string","description":"ID of the pool.","description_kind":"markdown","optional":true,"computed":true}},"nesting_mode":"list"},"description_kind":"plain","optional":true,"computed":true}},"nesting_mode":"single"},"description":":\n\n   Pools for private IPv4 addresses.\n   Default private pools will be created if not specified.\n   Default private pools are referred here\n   https://docs.nebius.com/vpc/addressing/available-addresses\n","description_kind":"markdown","optional":true,"computed":true},"ipv4_public_pools":{"nested_type":{"attributes":{"pools":{"nested_type":{"attributes":{"id":{"type":"string","description":"ID of the pool.","description_kind":"markdown","optional":true,"computed":true}},"nesting_mode":"list"},"description_kind":"plain","optional":true,"computed":true}},"nesting_mode":"single"},"description":":\n\n   Pools for public IPv4 addresses.\n   Default public pool will be used if not specified.\n","description_kind":"markdown","optional":true,"computed":true},"labels":{"type":["map","string"],"description":":\n\n   Labels associated with the resource.\n   \n","description_kind":"markdown","optional":true},"metadata":{"nested_type":{"nesting_mode":"single"},"description":":\n\n   Metadata for the network resource.\n   `metadata.parent_id` represents IAM container\n   \n   #### Inner value description\n   \n   Common resource metadata.\n","description_kind":"markdown","optional":true,"computed":true},"name":{"type":"string","description":"Human readable name for the resource.","description_kind":"markdown","optional":true},"parent_id":{"type":"string","description":"Identifier of the parent resource to which the resource belongs.","description_kind":"markdown","required":true},"resource_version":{"type":"number","description":":\n\n   Version of the resource for safe concurrent modifications and consistent reads.\n   Positive and monotonically increases on each resource spec change (but *not* on each change of the\n   resource's container(s) or status).\n   Service allows zero value or current.\n   \n","description_kind":"markdown","computed":true},"status":{"nested_type":{"attributes":{"default_route_table_id":{"type":"string","description":"ID of the network's default route table.","description_kind":"markdown","computed":true},"state":{"type":"string","description":":\n\n   Current state of the network.\n   \n   #### Supported values\n   \n   Enumeration of possible states of the network.\n   Possible values:\n   \n   - `STATE_UNSPECIFIED` - Default state, unspecified.\n   - `CREATING` - Network is being created.\n   - `READY` - Network is ready for use.\n   - `DELETING` - Network is being deleted.\n   \n","description_kind":"markdown","computed":true}},"nesting_mode":"single"},"description":"Status of the network.","description_kind":"markdown","computed":true},"updated_at":{"type":"string","description":":\n\n   Timestamp indicating when the resource was last updated.\n   \n   A string representing a timestamp in [ISO 8601](https://en.wikipedia.org/wiki/ISO_8601) format: `YYYY-MM-DDTHH:MM:SSZ` or `YYYY-MM-DDTHH:MM:SS.SSS±HH:MM`\n","description_kind":"markdown","computed":true}},"description":"Defines a Network, which serves as a virtual representation of a traditional LAN\nwithin a cloud environment.\nNetworks facilitate communication between subnets.","description_kind":"markdown"}},"nebius_vpc_v1_pool":{"version":0,"block":{"attributes":{"cidrs":{"nested_type":{"attributes":{"cidr":{"type":"string","description":":\n\n   A CIDR block (e.g., \"10.1.2.0/24\") or a prefix length (e.g., \"/24\").\n   If prefix length is specified, the CIDR block will be auto-allocated from\n   the available space in the parent pool.\n","description_kind":"markdown","required":true},"max_mask_length":{"type":"number","description":":\n\n   Maximum mask length for this pool child pools and allocations.\n   Default max_mask_length is 32 for IPv4.\n","description_kind":"markdown","optional":true,"computed":true},"state":{"type":"string","description":":\n\n   Controls provisioning of IP addresses from the CIDR block to other pools\n   or allocations. Defaults to AVAILABLE.\n   \n   #### Supported values\n   \n   Controls provisioning of IP addresses from this pool to other pools\n   or allocations. Defaults to AVAILABLE.\n   Possible values:\n   \n   - `STATE_UNSPECIFIED` - Not used, mandated by the protocol.\n   - `AVAILABLE` - Default state. Provision of the IP addresses from this CIDR block is allowed.\n   - `DISABLED` - Provision of the IP addresses from this CIDR block is denied.\n   \n","description_kind":"markdown","optional":true,"computed":true}},"nesting_mode":"list"},"description":":\n\n   CIDR blocks defined by the pool.\n   \n   \n","description_kind":"markdown","optional":true,"computed":true},"created_at":{"type":"string","description":":\n\n   Timestamp indicating when the resource was created.\n   \n   A string representing a timestamp in [ISO 8601](https://en.wikipedia.org/wiki/ISO_8601) format: `YYYY-MM-DDTHH:MM:SSZ` or `YYYY-MM-DDTHH:MM:SS.SSS±HH:MM`\n","description_kind":"markdown","computed":true},"id":{"type":"string","description":"Identifier for the resource, unique for its resource type.","description_kind":"markdown","computed":true},"labels":{"type":["map","string"],"description":":\n\n   Labels associated with the resource.\n   \n","description_kind":"markdown","optional":true},"metadata":{"nested_type":{"nesting_mode":"single"},"description":":\n\n   Metadata associated with the Pool.\n   `metadata.parent_id` represents the Project.\n   \n   #### Inner value description\n   \n   Common resource metadata.\n","description_kind":"markdown","optional":true,"computed":true},"name":{"type":"string","description":"Human readable name for the resource.","description_kind":"markdown","optional":true},"parent_id":{"type":"string","description":"Identifier of the parent resource to which the resource belongs.","description_kind":"markdown","required":true},"resource_version":{"type":"number","description":":\n\n   Version of the resource for safe concurrent modifications and consistent reads.\n   Positive and monotonically increases on each resource spec change (but *not* on each change of the\n   resource's container(s) or status).\n   Service allows zero value or current.\n   \n","description_kind":"markdown","computed":true},"source_pool_id":{"type":"string","description":":\n\n   ID of the source pool.\n   CIDR blocks of a pool must be within the range defined by its source pool.\n","description_kind":"markdown","optional":true},"status":{"nested_type":{"attributes":{"assignment":{"nested_type":{"attributes":{"networks":{"type":["list","string"],"description":"IDs of Networks to which the Pool is assigned.","description_kind":"markdown","computed":true},"subnets":{"type":["list","string"],"description":"IDs of Subnets to which the Pool is assigned.","description_kind":"markdown","computed":true}},"nesting_mode":"single"},"description":"Assignment details for this Pool","description_kind":"markdown","computed":true},"cidrs":{"type":["list","string"],"description":"CIDR blocks.","description_kind":"markdown","computed":true},"scope_id":{"type":"string","description":"Scope is the unique identifier for single pool tree.","description_kind":"markdown","computed":true},"state":{"type":"string","description":":\n\n   Current state of the Pool.\n   \n   #### Supported values\n   \n   Possible states of the Pool.\n   Possible values:\n   \n   - `STATE_UNSPECIFIED` - Default, unspecified state.\n   - `CREATING` - Pool is being created.\n   - `READY` - Pool is ready for use.\n   - `DELETING` - Pool is being deleted.\n   \n","description_kind":"markdown","computed":true}},"nesting_mode":"single"},"description":"Status information for the Pool.","description_kind":"markdown","computed":true},"updated_at":{"type":"string","description":":\n\n   Timestamp indicating when the resource was last updated.\n   \n   A string representing a timestamp in [ISO 8601](https://en.wikipedia.org/wiki/ISO_8601) format: `YYYY-MM-DDTHH:MM:SSZ` or `YYYY-MM-DDTHH:MM:SS.SSS±HH:MM`\n","description_kind":"markdown","computed":true},"version":{"type":"string","description":":\n\n   IP version of the pool.\n   \n   #### Supported values\n   \n   Possible values:\n   \n   - `IP_VERSION_UNSPECIFIED` - Default, unspecified IP version.\n   - `IPV4` - IPv4 address.\n   - `IPV6` - IPv6 address.\n   \n","description_kind":"markdown","required":true},"visibility":{"type":"string","description":":\n\n   Configures whether the pool is private or public.\n   Only public pools IP addresses are routable in the Internet.\n   \n   #### Supported values\n   \n   Possible values:\n   \n   - `IP_VISIBILITY_UNSPECIFIED` - Default, unspecified IP visibility.\n   - `PRIVATE` - Private address.\n   - `PUBLIC` - Public address.\n   \n","description_kind":"markdown","required":true}},"description_kind":"plain"}},"nebius_vpc_v1_route":{"version":0,"block":{"attributes":{"created_at":{"type":"string","description":":\n\n   Timestamp indicating when the resource was created.\n   \n   A string representing a timestamp in [ISO 8601](https://en.wikipedia.org/wiki/ISO_8601) format: `YYYY-MM-DDTHH:MM:SSZ` or `YYYY-MM-DDTHH:MM:SS.SSS±HH:MM`\n","description_kind":"markdown","computed":true},"description":{"type":"string","description":"Optional description of the route.","description_kind":"markdown","optional":true},"destination":{"nested_type":{"attributes":{"cidr":{"type":"string","description":":\n\n   Destination CIDR block in IPv4 format (e.g., \"0.0.0.0/0\" for default route, \"192.168.100.0/24\" for specific subnet).\n   The CIDR notation specifies the range of IP addresses that this route will match.\n   Must be unique within a route table.\n","description_kind":"markdown","required":true}},"nesting_mode":"single"},"description":":\n\n   Destination for the route.\n   Each destination CIDR must be unique within a route table.\n   When multiple routes match a destination IP, the route with the longest\n   matching prefix (most specific match) is selected.\n","description_kind":"markdown","required":true},"id":{"type":"string","description":"Identifier for the resource, unique for its resource type.","description_kind":"markdown","computed":true},"labels":{"type":["map","string"],"description":":\n\n   Labels associated with the resource.\n   \n","description_kind":"markdown","optional":true},"metadata":{"nested_type":{"nesting_mode":"single"},"description":":\n\n   `metadata.parent_id` represents the RouteTable.\n   \n   #### Inner value description\n   \n   Common resource metadata.\n","description_kind":"markdown","optional":true,"computed":true},"name":{"type":"string","description":"Human readable name for the resource.","description_kind":"markdown","optional":true},"next_hop":{"nested_type":{"attributes":{"allocation":{"nested_type":{"attributes":{"id":{"type":"string","description":"ID of the IP allocation to use as the next hop.","description_kind":"markdown","required":true}},"nesting_mode":"single"},"description":":\n\n   Forward traffic to a specific IP allocation (/32 address only).\n   The allocation must be from the same network as the route table.\n   The allocation must be assigned to either a Compute instance or a Load Balancer.\n   Warning: If the allocation exists but is not assigned to any resource,\n   traffic will be forwarded to a \"black hole\" and dropped.\n   \n   #### Inner value description\n   \n   AllocationNextHop specifies an IP allocation as the next hop.\n   \n   *Cannot be set alongside default_egress_gateway.*\n","description_kind":"markdown","optional":true},"default_egress_gateway":{"type":"bool","description":":\n\n   Use the default egress gateway for outbound traffic.\n   Note: For VMs with public addresses (Floating IPs/FIPs), the FIP-specific route\n   takes precedence over this default egress gateway route.\n   \n   *Cannot be set alongside allocation.*\n","description_kind":"markdown","optional":true}},"nesting_mode":"single"},"description":"Next hop configuration specifying where to send matching traffic.","description_kind":"markdown","required":true},"parent_id":{"type":"string","description":"Identifier of the parent resource to which the resource belongs.","description_kind":"markdown","required":true},"resource_version":{"type":"number","description":":\n\n   Version of the resource for safe concurrent modifications and consistent reads.\n   Positive and monotonically increases on each resource spec change (but *not* on each change of the\n   resource's container(s) or status).\n   Service allows zero value or current.\n   \n","description_kind":"markdown","computed":true},"status":{"nested_type":{"attributes":{"next_hop":{"nested_type":{"attributes":{"allocation":{"nested_type":{"attributes":{"cidr":{"type":"string","description":"The CIDR of the allocation being used as the next hop.","description_kind":"markdown","computed":true}},"nesting_mode":"single"},"description":":\n\n   Status of an allocation-based next hop.\n   \n   *Cannot be set alongside default_egress_gateway.*\n","description_kind":"markdown","computed":true},"default_egress_gateway":{"nested_type":{"nesting_mode":"single"},"description":":\n\n   Status of the default egress gateway configuration.\n   \n   *Cannot be set alongside allocation.*\n","description_kind":"markdown","computed":true}},"nesting_mode":"single"},"description":"Detailed status of the next hop configuration.","description_kind":"markdown","computed":true},"state":{"type":"string","description":":\n\n   Current state of the route.\n   \n   #### Supported values\n   \n   Possible values:\n   \n   - `STATE_UNSPECIFIED` - The state is unknown or not yet set.\n   - `READY` - The route is configured and operational.\n   \n","description_kind":"markdown","computed":true},"type":{"type":"string","description":":\n\n   Indicates the route type.\n   REDISTRIBUTED routes cannot be deleted directly.\n   \n   #### Supported values\n   \n   Route type.\n   Possible values:\n   \n   - `TYPE_UNSPECIFIED`\n   - `STATIC`\n   - `REDISTRIBUTED`\n   \n","description_kind":"markdown","computed":true}},"nesting_mode":"single"},"description":"Current status of the route.","description_kind":"markdown","computed":true},"updated_at":{"type":"string","description":":\n\n   Timestamp indicating when the resource was last updated.\n   \n   A string representing a timestamp in [ISO 8601](https://en.wikipedia.org/wiki/ISO_8601) format: `YYYY-MM-DDTHH:MM:SSZ` or `YYYY-MM-DDTHH:MM:SS.SSS±HH:MM`\n","description_kind":"markdown","computed":true}},"description":"Routes determine how network traffic is directed within a VPC network,\nspecifying the path that traffic should take based on destination addresses.","description_kind":"markdown"}},"nebius_vpc_v1_route_table":{"version":0,"block":{"attributes":{"created_at":{"type":"string","description":":\n\n   Timestamp indicating when the resource was created.\n   \n   A string representing a timestamp in [ISO 8601](https://en.wikipedia.org/wiki/ISO_8601) format: `YYYY-MM-DDTHH:MM:SSZ` or `YYYY-MM-DDTHH:MM:SS.SSS±HH:MM`\n","description_kind":"markdown","computed":true},"id":{"type":"string","description":"Identifier for the resource, unique for its resource type.","description_kind":"markdown","computed":true},"labels":{"type":["map","string"],"description":":\n\n   Labels associated with the resource.\n   \n","description_kind":"markdown","optional":true},"metadata":{"nested_type":{"nesting_mode":"single"},"description":":\n\n   `metadata.parent_id` represents the Project.\n   \n   #### Inner value description\n   \n   Common resource metadata.\n","description_kind":"markdown","optional":true,"computed":true},"name":{"type":"string","description":"Human readable name for the resource.","description_kind":"markdown","optional":true},"network_id":{"type":"string","description":"ID of the VPC network this route table belongs to.","description_kind":"markdown","required":true},"parent_id":{"type":"string","description":"Identifier of the parent resource to which the resource belongs.","description_kind":"markdown","required":true},"resource_version":{"type":"number","description":":\n\n   Version of the resource for safe concurrent modifications and consistent reads.\n   Positive and monotonically increases on each resource spec change (but *not* on each change of the\n   resource's container(s) or status).\n   Service allows zero value or current.\n   \n","description_kind":"markdown","computed":true},"status":{"nested_type":{"attributes":{"assignment":{"nested_type":{"attributes":{"subnets":{"type":["list","string"],"description":"List of subnet IDs that use this route table for their routing configuration.","description_kind":"markdown","computed":true}},"nesting_mode":"single"},"description":"Information about which subnets are using this route table.","description_kind":"markdown","computed":true},"default":{"type":"bool","description":":\n\n   Indicates if this is the default route table for the network.\n   Only one route table can be default per network.\n","description_kind":"markdown","computed":true},"state":{"type":"string","description":":\n\n   Current state of the route table.\n   \n   #### Supported values\n   \n   State indicates the current operational state of the route table.\n   Possible values:\n   \n   - `STATE_UNSPECIFIED` - The state is unknown or not yet set.\n   - `READY` - The route table is configured and operational.\n   \n","description_kind":"markdown","computed":true}},"nesting_mode":"single"},"description":"Current status of the route table.","description_kind":"markdown","computed":true},"updated_at":{"type":"string","description":":\n\n   Timestamp indicating when the resource was last updated.\n   \n   A string representing a timestamp in [ISO 8601](https://en.wikipedia.org/wiki/ISO_8601) format: `YYYY-MM-DDTHH:MM:SSZ` or `YYYY-MM-DDTHH:MM:SS.SSS±HH:MM`\n","description_kind":"markdown","computed":true}},"description":"RouteTable represents a routing configuration for a VPC network.\nEach route table can be associated with multiple subnets\nand contains rules for routing traffic to different destinations.","description_kind":"markdown"}},"nebius_vpc_v1_security_group":{"version":0,"block":{"attributes":{"created_at":{"type":"string","description":":\n\n   Timestamp indicating when the resource was created.\n   \n   A string representing a timestamp in [ISO 8601](https://en.wikipedia.org/wiki/ISO_8601) format: `YYYY-MM-DDTHH:MM:SSZ` or `YYYY-MM-DDTHH:MM:SS.SSS±HH:MM`\n","description_kind":"markdown","computed":true},"id":{"type":"string","description":"Identifier for the resource, unique for its resource type.","description_kind":"markdown","computed":true},"labels":{"type":["map","string"],"description":":\n\n   Labels associated with the resource.\n   \n","description_kind":"markdown","optional":true},"metadata":{"nested_type":{"nesting_mode":"single"},"description":":\n\n   `metadata.parent_id` represents the Project.\n   \n   #### Inner value description\n   \n   Common resource metadata.\n","description_kind":"markdown","optional":true,"computed":true},"name":{"type":"string","description":"Human readable name for the resource.","description_kind":"markdown","optional":true},"network_id":{"type":"string","description":"ID of the VPC network this security group belongs to.","description_kind":"markdown","required":true},"parent_id":{"type":"string","description":"Identifier of the parent resource to which the resource belongs.","description_kind":"markdown","required":true},"resource_version":{"type":"number","description":":\n\n   Version of the resource for safe concurrent modifications and consistent reads.\n   Positive and monotonically increases on each resource spec change (but *not* on each change of the\n   resource's container(s) or status).\n   Service allows zero value or current.\n   \n","description_kind":"markdown","computed":true},"status":{"nested_type":{"attributes":{"default":{"type":"bool","description":":\n\n   Indicates if this is the default security group for the network.\n   Only one security group can be default per network.\n   Will be used on the interface if no other is specified.\n","description_kind":"markdown","computed":true},"state":{"type":"string","description":":\n\n   Current state of the security group.\n   \n   #### Supported values\n   \n   Enumeration of possible states of the security group.\n   Possible values:\n   \n   - `STATE_UNSPECIFIED` - Default state, unspecified.\n   - `READY` - Security group is ready for use.\n   \n","description_kind":"markdown","computed":true}},"nesting_mode":"single"},"description":"Current status of the security group.","description_kind":"markdown","computed":true},"updated_at":{"type":"string","description":":\n\n   Timestamp indicating when the resource was last updated.\n   \n   A string representing a timestamp in [ISO 8601](https://en.wikipedia.org/wiki/ISO_8601) format: `YYYY-MM-DDTHH:MM:SSZ` or `YYYY-MM-DDTHH:MM:SS.SSS±HH:MM`\n","description_kind":"markdown","computed":true}},"description":"SecurityGroup is a logical grouping of resources\nused to manage and apply network security policies collectively.\nSecurity group applies implicit deny at the end (traffic not matched by any rule will be denied).","description_kind":"markdown"}},"nebius_vpc_v1_security_rule":{"version":0,"block":{"attributes":{"access":{"type":"string","description":":\n\n   Access action for the rule.\n   Required. Determines whether matching traffic is allowed or denied.\n   \n   #### Supported values\n   \n   Access specifies action on matching traffic: ALLOW or DENY.\n   Possible values:\n   \n   - `ACCESS_UNSPECIFIED`\n   - `ALLOW`\n   - `DENY`\n   \n","description_kind":"markdown","required":true},"created_at":{"type":"string","description":":\n\n   Timestamp indicating when the resource was created.\n   \n   A string representing a timestamp in [ISO 8601](https://en.wikipedia.org/wiki/ISO_8601) format: `YYYY-MM-DDTHH:MM:SSZ` or `YYYY-MM-DDTHH:MM:SS.SSS±HH:MM`\n","description_kind":"markdown","computed":true},"egress":{"nested_type":{"attributes":{"destination_cidrs":{"type":["list","string"],"description":":\n\n   CIDR blocks as the destination.\n   Optional. Empty list means any address.\n   Must be a valid IPv4.\n   Maximum of 8 CIDRs can be specified.\n","description_kind":"markdown","optional":true},"destination_ports":{"type":["list","number"],"description":":\n\n   List of ports to which the rule applies.\n   Optional. Empty list means any port.\n   Valid range: 1–65535.\n   Maximum of 8 ports can be specified.\n","description_kind":"markdown","optional":true},"destination_security_group_id":{"type":"string","description":"ID of the referenced Security Group as the destination.","description_kind":"markdown","optional":true}},"nesting_mode":"single"},"description":":\n\n   #### Inner value description\n   \n   Defines match for outgoing traffic.\n   \n   *Cannot be set alongside ingress.*\n","description_kind":"markdown","optional":true},"id":{"type":"string","description":"Identifier for the resource, unique for its resource type.","description_kind":"markdown","computed":true},"ingress":{"nested_type":{"attributes":{"destination_ports":{"type":["list","number"],"description":":\n\n   List of destination ports to which the rule applies.\n   Optional. Empty list means any port.\n   Valid range: 1–65535.\n   Maximum of 8 ports can be specified.\n","description_kind":"markdown","optional":true},"source_cidrs":{"type":["list","string"],"description":":\n\n   CIDR blocks as the source.\n   Optional. Empty list means any address.\n   Must be a valid IPv4\n   Maximum of 8 CIDRs can be specified.\n","description_kind":"markdown","optional":true},"source_security_group_id":{"type":"string","description":"ID of the referenced Security Group as the source.","description_kind":"markdown","optional":true}},"nesting_mode":"single"},"description":":\n\n   #### Inner value description\n   \n   Defines match for incoming traffic.\n   \n   *Cannot be set alongside egress.*\n","description_kind":"markdown","optional":true},"labels":{"type":["map","string"],"description":":\n\n   Labels associated with the resource.\n   \n","description_kind":"markdown","optional":true},"metadata":{"nested_type":{"nesting_mode":"single"},"description":":\n\n   `metadata.parent_id` represents the SecurityGroup.\n   \n   #### Inner value description\n   \n   Common resource metadata.\n","description_kind":"markdown","optional":true,"computed":true},"name":{"type":"string","description":"Human readable name for the resource.","description_kind":"markdown","optional":true},"parent_id":{"type":"string","description":"Identifier of the parent resource to which the resource belongs.","description_kind":"markdown","required":true},"priority":{"type":"number","description":":\n\n   Priority of the rule. Valid range: 0-1000.\n   Optional. If not specified or set to 0, defaults to 500.\n   Rules are evaluated in priority order (lower numbers first) using a first-match algorithm:\n   only the first matching rule takes effect (ALLOW or DENY), and subsequent rules are skipped.\n   \n   When multiple rules share the same priority, DENY rules are evaluated before ALLOW rules.\n   The final evaluation order is reflected in 'effective_priority' (see SecurityRuleStatus).\n","description_kind":"markdown","optional":true,"computed":true},"protocol":{"type":"string","description":":\n\n   Protocol used in the rule.\n   Supported values: ANY, TCP, UDP, ICMP.\n   \n   #### Supported values\n   \n   Protocol specifies traffic protocol.\n   Possible values:\n   \n   - `PROTOCOL_UNSPECIFIED`\n   - `ANY`\n   - `TCP`\n   - `UDP`\n   - `ICMP`\n   \n","description_kind":"markdown","required":true},"resource_version":{"type":"number","description":":\n\n   Version of the resource for safe concurrent modifications and consistent reads.\n   Positive and monotonically increases on each resource spec change (but *not* on each change of the\n   resource's container(s) or status).\n   Service allows zero value or current.\n   \n","description_kind":"markdown","computed":true},"status":{"nested_type":{"attributes":{"destination":{"nested_type":{"attributes":{"cidrs":{"type":["list","string"],"description":"List of CIDR blocks.","description_kind":"markdown","computed":true},"ports":{"type":["list","number"],"description":"List of ports.","description_kind":"markdown","computed":true},"security_group_id":{"type":"string","description":"ID of the Security Group.","description_kind":"markdown","computed":true}},"nesting_mode":"single"},"description":"Destination of the traffic that matched the rule.","description_kind":"markdown","computed":true},"direction":{"type":"string","description":":\n\n   Direction of traffic affected by the rule.\n   \n   #### Supported values\n   \n   Direction specifies whether traffic is INGRESS (incoming) or EGRESS (outgoing).\n   Possible values:\n   \n   - `DIRECTION_UNSPECIFIED`\n   - `INGRESS`\n   - `EGRESS`\n   \n","description_kind":"markdown","computed":true},"effective_priority":{"type":"number","description":":\n\n   Effective priority used for rule evaluation order, calculated by the system.\n   This value is computed from the user-specified 'priority' (SecurityRuleSpec).\n   Rules are evaluated in ascending order of effective_priority using a first-match algorithm.\n","description_kind":"markdown","computed":true},"source":{"nested_type":{"attributes":{"cidrs":{"type":["list","string"],"description":"List of CIDR blocks.","description_kind":"markdown","computed":true},"ports":{"type":["list","number"],"description":"List of ports.","description_kind":"markdown","computed":true},"security_group_id":{"type":"string","description":"ID of the Security Group.","description_kind":"markdown","computed":true}},"nesting_mode":"single"},"description":"Source of the traffic that matched the rule.","description_kind":"markdown","computed":true},"state":{"type":"string","description":":\n\n   #### Supported values\n   \n   State describes lifecycle phases of a security rule.\n   Possible values:\n   \n   - `STATE_UNSPECIFIED`\n   - `CREATING`\n   - `READY`\n   - `DELETING`\n   \n","description_kind":"markdown","computed":true}},"nesting_mode":"single"},"description":"Current status of the security rule.","description_kind":"markdown","computed":true},"type":{"type":"string","description":":\n\n   Type of the rule (STATEFUL or STATELESS)\n   Default value is STATEFUL\n   \n   #### Supported values\n   \n   RuleType specifies whether the security rule is stateful or stateless.\n   Possible values:\n   \n   - `RULE_TYPE_UNSPECIFIED`\n   - `STATEFUL`\n   - `STATELESS`\n   \n","description_kind":"markdown","optional":true,"computed":true},"updated_at":{"type":"string","description":":\n\n   Timestamp indicating when the resource was last updated.\n   \n   A string representing a timestamp in [ISO 8601](https://en.wikipedia.org/wiki/ISO_8601) format: `YYYY-MM-DDTHH:MM:SSZ` or `YYYY-MM-DDTHH:MM:SS.SSS±HH:MM`\n","description_kind":"markdown","computed":true}},"description":"SecurityRules define rules for controlling network traffic within a network.\nThese rules specify when traffic is ALLOWED or DENIED based on direction, protocol,\nmatch source, and ports.","description_kind":"markdown"}},"nebius_vpc_v1_subnet":{"version":0,"block":{"attributes":{"created_at":{"type":"string","description":":\n\n   Timestamp indicating when the resource was created.\n   \n   A string representing a timestamp in [ISO 8601](https://en.wikipedia.org/wiki/ISO_8601) format: `YYYY-MM-DDTHH:MM:SSZ` or `YYYY-MM-DDTHH:MM:SS.SSS±HH:MM`\n","description_kind":"markdown","computed":true},"id":{"type":"string","description":"Identifier for the resource, unique for its resource type.","description_kind":"markdown","computed":true},"ipv4_private_pools":{"nested_type":{"attributes":{"pools":{"nested_type":{"attributes":{"cidrs":{"nested_type":{"attributes":{"cidr":{"type":"string","description":":\n\n   A CIDR block (e.g., \"10.1.2.0/24\") or a prefix length (e.g., \"/24\").\n   If prefix length is specified, the CIDR block will be auto-allocated\n   from the network's available space.\n","description_kind":"markdown","optional":true,"computed":true},"max_mask_length":{"type":"number","description":"Maximum mask length for an allocation from this block. Defaults to /32 for IPv4.","description_kind":"markdown","optional":true,"computed":true},"state":{"type":"string","description":":\n\n   Controls provisioning of IP addresses from the CIDR block. Defaults to AVAILABLE.\n   \n   #### Supported values\n   \n   Controls provisioning of IP addresses from this pool to other pools\n   or allocations. Defaults to AVAILABLE.\n   Possible values:\n   \n   - `STATE_UNSPECIFIED` - Not used, mandated by the protocol.\n   - `AVAILABLE` - Default state. Provision of the IP addresses from this CIDR block is allowed.\n   - `DISABLED` - Provision of the IP addresses from this CIDR block is denied.\n   \n","description_kind":"markdown","optional":true,"computed":true}},"nesting_mode":"list"},"description_kind":"plain","optional":true,"computed":true}},"nesting_mode":"list"},"description":":\n\n   List of private IPv4 CIDR blocks for this subnet.\n   Must not overlap with other resources in the network\n   Must be empty if `use_network_pools` is true.\n","description_kind":"markdown","optional":true,"computed":true},"use_network_pools":{"type":"bool","description":":\n\n   If true, inherit private IPv4 pools from the network. Defaults to true.\n   Must be false if `pools` is specified.\n","description_kind":"markdown","optional":true,"computed":true}},"nesting_mode":"single"},"description":":\n\n   Private IPv4 address pools for this subnet.\n   If unspecified, pools from the associated network are used.\n","description_kind":"markdown","optional":true,"computed":true},"ipv4_public_pools":{"nested_type":{"attributes":{"pools":{"nested_type":{"attributes":{"cidrs":{"nested_type":{"attributes":{"cidr":{"type":"string","description":":\n\n   A CIDR block (e.g., \"10.1.2.0/24\") or a prefix length (e.g., \"/24\").\n   If prefix length is specified, the CIDR block will be auto-allocated\n   from the network's available space.\n","description_kind":"markdown","optional":true,"computed":true},"max_mask_length":{"type":"number","description":"Maximum mask length for an allocation from this block. Defaults to /32 for IPv4.","description_kind":"markdown","optional":true,"computed":true},"state":{"type":"string","description":":\n\n   Controls provisioning of IP addresses from the CIDR block. Defaults to AVAILABLE.\n   \n   #### Supported values\n   \n   Controls provisioning of IP addresses from this pool to other pools\n   or allocations. Defaults to AVAILABLE.\n   Possible values:\n   \n   - `STATE_UNSPECIFIED` - Not used, mandated by the protocol.\n   - `AVAILABLE` - Default state. Provision of the IP addresses from this CIDR block is allowed.\n   - `DISABLED` - Provision of the IP addresses from this CIDR block is denied.\n   \n","description_kind":"markdown","optional":true,"computed":true}},"nesting_mode":"list"},"description_kind":"plain","optional":true,"computed":true}},"nesting_mode":"list"},"description":":\n\n   List of public IPv4 CIDR blocks for this subnet.\n   Must not overlap with other resources in the network.\n   Must be empty if `use_network_pools` is true.\n","description_kind":"markdown","optional":true,"computed":true},"use_network_pools":{"type":"bool","description":":\n\n   If true, inherit public IPv4 pools from the network.\n   Must be false if `pools` is specified.\n","description_kind":"markdown","optional":true,"computed":true}},"nesting_mode":"single"},"description":":\n\n   Public IPv4 address pools for this subnet.\n   If unspecified, pools from the associated network are used.\n","description_kind":"markdown","optional":true,"computed":true},"labels":{"type":["map","string"],"description":":\n\n   Labels associated with the resource.\n   \n","description_kind":"markdown","optional":true},"metadata":{"nested_type":{"nesting_mode":"single"},"description":":\n\n   Metadata for the subnet resource.\n   `metadata.parent_id` represents IAM container\n   \n   #### Inner value description\n   \n   Common resource metadata.\n","description_kind":"markdown","optional":true,"computed":true},"name":{"type":"string","description":"Human readable name for the resource.","description_kind":"markdown","optional":true},"network_id":{"type":"string","description":"ID of the network this subnet belongs to.","description_kind":"markdown","required":true},"parent_id":{"type":"string","description":"Identifier of the parent resource to which the resource belongs.","description_kind":"markdown","required":true},"resource_version":{"type":"number","description":":\n\n   Version of the resource for safe concurrent modifications and consistent reads.\n   Positive and monotonically increases on each resource spec change (but *not* on each change of the\n   resource's container(s) or status).\n   Service allows zero value or current.\n   \n","description_kind":"markdown","computed":true},"route_table_id":{"type":"string","description":":\n\n   ID of the route table to associate with the subnet.\n   If unspecified, the network's default route table is used.\n","description_kind":"markdown","optional":true},"status":{"nested_type":{"attributes":{"ipv4_private_cidrs":{"type":["list","string"],"description":"CIDR blocks.","description_kind":"markdown","computed":true},"ipv4_public_cidrs":{"type":["list","string"],"description":"CIDR blocks.","description_kind":"markdown","computed":true},"route_table":{"nested_type":{"attributes":{"default":{"type":"bool","description":":\n\n   Indicates whether this is the network's default route table.\n   If true, this is the default route table inherited from the network.\n   If false, this is a custom route table explicitly associated with the subnet via spec.\n","description_kind":"markdown","computed":true},"id":{"type":"string","description":"ID of the route table.","description_kind":"markdown","computed":true}},"nesting_mode":"single"},"description":":\n\n   Information about the route table associated with this subnet.\n   Can be either a custom route table or the network's default route table.\n","description_kind":"markdown","computed":true},"state":{"type":"string","description":":\n\n   Current state of the subnet.\n   \n   #### Supported values\n   \n   Enumeration of possible states of the subnet.\n   Possible values:\n   \n   - `STATE_UNSPECIFIED` - Default state, unspecified.\n   - `CREATING` - Subnet is being created.\n   - `READY` - Subnet is ready for use.\n   - `DELETING` - Subnet is being deleted.\n   \n","description_kind":"markdown","computed":true}},"nesting_mode":"single"},"description":"Status of the subnet.","description_kind":"markdown","computed":true},"updated_at":{"type":"string","description":":\n\n   Timestamp indicating when the resource was last updated.\n   \n   A string representing a timestamp in [ISO 8601](https://en.wikipedia.org/wiki/ISO_8601) format: `YYYY-MM-DDTHH:MM:SSZ` or `YYYY-MM-DDTHH:MM:SS.SSS±HH:MM`\n","description_kind":"markdown","computed":true}},"description":"Defines a Subnet, a segment of a network used for more granular control and management.\nSubnet uses pools to organize address space.","description_kind":"markdown"}},"nebius_vpc_v1alpha1_allocation":{"version":0,"block":{"attributes":{"created_at":{"type":"string","description":":\n\n   Timestamp indicating when the resource was created.\n   \n   A string representing a timestamp in [ISO 8601](https://en.wikipedia.org/wiki/ISO_8601) format: `YYYY-MM-DDTHH:MM:SSZ` or `YYYY-MM-DDTHH:MM:SS.SSS±HH:MM`\n","description_kind":"markdown","computed":true},"id":{"type":"string","description":"Identifier for the resource, unique for its resource type.","description_kind":"markdown","computed":true},"ipv4_private":{"nested_type":{"attributes":{"cidr":{"type":"string","description":":\n\n   CIDR block for IPv4 Allocation.\n   May be a single IP address (such as 10.2.3.4),\n   a prefix length (such as /24) or a CIDR-formatted string (such as 10.1.2.0/24).\n   Random address (/32) from pool would be allocated if field is omitted.\n","description_kind":"markdown","optional":true},"pool_id":{"type":"string","description":":\n\n   Pool for the IPv4 private allocation.\n   \n   *Cannot be set alongside subnet_id.*\n","description_kind":"markdown","optional":true},"subnet_id":{"type":"string","description":":\n\n   Subnet ID.\n   Required same subnet to use allocation in subnet-resources (e.g. Network Interface)\n   \n   *Cannot be set alongside pool_id.*\n","description_kind":"markdown","optional":true}},"nesting_mode":"single"},"description":"*Cannot be set alongside ipv4_public.*","description_kind":"markdown","optional":true},"ipv4_public":{"nested_type":{"attributes":{"cidr":{"type":"string","description":":\n\n   CIDR block for IPv4 Allocation.\n   May be a single IP address (such as 10.2.3.4),\n   a prefix length (such as /32) or a CIDR-formatted string (such as 10.1.2.0/32).\n   Random address (/32) from pool would be allocated if field is omitted.\n","description_kind":"markdown","optional":true},"pool_id":{"type":"string","description":"Pool for the IPv4 public allocation.","description_kind":"markdown","optional":true}},"nesting_mode":"single"},"description":"*Cannot be set alongside ipv4_private.*","description_kind":"markdown","optional":true},"labels":{"type":["map","string"],"description":":\n\n   Labels associated with the resource.\n   \n","description_kind":"markdown","optional":true},"metadata":{"nested_type":{"nesting_mode":"single"},"description":":\n\n   Metadata for the Allocation.\n   `metadata.parent_id` represents IAM Container.\n   \n   #### Inner value description\n   \n   Common resource metadata.\n","description_kind":"markdown","optional":true,"computed":true},"name":{"type":"string","description":"Human readable name for the resource.","description_kind":"markdown","optional":true},"parent_id":{"type":"string","description":"Identifier of the parent resource to which the resource belongs.","description_kind":"markdown","required":true},"resource_version":{"type":"number","description":":\n\n   Version of the resource for safe concurrent modifications and consistent reads.\n   Positive and monotonically increases on each resource spec change (but *not* on each change of the\n   resource's container(s) or status).\n   Service allows zero value or current.\n   \n","description_kind":"markdown","computed":true},"status":{"nested_type":{"attributes":{"assignment":{"nested_type":{"attributes":{"load_balancer":{"nested_type":{"attributes":{"id":{"type":"string","description":"ID of the Load Balancer.","description_kind":"markdown","computed":true}},"nesting_mode":"single"},"description":"*Cannot be set alongside network_interface.*","description_kind":"markdown","computed":true},"network_interface":{"nested_type":{"attributes":{"instance_id":{"type":"string","description":"ID of the Compute instance network interface belongs to.","description_kind":"markdown","computed":true},"name":{"type":"string","description":"Network interface name","description_kind":"markdown","computed":true}},"nesting_mode":"single"},"description":"*Cannot be set alongside load_balancer.*","description_kind":"markdown","computed":true}},"nesting_mode":"single"},"description":":\n\n   Information about the assignment associated with the allocation,\n   such as network interface or load balancer assignment.\n","description_kind":"markdown","computed":true},"details":{"nested_type":{"attributes":{"allocated_cidr":{"type":"string","description_kind":"plain","computed":true},"pool_id":{"type":"string","description_kind":"plain","computed":true},"version":{"type":"string","description":":\n\n   #### Supported values\n   \n   Possible values:\n   \n   - `IP_VERSION_UNSPECIFIED` - Default, unspecified IP version.\n   - `IPV4` - IPv4 address.\n   - `IPV6` - IPv6 address.\n   \n","description_kind":"markdown","computed":true}},"nesting_mode":"single"},"description":":\n\n   Detailed information about the allocation status,\n   including the allocated CIDR, pool ID, scope type, and IP version.\n","description_kind":"markdown","computed":true},"state":{"type":"string","description":":\n\n   This field represents the current state of the allocation.\n   \n   #### Supported values\n   \n   Enumeration of possible states of the Allocation.\n   Possible values:\n   \n   - `STATE_UNSPECIFIED` - Default state, unspecified.\n   - `CREATING` - Allocation is being created.\n   - `ALLOCATED` - Allocation is ready for use.\n   - `ASSIGNED` - Allocation is used.\n   - `DELETING` - Allocation is being deleted.\n   \n","description_kind":"markdown","computed":true},"static":{"type":"bool","description":"If false - Lifecycle of allocation depends on resource that using it.","description_kind":"markdown","computed":true}},"nesting_mode":"single"},"description":"Contains the current status of the allocation, indicating its state and any additional details.","description_kind":"markdown","computed":true},"updated_at":{"type":"string","description":":\n\n   Timestamp indicating when the resource was last updated.\n   \n   A string representing a timestamp in [ISO 8601](https://en.wikipedia.org/wiki/ISO_8601) format: `YYYY-MM-DDTHH:MM:SSZ` or `YYYY-MM-DDTHH:MM:SS.SSS±HH:MM`\n","description_kind":"markdown","computed":true}},"description_kind":"plain"}}},"data_source_schemas":{"nebius_applications_v1alpha1_k8s_release":{"version":0,"block":{"attributes":{"application_name":{"type":"string","description_kind":"plain","computed":true},"cluster_id":{"type":"string","description_kind":"plain","computed":true},"created_at":{"type":"string","description":":\n\n   Timestamp indicating when the resource was created.\n   \n   A string representing a timestamp in [ISO 8601](https://en.wikipedia.org/wiki/ISO_8601) format: `YYYY-MM-DDTHH:MM:SSZ` or `YYYY-MM-DDTHH:MM:SS.SSS±HH:MM`\n","description_kind":"markdown","computed":true},"id":{"type":"string","description":"Identifier for the resource, unique for its resource type.","description_kind":"markdown","required":true},"labels":{"type":["map","string"],"description":":\n\n   Labels associated with the resource.\n   \n","description_kind":"markdown","computed":true},"metadata":{"nested_type":{"nesting_mode":"single"},"description":":\n\n   #### Inner value description\n   \n   Common resource metadata.\n","description_kind":"markdown","computed":true},"name":{"type":"string","description":"Human readable name for the resource.","description_kind":"markdown","computed":true},"namespace":{"type":"string","description_kind":"plain","computed":true},"parent_id":{"type":"string","description":"Identifier of the parent resource to which the resource belongs.","description_kind":"markdown","computed":true},"product_slug":{"type":"string","description_kind":"plain","computed":true},"resource_version":{"type":"number","description":":\n\n   Version of the resource for safe concurrent modifications and consistent reads.\n   Positive and monotonically increases on each resource spec change (but *not* on each change of the\n   resource's container(s) or status).\n   Service allows zero value or current.\n   \n","description_kind":"markdown","computed":true},"status":{"nested_type":{"attributes":{"error_message":{"type":"string","description_kind":"plain","computed":true},"state":{"type":"string","description":":\n\n   #### Supported values\n   \n   Possible values:\n   \n   - `UNSPECIFIED`\n   - `CREATED`\n   - `RUNNING`\n   - `DEPLOYED`\n   - `FAILED`\n   - `INSTALLING`\n   \n","description_kind":"markdown","computed":true}},"nesting_mode":"single"},"description_kind":"plain","computed":true},"updated_at":{"type":"string","description":":\n\n   Timestamp indicating when the resource was last updated.\n   \n   A string representing a timestamp in [ISO 8601](https://en.wikipedia.org/wiki/ISO_8601) format: `YYYY-MM-DDTHH:MM:SSZ` or `YYYY-MM-DDTHH:MM:SS.SSS±HH:MM`\n","description_kind":"markdown","computed":true}},"description":"#### Retrieving the Data Source\n\nThis data source can be retrieved by only ID.\n\n##### Retrieve by ID\n\nTo retrieve by ID, fill in only the `id` field:\n\n```hcl\ndata ... {\n    id = \"your-ID\"\n}\n```\n","description_kind":"markdown"}},"nebius_capacity_v1_capacity_block_group":{"version":0,"block":{"attributes":{"by_resource_affinity":{"nested_type":{"attributes":{"parent_id":{"type":"string","description":"Tenant ID of the Capacity Block Group.","description_kind":"markdown","required":true},"region":{"type":"string","description":":\n\n   Name of the region where the Capacity Block Group is allocated.\n   Example: \"eu-north1\".\n","description_kind":"markdown","required":true},"resource_affinity":{"nested_type":{"attributes":{"compute_v1":{"nested_type":{"attributes":{"fabric":{"type":"string","description":"The fabric where the Capacity Block Group is allocated.","description_kind":"markdown","optional":true},"platform":{"type":"string","description":"The platform for which the Capacity Block Group is allocated.","description_kind":"markdown","required":true}},"nesting_mode":"single"},"description":":\n\n   First version of the compute Resource Affinity.\n   \n   #### Inner value description\n   \n   First version of Compute service resource affinity\n","description_kind":"markdown","optional":true}},"nesting_mode":"single"},"description":":\n\n   Specifications of the Capacity Block Group.\n   \n   #### Inner value description\n   \n   Specification of the Capacity Block Group.\n","description_kind":"markdown","required":true}},"nesting_mode":"single"},"description":":\n\n   Get Capacity Block Group by its specification.\n   \n   #### Inner value description\n   \n   Get a Capacity Block Group in a Tenant by its Resource Affinity.\n","description_kind":"markdown","optional":true},"created_at":{"type":"string","description":":\n\n   Timestamp indicating when the resource was created.\n   \n   A string representing a timestamp in [ISO 8601](https://en.wikipedia.org/wiki/ISO_8601) format: `YYYY-MM-DDTHH:MM:SSZ` or `YYYY-MM-DDTHH:MM:SS.SSS±HH:MM`\n","description_kind":"markdown","computed":true},"id":{"type":"string","description":"Identifier for the resource, unique for its resource type.","description_kind":"markdown","optional":true,"computed":true},"labels":{"type":["map","string"],"description":":\n\n   Labels associated with the resource.\n   \n","description_kind":"markdown","computed":true},"metadata":{"nested_type":{"nesting_mode":"single"},"description":":\n\n   #### Inner value description\n   \n   Common resource metadata.\n","description_kind":"markdown","computed":true},"name":{"type":"string","description":"Human readable name for the resource.","description_kind":"markdown","computed":true},"parent_id":{"type":"string","description":"Identifier of the parent resource to which the resource belongs.","description_kind":"markdown","computed":true},"resource_version":{"type":"number","description":":\n\n   Version of the resource for safe concurrent modifications and consistent reads.\n   Positive and monotonically increases on each resource spec change (but *not* on each change of the\n   resource's container(s) or status).\n   Service allows zero value or current.\n   \n","description_kind":"markdown","computed":true},"status":{"nested_type":{"attributes":{"current_continuous_interval":{"nested_type":{"attributes":{"end_time":{"type":"string","description":":\n\n   End time of the last interval(s) in Continuous Interval.\n   \n   A string representing a timestamp in [ISO 8601](https://en.wikipedia.org/wiki/ISO_8601) format: `YYYY-MM-DDTHH:MM:SSZ` or `YYYY-MM-DDTHH:MM:SS.SSS±HH:MM`\n","description_kind":"markdown","computed":true},"quantity":{"type":"number","description":":\n\n   Quota quantity that is currently set, was set or will be set in the Continuous Interval depending on it's\n   start_time and end_time.\n   If the Continuous Interval is currently active, quantity is the sum of quantities of the currently active\n   non-zero intervals.\n   If the Continuous Interval is in the past, quantity is the sum of quantities of the last non-zero active\n   intervals.\n   If the Continuous Interval is in the future, quantity is the sum of the quantities of the first scheduled\n   non-zero active intervals.\n","description_kind":"markdown","computed":true},"start_time":{"type":"string","description":":\n\n   Start time of the first interval(s) in Continuous Interval.\n   \n   A string representing a timestamp in [ISO 8601](https://en.wikipedia.org/wiki/ISO_8601) format: `YYYY-MM-DDTHH:MM:SSZ` or `YYYY-MM-DDTHH:MM:SS.SSS±HH:MM`\n","description_kind":"markdown","computed":true},"state":{"type":"string","description":":\n\n   Continuous Interval state.\n   \n   #### Supported values\n   \n   Shows a state of a Continuous Interval.\n   Possible values:\n   \n   - `STATE_UNSPECIFIED` - Shouldn't happen.\n   - `STATE_SCHEDULED` - Continuous Interval is in the future.\n   - `STATE_ACTIVE` - Continuous Interval is active.\n   - `STATE_EXPIRED` - Continuous Interval is in the past.\n   \n","description_kind":"markdown","computed":true}},"nesting_mode":"single"},"description":":\n\n   Current concatenation of non-zero Capacity Intervals that overlap or follow each other without a break.\n   If all Capacity Intervals are in the past, returns the last Continuous Interval.\n   If all Capacity Intervals are in the future, returns the first Continuous Interval scheduled.\n   \n   #### Inner value description\n   \n   Current, last or future concatenation of Capacity Intervals in a Capacity Block Group.\n","description_kind":"markdown","computed":true},"current_limit":{"type":"number","description":"Capacity Block Group current quota limit.","description_kind":"markdown","computed":true},"next_change_at":{"type":"string","description":":\n\n   Time of the next Capacity Block Group quota change.\n   \n   A string representing a timestamp in [ISO 8601](https://en.wikipedia.org/wiki/ISO_8601) format: `YYYY-MM-DDTHH:MM:SSZ` or `YYYY-MM-DDTHH:MM:SS.SSS±HH:MM`\n","description_kind":"markdown","computed":true},"next_change_to":{"type":"number","description":":\n\n   The next expected change of the Capacity Block Group quota limit.\n   the quota limit change that is currently performed.\n","description_kind":"markdown","computed":true},"reconciling":{"type":"bool","description":"Shows that changes are in flight.","description_kind":"markdown","computed":true},"region":{"type":"string","description":":\n\n   Name of the region where the Capacity Block Group is allocated.\n   Example: \"eu-north1\".\n","description_kind":"markdown","computed":true},"resource_affinity":{"nested_type":{"attributes":{"compute_v1":{"nested_type":{"attributes":{"fabric":{"type":"string","description":"The fabric where the Capacity Block Group is allocated.","description_kind":"markdown","computed":true},"platform":{"type":"string","description":"The platform for which the Capacity Block Group is allocated.","description_kind":"markdown","computed":true}},"nesting_mode":"single"},"description":":\n\n   First version of the compute Resource Affinity.\n   \n   #### Inner value description\n   \n   First version of Compute service resource affinity\n","description_kind":"markdown","computed":true}},"nesting_mode":"single"},"description":":\n\n   Specification of the Capacity Block Group.\n   \n   #### Inner value description\n   \n   Specification of the Capacity Block Group.\n","description_kind":"markdown","computed":true},"service":{"type":"string","description":"Service for which the Capacity Block Group is allocated.","description_kind":"markdown","computed":true},"state":{"type":"string","description":":\n\n   Capacity Block Group state with respect to quota allocation.\n   \n   #### Supported values\n   \n   Shows the state of a Capacity Block Group with respect to its quota.\n   Possible values:\n   \n   - `STATE_UNSPECIFIED` - Shouldn't happen.\n   - `STATE_ALLOCATING` - Capacity Block Group quota is being allocated as one or more capacity intervals have started.\n   - `STATE_ACTIVE` - Capacity Block Group quota is already allocated and active as one or more capacity intervals are active.\n   - `STATE_SHUTTING` - Capacity Block Group is being shut down due to absence of active intervals at the time.\n   - `STATE_INACTIVE` - Capacity Block Group is inactive due to absence of active intervals at the time.\n   \n","description_kind":"markdown","computed":true},"usage":{"type":"number","description":"Capacity Block Group quota usage.","description_kind":"markdown","computed":true},"usage_percentage":{"type":"string","description":"Capacity Block Group quota usage percentage.","description_kind":"markdown","computed":true},"usage_state":{"type":"string","description":":\n\n   Capacity Block Group quota usage state.\n   \n   #### Supported values\n   \n   Shows the usage state if a Capacity Block Group quota.\n   Possible values:\n   \n   - `USAGE_STATE_UNSPECIFIED` - Shouldn't happen.\n   - `USAGE_STATE_USED` - Capacity Block Group quota is actively in use.\n   - `USAGE_STATE_NOT_USED` - Capacity Block Group quota is not currently in use.\n   - `USAGE_STATE_UNKNOWN`:\n      Capacity Block Group region is unreachable, the current usage is therefore unknown.\n      Please, retry the request later.\n   \n   \n","description_kind":"markdown","computed":true}},"nesting_mode":"single"},"description":":\n\n   #### Inner value description\n   \n   Capacity Block Group status.\n","description_kind":"markdown","computed":true},"updated_at":{"type":"string","description":":\n\n   Timestamp indicating when the resource was last updated.\n   \n   A string representing a timestamp in [ISO 8601](https://en.wikipedia.org/wiki/ISO_8601) format: `YYYY-MM-DDTHH:MM:SSZ` or `YYYY-MM-DDTHH:MM:SS.SSS±HH:MM`\n","description_kind":"markdown","computed":true}},"description":"#### Retrieving the Data Source\n\nThis data source can be retrieved by one of ID or one of additional getters.\n\n##### Retrieve by ID\n\nTo retrieve by ID, fill in only the `id` field:\n\n```hcl\ndata ... {\n    id = \"your-ID\"\n}\n```\n\n##### Retrieve by Additional Getters\n\nTo retrieve by one of additional getters, fill in one of these fields: by_resource_affinity, leaving other fields unset.\n\n```hcl\ndata ... {\n    getter_name = {\n        ...\n\t }\n}\n```\n\nsee the schema for more details on each field.\n\n\n\nCapacity Block Group is a parent resource for Capacity Intervals.","description_kind":"markdown"}},"nebius_compute_v1_disk":{"version":0,"block":{"attributes":{"block_size_bytes":{"type":"number","description":":\n\n   Block size in bytes.\n   The block size must be a power of two between 4096 bytes (4 KiB) and 131072 bytes (128 KiB).\n   The default value is 4096 bytes (4 KiB).\n","description_kind":"markdown","computed":true},"created_at":{"type":"string","description":":\n\n   Timestamp indicating when the resource was created.\n   \n   A string representing a timestamp in [ISO 8601](https://en.wikipedia.org/wiki/ISO_8601) format: `YYYY-MM-DDTHH:MM:SSZ` or `YYYY-MM-DDTHH:MM:SS.SSS±HH:MM`\n","description_kind":"markdown","computed":true},"disk_encryption":{"nested_type":{"attributes":{"type":{"type":"string","description":":\n\n   #### Supported values\n   \n   Possible values:\n   \n   - `DISK_ENCRYPTION_UNSPECIFIED` - No encryption is applied unless explicitly specified.\n   - `DISK_ENCRYPTION_MANAGED`:\n      Enables encryption using the platform's default root key from KMS.\n      Available for disks with NETWORK_SSD_NON_REPLICATED and NETWORK_SSD_IO_M3 types only.\n   \n   \n","description_kind":"markdown","computed":true}},"nesting_mode":"single"},"description":"Defines how data on the disk is encrypted. By default, no encryption is applied.","description_kind":"markdown","computed":true},"forbid_deletion":{"type":"bool","description":"Prevents deletion whilst set","description_kind":"markdown","computed":true},"id":{"type":"string","description":"Identifier for the resource, unique for its resource type.","description_kind":"markdown","optional":true,"computed":true},"labels":{"type":["map","string"],"description":":\n\n   Labels associated with the resource.\n   \n","description_kind":"markdown","computed":true},"metadata":{"nested_type":{"nesting_mode":"single"},"description":":\n\n   #### Inner value description\n   \n   Common resource metadata.\n","description_kind":"markdown","computed":true},"name":{"type":"string","description":"Human readable name for the resource.","description_kind":"markdown","optional":true,"computed":true},"parent_id":{"type":"string","description":"Identifier of the parent resource to which the resource belongs.","description_kind":"markdown","optional":true,"computed":true},"resource_version":{"type":"number","description":":\n\n   Version of the resource for safe concurrent modifications and consistent reads.\n   Positive and monotonically increases on each resource spec change (but *not* on each change of the\n   resource's container(s) or status).\n   Service allows zero value or current.\n   \n","description_kind":"markdown","computed":true},"size_bytes":{"type":"number","description":"*Cannot be set alongside size_kibibytes, size_mebibytes or size_gibibytes.*","description_kind":"markdown","computed":true},"size_gibibytes":{"type":"number","description":"*Cannot be set alongside size_bytes, size_kibibytes or size_mebibytes.*","description_kind":"markdown","computed":true},"size_kibibytes":{"type":"number","description":"*Cannot be set alongside size_bytes, size_mebibytes or size_gibibytes.*","description_kind":"markdown","computed":true},"size_mebibytes":{"type":"number","description":"*Cannot be set alongside size_bytes, size_kibibytes or size_gibibytes.*","description_kind":"markdown","computed":true},"source_image_family":{"nested_type":{"attributes":{"image_family":{"type":"string","description_kind":"plain","computed":true},"parent_id":{"type":"string","description_kind":"plain","computed":true}},"nesting_mode":"single"},"description":"*Cannot be set alongside source_image_id.*","description_kind":"markdown","computed":true},"source_image_id":{"type":"string","description":"*Cannot be set alongside source_image_family.*","description_kind":"markdown","computed":true},"status":{"nested_type":{"attributes":{"block_size_bytes":{"type":"number","description_kind":"plain","computed":true},"lock_state":{"nested_type":{"attributes":{"images":{"type":["list","string"],"description":":\n\n   Disk is locked for deletion and for read-write operations while image is being created.\n   Here is the list of these images.\n","description_kind":"markdown","computed":true}},"nesting_mode":"single"},"description":"Indicates resources that prevent the disk from being attached as read-write.","description_kind":"markdown","computed":true},"managed_by":{"type":"string","description":":\n\n   Indicates whether the disk is deleted along with an instance.\n   Set only for disks declared in the instance spec.\n   If set, the value is the instance ID that manages this disk's lifecycle (the disk is deleted when that instance is deleted).\n   To change this value, update the instance specification (see AttachedDiskSpec.type).\n","description_kind":"markdown","computed":true},"read_only_attachments":{"type":["list","string"],"description_kind":"plain","computed":true},"read_write_attachment":{"type":"string","description":":\n\n   Current read-write owner (instance ID).\n   May refer to an instance in any state, including stopped\n   (this semantics is preserved for backward compatibility).\n   Reassigned on disk detach, instance deletion, or ownership transfer.\n   Ownership transfer occurs when this disk is explicitly attached to another instance\n   or when a VM with this disk attached starts while the current owner is stopped.\n","description_kind":"markdown","computed":true},"reconciling":{"type":"bool","description":"Indicates whether there is an ongoing operation","description_kind":"markdown","computed":true},"size_bytes":{"type":"number","description_kind":"plain","computed":true},"source_image_cpu_architecture":{"type":"string","description":":\n\n   #### Supported values\n   \n   Possible values:\n   \n   - `SOURCE_IMAGE_CPU_UNSPECIFIED`\n   - `AMD64`\n   - `ARM64`\n   \n","description_kind":"markdown","computed":true},"source_image_id":{"type":"string","description_kind":"plain","computed":true},"state":{"type":"string","description":":\n\n   #### Supported values\n   \n   Possible values:\n   \n   - `UNSPECIFIED`\n   - `CREATING`\n   - `READY`\n   - `UPDATING`\n   - `DELETING`\n   - `ERROR` - Indicates that error happened during disk creation, and the disk cannot be recovered.\n   - `BROKEN` - Indicates that an error has occurred during the disk's life cycle, and the disk is broken or unhealthy, but can still be recovered.\n   \n","description_kind":"markdown","computed":true},"state_description":{"type":"string","description_kind":"plain","computed":true}},"nesting_mode":"single"},"description_kind":"plain","computed":true},"type":{"type":"string","description":":\n\n   The type of disk defines the performance and reliability characteristics of the block device.\n   For details, see https://docs.nebius.com/compute/storage/types#disks-types\n   \n   #### Supported values\n   \n   the list of available types will be clarified later, it is not final version\n   Possible values:\n   \n   - `UNSPECIFIED`\n   - `NETWORK_SSD`\n   - `NETWORK_HDD`\n   - `NETWORK_SSD_NON_REPLICATED`\n   - `NETWORK_SSD_IO_M3`\n   \n","description_kind":"markdown","computed":true},"updated_at":{"type":"string","description":":\n\n   Timestamp indicating when the resource was last updated.\n   \n   A string representing a timestamp in [ISO 8601](https://en.wikipedia.org/wiki/ISO_8601) format: `YYYY-MM-DDTHH:MM:SSZ` or `YYYY-MM-DDTHH:MM:SS.SSS±HH:MM`\n","description_kind":"markdown","computed":true}},"description":"#### Retrieving the Data Source\n\nThis data source can be retrieved by one of ID or name.\n\n##### Retrieve by ID\n\nTo retrieve by ID, fill in only the `id` field:\n\n```hcl\ndata ... {\n    id = \"your-ID\"\n}\n```\n\n##### Retrieve by Name\n\nTo retrieve by name, fill in only the `name` and `parent_id` fields:\n\n```hcl\ndata ... {\n    name      = \"your name\"\n    parent_id = \"data-source-parent-id\"\n}\n```\n","description_kind":"markdown"}},"nebius_compute_v1_filesystem":{"version":0,"block":{"attributes":{"block_size_bytes":{"type":"number","description":":\n\n   Block size in bytes.\n   The block size must be a power of two between 4096 bytes (4 KiB) and 131072 bytes (128 KiB).\n   The default value is 4096 bytes (4 KiB).\n","description_kind":"markdown","computed":true},"created_at":{"type":"string","description":":\n\n   Timestamp indicating when the resource was created.\n   \n   A string representing a timestamp in [ISO 8601](https://en.wikipedia.org/wiki/ISO_8601) format: `YYYY-MM-DDTHH:MM:SSZ` or `YYYY-MM-DDTHH:MM:SS.SSS±HH:MM`\n","description_kind":"markdown","computed":true},"forbid_deletion":{"type":"bool","description":"Prevents deletion whilst set","description_kind":"markdown","computed":true},"id":{"type":"string","description":"Identifier for the resource, unique for its resource type.","description_kind":"markdown","optional":true,"computed":true},"labels":{"type":["map","string"],"description":":\n\n   Labels associated with the resource.\n   \n","description_kind":"markdown","computed":true},"metadata":{"nested_type":{"nesting_mode":"single"},"description":":\n\n   #### Inner value description\n   \n   Common resource metadata.\n","description_kind":"markdown","computed":true},"name":{"type":"string","description":"Human readable name for the resource.","description_kind":"markdown","optional":true,"computed":true},"parent_id":{"type":"string","description":"Identifier of the parent resource to which the resource belongs.","description_kind":"markdown","optional":true,"computed":true},"resource_version":{"type":"number","description":":\n\n   Version of the resource for safe concurrent modifications and consistent reads.\n   Positive and monotonically increases on each resource spec change (but *not* on each change of the\n   resource's container(s) or status).\n   Service allows zero value or current.\n   \n","description_kind":"markdown","computed":true},"size_bytes":{"type":"number","description":"*Cannot be set alongside size_kibibytes, size_mebibytes or size_gibibytes.*","description_kind":"markdown","computed":true},"size_gibibytes":{"type":"number","description":"*Cannot be set alongside size_bytes, size_kibibytes or size_mebibytes.*","description_kind":"markdown","computed":true},"size_kibibytes":{"type":"number","description":"*Cannot be set alongside size_bytes, size_mebibytes or size_gibibytes.*","description_kind":"markdown","computed":true},"size_mebibytes":{"type":"number","description":"*Cannot be set alongside size_bytes, size_kibibytes or size_gibibytes.*","description_kind":"markdown","computed":true},"status":{"nested_type":{"attributes":{"block_size_bytes":{"type":"number","description_kind":"plain","computed":true},"read_only_attachments":{"type":["list","string"],"description_kind":"plain","computed":true},"read_write_attachments":{"type":["list","string"],"description_kind":"plain","computed":true},"reconciling":{"type":"bool","description":"Indicates whether there is an ongoing operation","description_kind":"markdown","computed":true},"size_bytes":{"type":"number","description_kind":"plain","computed":true},"state":{"type":"string","description":":\n\n   #### Supported values\n   \n   Possible values:\n   \n   - `UNSPECIFIED`\n   - `CREATING`\n   - `READY`\n   - `UPDATING`\n   - `DELETING`\n   - `ERROR`\n   \n","description_kind":"markdown","computed":true},"state_description":{"type":"string","description_kind":"plain","computed":true}},"nesting_mode":"single"},"description_kind":"plain","computed":true},"type":{"type":"string","description":":\n\n   The Shared Filesystem type determines its limits and performance characteristics.\n   For details, see https://docs.nebius.com/compute/storage/types#filesystems-types\n   \n   #### Supported values\n   \n   Possible values:\n   \n   - `UNSPECIFIED`\n   - `NETWORK_SSD` - the list of available types will be clarified later, it is not final version\n   - `NETWORK_HDD`\n   - `WEKA`\n   - `VAST`\n   \n","description_kind":"markdown","computed":true},"updated_at":{"type":"string","description":":\n\n   Timestamp indicating when the resource was last updated.\n   \n   A string representing a timestamp in [ISO 8601](https://en.wikipedia.org/wiki/ISO_8601) format: `YYYY-MM-DDTHH:MM:SSZ` or `YYYY-MM-DDTHH:MM:SS.SSS±HH:MM`\n","description_kind":"markdown","computed":true}},"description":"#### Retrieving the Data Source\n\nThis data source can be retrieved by one of ID or name.\n\n##### Retrieve by ID\n\nTo retrieve by ID, fill in only the `id` field:\n\n```hcl\ndata ... {\n    id = \"your-ID\"\n}\n```\n\n##### Retrieve by Name\n\nTo retrieve by name, fill in only the `name` and `parent_id` fields:\n\n```hcl\ndata ... {\n    name      = \"your name\"\n    parent_id = \"data-source-parent-id\"\n}\n```\n","description_kind":"markdown"}},"nebius_compute_v1_gpu_cluster":{"version":0,"block":{"attributes":{"created_at":{"type":"string","description":":\n\n   Timestamp indicating when the resource was created.\n   \n   A string representing a timestamp in [ISO 8601](https://en.wikipedia.org/wiki/ISO_8601) format: `YYYY-MM-DDTHH:MM:SSZ` or `YYYY-MM-DDTHH:MM:SS.SSS±HH:MM`\n","description_kind":"markdown","computed":true},"id":{"type":"string","description":"Identifier for the resource, unique for its resource type.","description_kind":"markdown","optional":true,"computed":true},"infiniband_fabric":{"type":"string","description":":\n\n   The identifier of the physical InfiniBand fabric to connect GPU instances to.\n   For details, see https://docs.nebius.com/compute/clusters/gpu#fabrics\n","description_kind":"markdown","computed":true},"labels":{"type":["map","string"],"description":":\n\n   Labels associated with the resource.\n   \n","description_kind":"markdown","computed":true},"metadata":{"nested_type":{"nesting_mode":"single"},"description":":\n\n   #### Inner value description\n   \n   Common resource metadata.\n","description_kind":"markdown","computed":true},"name":{"type":"string","description":"Human readable name for the resource.","description_kind":"markdown","optional":true,"computed":true},"parent_id":{"type":"string","description":"Identifier of the parent resource to which the resource belongs.","description_kind":"markdown","optional":true,"computed":true},"resource_version":{"type":"number","description":":\n\n   Version of the resource for safe concurrent modifications and consistent reads.\n   Positive and monotonically increases on each resource spec change (but *not* on each change of the\n   resource's container(s) or status).\n   Service allows zero value or current.\n   \n","description_kind":"markdown","computed":true},"status":{"nested_type":{"attributes":{"infiniband_topology_path":{"nested_type":{"attributes":{"instances":{"nested_type":{"attributes":{"instance_id":{"type":"string","description_kind":"plain","computed":true},"path":{"type":["list","string"],"description_kind":"plain","computed":true}},"nesting_mode":"list"},"description_kind":"plain","computed":true}},"nesting_mode":"single"},"description_kind":"plain","computed":true},"instances":{"type":["list","string"],"description_kind":"plain","computed":true},"reconciling":{"type":"bool","description":"Indicates whether there is an ongoing operation","description_kind":"markdown","computed":true}},"nesting_mode":"single"},"description_kind":"plain","computed":true},"updated_at":{"type":"string","description":":\n\n   Timestamp indicating when the resource was last updated.\n   \n   A string representing a timestamp in [ISO 8601](https://en.wikipedia.org/wiki/ISO_8601) format: `YYYY-MM-DDTHH:MM:SSZ` or `YYYY-MM-DDTHH:MM:SS.SSS±HH:MM`\n","description_kind":"markdown","computed":true}},"description":"#### Retrieving the Data Source\n\nThis data source can be retrieved by one of ID or name.\n\n##### Retrieve by ID\n\nTo retrieve by ID, fill in only the `id` field:\n\n```hcl\ndata ... {\n    id = \"your-ID\"\n}\n```\n\n##### Retrieve by Name\n\nTo retrieve by name, fill in only the `name` and `parent_id` fields:\n\n```hcl\ndata ... {\n    name      = \"your name\"\n    parent_id = \"data-source-parent-id\"\n}\n```\n","description_kind":"markdown"}},"nebius_compute_v1_image":{"version":0,"block":{"attributes":{"cpu_architecture":{"type":"string","description":":\n\n   CPU architecture supported by the image\n   \n   #### Supported values\n   \n   Possible values:\n   \n   - `UNSPECIFIED`\n   - `AMD64`\n   - `ARM64`\n   \n","description_kind":"markdown","computed":true},"created_at":{"type":"string","description":":\n\n   Timestamp indicating when the resource was created.\n   \n   A string representing a timestamp in [ISO 8601](https://en.wikipedia.org/wiki/ISO_8601) format: `YYYY-MM-DDTHH:MM:SSZ` or `YYYY-MM-DDTHH:MM:SS.SSS±HH:MM`\n","description_kind":"markdown","computed":true},"description":{"type":"string","description_kind":"plain","computed":true},"id":{"type":"string","description":"Identifier for the resource, unique for its resource type.","description_kind":"markdown","optional":true,"computed":true},"image_family":{"type":"string","description_kind":"plain","computed":true},"image_family_human_readable":{"type":"string","description":"human readable name for image family","description_kind":"markdown","computed":true},"labels":{"type":["map","string"],"description":":\n\n   Labels associated with the resource.\n   \n","description_kind":"markdown","computed":true},"metadata":{"nested_type":{"nesting_mode":"single"},"description":":\n\n   #### Inner value description\n   \n   Common resource metadata.\n","description_kind":"markdown","computed":true},"name":{"type":"string","description":"Human readable name for the resource.","description_kind":"markdown","optional":true,"computed":true},"parent_id":{"type":"string","description":"Identifier of the parent resource to which the resource belongs.","description_kind":"markdown","optional":true,"computed":true},"recommended_platforms":{"type":["list","string"],"description":"list of platforms where this image is recommended to use","description_kind":"markdown","computed":true},"resource_version":{"type":"number","description":":\n\n   Version of the resource for safe concurrent modifications and consistent reads.\n   Positive and monotonically increases on each resource spec change (but *not* on each change of the\n   resource's container(s) or status).\n   Service allows zero value or current.\n   \n","description_kind":"markdown","computed":true},"source_disk_id":{"type":"string","description":":\n\n   ID of the disk to create the image from\n   \n   *Cannot be set alongside source_storage.*\n","description_kind":"markdown","computed":true},"source_storage":{"nested_type":{"attributes":{"bucket_name":{"type":"string","description_kind":"plain","computed":true},"object_name":{"type":"string","description_kind":"plain","computed":true}},"nesting_mode":"single"},"description":"*Cannot be set alongside source_disk_id.*","description_kind":"markdown","computed":true},"status":{"nested_type":{"attributes":{"image_family_deprecation":{"nested_type":{"attributes":{"deprecated_at":{"type":"string","description":"A string representing a timestamp in [ISO 8601](https://en.wikipedia.org/wiki/ISO_8601) format: `YYYY-MM-DDTHH:MM:SSZ` or `YYYY-MM-DDTHH:MM:SS.SSS±HH:MM`","description_kind":"markdown","computed":true},"message":{"type":"string","description_kind":"plain","computed":true}},"nesting_mode":"single"},"description":":\n\n   #### Inner value description\n   \n   Impossible create a disk using image family after the deprecation time, but still possible to create disk using image id.\n","description_kind":"markdown","computed":true},"min_disk_size_bytes":{"type":"number","description_kind":"plain","computed":true},"reconciling":{"type":"bool","description":"Indicates whether there is an ongoing operation","description_kind":"markdown","computed":true},"state":{"type":"string","description":":\n\n   #### Supported values\n   \n   Possible values:\n   \n   - `UNSPECIFIED`\n   - `CREATING`\n   - `READY`\n   - `UPDATING`\n   - `DELETING`\n   - `ERROR`\n   \n","description_kind":"markdown","computed":true},"state_description":{"type":"string","description_kind":"plain","computed":true},"storage_size_bytes":{"type":"number","description_kind":"plain","computed":true}},"nesting_mode":"single"},"description_kind":"plain","computed":true},"unsupported_platforms":{"type":["map","string"],"description":"list of platforms where this image is not supported with explanation","description_kind":"markdown","computed":true},"updated_at":{"type":"string","description":":\n\n   Timestamp indicating when the resource was last updated.\n   \n   A string representing a timestamp in [ISO 8601](https://en.wikipedia.org/wiki/ISO_8601) format: `YYYY-MM-DDTHH:MM:SSZ` or `YYYY-MM-DDTHH:MM:SS.SSS±HH:MM`\n","description_kind":"markdown","computed":true},"version":{"type":"string","description":"part of identifier into the image family","description_kind":"markdown","computed":true}},"description":"#### Retrieving the Data Source\n\nThis data source can be retrieved by one of ID or name.\n\n##### Retrieve by ID\n\nTo retrieve by ID, fill in only the `id` field:\n\n```hcl\ndata ... {\n    id = \"your-ID\"\n}\n```\n\n##### Retrieve by Name\n\nTo retrieve by name, fill in only the `name` and `parent_id` fields:\n\n```hcl\ndata ... {\n    name      = \"your name\"\n    parent_id = \"data-source-parent-id\"\n}\n```\n","description_kind":"markdown"}},"nebius_compute_v1_instance":{"version":0,"block":{"attributes":{"boot_disk":{"nested_type":{"attributes":{"attach_mode":{"type":"string","description":":\n\n   #### Supported values\n   \n   Possible values:\n   \n   - `UNSPECIFIED`\n   - `READ_ONLY`\n   - `READ_WRITE`\n   \n","description_kind":"markdown","computed":true},"device_id":{"type":"string","description":"Specifies the user-defined identifier, allowing to use '/dev/disk/by-id/virtio-{device_id}' as a device path in mount command.","description_kind":"markdown","computed":true},"existing_disk":{"nested_type":{"attributes":{"id":{"type":"string","description_kind":"plain","computed":true}},"nesting_mode":"single"},"description":":\n\n   Attach an existing disk.\n   \n   Lifecycle:\n   - The disk is preserved when the instance is deleted (it will be detached).\n   \n   Switching to a managed disk:\n   - To delete the disk together with the instance, switch to ManagedDisk in the instance spec.\n   - For the switch, `ManagedDisk.name` MUST match the current disk `name`\n     (see DiskService.Get for the disk referenced by `ExistingDisk.id`).\n   - When converting an ExistingDisk to a ManagedDisk, you must provide `ManagedDisk.name` and `ManagedDisk.spec`\n     exactly as they are currently defined in the disk resource.\n     Obtain the current values via `DiskService.Get` and copy them verbatim.\n     If `ManagedDisk.spec` differs from the current disk spec, the instance update will fail.\n   \n   *Cannot be set alongside managed_disk.*\n","description_kind":"markdown","computed":true},"managed_disk":{"nested_type":{"attributes":{"labels":{"type":["map","string"],"description":":\n\n   Labels associated with disk resource.\n   \n","description_kind":"markdown","computed":true},"name":{"type":"string","description":":\n\n   Name of a dependent disk.\n   Use it to convert an ExistingDisk to a dependent disk.\n   Changing the name will replace the disk and cause data loss.\n","description_kind":"markdown","computed":true},"spec":{"nested_type":{"attributes":{"block_size_bytes":{"type":"number","description":":\n\n   Block size in bytes.\n   The block size must be a power of two between 4096 bytes (4 KiB) and 131072 bytes (128 KiB).\n   The default value is 4096 bytes (4 KiB).\n","description_kind":"markdown","computed":true},"disk_encryption":{"nested_type":{"attributes":{"type":{"type":"string","description":":\n\n   #### Supported values\n   \n   Possible values:\n   \n   - `DISK_ENCRYPTION_UNSPECIFIED` - No encryption is applied unless explicitly specified.\n   - `DISK_ENCRYPTION_MANAGED`:\n      Enables encryption using the platform's default root key from KMS.\n      Available for disks with NETWORK_SSD_NON_REPLICATED and NETWORK_SSD_IO_M3 types only.\n   \n   \n","description_kind":"markdown","computed":true}},"nesting_mode":"single"},"description":"Defines how data on the disk is encrypted. By default, no encryption is applied.","description_kind":"markdown","computed":true},"forbid_deletion":{"type":"bool","description":"Prevents deletion whilst set","description_kind":"markdown","computed":true},"size_bytes":{"type":"number","description":"*Cannot be set alongside size_kibibytes, size_mebibytes or size_gibibytes.*","description_kind":"markdown","computed":true},"size_gibibytes":{"type":"number","description":"*Cannot be set alongside size_bytes, size_kibibytes or size_mebibytes.*","description_kind":"markdown","computed":true},"size_kibibytes":{"type":"number","description":"*Cannot be set alongside size_bytes, size_mebibytes or size_gibibytes.*","description_kind":"markdown","computed":true},"size_mebibytes":{"type":"number","description":"*Cannot be set alongside size_bytes, size_kibibytes or size_gibibytes.*","description_kind":"markdown","computed":true},"source_image_family":{"nested_type":{"attributes":{"image_family":{"type":"string","description_kind":"plain","computed":true},"parent_id":{"type":"string","description_kind":"plain","computed":true}},"nesting_mode":"single"},"description":"*Cannot be set alongside source_image_id.*","description_kind":"markdown","computed":true},"source_image_id":{"type":"string","description":"*Cannot be set alongside source_image_family.*","description_kind":"markdown","computed":true},"type":{"type":"string","description":":\n\n   The type of disk defines the performance and reliability characteristics of the block device.\n   For details, see https://docs.nebius.com/compute/storage/types#disks-types\n   \n   #### Supported values\n   \n   the list of available types will be clarified later, it is not final version\n   Possible values:\n   \n   - `UNSPECIFIED`\n   - `NETWORK_SSD`\n   - `NETWORK_HDD`\n   - `NETWORK_SSD_NON_REPLICATED`\n   - `NETWORK_SSD_IO_M3`\n   \n","description_kind":"markdown","computed":true}},"nesting_mode":"single"},"description":"Specification of a dependent disk to be created.","description_kind":"markdown","computed":true}},"nesting_mode":"single"},"description":":\n\n   Attach a managed disk.\n   \n   Lifecycle:\n   - The disk is deleted when the instance is deleted.\n   \n   Semantics:\n   - Specifying a ManagedDisk expresses an intent to have that managed disk attached.\n   - If this intent cannot be satisfied, the entire operation fails.\n   - You can check the intent status in `instance.status.disk_attachments`.\n   \n   Updates and matching:\n   - Managed disks can be updated only via instance spec updates. Updates via DiskService are not allowed.\n   - During updates, disks are matched by `name`.\n   \n   Renaming and data loss:\n   - Changing the disk `name` triggers disk replacement (create a new disk and delete the old one),\n     which causes data loss.\n   - To rename a managed disk safely:\n     1) switch it to ExistingDisk in the instance spec, and\n     2) update/rename it via DiskService.\n   \n   Conflicts:\n   - Instance create/update fails if there is already a disk with the same `name`.\n     as requested by any ManagedDisk.\n   \n   Finding the disk ID:\n   - The disk ID is available in `instance.status.disk_attachments` after it is created.\n     Use `DiskAttachmentStatus.name` to find the desired disk which matches `name`.\n   \n   Switching to an existing (non-managed) disk:\n   - To preserve the disk after instance deletion, switch it to ExistingDisk in the instance spec,\n     use the disk ID from `instance.status.disk_attachments`.\n   \n   Deletion protection:\n   - Switching ExistingDisk to ManagedDisk fails if `Disk.spec.deletion_protection` is enabled.\n   - Deleting an instance that has a ManagedDisk fails if `Disk.spec.deletion_protection` is enabled.\n   \n   *Cannot be set alongside existing_disk.*\n","description_kind":"markdown","computed":true}},"nesting_mode":"single"},"description":"Specified boot disk attached to the instance.","description_kind":"markdown","computed":true},"cloud_init_user_data":{"type":"string","description":":\n\n   Data in cloud-init format for customizing instance initialization.\n   For details, see https://docs.nebius.com/compute/virtual-machines/manage#user-data\n","description_kind":"markdown","computed":true,"sensitive":true},"created_at":{"type":"string","description":":\n\n   Timestamp indicating when the resource was created.\n   \n   A string representing a timestamp in [ISO 8601](https://en.wikipedia.org/wiki/ISO_8601) format: `YYYY-MM-DDTHH:MM:SSZ` or `YYYY-MM-DDTHH:MM:SS.SSS±HH:MM`\n","description_kind":"markdown","computed":true},"filesystems":{"nested_type":{"attributes":{"attach_mode":{"type":"string","description":":\n\n   #### Supported values\n   \n   Possible values:\n   \n   - `UNSPECIFIED`\n   - `READ_ONLY`\n   - `READ_WRITE`\n   \n","description_kind":"markdown","computed":true},"existing_filesystem":{"nested_type":{"attributes":{"id":{"type":"string","description_kind":"plain","computed":true}},"nesting_mode":"single"},"description_kind":"plain","computed":true},"mount_tag":{"type":"string","description":"Specifies the user-defined identifier, allowing to use it as a device in mount command.","description_kind":"markdown","computed":true}},"nesting_mode":"list"},"description":"List of Shared Filesystems attached to the instance.","description_kind":"markdown","computed":true},"gpu_cluster":{"nested_type":{"attributes":{"id":{"type":"string","description":":\n\n   If you want to interconnect several instances in a GPU cluster via NVIDIA InfiniBand,\n   set the ID of an existing GPU cluster.\n   You can only add the VM to the cluster when creating the VM.\n   For details, see https://docs.nebius.com/compute/clusters/gpu\n","description_kind":"markdown","computed":true}},"nesting_mode":"single"},"description":":\n\n   If you want to interconnect several instances in a GPU cluster via NVIDIA InfiniBand,\n   set the ID of an existing GPU cluster.\n   You can only add the VM to the cluster when creating the VM.\n   For details, see https://docs.nebius.com/compute/clusters/gpu\n","description_kind":"markdown","computed":true},"hostname":{"type":"string","description":":\n\n   Instance's hostname. Used to generate default DNS record in format `\u003chostname\u003e.\u003cnetwork_id\u003e.compute.internal.`\n   or `\u003cinstance_id\u003e.\u003cnetwork_id\u003e.compute.internal.` if hostname is not specified.\n","description_kind":"markdown","computed":true},"id":{"type":"string","description":"Identifier for the resource, unique for its resource type.","description_kind":"markdown","optional":true,"computed":true},"labels":{"type":["map","string"],"description":":\n\n   Labels associated with the resource.\n   \n","description_kind":"markdown","computed":true},"local_disks":{"nested_type":{"attributes":{"passthrough_group":{"nested_type":{"attributes":{"requested":{"type":"bool","description":":\n\n   Passthrough local disks from the underlying host.\n   \n   Devices are expected to appear in the guest as NVMe devices (nvme0, nvme1, ...),\n   but the exact number depends on the preset.\n   Enabled only when this field is explicitly set.\n","description_kind":"markdown","computed":true}},"nesting_mode":"single"},"description":":\n\n   Requests passthrough local disks from the host.\n   Topology of the provided disks is preserved during stop and start\n   for every instance of a specific platform and preset in the region.\n   \n   \n","description_kind":"markdown","computed":true}},"nesting_mode":"single"},"description":":\n\n   Local disks are meaningfully different from regular (remote) disks:\n   they are provided by the underlying host and are tied to a particular VM run.\n   Local disk data is not preserved across Stop-Start initiated via Compute API.\n   Local disks are not provided by default. To get them, explicitly request them via this field.\n   Availability depends on the selected platform, preset and region.\n   Changing this field will result in disks change and content loss, but only after stop and start the instance.\n","description_kind":"markdown","computed":true},"metadata":{"nested_type":{"nesting_mode":"single"},"description":":\n\n   #### Inner value description\n   \n   Common resource metadata.\n","description_kind":"markdown","computed":true},"name":{"type":"string","description":"Human readable name for the resource.","description_kind":"markdown","optional":true,"computed":true},"network_interfaces":{"nested_type":{"attributes":{"aliases":{"nested_type":{"attributes":{"allocation_id":{"type":"string","description":"ID of allocation","description_kind":"markdown","computed":true}},"nesting_mode":"list"},"description":"Assign ranges of IP addresses as aliases","description_kind":"markdown","computed":true},"ip_address":{"nested_type":{"attributes":{"allocation_id":{"type":"string","description":"Allocation identifier if it was created before.","description_kind":"markdown","computed":true}},"nesting_mode":"single"},"description":":\n\n   Private IPv4 address associated with the interface.\n   \n   #### Inner value description\n   \n   Describes an IPv4 address.\n","description_kind":"markdown","computed":true},"name":{"type":"string","description":":\n\n   Interface name\n   Value of this field configures the name of the network interface inside VM's OS.\n   Longer values will persist in the specification but will be truncated to 15 symbols before being passed to VM configuration.\n","description_kind":"markdown","computed":true},"public_ip_address":{"nested_type":{"attributes":{"allocation_id":{"type":"string","description":"Allocation identifier if it was created before.","description_kind":"markdown","computed":true},"static":{"type":"bool","description":":\n\n   If false - Allocation will be created/deleted during NetworkInterface.Allocate/NetworkInterface.Deallocate\n   If true  - Allocation will be created/deleted during NetworkInterface.Create/NetworkInterface.Delete\n   False by default\n","description_kind":"markdown","computed":true}},"nesting_mode":"single"},"description":":\n\n   Public IPv4 address associated with the interface.\n   \n   #### Inner value description\n   \n   Describes a public IP address.\n","description_kind":"markdown","computed":true},"security_groups":{"nested_type":{"attributes":{"id":{"type":"string","description":"Security group identifier","description_kind":"markdown","computed":true}},"nesting_mode":"list"},"description":":\n\n   Security groups associated with the network interface.\n   If an empty list is provided, the default security group for the network will be used.\n   Effective security groups can be seen in the status.\n","description_kind":"markdown","computed":true},"subnet_id":{"type":"string","description":"Subnet ID","description_kind":"markdown","computed":true}},"nesting_mode":"list"},"description":":\n\n   List of network interfaces attached to the instance.\n   \n   #### Inner value description\n   \n   Describes the specification of a network interface.\n","description_kind":"markdown","computed":true},"nvl_instance_group_id":{"type":"string","description":"NVLink Instance Group ID associated with the VM","description_kind":"markdown","computed":true},"parent_id":{"type":"string","description":"Identifier of the parent resource to which the resource belongs.","description_kind":"markdown","optional":true,"computed":true},"preemptible":{"nested_type":{"attributes":{"on_preemption":{"type":"string","description":":\n\n   Specifies what happens when the VM is preempted. The only supported value is STOP:\n   Compute stops the VM without deleting or restarting it.\n   \n   #### Supported values\n   \n   Possible values:\n   \n   - `UNSPECIFIED`\n   - `STOP`\n   \n","description_kind":"markdown","computed":true},"priority":{"type":"number","description_kind":"plain","deprecated":true,"computed":true}},"nesting_mode":"single"},"description":":\n\n   Include these parameters to create a Preemptible VM and omit them to create a Regular VM\n   For details, see https://docs.nebius.com/compute/virtual-machines/preemptible\n","description_kind":"markdown","computed":true},"recovery_policy":{"type":"string","description":":\n\n   Recovery policy defines how the instance will be treated in case of a failure.\n   Common source of failure is a host failure, but it can be any other failure.\n   Instance undergoing a guest shutdown (poweroff, etc.) will be subject to recovery policy, meaning that it could\n   be restarted and billed accordingly. Stop instance via API or UI to stop it to avoid recovering.\n   - If set to RECOVER, instance will be restarted, if possible. It could be restarted on the same host or on another host.\n   - If set to FAIL, instance will be stopped and not restarted.\n   \n   #### Supported values\n   \n   Possible values:\n   \n   - `RECOVER`\n   - `FAIL`\n   \n","description_kind":"markdown","computed":true},"reservation_policy":{"nested_type":{"attributes":{"policy":{"type":"string","description":":\n\n   #### Supported values\n   \n   Possible values:\n   \n   - `AUTO`:\n      1) Will try to launch instance in any reservation_ids if provided.\n      2) Will try to launch instance in any of the available capacity block.\n      3) Will try to launch instance in PAYG if 1 \u0026 2 are not satisfied.\n   \n   - `FORBID`:\n      The instance is launched only using on-demand (PAYG) capacity.\n      No attempt is made to find or use a Capacity Block.\n      It's an error to provide reservation_ids with policy = FORBID\n   \n   - `STRICT`:\n      1) Will try to launch the instance in Capacity Blocks from reservation_ids if provided.\n      2) If reservation_ids are not provided will try to launch instance in suitable \u0026 available Capacity Block.\n      3) Fail otherwise.\n   \n   \n","description_kind":"markdown","computed":true},"reservation_ids":{"type":["list","string"],"description":"Capacity block groups, order matters","description_kind":"markdown","computed":true}},"nesting_mode":"single"},"description_kind":"plain","computed":true},"resource_version":{"type":"number","description":":\n\n   Version of the resource for safe concurrent modifications and consistent reads.\n   Positive and monotonically increases on each resource spec change (but *not* on each change of the\n   resource's container(s) or status).\n   Service allows zero value or current.\n   \n","description_kind":"markdown","computed":true},"resources":{"nested_type":{"attributes":{"platform":{"type":"string","description_kind":"plain","computed":true},"preset":{"type":"string","description_kind":"plain","computed":true}},"nesting_mode":"single"},"description":":\n\n   Specification of compute resources allocated to the instance.\n   For details, see https://docs.nebius.com/compute/virtual-machines/types\n","description_kind":"markdown","computed":true},"secondary_disks":{"nested_type":{"attributes":{"attach_mode":{"type":"string","description":":\n\n   #### Supported values\n   \n   Possible values:\n   \n   - `UNSPECIFIED`\n   - `READ_ONLY`\n   - `READ_WRITE`\n   \n","description_kind":"markdown","computed":true},"device_id":{"type":"string","description":"Specifies the user-defined identifier, allowing to use '/dev/disk/by-id/virtio-{device_id}' as a device path in mount command.","description_kind":"markdown","computed":true},"existing_disk":{"nested_type":{"attributes":{"id":{"type":"string","description_kind":"plain","computed":true}},"nesting_mode":"single"},"description":":\n\n   Attach an existing disk.\n   \n   Lifecycle:\n   - The disk is preserved when the instance is deleted (it will be detached).\n   \n   Switching to a managed disk:\n   - To delete the disk together with the instance, switch to ManagedDisk in the instance spec.\n   - For the switch, `ManagedDisk.name` MUST match the current disk `name`\n     (see DiskService.Get for the disk referenced by `ExistingDisk.id`).\n   - When converting an ExistingDisk to a ManagedDisk, you must provide `ManagedDisk.name` and `ManagedDisk.spec`\n     exactly as they are currently defined in the disk resource.\n     Obtain the current values via `DiskService.Get` and copy them verbatim.\n     If `ManagedDisk.spec` differs from the current disk spec, the instance update will fail.\n   \n   *Cannot be set alongside managed_disk.*\n","description_kind":"markdown","computed":true},"managed_disk":{"nested_type":{"attributes":{"labels":{"type":["map","string"],"description":":\n\n   Labels associated with disk resource.\n   \n","description_kind":"markdown","computed":true},"name":{"type":"string","description":":\n\n   Name of a dependent disk.\n   Use it to convert an ExistingDisk to a dependent disk.\n   Changing the name will replace the disk and cause data loss.\n","description_kind":"markdown","computed":true},"spec":{"nested_type":{"attributes":{"block_size_bytes":{"type":"number","description":":\n\n   Block size in bytes.\n   The block size must be a power of two between 4096 bytes (4 KiB) and 131072 bytes (128 KiB).\n   The default value is 4096 bytes (4 KiB).\n","description_kind":"markdown","computed":true},"disk_encryption":{"nested_type":{"attributes":{"type":{"type":"string","description":":\n\n   #### Supported values\n   \n   Possible values:\n   \n   - `DISK_ENCRYPTION_UNSPECIFIED` - No encryption is applied unless explicitly specified.\n   - `DISK_ENCRYPTION_MANAGED`:\n      Enables encryption using the platform's default root key from KMS.\n      Available for disks with NETWORK_SSD_NON_REPLICATED and NETWORK_SSD_IO_M3 types only.\n   \n   \n","description_kind":"markdown","computed":true}},"nesting_mode":"single"},"description":"Defines how data on the disk is encrypted. By default, no encryption is applied.","description_kind":"markdown","computed":true},"forbid_deletion":{"type":"bool","description":"Prevents deletion whilst set","description_kind":"markdown","computed":true},"size_bytes":{"type":"number","description":"*Cannot be set alongside size_kibibytes, size_mebibytes or size_gibibytes.*","description_kind":"markdown","computed":true},"size_gibibytes":{"type":"number","description":"*Cannot be set alongside size_bytes, size_kibibytes or size_mebibytes.*","description_kind":"markdown","computed":true},"size_kibibytes":{"type":"number","description":"*Cannot be set alongside size_bytes, size_mebibytes or size_gibibytes.*","description_kind":"markdown","computed":true},"size_mebibytes":{"type":"number","description":"*Cannot be set alongside size_bytes, size_kibibytes or size_gibibytes.*","description_kind":"markdown","computed":true},"source_image_family":{"nested_type":{"attributes":{"image_family":{"type":"string","description_kind":"plain","computed":true},"parent_id":{"type":"string","description_kind":"plain","computed":true}},"nesting_mode":"single"},"description":"*Cannot be set alongside source_image_id.*","description_kind":"markdown","computed":true},"source_image_id":{"type":"string","description":"*Cannot be set alongside source_image_family.*","description_kind":"markdown","computed":true},"type":{"type":"string","description":":\n\n   The type of disk defines the performance and reliability characteristics of the block device.\n   For details, see https://docs.nebius.com/compute/storage/types#disks-types\n   \n   #### Supported values\n   \n   the list of available types will be clarified later, it is not final version\n   Possible values:\n   \n   - `UNSPECIFIED`\n   - `NETWORK_SSD`\n   - `NETWORK_HDD`\n   - `NETWORK_SSD_NON_REPLICATED`\n   - `NETWORK_SSD_IO_M3`\n   \n","description_kind":"markdown","computed":true}},"nesting_mode":"single"},"description":"Specification of a dependent disk to be created.","description_kind":"markdown","computed":true}},"nesting_mode":"single"},"description":":\n\n   Attach a managed disk.\n   \n   Lifecycle:\n   - The disk is deleted when the instance is deleted.\n   \n   Semantics:\n   - Specifying a ManagedDisk expresses an intent to have that managed disk attached.\n   - If this intent cannot be satisfied, the entire operation fails.\n   - You can check the intent status in `instance.status.disk_attachments`.\n   \n   Updates and matching:\n   - Managed disks can be updated only via instance spec updates. Updates via DiskService are not allowed.\n   - During updates, disks are matched by `name`.\n   \n   Renaming and data loss:\n   - Changing the disk `name` triggers disk replacement (create a new disk and delete the old one),\n     which causes data loss.\n   - To rename a managed disk safely:\n     1) switch it to ExistingDisk in the instance spec, and\n     2) update/rename it via DiskService.\n   \n   Conflicts:\n   - Instance create/update fails if there is already a disk with the same `name`.\n     as requested by any ManagedDisk.\n   \n   Finding the disk ID:\n   - The disk ID is available in `instance.status.disk_attachments` after it is created.\n     Use `DiskAttachmentStatus.name` to find the desired disk which matches `name`.\n   \n   Switching to an existing (non-managed) disk:\n   - To preserve the disk after instance deletion, switch it to ExistingDisk in the instance spec,\n     use the disk ID from `instance.status.disk_attachments`.\n   \n   Deletion protection:\n   - Switching ExistingDisk to ManagedDisk fails if `Disk.spec.deletion_protection` is enabled.\n   - Deleting an instance that has a ManagedDisk fails if `Disk.spec.deletion_protection` is enabled.\n   \n   *Cannot be set alongside existing_disk.*\n","description_kind":"markdown","computed":true}},"nesting_mode":"list"},"description":"List of additional data disks attached to the instance beyond the boot disk.","description_kind":"markdown","computed":true},"service_account_id":{"type":"string","description":":\n\n   Unique identifier of the service account associated with this instance.\n   For details, see https://docs.nebius.com/iam/service-accounts/manage\n","description_kind":"markdown","computed":true},"status":{"nested_type":{"attributes":{"disk_attachments":{"nested_type":{"attributes":{"id":{"type":"string","description":":\n\n   Disk ID.\n   - For ExistingDisk, this is the referenced disk ID.\n   - For ManagedDisk, may be empty while the attachment intent is still pending.\n","description_kind":"markdown","computed":true},"is_managed":{"type":"bool","description":":\n\n   Indicates whether this attachment is managed by the instance lifecycle.\n   If true, the disk is expected to be deleted when the instance is deleted.\n   If false, the disk is preserved and only detached on instance deletion.\n","description_kind":"markdown","computed":true},"name":{"type":"string","description":":\n\n   Disk name used to match this status entry with the desired attachment\n   from the instance specification.\n   \n   Consistency:\n   - For ManagedDisk, this value is derived from the instance spec (ManagedDisk.name).\n   - For ExistingDisk, this value is derived from the disk resource name and may lag behind\n     in case of renaming. It is updated asynchronously and is eventually consistent.\n","description_kind":"markdown","computed":true}},"nesting_mode":"list"},"description":"Status of the requested disk attachments.","description_kind":"markdown","computed":true},"infiniband_topology_path":{"nested_type":{"attributes":{"path":{"type":["list","string"],"description_kind":"plain","computed":true}},"nesting_mode":"single"},"description_kind":"plain","computed":true},"maintenance_event_id":{"type":"string","description_kind":"plain","computed":true},"network_interfaces":{"nested_type":{"attributes":{"aliases":{"nested_type":{"attributes":{"cidrs":{"type":["list","string"],"description_kind":"plain","computed":true}},"nesting_mode":"single"},"description":"Effective IP Aliases","description_kind":"markdown","computed":true},"fqdn":{"type":"string","description":"FQDN of the interface","description_kind":"markdown","computed":true},"index":{"type":"number","description":"The index of the network interface","description_kind":"markdown","computed":true},"ip_address":{"nested_type":{"attributes":{"address":{"type":"string","description":"Effective private IPv4 address assigned to the interface.","description_kind":"markdown","computed":true},"allocation_id":{"type":"string","description":"Allocation identifier.","description_kind":"markdown","computed":true}},"nesting_mode":"single"},"description":"Effective Private IPv4 address","description_kind":"markdown","computed":true},"mac_address":{"type":"string","description":"MAC address","description_kind":"markdown","computed":true},"name":{"type":"string","description":":\n\n   Name for interface.\n   Unique within instance's network interfaces\n","description_kind":"markdown","computed":true},"public_ip_address":{"nested_type":{"attributes":{"address":{"type":"string","description":"Effective public IPv4 address assigned to the interface.","description_kind":"markdown","computed":true},"allocation_id":{"type":"string","description":"Allocation identifier.","description_kind":"markdown","computed":true},"static":{"type":"bool","description":":\n\n   If false - Allocation will be created/deleted during NetworkInterface.Allocate/NetworkInterface.Deallocate\n   If true  - Allocation will be created/deleted during NetworkInterface.Create/NetworkInterface.Delete\n   False by default\n","description_kind":"markdown","computed":true}},"nesting_mode":"single"},"description":"Effective Public IPv4 address","description_kind":"markdown","computed":true}},"nesting_mode":"list"},"description":":\n\n   #### Inner value description\n   \n   Describes the status of a network interface.\n","description_kind":"markdown","computed":true},"reconciling":{"type":"bool","description":"Indicates whether there is an ongoing operation","description_kind":"markdown","computed":true},"reservation_id":{"type":"string","description_kind":"plain","computed":true},"state":{"type":"string","description":":\n\n   #### Supported values\n   \n   Possible values:\n   \n   - `UNSPECIFIED`\n   - `CREATING`\n   - `UPDATING`\n   - `STARTING`\n   - `RUNNING`\n   - `STOPPING`\n   - `STOPPED`\n   - `DELETING`\n   - `ERROR`\n   \n","description_kind":"markdown","computed":true}},"nesting_mode":"single"},"description_kind":"plain","computed":true},"stopped":{"type":"bool","description":"Indicates whether the instance should be stopped.","description_kind":"markdown","computed":true},"updated_at":{"type":"string","description":":\n\n   Timestamp indicating when the resource was last updated.\n   \n   A string representing a timestamp in [ISO 8601](https://en.wikipedia.org/wiki/ISO_8601) format: `YYYY-MM-DDTHH:MM:SSZ` or `YYYY-MM-DDTHH:MM:SS.SSS±HH:MM`\n","description_kind":"markdown","computed":true}},"description":"#### Retrieving the Data Source\n\nThis data source can be retrieved by one of ID or name.\n\n##### Retrieve by ID\n\nTo retrieve by ID, fill in only the `id` field:\n\n```hcl\ndata ... {\n    id = \"your-ID\"\n}\n```\n\n##### Retrieve by Name\n\nTo retrieve by name, fill in only the `name` and `parent_id` fields:\n\n```hcl\ndata ... {\n    name      = \"your name\"\n    parent_id = \"data-source-parent-id\"\n}\n```\n","description_kind":"markdown"}},"nebius_compute_v1_nvl_instance_group":{"version":0,"block":{"attributes":{"created_at":{"type":"string","description":":\n\n   Timestamp indicating when the resource was created.\n   \n   A string representing a timestamp in [ISO 8601](https://en.wikipedia.org/wiki/ISO_8601) format: `YYYY-MM-DDTHH:MM:SSZ` or `YYYY-MM-DDTHH:MM:SS.SSS±HH:MM`\n","description_kind":"markdown","computed":true},"id":{"type":"string","description":"Identifier for the resource, unique for its resource type.","description_kind":"markdown","optional":true,"computed":true},"labels":{"type":["map","string"],"description":":\n\n   Labels associated with the resource.\n   \n","description_kind":"markdown","computed":true},"metadata":{"nested_type":{"nesting_mode":"single"},"description":":\n\n   #### Inner value description\n   \n   Common resource metadata.\n","description_kind":"markdown","computed":true},"name":{"type":"string","description":"Human readable name for the resource.","description_kind":"markdown","optional":true,"computed":true},"parent_id":{"type":"string","description":"Identifier of the parent resource to which the resource belongs.","description_kind":"markdown","optional":true,"computed":true},"resource_version":{"type":"number","description":":\n\n   Version of the resource for safe concurrent modifications and consistent reads.\n   Positive and monotonically increases on each resource spec change (but *not* on each change of the\n   resource's container(s) or status).\n   Service allows zero value or current.\n   \n","description_kind":"markdown","computed":true},"status":{"nested_type":{"attributes":{"instances":{"nested_type":{"attributes":{"instance_state":{"type":"string","description":":\n\n   Current state of the instance.\n   \n   #### Supported values\n   \n   Possible values:\n   \n   - `UNSPECIFIED`\n   - `CREATING`\n   - `UPDATING`\n   - `STARTING`\n   - `RUNNING`\n   - `STOPPING`\n   - `STOPPED`\n   - `DELETING`\n   - `ERROR`\n   \n","description_kind":"markdown","computed":true}},"nesting_mode":"map"},"description":"Instances that are associated with this NVLink InstanceGroup","description_kind":"markdown","computed":true},"reconciling":{"type":"bool","description":"Indicates whether there is an ongoing operation with any VM in the InstanceGroup","description_kind":"markdown","computed":true}},"nesting_mode":"single"},"description_kind":"plain","computed":true},"type":{"type":"string","description":":\n\n   Type of the NVLink InstanceGroup (corresponds to the Compute platform)\n   \n   #### Supported values\n   \n   Type of the NVLink InstanceGroup.\n   Possible values:\n   \n   - `UNSPECIFIED`\n   - `GB200`\n   - `GB300`\n   \n","description_kind":"markdown","computed":true},"updated_at":{"type":"string","description":":\n\n   Timestamp indicating when the resource was last updated.\n   \n   A string representing a timestamp in [ISO 8601](https://en.wikipedia.org/wiki/ISO_8601) format: `YYYY-MM-DDTHH:MM:SSZ` or `YYYY-MM-DDTHH:MM:SS.SSS±HH:MM`\n","description_kind":"markdown","computed":true}},"description":"#### Retrieving the Data Source\n\nThis data source can be retrieved by one of ID or name.\n\n##### Retrieve by ID\n\nTo retrieve by ID, fill in only the `id` field:\n\n```hcl\ndata ... {\n    id = \"your-ID\"\n}\n```\n\n##### Retrieve by Name\n\nTo retrieve by name, fill in only the `name` and `parent_id` fields:\n\n```hcl\ndata ... {\n    name      = \"your name\"\n    parent_id = \"data-source-parent-id\"\n}\n```\n\n\nRepresents an NVLink InstanceGroup.","description_kind":"markdown"}},"nebius_dns_v1_record":{"version":0,"block":{"attributes":{"created_at":{"type":"string","description":":\n\n   Timestamp indicating when the resource was created.\n   \n   A string representing a timestamp in [ISO 8601](https://en.wikipedia.org/wiki/ISO_8601) format: `YYYY-MM-DDTHH:MM:SSZ` or `YYYY-MM-DDTHH:MM:SS.SSS±HH:MM`\n","description_kind":"markdown","computed":true},"data":{"type":"string","description":":\n\n   Record data in text format\n   \n   This should be the RDATA part of this Resource Record's\n   [presentation (zonefile) format](https://datatracker.ietf.org/doc/html/rfc9499#name-resource-records).\n   E.g., `10 xyz.tuv` for a `@ 600 IN MX 10 xyz.tuv.` resource record in a zonefile\n","description_kind":"markdown","computed":true},"deletion_protection":{"type":"bool","description":":\n\n   Mark this record as delete-protected\n   Delete-protected records can *only* be deleted by explicitly calling `RecordService/Delete` API with `force` flag set to `true`\n","description_kind":"markdown","computed":true},"id":{"type":"string","description":"Identifier for the resource, unique for its resource type.","description_kind":"markdown","optional":true,"computed":true},"labels":{"type":["map","string"],"description":":\n\n   Labels associated with the resource.\n   \n","description_kind":"markdown","computed":true},"metadata":{"nested_type":{"nesting_mode":"single"},"description":":\n\n   DNS record metadata\n   `metadata.parent_id` must be a DNS zone ID\n   \n   #### Inner value description\n   \n   Common resource metadata.\n","description_kind":"markdown","computed":true},"name":{"type":"string","description":"Human readable name for the resource.","description_kind":"markdown","optional":true,"computed":true},"parent_id":{"type":"string","description":"Identifier of the parent resource to which the resource belongs.","description_kind":"markdown","optional":true,"computed":true},"relative_name":{"type":"string","description":":\n\n   Zone-relative name of this record (e.g., `www` for `www.\u003cparent zone's domain name\u003e`)\n   Use `@` for records in zone apex (that is, records that have the same domain name as the zone itself)\n   To see the resolved absolute domain name, see `Record.status.effective_fqdn`\n","description_kind":"markdown","computed":true},"resource_version":{"type":"number","description":":\n\n   Version of the resource for safe concurrent modifications and consistent reads.\n   Positive and monotonically increases on each resource spec change (but *not* on each change of the\n   resource's container(s) or status).\n   Service allows zero value or current.\n   \n","description_kind":"markdown","computed":true},"status":{"nested_type":{"attributes":{"effective_fqdn":{"type":"string","description":"Fully-qualified domain name of this record including `.` at the end, e.g. `www.example.com.`","description_kind":"markdown","computed":true},"reconciling":{"type":"bool","description":"Indicates whether there is a running Operation for this Record","description_kind":"markdown","computed":true},"zone_domain_name":{"type":"string","description":"Domain name of this record's parent zone including `.` at the end, e.g. `example.com.`","description_kind":"markdown","computed":true}},"nesting_mode":"single"},"description":":\n\n   DNS record status, including e.g. its effective FQDN (fully-qualified domain name)\n   \n   #### Inner value description\n   \n   DNS record status\n","description_kind":"markdown","computed":true},"ttl":{"type":"number","description":"Record TTL. If absent or negative, will be assumed to be the default value (`600`)","description_kind":"markdown","computed":true},"type":{"type":"string","description":":\n\n   Record type\n   \n   #### Supported values\n   \n   DNS Record type\n   Possible values:\n   \n   - `RECORD_TYPE_UNSPECIFIED` - Record type is not specified\n   - `A` - `A` record: IPv4 address\n   - `AAAA` - `AAAA` record: IPv6 address\n   - `PTR` - `PTR` record: mapping from IP address to a domain name\n   - `CNAME` - `CNAME` record: an alias for a *canonical domain name*\n   - `MX` - `MX` record: mail server information (domain name, priority)\n   - `TXT` - `TXT` record: text data, typically used to verify e-mail addresses, websites and TLS certificates\n   - `SRV` - `SRV` record: information about a network service (domain name, port, weight)\n   - `NS` - `NS` record: domain name of an authoritative nameserver for this DNS zone, or one of its subzones\n   - `SOA` - `SOA` record: administrative information about this DNS zone\n   - `CAA` - `CAA` record: certificate issuance settings for this DNS zone and its subzones\n   - `SVCB` - `SVCB` record: service binding. See [RFC 9460, section 2.3](https://www.rfc-editor.org/rfc/rfc9460.html#section-2.3)\n   - `HTTPS`:\n      `HTTPS` record: service binding with HTTPS protocol configuration.\n      See [RFC 9460, section 9.1](https://www.rfc-editor.org/rfc/rfc9460.html#section-9.1)\n   \n   \n","description_kind":"markdown","computed":true},"updated_at":{"type":"string","description":":\n\n   Timestamp indicating when the resource was last updated.\n   \n   A string representing a timestamp in [ISO 8601](https://en.wikipedia.org/wiki/ISO_8601) format: `YYYY-MM-DDTHH:MM:SSZ` or `YYYY-MM-DDTHH:MM:SS.SSS±HH:MM`\n","description_kind":"markdown","computed":true}},"description":"#### Retrieving the Data Source\n\nThis data source can be retrieved by one of ID or name.\n\n##### Retrieve by ID\n\nTo retrieve by ID, fill in only the `id` field:\n\n```hcl\ndata ... {\n    id = \"your-ID\"\n}\n```\n\n##### Retrieve by Name\n\nTo retrieve by name, fill in only the `name` and `parent_id` fields:\n\n```hcl\ndata ... {\n    name      = \"your name\"\n    parent_id = \"data-source-parent-id\"\n}\n```\n\n\nAPI Resource: DNS *Resource Record* (RR), an information entry about a specific domain\n\nEach record is contained within a DNS zone, which is a container for DNS data of a specific domain, and, possibly, its subdomains\nDNS zones are represented in this API by the `Zone` API Resource which is managed by the `ZoneService`","description_kind":"markdown"}},"nebius_dns_v1_zone":{"version":0,"block":{"attributes":{"created_at":{"type":"string","description":":\n\n   Timestamp indicating when the resource was created.\n   \n   A string representing a timestamp in [ISO 8601](https://en.wikipedia.org/wiki/ISO_8601) format: `YYYY-MM-DDTHH:MM:SSZ` or `YYYY-MM-DDTHH:MM:SS.SSS±HH:MM`\n","description_kind":"markdown","computed":true},"domain_name":{"type":"string","description":":\n\n   Fully qualified domain name of this zone, including `.` at the end\n   Cannot be changed after creating the zone\n","description_kind":"markdown","computed":true},"id":{"type":"string","description":"Identifier for the resource, unique for its resource type.","description_kind":"markdown","optional":true,"computed":true},"labels":{"type":["map","string"],"description":":\n\n   Labels associated with the resource.\n   \n","description_kind":"markdown","computed":true},"metadata":{"nested_type":{"nesting_mode":"single"},"description":":\n\n   DNS zone metadata\n   `metadata.parent_id` must be an IAM Container ID\n   \n   #### Inner value description\n   \n   Common resource metadata.\n","description_kind":"markdown","computed":true},"name":{"type":"string","description":"Human readable name for the resource.","description_kind":"markdown","optional":true,"computed":true},"parent_id":{"type":"string","description":"Identifier of the parent resource to which the resource belongs.","description_kind":"markdown","optional":true,"computed":true},"resource_version":{"type":"number","description":":\n\n   Version of the resource for safe concurrent modifications and consistent reads.\n   Positive and monotonically increases on each resource spec change (but *not* on each change of the\n   resource's container(s) or status).\n   Service allows zero value or current.\n   \n","description_kind":"markdown","computed":true},"soa_spec":{"nested_type":{"attributes":{"negative_ttl":{"type":"number","description":":\n\n   Specifies TTL, in seconds, for caching `NXDOMAIN` (\"record not found\") DNS responses from this zone (*negative caching*)\n   Set this TTL to a low value if you frequently delete and recreate records instead of updating them\n   *Note:* Values of less than `5` will be ignored, and a default negative caching TTL will be used instead\n","description_kind":"markdown","computed":true}},"nesting_mode":"single"},"description":":\n\n   Custom SOA (Start of Authority) record specification for the zone\n   \n   #### Inner value description\n   \n   Custom SOA (Start of Authority) record specification for the zone\n","description_kind":"markdown","computed":true},"status":{"nested_type":{"attributes":{"reconciling":{"type":"bool","description":"Indicates whether there is a running Operation for this Zone","description_kind":"markdown","computed":true},"record_count":{"type":"number","description":"Number of records in this zone. May be 0 if not calculated (e.g., in listings)","description_kind":"markdown","computed":true}},"nesting_mode":"single"},"description":":\n\n   DNS zone status, including e.g. the number of records in the zone\n   \n   #### Inner value description\n   \n   DNS zone status\n","description_kind":"markdown","computed":true},"updated_at":{"type":"string","description":":\n\n   Timestamp indicating when the resource was last updated.\n   \n   A string representing a timestamp in [ISO 8601](https://en.wikipedia.org/wiki/ISO_8601) format: `YYYY-MM-DDTHH:MM:SSZ` or `YYYY-MM-DDTHH:MM:SS.SSS±HH:MM`\n","description_kind":"markdown","computed":true},"vpc":{"nested_type":{"attributes":{"primary_network_id":{"type":"string","description":":\n\n   ID of the virtual network that this zone's records will be visible from\n   This value cannot be changed after creating the zone\n","description_kind":"markdown","computed":true}},"nesting_mode":"single"},"description":":\n\n   A VPC zone, which is only visible from a virtual network (VPC)\n   \n   #### Inner value description\n   \n   VPC zone scope specification\n","description_kind":"markdown","computed":true}},"description":"#### Retrieving the Data Source\n\nThis data source can be retrieved by one of ID or name.\n\n##### Retrieve by ID\n\nTo retrieve by ID, fill in only the `id` field:\n\n```hcl\ndata ... {\n    id = \"your-ID\"\n}\n```\n\n##### Retrieve by Name\n\nTo retrieve by name, fill in only the `name` and `parent_id` fields:\n\n```hcl\ndata ... {\n    name      = \"your name\"\n    parent_id = \"data-source-parent-id\"\n}\n```\n\n\nAPI Resource: *DNS zone*, a container for DNS data\n\nEach DNS zone starts at a particular domain within the hierarchical DNS namespace tree,\ne.g., `example.com.`, and can also include its subdomains,\ne.g., `sales.example.com.` DNS Zones contain *Resource Records* (RRs), which are individual information entries about the domain(s),\ne.g., a domain's IP address\nSee the [graphical explanation of DNS zones and Resource Records on\nWikipedia](https://en.wikipedia.org/wiki/Domain_Name_System#/media/File:Domain_name_space.svg)\n\nA Resource Record is represented in this API by the `Record` API Resource which is managed by the `RecordService`","description_kind":"markdown"}},"nebius_iam_v1_access_permit":{"version":0,"block":{"attributes":{"created_at":{"type":"string","description":":\n\n   Timestamp indicating when the resource was created.\n   \n   A string representing a timestamp in [ISO 8601](https://en.wikipedia.org/wiki/ISO_8601) format: `YYYY-MM-DDTHH:MM:SSZ` or `YYYY-MM-DDTHH:MM:SS.SSS±HH:MM`\n","description_kind":"markdown","computed":true},"id":{"type":"string","description":"Identifier for the resource, unique for its resource type.","description_kind":"markdown","required":true},"labels":{"type":["map","string"],"description":":\n\n   Labels associated with the resource.\n   \n","description_kind":"markdown","computed":true},"metadata":{"nested_type":{"nesting_mode":"single"},"description":":\n\n   #### Inner value description\n   \n   Common resource metadata.\n","description_kind":"markdown","computed":true},"name":{"type":"string","description":"Human readable name for the resource.","description_kind":"markdown","computed":true},"parent_id":{"type":"string","description":"Identifier of the parent resource to which the resource belongs.","description_kind":"markdown","computed":true},"resource_id":{"type":"string","description":"Resource for granting access permit.","description_kind":"markdown","computed":true},"resource_version":{"type":"number","description":":\n\n   Version of the resource for safe concurrent modifications and consistent reads.\n   Positive and monotonically increases on each resource spec change (but *not* on each change of the\n   resource's container(s) or status).\n   Service allows zero value or current.\n   \n","description_kind":"markdown","computed":true},"role":{"type":"string","description":"Role for granting access permit.","description_kind":"markdown","computed":true},"status":{"nested_type":{"nesting_mode":"single"},"description_kind":"plain","computed":true},"updated_at":{"type":"string","description":":\n\n   Timestamp indicating when the resource was last updated.\n   \n   A string representing a timestamp in [ISO 8601](https://en.wikipedia.org/wiki/ISO_8601) format: `YYYY-MM-DDTHH:MM:SSZ` or `YYYY-MM-DDTHH:MM:SS.SSS±HH:MM`\n","description_kind":"markdown","computed":true}},"description":"#### Retrieving the Data Source\n\nThis data source can be retrieved by only ID.\n\n##### Retrieve by ID\n\nTo retrieve by ID, fill in only the `id` field:\n\n```hcl\ndata ... {\n    id = \"your-ID\"\n}\n```\n","description_kind":"markdown"}},"nebius_iam_v1_auth_public_key":{"version":0,"block":{"attributes":{"account":{"nested_type":{"attributes":{"anonymous_account":{"nested_type":{"nesting_mode":"single"},"description":"*Cannot be set alongside user_account or service_account.*","description_kind":"markdown","computed":true},"service_account":{"nested_type":{"attributes":{"id":{"type":"string","description_kind":"plain","computed":true}},"nesting_mode":"single"},"description":"*Cannot be set alongside user_account or anonymous_account.*","description_kind":"markdown","computed":true},"user_account":{"nested_type":{"attributes":{"id":{"type":"string","description_kind":"plain","computed":true}},"nesting_mode":"single"},"description":"*Cannot be set alongside service_account or anonymous_account.*","description_kind":"markdown","computed":true}},"nesting_mode":"single"},"description_kind":"plain","computed":true},"created_at":{"type":"string","description":":\n\n   Timestamp indicating when the resource was created.\n   \n   A string representing a timestamp in [ISO 8601](https://en.wikipedia.org/wiki/ISO_8601) format: `YYYY-MM-DDTHH:MM:SSZ` or `YYYY-MM-DDTHH:MM:SS.SSS±HH:MM`\n","description_kind":"markdown","computed":true},"data":{"type":"string","description_kind":"plain","computed":true},"description":{"type":"string","description_kind":"plain","computed":true},"expires_at":{"type":"string","description":"A string representing a timestamp in [ISO 8601](https://en.wikipedia.org/wiki/ISO_8601) format: `YYYY-MM-DDTHH:MM:SSZ` or `YYYY-MM-DDTHH:MM:SS.SSS±HH:MM`","description_kind":"markdown","computed":true},"id":{"type":"string","description":"Identifier for the resource, unique for its resource type.","description_kind":"markdown","required":true},"labels":{"type":["map","string"],"description":":\n\n   Labels associated with the resource.\n   \n","description_kind":"markdown","computed":true},"metadata":{"nested_type":{"nesting_mode":"single"},"description":":\n\n   #### Inner value description\n   \n   Common resource metadata.\n","description_kind":"markdown","computed":true},"name":{"type":"string","description":"Human readable name for the resource.","description_kind":"markdown","computed":true},"parent_id":{"type":"string","description":"Identifier of the parent resource to which the resource belongs.","description_kind":"markdown","computed":true},"resource_version":{"type":"number","description":":\n\n   Version of the resource for safe concurrent modifications and consistent reads.\n   Positive and monotonically increases on each resource spec change (but *not* on each change of the\n   resource's container(s) or status).\n   Service allows zero value or current.\n   \n","description_kind":"markdown","computed":true},"status":{"nested_type":{"attributes":{"algorithm":{"type":"string","description_kind":"plain","computed":true},"fingerprint":{"type":"string","description_kind":"plain","computed":true},"key_size":{"type":"number","description_kind":"plain","computed":true},"state":{"type":"string","description":":\n\n   #### Supported values\n   \n   Possible values:\n   \n   - `STATE_UNSPECIFIED`\n   - `ACTIVE`\n   - `INACTIVE`\n   - `EXPIRED`\n   - `DELETING`\n   - `DELETED`\n   \n","description_kind":"markdown","computed":true}},"nesting_mode":"single"},"description_kind":"plain","computed":true},"updated_at":{"type":"string","description":":\n\n   Timestamp indicating when the resource was last updated.\n   \n   A string representing a timestamp in [ISO 8601](https://en.wikipedia.org/wiki/ISO_8601) format: `YYYY-MM-DDTHH:MM:SSZ` or `YYYY-MM-DDTHH:MM:SS.SSS±HH:MM`\n","description_kind":"markdown","computed":true}},"description":"#### Retrieving the Data Source\n\nThis data source can be retrieved by only ID.\n\n##### Retrieve by ID\n\nTo retrieve by ID, fill in only the `id` field:\n\n```hcl\ndata ... {\n    id = \"your-ID\"\n}\n```\n","description_kind":"markdown"}},"nebius_iam_v1_federated_credentials":{"version":0,"block":{"attributes":{"created_at":{"type":"string","description":":\n\n   Timestamp indicating when the resource was created.\n   \n   A string representing a timestamp in [ISO 8601](https://en.wikipedia.org/wiki/ISO_8601) format: `YYYY-MM-DDTHH:MM:SSZ` or `YYYY-MM-DDTHH:MM:SS.SSS±HH:MM`\n","description_kind":"markdown","computed":true},"federated_subject_id":{"type":"string","description":":\n\n   Federated subject ID. For oidc_provider, the subject is calculated from the\n   \"sub\" claim of the federated JWT token.\n","description_kind":"markdown","computed":true},"id":{"type":"string","description":"Identifier for the resource, unique for its resource type.","description_kind":"markdown","optional":true,"computed":true},"labels":{"type":["map","string"],"description":":\n\n   Labels associated with the resource.\n   \n","description_kind":"markdown","computed":true},"metadata":{"nested_type":{"nesting_mode":"single"},"description":":\n\n   Federated credentials resource metadata.\n   \n   #### Inner value description\n   \n   Common resource metadata.\n","description_kind":"markdown","computed":true},"name":{"type":"string","description":"Human readable name for the resource.","description_kind":"markdown","optional":true,"computed":true},"oidc_provider":{"nested_type":{"attributes":{"issuer_url":{"type":"string","description":"OIDC-compatible JWT issuer URL.","description_kind":"markdown","computed":true},"jwk_set_json":{"type":"string","description":":\n\n   JSON representation of a JSON Web Key Set (JWKS) with public keys used for\n   JWT signature verification.\n   If set, the token service uses this JWKS to verify token signatures.\n","description_kind":"markdown","computed":true}},"nesting_mode":"single"},"description":":\n\n   #### Inner value description\n   \n   The OIDC provider does not have to be a full OIDC provider, but it must expose\n   OIDC discovery metadata at the \"/.well-known/openid-configuration\" endpoint.\n   The discovery metadata must contain \"jwks_uri\", which points to the JSON Web\n   Key Set (JWKS). The JWKS contains public keys used to verify JSON\n   Web Tokens (JWTs) issued by the identity provider.\n","description_kind":"markdown","computed":true},"parent_id":{"type":"string","description":"Identifier of the parent resource to which the resource belongs.","description_kind":"markdown","optional":true,"computed":true},"resource_version":{"type":"number","description":":\n\n   Version of the resource for safe concurrent modifications and consistent reads.\n   Positive and monotonically increases on each resource spec change (but *not* on each change of the\n   resource's container(s) or status).\n   Service allows zero value or current.\n   \n","description_kind":"markdown","computed":true},"status":{"nested_type":{"nesting_mode":"single"},"description":"Federated credentials resource status.","description_kind":"markdown","computed":true},"subject_id":{"type":"string","description":"IAM subject (service account) that the federated subject impersonates.","description_kind":"markdown","computed":true},"updated_at":{"type":"string","description":":\n\n   Timestamp indicating when the resource was last updated.\n   \n   A string representing a timestamp in [ISO 8601](https://en.wikipedia.org/wiki/ISO_8601) format: `YYYY-MM-DDTHH:MM:SSZ` or `YYYY-MM-DDTHH:MM:SS.SSS±HH:MM`\n","description_kind":"markdown","computed":true}},"description":"#### Retrieving the Data Source\n\nThis data source can be retrieved by one of ID or name.\n\n##### Retrieve by ID\n\nTo retrieve by ID, fill in only the `id` field:\n\n```hcl\ndata ... {\n    id = \"your-ID\"\n}\n```\n\n##### Retrieve by Name\n\nTo retrieve by name, fill in only the `name` and `parent_id` fields:\n\n```hcl\ndata ... {\n    name      = \"your name\"\n    parent_id = \"data-source-parent-id\"\n}\n```\n","description_kind":"markdown"}},"nebius_iam_v1_federation":{"version":0,"block":{"attributes":{"active":{"type":"bool","description":"Specifies if the federation in active state","description_kind":"markdown","deprecated":true,"computed":true},"created_at":{"type":"string","description":":\n\n   Timestamp indicating when the resource was created.\n   \n   A string representing a timestamp in [ISO 8601](https://en.wikipedia.org/wiki/ISO_8601) format: `YYYY-MM-DDTHH:MM:SSZ` or `YYYY-MM-DDTHH:MM:SS.SSS±HH:MM`\n","description_kind":"markdown","computed":true},"id":{"type":"string","description":"Identifier for the resource, unique for its resource type.","description_kind":"markdown","optional":true,"computed":true},"labels":{"type":["map","string"],"description":":\n\n   Labels associated with the resource.\n   \n","description_kind":"markdown","computed":true},"metadata":{"nested_type":{"nesting_mode":"single"},"description":":\n\n   Federation resource metadata.\n   \n   #### Inner value description\n   \n   Common resource metadata.\n","description_kind":"markdown","computed":true},"name":{"type":"string","description":"Human readable name for the resource.","description_kind":"markdown","optional":true,"computed":true},"parent_id":{"type":"string","description":"Identifier of the parent resource to which the resource belongs.","description_kind":"markdown","optional":true,"computed":true},"resource_version":{"type":"number","description":":\n\n   Version of the resource for safe concurrent modifications and consistent reads.\n   Positive and monotonically increases on each resource spec change (but *not* on each change of the\n   resource's container(s) or status).\n   Service allows zero value or current.\n   \n","description_kind":"markdown","computed":true},"saml_settings":{"nested_type":{"attributes":{"force_authn":{"type":"bool","description":"if \"true\", the identity provider MUST authenticate the presenter directly rather than rely on a previous security context.","description_kind":"markdown","computed":true},"idp_issuer":{"type":"string","description":"The unique identifier of the SAML Identity Provider. It usually matches the entityID from the IdP metadata.","description_kind":"markdown","computed":true},"sso_url":{"type":"string","description":"Identity Provider’s Single Sign-On endpoint. This is the URL where the user is redirected to start SAML login.","description_kind":"markdown","computed":true}},"nesting_mode":"single"},"description":"SAML federation settings.","description_kind":"markdown","computed":true},"status":{"nested_type":{"attributes":{"certificates_count":{"type":"number","description":"Number of certificates attached to the SAML federation for verifying SAML responses.","description_kind":"markdown","computed":true},"state":{"type":"string","description":":\n\n   Federation state.\n   \n   #### Supported values\n   \n   Possible values:\n   \n   - `UNSPECIFIED`\n   - `ACTIVE`\n   - `INACTIVE`\n   \n","description_kind":"markdown","computed":true},"users_count":{"type":"number","description":"Number of users registered in the IAM federation. This value may differ from the number of users in the identity provider.","description_kind":"markdown","computed":true}},"nesting_mode":"single"},"description":"Federation resource status.","description_kind":"markdown","computed":true},"updated_at":{"type":"string","description":":\n\n   Timestamp indicating when the resource was last updated.\n   \n   A string representing a timestamp in [ISO 8601](https://en.wikipedia.org/wiki/ISO_8601) format: `YYYY-MM-DDTHH:MM:SSZ` or `YYYY-MM-DDTHH:MM:SS.SSS±HH:MM`\n","description_kind":"markdown","computed":true},"user_account_auto_creation":{"type":"bool","description":":\n\n   If false, users with access to the federation cannot sign in automatically\n   and user accounts for them must be pre-created by a federation administrator.\n","description_kind":"markdown","computed":true}},"description":"#### Retrieving the Data Source\n\nThis data source can be retrieved by one of ID or name.\n\n##### Retrieve by ID\n\nTo retrieve by ID, fill in only the `id` field:\n\n```hcl\ndata ... {\n    id = \"your-ID\"\n}\n```\n\n##### Retrieve by Name\n\nTo retrieve by name, fill in only the `name` and `parent_id` fields:\n\n```hcl\ndata ... {\n    name      = \"your name\"\n    parent_id = \"data-source-parent-id\"\n}\n```\n","description_kind":"markdown"}},"nebius_iam_v1_federation_certificate":{"version":0,"block":{"attributes":{"created_at":{"type":"string","description":":\n\n   Timestamp indicating when the resource was created.\n   \n   A string representing a timestamp in [ISO 8601](https://en.wikipedia.org/wiki/ISO_8601) format: `YYYY-MM-DDTHH:MM:SSZ` or `YYYY-MM-DDTHH:MM:SS.SSS±HH:MM`\n","description_kind":"markdown","computed":true},"data":{"type":"string","description_kind":"plain","computed":true},"description":{"type":"string","description_kind":"plain","computed":true},"id":{"type":"string","description":"Identifier for the resource, unique for its resource type.","description_kind":"markdown","required":true},"labels":{"type":["map","string"],"description":":\n\n   Labels associated with the resource.\n   \n","description_kind":"markdown","computed":true},"metadata":{"nested_type":{"nesting_mode":"single"},"description":":\n\n   #### Inner value description\n   \n   Common resource metadata.\n","description_kind":"markdown","computed":true},"name":{"type":"string","description":"Human readable name for the resource.","description_kind":"markdown","computed":true},"parent_id":{"type":"string","description":"Identifier of the parent resource to which the resource belongs.","description_kind":"markdown","computed":true},"resource_version":{"type":"number","description":":\n\n   Version of the resource for safe concurrent modifications and consistent reads.\n   Positive and monotonically increases on each resource spec change (but *not* on each change of the\n   resource's container(s) or status).\n   Service allows zero value or current.\n   \n","description_kind":"markdown","computed":true},"status":{"nested_type":{"attributes":{"algorithm":{"type":"string","description_kind":"plain","computed":true},"fingerprint":{"type":"string","description_kind":"plain","computed":true},"key_size":{"type":"number","description_kind":"plain","computed":true},"not_after":{"type":"string","description":"A string representing a timestamp in [ISO 8601](https://en.wikipedia.org/wiki/ISO_8601) format: `YYYY-MM-DDTHH:MM:SSZ` or `YYYY-MM-DDTHH:MM:SS.SSS±HH:MM`","description_kind":"markdown","computed":true},"not_before":{"type":"string","description":"A string representing a timestamp in [ISO 8601](https://en.wikipedia.org/wiki/ISO_8601) format: `YYYY-MM-DDTHH:MM:SSZ` or `YYYY-MM-DDTHH:MM:SS.SSS±HH:MM`","description_kind":"markdown","computed":true},"state":{"type":"string","description":":\n\n   #### Supported values\n   \n   Possible values:\n   \n   - `STATE_UNSPECIFIED`\n   - `ACTIVE`\n   - `EXPIRED`\n   \n","description_kind":"markdown","computed":true}},"nesting_mode":"single"},"description_kind":"plain","computed":true},"updated_at":{"type":"string","description":":\n\n   Timestamp indicating when the resource was last updated.\n   \n   A string representing a timestamp in [ISO 8601](https://en.wikipedia.org/wiki/ISO_8601) format: `YYYY-MM-DDTHH:MM:SSZ` or `YYYY-MM-DDTHH:MM:SS.SSS±HH:MM`\n","description_kind":"markdown","computed":true}},"description":"#### Retrieving the Data Source\n\nThis data source can be retrieved by only ID.\n\n##### Retrieve by ID\n\nTo retrieve by ID, fill in only the `id` field:\n\n```hcl\ndata ... {\n    id = \"your-ID\"\n}\n```\n","description_kind":"markdown"}},"nebius_iam_v1_group":{"version":0,"block":{"attributes":{"created_at":{"type":"string","description":":\n\n   Timestamp indicating when the resource was created.\n   \n   A string representing a timestamp in [ISO 8601](https://en.wikipedia.org/wiki/ISO_8601) format: `YYYY-MM-DDTHH:MM:SSZ` or `YYYY-MM-DDTHH:MM:SS.SSS±HH:MM`\n","description_kind":"markdown","computed":true},"id":{"type":"string","description":"Identifier for the resource, unique for its resource type.","description_kind":"markdown","optional":true,"computed":true},"labels":{"type":["map","string"],"description":":\n\n   Labels associated with the resource.\n   \n","description_kind":"markdown","computed":true},"metadata":{"nested_type":{"nesting_mode":"single"},"description":":\n\n   #### Inner value description\n   \n   Common resource metadata.\n","description_kind":"markdown","computed":true},"name":{"type":"string","description":"Human readable name for the resource.","description_kind":"markdown","optional":true,"computed":true},"parent_id":{"type":"string","description":"Identifier of the parent resource to which the resource belongs.","description_kind":"markdown","optional":true,"computed":true},"resource_version":{"type":"number","description":":\n\n   Version of the resource for safe concurrent modifications and consistent reads.\n   Positive and monotonically increases on each resource spec change (but *not* on each change of the\n   resource's container(s) or status).\n   Service allows zero value or current.\n   \n","description_kind":"markdown","computed":true},"status":{"nested_type":{"attributes":{"members_count":{"type":"number","description_kind":"plain","computed":true},"service_accounts_count":{"type":"number","description_kind":"plain","computed":true},"state":{"type":"string","description":":\n\n   #### Supported values\n   \n   Possible values:\n   \n   - `UNSPECIFIED`\n   - `ACTIVE`\n   \n","description_kind":"markdown","computed":true},"tenant_user_accounts_count":{"type":"number","description_kind":"plain","computed":true}},"nesting_mode":"single"},"description_kind":"plain","computed":true},"updated_at":{"type":"string","description":":\n\n   Timestamp indicating when the resource was last updated.\n   \n   A string representing a timestamp in [ISO 8601](https://en.wikipedia.org/wiki/ISO_8601) format: `YYYY-MM-DDTHH:MM:SSZ` or `YYYY-MM-DDTHH:MM:SS.SSS±HH:MM`\n","description_kind":"markdown","computed":true}},"description":"#### Retrieving the Data Source\n\nThis data source can be retrieved by one of ID or name.\n\n##### Retrieve by ID\n\nTo retrieve by ID, fill in only the `id` field:\n\n```hcl\ndata ... {\n    id = \"your-ID\"\n}\n```\n\n##### Retrieve by Name\n\nTo retrieve by name, fill in only the `name` and `parent_id` fields:\n\n```hcl\ndata ... {\n    name      = \"your name\"\n    parent_id = \"data-source-parent-id\"\n}\n```\n","description_kind":"markdown"}},"nebius_iam_v1_group_membership":{"version":0,"block":{"attributes":{"created_at":{"type":"string","description":":\n\n   Timestamp indicating when the resource was created.\n   \n   A string representing a timestamp in [ISO 8601](https://en.wikipedia.org/wiki/ISO_8601) format: `YYYY-MM-DDTHH:MM:SSZ` or `YYYY-MM-DDTHH:MM:SS.SSS±HH:MM`\n","description_kind":"markdown","computed":true},"id":{"type":"string","description":"Identifier for the resource, unique for its resource type.","description_kind":"markdown","required":true},"labels":{"type":["map","string"],"description":":\n\n   Labels associated with the resource.\n   \n","description_kind":"markdown","computed":true},"member_id":{"type":"string","description":"Member of the group. Can be tenant user account id or service account id.","description_kind":"markdown","computed":true},"metadata":{"nested_type":{"nesting_mode":"single"},"description":":\n\n   #### Inner value description\n   \n   Common resource metadata.\n","description_kind":"markdown","computed":true},"name":{"type":"string","description":"Human readable name for the resource.","description_kind":"markdown","computed":true},"parent_id":{"type":"string","description":"Identifier of the parent resource to which the resource belongs.","description_kind":"markdown","computed":true},"resource_version":{"type":"number","description":":\n\n   Version of the resource for safe concurrent modifications and consistent reads.\n   Positive and monotonically increases on each resource spec change (but *not* on each change of the\n   resource's container(s) or status).\n   Service allows zero value or current.\n   \n","description_kind":"markdown","computed":true},"status":{"nested_type":{"attributes":{"group_member_metadata":{"nested_type":{"attributes":{"created_at":{"type":"string","description":":\n\n   Timestamp indicating when the resource was created.\n   \n   A string representing a timestamp in [ISO 8601](https://en.wikipedia.org/wiki/ISO_8601) format: `YYYY-MM-DDTHH:MM:SSZ` or `YYYY-MM-DDTHH:MM:SS.SSS±HH:MM`\n","description_kind":"markdown","computed":true},"id":{"type":"string","description":"Identifier for the resource, unique for its resource type.","description_kind":"markdown","computed":true},"labels":{"type":["map","string"],"description":":\n\n   Labels associated with the resource.\n   \n","description_kind":"markdown","computed":true},"name":{"type":"string","description":"Human readable name for the resource.","description_kind":"markdown","computed":true},"parent_id":{"type":"string","description":"Identifier of the parent resource to which the resource belongs.","description_kind":"markdown","computed":true},"resource_version":{"type":"number","description":":\n\n   Version of the resource for safe concurrent modifications and consistent reads.\n   Positive and monotonically increases on each resource spec change (but *not* on each change of the\n   resource's container(s) or status).\n   Service allows zero value or current.\n   \n","description_kind":"markdown","computed":true},"updated_at":{"type":"string","description":":\n\n   Timestamp indicating when the resource was last updated.\n   \n   A string representing a timestamp in [ISO 8601](https://en.wikipedia.org/wiki/ISO_8601) format: `YYYY-MM-DDTHH:MM:SSZ` or `YYYY-MM-DDTHH:MM:SS.SSS±HH:MM`\n","description_kind":"markdown","computed":true}},"nesting_mode":"single"},"description":":\n\n   #### Inner value description\n   \n   Common resource metadata.\n","description_kind":"markdown","computed":true},"service_account_status":{"nested_type":{"attributes":{"active":{"type":"bool","description_kind":"plain","computed":true}},"nesting_mode":"single"},"description":"*Cannot be set alongside tenant_user_account_status.*","description_kind":"markdown","computed":true},"tenant_user_account_status":{"nested_type":{"attributes":{"federation_id":{"type":"string","description":":\n\n   the federation id of the linked user account. Could be empty in a case of a tenant user account belongs to an invitation which wasn't\n   accepted.\n","description_kind":"markdown","computed":true},"invitation_id":{"type":"string","description":":\n\n   if a tenant user account is created during invitation it gets a reference to the invitation resource\n   once invitation is accepted it looses this reference (and internally gets a reference to their global federated user account)\n","description_kind":"markdown","computed":true},"state":{"type":"string","description":":\n\n   #### Supported values\n   \n   Possible values:\n   \n   - `STATE_UNSPECIFIED`\n   - `ACTIVE`:\n      - in case of ordinary tenant user account a corresponding user can log into the system and use granted tenant resources\n      - in case of invited tenant user account once the invitation is accepted a corresponding user can start using granted resources\n        immediately\n   \n   - `INACTIVE` - unused\n   - `BLOCKED`:\n      - in case of ordinary tenant user account a corresponding user can log into the system but cannot be authorized to use tenant\n        resources\n      - in case of invited tenant user account once the invitation is accepted a corresponding user cannot start using granted resources\n        until is unblocked\n   \n   \n","description_kind":"markdown","computed":true},"user_account_state":{"type":"string","description":":\n\n   user account state can help distinguish case when account is blocked globally\n   \n   #### Supported values\n   \n   Possible values:\n   \n   - `STATE_UNSPECIFIED`\n   - `ACTIVE` - usual state when federated user can log into the system and view/manage granted resources in one or more tenants\n   - `INACTIVE` - federated user can be blocked (manually or by any specific automated process), in this state user cannot log into the system\n   - `DELETING`:\n      federated user can be deleted/forgot, in this state user cannot log into the system and various internal removal interactions are in\n      progress\n   \n   \n","description_kind":"markdown","computed":true}},"nesting_mode":"single"},"description":"*Cannot be set alongside service_account_status.*","description_kind":"markdown","computed":true}},"nesting_mode":"single"},"description_kind":"plain","computed":true},"updated_at":{"type":"string","description":":\n\n   Timestamp indicating when the resource was last updated.\n   \n   A string representing a timestamp in [ISO 8601](https://en.wikipedia.org/wiki/ISO_8601) format: `YYYY-MM-DDTHH:MM:SSZ` or `YYYY-MM-DDTHH:MM:SS.SSS±HH:MM`\n","description_kind":"markdown","computed":true}},"description":"#### Retrieving the Data Source\n\nThis data source can be retrieved by only ID.\n\n##### Retrieve by ID\n\nTo retrieve by ID, fill in only the `id` field:\n\n```hcl\ndata ... {\n    id = \"your-ID\"\n}\n```\n","description_kind":"markdown"}},"nebius_iam_v1_invitation":{"version":0,"block":{"attributes":{"created_at":{"type":"string","description":":\n\n   Timestamp indicating when the resource was created.\n   \n   A string representing a timestamp in [ISO 8601](https://en.wikipedia.org/wiki/ISO_8601) format: `YYYY-MM-DDTHH:MM:SSZ` or `YYYY-MM-DDTHH:MM:SS.SSS±HH:MM`\n","description_kind":"markdown","computed":true},"description":{"type":"string","description_kind":"plain","computed":true},"email":{"type":"string","description_kind":"plain","computed":true,"sensitive":true},"id":{"type":"string","description":"Identifier for the resource, unique for its resource type.","description_kind":"markdown","required":true},"labels":{"type":["map","string"],"description":":\n\n   Labels associated with the resource.\n   \n","description_kind":"markdown","computed":true},"metadata":{"nested_type":{"nesting_mode":"single"},"description":":\n\n   #### Inner value description\n   \n   Common resource metadata.\n","description_kind":"markdown","computed":true},"name":{"type":"string","description":"Human readable name for the resource.","description_kind":"markdown","computed":true},"parent_id":{"type":"string","description":"Identifier of the parent resource to which the resource belongs.","description_kind":"markdown","computed":true},"resource_version":{"type":"number","description":":\n\n   Version of the resource for safe concurrent modifications and consistent reads.\n   Positive and monotonically increases on each resource spec change (but *not* on each change of the\n   resource's container(s) or status).\n   Service allows zero value or current.\n   \n","description_kind":"markdown","computed":true},"status":{"nested_type":{"attributes":{"expires_at":{"type":"string","description":"A string representing a timestamp in [ISO 8601](https://en.wikipedia.org/wiki/ISO_8601) format: `YYYY-MM-DDTHH:MM:SSZ` or `YYYY-MM-DDTHH:MM:SS.SSS±HH:MM`","description_kind":"markdown","computed":true},"state":{"type":"string","description":":\n\n   #### Supported values\n   \n   Possible values:\n   \n   - `UNSPECIFIED`\n   - `CREATING` - contacts data is not stored in pds yet. probably will GC it later\n   - `CREATED` - notification is not sent yet\n   - `PENDING` - notification is sent, we are waiting for the user to approve the notification\n   - `EXPIRED` - notification is expired, accept is no longer possible\n   - `ACCEPTED` - notification is accepted\n   \n","description_kind":"markdown","computed":true},"tenant_user_account_id":{"type":"string","description_kind":"plain","computed":true}},"nesting_mode":"single"},"description_kind":"plain","computed":true},"updated_at":{"type":"string","description":":\n\n   Timestamp indicating when the resource was last updated.\n   \n   A string representing a timestamp in [ISO 8601](https://en.wikipedia.org/wiki/ISO_8601) format: `YYYY-MM-DDTHH:MM:SSZ` or `YYYY-MM-DDTHH:MM:SS.SSS±HH:MM`\n","description_kind":"markdown","computed":true}},"description":"#### Retrieving the Data Source\n\nThis data source can be retrieved by only ID.\n\n##### Retrieve by ID\n\nTo retrieve by ID, fill in only the `id` field:\n\n```hcl\ndata ... {\n    id = \"your-ID\"\n}\n```\n","description_kind":"markdown"}},"nebius_iam_v1_project":{"version":0,"block":{"attributes":{"created_at":{"type":"string","description":":\n\n   Timestamp indicating when the resource was created.\n   \n   A string representing a timestamp in [ISO 8601](https://en.wikipedia.org/wiki/ISO_8601) format: `YYYY-MM-DDTHH:MM:SSZ` or `YYYY-MM-DDTHH:MM:SS.SSS±HH:MM`\n","description_kind":"markdown","computed":true},"id":{"type":"string","description":"Identifier for the resource, unique for its resource type.","description_kind":"markdown","optional":true,"computed":true},"labels":{"type":["map","string"],"description":":\n\n   Labels associated with the resource.\n   \n","description_kind":"markdown","computed":true},"metadata":{"nested_type":{"nesting_mode":"single"},"description":":\n\n   #### Inner value description\n   \n   Common resource metadata.\n","description_kind":"markdown","computed":true},"name":{"type":"string","description":"Human readable name for the resource.","description_kind":"markdown","optional":true,"computed":true},"parent_id":{"type":"string","description":"Identifier of the parent resource to which the resource belongs.","description_kind":"markdown","optional":true,"computed":true},"region":{"type":"string","description_kind":"plain","computed":true},"resource_version":{"type":"number","description":":\n\n   Version of the resource for safe concurrent modifications and consistent reads.\n   Positive and monotonically increases on each resource spec change (but *not* on each change of the\n   resource's container(s) or status).\n   Service allows zero value or current.\n   \n","description_kind":"markdown","computed":true},"status":{"nested_type":{"attributes":{"container_state":{"type":"string","description":":\n\n   #### Supported values\n   \n   Possible values:\n   \n   - `STATE_UNSPECIFIED`\n   - `ACTIVE`\n   - `SCHEDULING_FOR_DELETION`\n   - `SCHEDULED_FOR_DELETION`\n   - `SCHEDULING_FOR_DELETION_BY_PARENT`\n   - `SCHEDULED_FOR_DELETION_BY_PARENT`\n   - `UNDELETING`\n   - `PURGING`\n   - `PURGED`\n   - `CREATED`\n   - `ACTIVATING`\n   - `PARKING`\n   - `PARKED`\n   - `CREATING` - DRAFT = 1000;\n   \n","description_kind":"markdown","computed":true},"region":{"type":"string","description_kind":"plain","computed":true},"suspension_state":{"type":"string","description":":\n\n   #### Supported values\n   \n   Possible values:\n   \n   - `SUSPENSION_STATE_UNSPECIFIED`\n   - `NONE`\n   - `SUSPENDING`\n   - `SUSPENDED`\n   - `RESUMING`\n   \n","description_kind":"markdown","computed":true}},"nesting_mode":"single"},"description_kind":"plain","computed":true},"updated_at":{"type":"string","description":":\n\n   Timestamp indicating when the resource was last updated.\n   \n   A string representing a timestamp in [ISO 8601](https://en.wikipedia.org/wiki/ISO_8601) format: `YYYY-MM-DDTHH:MM:SSZ` or `YYYY-MM-DDTHH:MM:SS.SSS±HH:MM`\n","description_kind":"markdown","computed":true}},"description":"#### Retrieving the Data Source\n\nThis data source can be retrieved by one of ID or name.\n\n##### Retrieve by ID\n\nTo retrieve by ID, fill in only the `id` field:\n\n```hcl\ndata ... {\n    id = \"your-ID\"\n}\n```\n\n##### Retrieve by Name\n\nTo retrieve by name, fill in only the `name` and `parent_id` fields:\n\n```hcl\ndata ... {\n    name      = \"your name\"\n    parent_id = \"data-source-parent-id\"\n}\n```\n","description_kind":"markdown"}},"nebius_iam_v1_service_account":{"version":0,"block":{"attributes":{"created_at":{"type":"string","description":":\n\n   Timestamp indicating when the resource was created.\n   \n   A string representing a timestamp in [ISO 8601](https://en.wikipedia.org/wiki/ISO_8601) format: `YYYY-MM-DDTHH:MM:SSZ` or `YYYY-MM-DDTHH:MM:SS.SSS±HH:MM`\n","description_kind":"markdown","computed":true},"description":{"type":"string","description_kind":"plain","computed":true},"id":{"type":"string","description":"Identifier for the resource, unique for its resource type.","description_kind":"markdown","optional":true,"computed":true},"labels":{"type":["map","string"],"description":":\n\n   Labels associated with the resource.\n   \n","description_kind":"markdown","computed":true},"metadata":{"nested_type":{"nesting_mode":"single"},"description":":\n\n   #### Inner value description\n   \n   Common resource metadata.\n","description_kind":"markdown","computed":true},"name":{"type":"string","description":"Human readable name for the resource.","description_kind":"markdown","optional":true,"computed":true},"parent_id":{"type":"string","description":"Identifier of the parent resource to which the resource belongs.","description_kind":"markdown","optional":true,"computed":true},"resource_version":{"type":"number","description":":\n\n   Version of the resource for safe concurrent modifications and consistent reads.\n   Positive and monotonically increases on each resource spec change (but *not* on each change of the\n   resource's container(s) or status).\n   Service allows zero value or current.\n   \n","description_kind":"markdown","computed":true},"status":{"nested_type":{"attributes":{"active":{"type":"bool","description_kind":"plain","computed":true}},"nesting_mode":"single"},"description_kind":"plain","computed":true},"updated_at":{"type":"string","description":":\n\n   Timestamp indicating when the resource was last updated.\n   \n   A string representing a timestamp in [ISO 8601](https://en.wikipedia.org/wiki/ISO_8601) format: `YYYY-MM-DDTHH:MM:SSZ` or `YYYY-MM-DDTHH:MM:SS.SSS±HH:MM`\n","description_kind":"markdown","computed":true}},"description":"#### Retrieving the Data Source\n\nThis data source can be retrieved by one of ID or name.\n\n##### Retrieve by ID\n\nTo retrieve by ID, fill in only the `id` field:\n\n```hcl\ndata ... {\n    id = \"your-ID\"\n}\n```\n\n##### Retrieve by Name\n\nTo retrieve by name, fill in only the `name` and `parent_id` fields:\n\n```hcl\ndata ... {\n    name      = \"your name\"\n    parent_id = \"data-source-parent-id\"\n}\n```\n","description_kind":"markdown"}},"nebius_iam_v1_tenant":{"version":0,"block":{"attributes":{"created_at":{"type":"string","description":":\n\n   Timestamp indicating when the resource was created.\n   \n   A string representing a timestamp in [ISO 8601](https://en.wikipedia.org/wiki/ISO_8601) format: `YYYY-MM-DDTHH:MM:SSZ` or `YYYY-MM-DDTHH:MM:SS.SSS±HH:MM`\n","description_kind":"markdown","computed":true},"id":{"type":"string","description":"Identifier for the resource, unique for its resource type.","description_kind":"markdown","required":true},"labels":{"type":["map","string"],"description":":\n\n   Labels associated with the resource.\n   \n","description_kind":"markdown","computed":true},"metadata":{"nested_type":{"nesting_mode":"single"},"description":":\n\n   #### Inner value description\n   \n   Common resource metadata.\n","description_kind":"markdown","computed":true},"name":{"type":"string","description":"Human readable name for the resource.","description_kind":"markdown","computed":true},"parent_id":{"type":"string","description":"Identifier of the parent resource to which the resource belongs.","description_kind":"markdown","computed":true},"region":{"type":"string","description_kind":"plain","computed":true},"resource_version":{"type":"number","description":":\n\n   Version of the resource for safe concurrent modifications and consistent reads.\n   Positive and monotonically increases on each resource spec change (but *not* on each change of the\n   resource's container(s) or status).\n   Service allows zero value or current.\n   \n","description_kind":"markdown","computed":true},"status":{"nested_type":{"attributes":{"container_state":{"type":"string","description":":\n\n   #### Supported values\n   \n   Possible values:\n   \n   - `STATE_UNSPECIFIED`\n   - `ACTIVE`\n   - `SCHEDULING_FOR_DELETION`\n   - `SCHEDULED_FOR_DELETION`\n   - `SCHEDULING_FOR_DELETION_BY_PARENT`\n   - `SCHEDULED_FOR_DELETION_BY_PARENT`\n   - `UNDELETING`\n   - `PURGING`\n   - `PURGED`\n   - `CREATED`\n   - `ACTIVATING`\n   - `PARKING`\n   - `PARKED`\n   - `CREATING` - DRAFT = 1000;\n   \n","description_kind":"markdown","computed":true},"region":{"type":"string","description_kind":"plain","computed":true},"suspension_state":{"type":"string","description":":\n\n   #### Supported values\n   \n   Possible values:\n   \n   - `SUSPENSION_STATE_UNSPECIFIED`\n   - `NONE`\n   - `SUSPENDING`\n   - `SUSPENDED`\n   - `RESUMING`\n   \n","description_kind":"markdown","computed":true}},"nesting_mode":"single"},"description_kind":"plain","computed":true},"updated_at":{"type":"string","description":":\n\n   Timestamp indicating when the resource was last updated.\n   \n   A string representing a timestamp in [ISO 8601](https://en.wikipedia.org/wiki/ISO_8601) format: `YYYY-MM-DDTHH:MM:SSZ` or `YYYY-MM-DDTHH:MM:SS.SSS±HH:MM`\n","description_kind":"markdown","computed":true}},"description":"#### Retrieving the Data Source\n\nThis data source can be retrieved by only ID.\n\n##### Retrieve by ID\n\nTo retrieve by ID, fill in only the `id` field:\n\n```hcl\ndata ... {\n    id = \"your-ID\"\n}\n```\n","description_kind":"markdown"}},"nebius_iam_v1_tenant_user_account":{"version":0,"block":{"attributes":{"created_at":{"type":"string","description":":\n\n   Timestamp indicating when the resource was created.\n   \n   A string representing a timestamp in [ISO 8601](https://en.wikipedia.org/wiki/ISO_8601) format: `YYYY-MM-DDTHH:MM:SSZ` or `YYYY-MM-DDTHH:MM:SS.SSS±HH:MM`\n","description_kind":"markdown","computed":true},"id":{"type":"string","description":"Identifier for the resource, unique for its resource type.","description_kind":"markdown","required":true},"labels":{"type":["map","string"],"description":":\n\n   Labels associated with the resource.\n   \n","description_kind":"markdown","computed":true},"metadata":{"nested_type":{"nesting_mode":"single"},"description":":\n\n   #### Inner value description\n   \n   Common resource metadata.\n","description_kind":"markdown","computed":true},"name":{"type":"string","description":"Human readable name for the resource.","description_kind":"markdown","computed":true},"parent_id":{"type":"string","description":"Identifier of the parent resource to which the resource belongs.","description_kind":"markdown","computed":true},"resource_version":{"type":"number","description":":\n\n   Version of the resource for safe concurrent modifications and consistent reads.\n   Positive and monotonically increases on each resource spec change (but *not* on each change of the\n   resource's container(s) or status).\n   Service allows zero value or current.\n   \n","description_kind":"markdown","computed":true},"status":{"nested_type":{"attributes":{"federation_id":{"type":"string","description":":\n\n   the federation id of the linked user account. Could be empty in a case of a tenant user account belongs to an invitation which wasn't\n   accepted.\n","description_kind":"markdown","computed":true},"invitation_id":{"type":"string","description":":\n\n   if a tenant user account is created during invitation it gets a reference to the invitation resource\n   once invitation is accepted it looses this reference (and internally gets a reference to their global federated user account)\n","description_kind":"markdown","computed":true},"state":{"type":"string","description":":\n\n   #### Supported values\n   \n   Possible values:\n   \n   - `STATE_UNSPECIFIED`\n   - `ACTIVE`:\n      - in case of ordinary tenant user account a corresponding user can log into the system and use granted tenant resources\n      - in case of invited tenant user account once the invitation is accepted a corresponding user can start using granted resources\n        immediately\n   \n   - `INACTIVE` - unused\n   - `BLOCKED`:\n      - in case of ordinary tenant user account a corresponding user can log into the system but cannot be authorized to use tenant\n        resources\n      - in case of invited tenant user account once the invitation is accepted a corresponding user cannot start using granted resources\n        until is unblocked\n   \n   \n","description_kind":"markdown","computed":true},"user_account_state":{"type":"string","description":":\n\n   user account state can help distinguish case when account is blocked globally\n   \n   #### Supported values\n   \n   Possible values:\n   \n   - `STATE_UNSPECIFIED`\n   - `ACTIVE` - usual state when federated user can log into the system and view/manage granted resources in one or more tenants\n   - `INACTIVE` - federated user can be blocked (manually or by any specific automated process), in this state user cannot log into the system\n   - `DELETING`:\n      federated user can be deleted/forgot, in this state user cannot log into the system and various internal removal interactions are in\n      progress\n   \n   \n","description_kind":"markdown","computed":true}},"nesting_mode":"single"},"description_kind":"plain","computed":true},"updated_at":{"type":"string","description":":\n\n   Timestamp indicating when the resource was last updated.\n   \n   A string representing a timestamp in [ISO 8601](https://en.wikipedia.org/wiki/ISO_8601) format: `YYYY-MM-DDTHH:MM:SSZ` or `YYYY-MM-DDTHH:MM:SS.SSS±HH:MM`\n","description_kind":"markdown","computed":true},"visible_attributes":{"nested_type":{"attributes":{"attribute":{"type":["list","string"],"description_kind":"plain","computed":true,"sensitive":true}},"nesting_mode":"single"},"description":":\n\n   #### Inner value description\n   \n   when a global user account is projected to a specific tenant\n   they can give consent for that tenant's owner to view specific personal data\n   by listing explicitly visible PDS attributes\n   complete list of PDS attributes is described in ../../pds/inner/v1alpha1/iam_identifier.proto\n","description_kind":"markdown","computed":true}},"description":"#### Retrieving the Data Source\n\nThis data source can be retrieved by only ID.\n\n##### Retrieve by ID\n\nTo retrieve by ID, fill in only the `id` field:\n\n```hcl\ndata ... {\n    id = \"your-ID\"\n}\n```\n","description_kind":"markdown"}},"nebius_iam_v2_access_key":{"version":0,"block":{"attributes":{"account":{"nested_type":{"attributes":{"anonymous_account":{"nested_type":{"nesting_mode":"single"},"description":"*Cannot be set alongside user_account or service_account.*","description_kind":"markdown","computed":true},"service_account":{"nested_type":{"attributes":{"id":{"type":"string","description_kind":"plain","computed":true}},"nesting_mode":"single"},"description":"*Cannot be set alongside user_account or anonymous_account.*","description_kind":"markdown","computed":true},"user_account":{"nested_type":{"attributes":{"id":{"type":"string","description_kind":"plain","computed":true}},"nesting_mode":"single"},"description":"*Cannot be set alongside service_account or anonymous_account.*","description_kind":"markdown","computed":true}},"nesting_mode":"single"},"description_kind":"plain","computed":true},"created_at":{"type":"string","description":":\n\n   Timestamp indicating when the resource was created.\n   \n   A string representing a timestamp in [ISO 8601](https://en.wikipedia.org/wiki/ISO_8601) format: `YYYY-MM-DDTHH:MM:SSZ` or `YYYY-MM-DDTHH:MM:SS.SSS±HH:MM`\n","description_kind":"markdown","computed":true},"description":{"type":"string","description_kind":"plain","computed":true},"expires_at":{"type":"string","description":"A string representing a timestamp in [ISO 8601](https://en.wikipedia.org/wiki/ISO_8601) format: `YYYY-MM-DDTHH:MM:SSZ` or `YYYY-MM-DDTHH:MM:SS.SSS±HH:MM`","description_kind":"markdown","computed":true},"id":{"type":"string","description":"Identifier for the resource, unique for its resource type.","description_kind":"markdown","required":true},"labels":{"type":["map","string"],"description":":\n\n   Labels associated with the resource.\n   \n","description_kind":"markdown","computed":true},"metadata":{"nested_type":{"nesting_mode":"single"},"description":":\n\n   #### Inner value description\n   \n   Common resource metadata.\n","description_kind":"markdown","computed":true},"name":{"type":"string","description":"Human readable name for the resource.","description_kind":"markdown","computed":true},"parent_id":{"type":"string","description":"Identifier of the parent resource to which the resource belongs.","description_kind":"markdown","computed":true},"resource_version":{"type":"number","description":":\n\n   Version of the resource for safe concurrent modifications and consistent reads.\n   Positive and monotonically increases on each resource spec change (but *not* on each change of the\n   resource's container(s) or status).\n   Service allows zero value or current.\n   \n","description_kind":"markdown","computed":true},"secret_delivery_mode":{"type":"string","description":":\n\n   Specifies how the secret will be delivered upon creation. This field is immutable — it cannot be changed after the resource is\n   created.\n   \n   #### Supported values\n   \n   Possible values:\n   \n   - `UNSPECIFIED` - If not specified, the default behaviour will be applied. Currently it's INLINE, later will be EXPLICIT.\n   - `INLINE` - The secret value will be returned directly in the API response\n   - `MYSTERY_BOX` - The secret will be delivered via a MysteryBox secret, in case of terraform it is recommended to use that enum\n   - `EXPLICIT` - The secret value will be accessible via a separate method GetSecret\n   \n","description_kind":"markdown","computed":true},"status":{"nested_type":{"attributes":{"algorithm":{"type":"string","description_kind":"plain","computed":true},"aws_access_key_id":{"type":"string","description_kind":"plain","computed":true},"fingerprint":{"type":"string","description_kind":"plain","computed":true},"key_size":{"type":"number","description_kind":"plain","computed":true},"secret":{"type":"string","description_kind":"plain","computed":true,"sensitive":true},"secret_reference_id":{"type":"string","description_kind":"plain","computed":true},"state":{"type":"string","description":":\n\n   #### Supported values\n   \n   Possible values:\n   \n   - `STATE_UNSPECIFIED`\n   - `ACTIVE`\n   - `INACTIVE`\n   - `EXPIRED`\n   - `DELETING`\n   - `DELETED`\n   \n","description_kind":"markdown","computed":true}},"nesting_mode":"single"},"description_kind":"plain","computed":true},"updated_at":{"type":"string","description":":\n\n   Timestamp indicating when the resource was last updated.\n   \n   A string representing a timestamp in [ISO 8601](https://en.wikipedia.org/wiki/ISO_8601) format: `YYYY-MM-DDTHH:MM:SSZ` or `YYYY-MM-DDTHH:MM:SS.SSS±HH:MM`\n","description_kind":"markdown","computed":true}},"description":"#### Retrieving the Data Source\n\nThis data source can be retrieved by only ID.\n\n##### Retrieve by ID\n\nTo retrieve by ID, fill in only the `id` field:\n\n```hcl\ndata ... {\n    id = \"your-ID\"\n}\n```\n","description_kind":"markdown"}},"nebius_iam_v2_project":{"version":0,"block":{"attributes":{"created_at":{"type":"string","description":":\n\n   Timestamp indicating when the resource was created.\n   \n   A string representing a timestamp in [ISO 8601](https://en.wikipedia.org/wiki/ISO_8601) format: `YYYY-MM-DDTHH:MM:SSZ` or `YYYY-MM-DDTHH:MM:SS.SSS±HH:MM`\n","description_kind":"markdown","computed":true},"id":{"type":"string","description":"Identifier for the resource, unique for its resource type.","description_kind":"markdown","optional":true,"computed":true},"labels":{"type":["map","string"],"description":":\n\n   Labels associated with the resource.\n   \n","description_kind":"markdown","computed":true},"metadata":{"nested_type":{"nesting_mode":"single"},"description":":\n\n   #### Inner value description\n   \n   Common resource metadata.\n","description_kind":"markdown","computed":true},"name":{"type":"string","description":"Human readable name for the resource.","description_kind":"markdown","optional":true,"computed":true},"parent_id":{"type":"string","description":"Identifier of the parent resource to which the resource belongs.","description_kind":"markdown","optional":true,"computed":true},"region":{"type":"string","description":":\n\n   Name of the region where project resources will be created.\n   Example: \"eu-north1\".\n","description_kind":"markdown","computed":true},"resource_version":{"type":"number","description":":\n\n   Version of the resource for safe concurrent modifications and consistent reads.\n   Positive and monotonically increases on each resource spec change (but *not* on each change of the\n   resource's container(s) or status).\n   Service allows zero value or current.\n   \n","description_kind":"markdown","computed":true},"status":{"nested_type":{"attributes":{"project_state":{"type":"string","description":":\n\n   Current state of the project.\n   \n   #### Supported values\n   \n   Possible values:\n   \n   - `STATE_UNSPECIFIED`\n   - `CREATING`\n   - `ACTIVE`\n   - `PURGING`\n   - `CREATED`\n   - `ACTIVATING`\n   - `PARKING`\n   - `PARKED`\n   \n","description_kind":"markdown","computed":true}},"nesting_mode":"single"},"description_kind":"plain","computed":true},"updated_at":{"type":"string","description":":\n\n   Timestamp indicating when the resource was last updated.\n   \n   A string representing a timestamp in [ISO 8601](https://en.wikipedia.org/wiki/ISO_8601) format: `YYYY-MM-DDTHH:MM:SSZ` or `YYYY-MM-DDTHH:MM:SS.SSS±HH:MM`\n","description_kind":"markdown","computed":true}},"description":"#### Retrieving the Data Source\n\nThis data source can be retrieved by one of ID or name.\n\n##### Retrieve by ID\n\nTo retrieve by ID, fill in only the `id` field:\n\n```hcl\ndata ... {\n    id = \"your-ID\"\n}\n```\n\n##### Retrieve by Name\n\nTo retrieve by name, fill in only the `name` and `parent_id` fields:\n\n```hcl\ndata ... {\n    name      = \"your name\"\n    parent_id = \"data-source-parent-id\"\n}\n```\n","description_kind":"markdown"}},"nebius_iam_v2_tenant":{"version":0,"block":{"attributes":{"created_at":{"type":"string","description":":\n\n   Timestamp indicating when the resource was created.\n   \n   A string representing a timestamp in [ISO 8601](https://en.wikipedia.org/wiki/ISO_8601) format: `YYYY-MM-DDTHH:MM:SSZ` or `YYYY-MM-DDTHH:MM:SS.SSS±HH:MM`\n","description_kind":"markdown","computed":true},"id":{"type":"string","description":"Identifier for the resource, unique for its resource type.","description_kind":"markdown","optional":true,"computed":true},"labels":{"type":["map","string"],"description":":\n\n   Labels associated with the resource.\n   \n","description_kind":"markdown","computed":true},"metadata":{"nested_type":{"nesting_mode":"single"},"description":":\n\n   #### Inner value description\n   \n   Common resource metadata.\n","description_kind":"markdown","computed":true},"name":{"type":"string","description":"Human readable name for the resource.","description_kind":"markdown","optional":true,"computed":true},"parent_id":{"type":"string","description":"Identifier of the parent resource to which the resource belongs.","description_kind":"markdown","optional":true,"computed":true},"resource_version":{"type":"number","description":":\n\n   Version of the resource for safe concurrent modifications and consistent reads.\n   Positive and monotonically increases on each resource spec change (but *not* on each change of the\n   resource's container(s) or status).\n   Service allows zero value or current.\n   \n","description_kind":"markdown","computed":true},"status":{"nested_type":{"attributes":{"tenant_state":{"type":"string","description":":\n\n   #### Supported values\n   \n   Possible values:\n   \n   - `STATE_UNSPECIFIED`\n   - `CREATING`\n   - `ACTIVE`\n   - `CREATED`\n   - `ACTIVATING`\n   - `PARKING`\n   - `PARKED`\n   \n","description_kind":"markdown","computed":true}},"nesting_mode":"single"},"description_kind":"plain","computed":true},"updated_at":{"type":"string","description":":\n\n   Timestamp indicating when the resource was last updated.\n   \n   A string representing a timestamp in [ISO 8601](https://en.wikipedia.org/wiki/ISO_8601) format: `YYYY-MM-DDTHH:MM:SSZ` or `YYYY-MM-DDTHH:MM:SS.SSS±HH:MM`\n","description_kind":"markdown","computed":true}},"description":"#### Retrieving the Data Source\n\nThis data source can be retrieved by one of ID or name.\n\n##### Retrieve by ID\n\nTo retrieve by ID, fill in only the `id` field:\n\n```hcl\ndata ... {\n    id = \"your-ID\"\n}\n```\n\n##### Retrieve by Name\n\nTo retrieve by name, fill in only the `name` and `parent_id` fields:\n\n```hcl\ndata ... {\n    name      = \"your name\"\n    parent_id = \"data-source-parent-id\"\n}\n```\n","description_kind":"markdown"}},"nebius_mk8s_v1_cluster":{"version":0,"block":{"attributes":{"control_plane":{"nested_type":{"attributes":{"audit_logs":{"nested_type":{"nesting_mode":"single"},"description":":\n\n   Specify configuration of the pushing k8s audit logs into service logs and show it in the UI.\n   By default cluster will be created without it.\n","description_kind":"markdown","computed":true},"endpoints":{"nested_type":{"attributes":{"public_endpoint":{"nested_type":{"nesting_mode":"single"},"description":"Public endpoint specification. When set, a public endpoint is created.","description_kind":"markdown","computed":true}},"nesting_mode":"single"},"description":"Specification of endpoints of cluster control plane.","description_kind":"markdown","computed":true},"etcd_cluster_size":{"type":"number","description":":\n\n   Number of instances in etcd cluster.\n   3 by default.\n   Control plane with `etcd_cluster_size: 3` called \"Highly Available\" (\"HA\"), because it's Kubernetes API\n   will be available despite a failure of one control plane instance.\n","description_kind":"markdown","computed":true},"karpenter":{"nested_type":{"nesting_mode":"single"},"description":":\n\n   Enables installation of the Karpenter inside a cluster.\n   Karpenter will be installed as a helm chart inside cluster\n   so it requires creation of at least one CPU public node group.\n   \n   Please note that there is no feature parity between Karpenter node pools and\n   public node groups.\n   By default cluster will be created without it.\n","description_kind":"markdown","computed":true},"subnet_id":{"type":"string","description":":\n\n   Nebius VPC Subnet ID where control plane instances will be located.\n   Also will be default NodeGroup subnet.\n","description_kind":"markdown","computed":true},"version":{"type":"string","description":":\n\n   Desired Kubernetes version of the cluster. For now only acceptable format is\n   `\u003cmajor\u003e.\u003cminor\u003e` like \"1.31\". Option for patch version update will be added later.\n","description_kind":"markdown","computed":true}},"nesting_mode":"single"},"description_kind":"plain","computed":true},"created_at":{"type":"string","description":":\n\n   Timestamp indicating when the resource was created.\n   \n   A string representing a timestamp in [ISO 8601](https://en.wikipedia.org/wiki/ISO_8601) format: `YYYY-MM-DDTHH:MM:SSZ` or `YYYY-MM-DDTHH:MM:SS.SSS±HH:MM`\n","description_kind":"markdown","computed":true},"id":{"type":"string","description":"Identifier for the resource, unique for its resource type.","description_kind":"markdown","optional":true,"computed":true},"kube_network":{"nested_type":{"attributes":{"service_cidrs":{"type":["list","string"],"description":":\n\n   CIDR blocks for Service ClusterIP allocation.\n   For now, only one value is supported.\n   Must be a valid CIDR block or prefix length.\n   In case of prefix length, certain CIDR is auto allocated.\n   Specified CIDR blocks will be reserved in Cluster.spec.control_plane.subnet_id to prevent address duplication.\n   Allowed prefix length is from \"/12\" to \"/28\".\n   Empty value treated as [\"/16\"].\n","description_kind":"markdown","computed":true}},"nesting_mode":"single"},"description":"Defines kubernetes network configuration, like IP allocation.","description_kind":"markdown","computed":true},"labels":{"type":["map","string"],"description":":\n\n   Labels associated with the resource.\n   \n","description_kind":"markdown","computed":true},"metadata":{"nested_type":{"nesting_mode":"single"},"description":":\n\n   #### Inner value description\n   \n   Common resource metadata.\n","description_kind":"markdown","computed":true},"name":{"type":"string","description":"Human readable name for the resource.","description_kind":"markdown","optional":true,"computed":true},"parent_id":{"type":"string","description":"Identifier of the parent resource to which the resource belongs.","description_kind":"markdown","optional":true,"computed":true},"resource_version":{"type":"number","description":":\n\n   Version of the resource for safe concurrent modifications and consistent reads.\n   Positive and monotonically increases on each resource spec change (but *not* on each change of the\n   resource's container(s) or status).\n   Service allows zero value or current.\n   \n","description_kind":"markdown","computed":true},"status":{"nested_type":{"attributes":{"control_plane":{"nested_type":{"attributes":{"auth":{"nested_type":{"attributes":{"cluster_ca_certificate":{"type":"string","description":"PEM with the Cluster Certificate Authority, that must be used for TLS connection to Kubernetes API.","description_kind":"markdown","computed":true}},"nesting_mode":"single"},"description_kind":"plain","computed":true},"endpoints":{"nested_type":{"attributes":{"private_endpoint":{"type":"string","description":"DNS name or IP address accessible from the user VPC.","description_kind":"markdown","computed":true},"public_endpoint":{"type":"string","description":"DNS name or IP address accessible from the Internet.","description_kind":"markdown","computed":true}},"nesting_mode":"single"},"description":":\n\n   #### Inner value description\n   \n   Endpoints of Kubernetes control plane. Kubernetes API can be accessed at `https://endpoint/`.\n","description_kind":"markdown","computed":true},"etcd_cluster_size":{"type":"number","description":"Number of instances in etcd cluster.","description_kind":"markdown","computed":true},"version":{"type":"string","description":":\n\n   Actual Kubernetes and configuration version.\n   Version has format `\u003cmajor\u003e.\u003cminor\u003e.\u003cpatch\u003e-nebius-cp.\u003cinfra_version\u003e` like\n   \"1.30.0-nebius-cp.3\", where `\u003cmajor\u003e.\u003cminor\u003e.\u003cpatch\u003e` is Kubernetes version and `\u003cinfra_version\u003e` is version of control plane\n   infrastructure and configuration, updating of which may include bug fixes, security updates and new features of components running on\n   control plane, like CCM or Cluster Autoscaler.\n","description_kind":"markdown","computed":true}},"nesting_mode":"single"},"description_kind":"plain","computed":true},"events":{"nested_type":{"attributes":{"first_occurred_at":{"type":"string","description":":\n\n   Time of the first occurrence of a recurrent event\n   \n   A string representing a timestamp in [ISO 8601](https://en.wikipedia.org/wiki/ISO_8601) format: `YYYY-MM-DDTHH:MM:SSZ` or `YYYY-MM-DDTHH:MM:SS.SSS±HH:MM`\n","description_kind":"markdown","computed":true},"last_occurrence":{"nested_type":{"attributes":{"code":{"type":"string","description":"Event code (unique within the API service), in UpperCamelCase, e.g. `\"DiskAttached\"`","description_kind":"markdown","computed":true},"level":{"type":"string","description":":\n\n   Severity level for the event\n   \n   #### Supported values\n   \n   Possible values:\n   \n   - `UNSPECIFIED` - Unspecified event severity level\n   - `DEBUG` - A debug event providing detailed insight. Such events are used to debug problems with specific resource(s) and process(es)\n   - `INFO` - A normal event or state change. Informs what is happening with the API resource. Does not require user attention or interaction\n   - `WARN`:\n      Warning event. Indicates a potential or minor problem with the API resource and/or the corresponding processes. Needs user attention,\n      but requires no immediate action (yet)\n   \n   - `ERROR` - Error event. Indicates a serious problem with the API resource and/or the corresponding processes. Requires immediate user action\n   \n","description_kind":"markdown","computed":true},"message":{"type":"string","description":":\n\n   A human-readable message describing what has happened\n   (and suggested actions for the user, if this is a `WARN` or `ERROR` level event)\n","description_kind":"markdown","computed":true},"occurred_at":{"type":"string","description":":\n\n   Time at which the event has occurred\n   \n   A string representing a timestamp in [ISO 8601](https://en.wikipedia.org/wiki/ISO_8601) format: `YYYY-MM-DDTHH:MM:SSZ` or `YYYY-MM-DDTHH:MM:SS.SSS±HH:MM`\n","description_kind":"markdown","computed":true}},"nesting_mode":"single"},"description":":\n\n   Last occurrence of a recurrent event\n   \n   #### Inner value description\n   \n   Represents an API Resource-related event which is potentially important to the end-user. What exactly constitutes an *event* to be\n   reported is service-dependent\n","description_kind":"markdown","computed":true},"occurrence_count":{"type":"number","description":"The number of times this event has occurred between `first_occurred_at` and `last_occurrence.occurred_at`. Must be \u003e 0","description_kind":"markdown","computed":true}},"nesting_mode":"list"},"description":":\n\n   #### Inner value description\n   \n   A resource event that has occurred (more or less in the same way) multiple times across a service-defined aggregation interval\n","description_kind":"markdown","computed":true},"reconciling":{"type":"bool","description":"Show that changes are in flight","description_kind":"markdown","computed":true},"state":{"type":"string","description":":\n\n   #### Supported values\n   \n   Possible values:\n   \n   - `STATE_UNSPECIFIED`\n   - `PROVISIONING`\n   - `RUNNING`\n   - `DELETING`\n   \n","description_kind":"markdown","computed":true}},"nesting_mode":"single"},"description_kind":"plain","computed":true},"updated_at":{"type":"string","description":":\n\n   Timestamp indicating when the resource was last updated.\n   \n   A string representing a timestamp in [ISO 8601](https://en.wikipedia.org/wiki/ISO_8601) format: `YYYY-MM-DDTHH:MM:SSZ` or `YYYY-MM-DDTHH:MM:SS.SSS±HH:MM`\n","description_kind":"markdown","computed":true}},"description":"#### Retrieving the Data Source\n\nThis data source can be retrieved by one of ID or name.\n\n##### Retrieve by ID\n\nTo retrieve by ID, fill in only the `id` field:\n\n```hcl\ndata ... {\n    id = \"your-ID\"\n}\n```\n\n##### Retrieve by Name\n\nTo retrieve by name, fill in only the `name` and `parent_id` fields:\n\n```hcl\ndata ... {\n    name      = \"your name\"\n    parent_id = \"data-source-parent-id\"\n}\n```\n","description_kind":"markdown"}},"nebius_mk8s_v1_node_group":{"version":0,"block":{"attributes":{"auto_repair":{"nested_type":{"attributes":{"conditions":{"nested_type":{"attributes":{"disabled":{"type":"bool","description":":\n\n   When true, disables the default auto-repair condition rules.\n   \n   *Cannot be set alongside timeout.*\n","description_kind":"markdown","computed":true},"status":{"type":"string","description":":\n\n   Node condition status.\n   \n   #### Supported values\n   \n   Possible values:\n   \n   - `CONDITION_STATUS_UNSPECIFIED`\n   - `TRUE`\n   - `FALSE`\n   - `UNKNOWN`\n   \n","description_kind":"markdown","computed":true},"timeout":{"type":"string","description":":\n\n   The duration after which the node is automatically repaired if the condition remains in the specified status.\n   \n   Duration as a string: possibly signed sequence of decimal numbers, each with optional fraction and a unit suffix, such as `300ms`, `-1.5h` or `2h45m`. Valid time units are `ns`, `us` (or `µs`), `ms`, `s`, `m`, `h`, `d`.\n   \n   *Cannot be set alongside disabled.*\n","description_kind":"markdown","computed":true},"type":{"type":"string","description":"Node condition type.","description_kind":"markdown","computed":true}},"nesting_mode":"list"},"description":"Conditions that determine whether a node should be auto repaired.","description_kind":"markdown","computed":true}},"nesting_mode":"single"},"description":"Parameters for nodes auto repair.","description_kind":"markdown","computed":true},"autoscaling":{"nested_type":{"attributes":{"max_node_count":{"type":"number","description_kind":"plain","computed":true},"min_node_count":{"type":"number","description_kind":"plain","computed":true}},"nesting_mode":"single"},"description":":\n\n   Enables [Kubernetes Cluster Autoscaler](https://github.com/kubernetes/autoscaler/tree/master/cluster-autoscaler)\n   for that NodeGroup, and defines autoscaling parameters.\n   \n   *Cannot be set alongside fixed_node_count.*\n","description_kind":"markdown","computed":true},"created_at":{"type":"string","description":":\n\n   Timestamp indicating when the resource was created.\n   \n   A string representing a timestamp in [ISO 8601](https://en.wikipedia.org/wiki/ISO_8601) format: `YYYY-MM-DDTHH:MM:SSZ` or `YYYY-MM-DDTHH:MM:SS.SSS±HH:MM`\n","description_kind":"markdown","computed":true},"fixed_node_count":{"type":"number","description":":\n\n   Number of nodes in the group. Can be changed manually at any time.\n   \n   *Cannot be set alongside autoscaling.*\n","description_kind":"markdown","computed":true},"id":{"type":"string","description":"Identifier for the resource, unique for its resource type.","description_kind":"markdown","optional":true,"computed":true},"labels":{"type":["map","string"],"description":":\n\n   Labels associated with the resource.\n   \n","description_kind":"markdown","computed":true},"metadata":{"nested_type":{"nesting_mode":"single"},"description":":\n\n   #### Inner value description\n   \n   Common resource metadata.\n   \n   \n","description_kind":"markdown","computed":true},"name":{"type":"string","description":"Human readable name for the resource.","description_kind":"markdown","optional":true,"computed":true},"parent_id":{"type":"string","description":"Identifier of the parent resource to which the resource belongs.","description_kind":"markdown","optional":true,"computed":true},"resource_version":{"type":"number","description":":\n\n   Version of the resource for safe concurrent modifications and consistent reads.\n   Positive and monotonically increases on each resource spec change (but *not* on each change of the\n   resource's container(s) or status).\n   Service allows zero value or current.\n   \n","description_kind":"markdown","computed":true},"status":{"nested_type":{"attributes":{"events":{"nested_type":{"attributes":{"first_occurred_at":{"type":"string","description":":\n\n   Time of the first occurrence of a recurrent event\n   \n   A string representing a timestamp in [ISO 8601](https://en.wikipedia.org/wiki/ISO_8601) format: `YYYY-MM-DDTHH:MM:SSZ` or `YYYY-MM-DDTHH:MM:SS.SSS±HH:MM`\n","description_kind":"markdown","computed":true},"last_occurrence":{"nested_type":{"attributes":{"code":{"type":"string","description":"Event code (unique within the API service), in UpperCamelCase, e.g. `\"DiskAttached\"`","description_kind":"markdown","computed":true},"level":{"type":"string","description":":\n\n   Severity level for the event\n   \n   #### Supported values\n   \n   Possible values:\n   \n   - `UNSPECIFIED` - Unspecified event severity level\n   - `DEBUG` - A debug event providing detailed insight. Such events are used to debug problems with specific resource(s) and process(es)\n   - `INFO` - A normal event or state change. Informs what is happening with the API resource. Does not require user attention or interaction\n   - `WARN`:\n      Warning event. Indicates a potential or minor problem with the API resource and/or the corresponding processes. Needs user attention,\n      but requires no immediate action (yet)\n   \n   - `ERROR` - Error event. Indicates a serious problem with the API resource and/or the corresponding processes. Requires immediate user action\n   \n","description_kind":"markdown","computed":true},"message":{"type":"string","description":":\n\n   A human-readable message describing what has happened\n   (and suggested actions for the user, if this is a `WARN` or `ERROR` level event)\n","description_kind":"markdown","computed":true},"occurred_at":{"type":"string","description":":\n\n   Time at which the event has occurred\n   \n   A string representing a timestamp in [ISO 8601](https://en.wikipedia.org/wiki/ISO_8601) format: `YYYY-MM-DDTHH:MM:SSZ` or `YYYY-MM-DDTHH:MM:SS.SSS±HH:MM`\n","description_kind":"markdown","computed":true}},"nesting_mode":"single"},"description":":\n\n   Last occurrence of a recurrent event\n   \n   #### Inner value description\n   \n   Represents an API Resource-related event which is potentially important to the end-user. What exactly constitutes an *event* to be\n   reported is service-dependent\n","description_kind":"markdown","computed":true},"occurrence_count":{"type":"number","description":"The number of times this event has occurred between `first_occurred_at` and `last_occurrence.occurred_at`. Must be \u003e 0","description_kind":"markdown","computed":true}},"nesting_mode":"list"},"description":":\n\n   #### Inner value description\n   \n   A resource event that has occurred (more or less in the same way) multiple times across a service-defined aggregation interval\n","description_kind":"markdown","computed":true},"node_count":{"type":"number","description":":\n\n   Total number of nodes that are currently in the node group.\n   Both ready and not ready nodes are counted.\n","description_kind":"markdown","computed":true},"outdated_node_count":{"type":"number","description":":\n\n   Total number of nodes that has outdated node configuration.\n   These nodes will be replaced by new nodes with up-to-date configuration.\n","description_kind":"markdown","computed":true},"ready_node_count":{"type":"number","description":":\n\n   Total number of nodes that successfully joined the cluster and are ready to serve workloads.\n   Both outdated and up-to-date nodes are counted.\n","description_kind":"markdown","computed":true},"reconciling":{"type":"bool","description":"Show that there are changes are in flight.","description_kind":"markdown","computed":true},"state":{"type":"string","description":":\n\n   #### Supported values\n   \n   Possible values:\n   \n   - `STATE_UNSPECIFIED`\n   - `PROVISIONING`\n   - `RUNNING`\n   - `DELETING`\n   \n","description_kind":"markdown","computed":true},"strategy":{"nested_type":{"attributes":{"drain_timeout":{"type":"string","description":":\n\n   Maximum amount of time that the service will spend attempting to gracefully drain a node\n   (evicting its pods) before falling back to pod deletion.\n   A value of 0 (or when field is omitted) means no timeout: the node can be drained for an unlimited time.\n   Important consequence of that is if PodDisruptionBudget doesn't allow evicting a pod,\n   then NodeGroup update with node re-creation will hang on that pod eviction.\n   Note that this is different from `kubectl drain --timeout`, which gives up and returns an error.\n   \n   Duration as a string: possibly signed sequence of decimal numbers, each with optional fraction and a unit suffix, such as `300ms`, `-1.5h` or `2h45m`. Valid time units are `ns`, `us` (or `µs`), `ms`, `s`, `m`, `h`, `d`.\n","description_kind":"markdown","computed":true},"max_surge":{"nested_type":{"attributes":{"count":{"type":"number","description":"*Cannot be set alongside percent.*","description_kind":"markdown","computed":true},"percent":{"type":"number","description":"*Cannot be set alongside count.*","description_kind":"markdown","computed":true}},"nesting_mode":"single"},"description":":\n\n   The maximum number of additional nodes that can be provisioned above the desired number of nodes during the update process.\n   \n   This value can be specified either as an absolute number (for example 3) or as a percentage of the desired\n   number of nodes (for example 5%).\n   \n   When specified as a percentage, the actual number is calculated by rounding up to the nearest whole number.\n   This value cannot be 0 if `max_unavailable` is also set to 0.\n   \n   Defaults to 1.\n   \n   Example: If set to 25%, the node group can scale up by an additional 25% during the update,\n   allowing new nodes to be added before old nodes are removed, which helps minimize workload disruption.\n   \n   NOTE:\n   \n   it is user responsibility to ensure that there are enough quota for provision nodes above the desired number.\n   Available quota effectively limits `max_surge`.\n   In case of not enough quota even for one extra node, update operation will hung because of quota exhausted error.\n   Such error will be visible in Operation.progress_data.\n","description_kind":"markdown","computed":true},"max_unavailable":{"nested_type":{"attributes":{"count":{"type":"number","description":"*Cannot be set alongside percent.*","description_kind":"markdown","computed":true},"percent":{"type":"number","description":"*Cannot be set alongside count.*","description_kind":"markdown","computed":true}},"nesting_mode":"single"},"description":":\n\n   The maximum number of nodes that can be simultaneously unavailable during the update process.\n   \n   This value can be specified either as an absolute number (for example 3) or as a percentage of the desired\n   number of nodes (for example 5%).\n   \n   When specified as a percentage, the actual number is calculated by rounding down to the nearest whole number.\n   This value cannot be 0 if `max_surge` is also set to 0.\n   \n   Defaults to 0.\n   \n   Example: If set to 20%, up to 20% of the nodes can be taken offline at once during the update,\n   ensuring that at least 80% of the desired nodes remain operational.\n","description_kind":"markdown","computed":true}},"nesting_mode":"single"},"description":":\n\n   Deployment strategy used by the service for node group rollouts and node deletions.\n   It includes default values applied by the service. A drain_timeout value of 0 means\n   that node draining is not time-limited.\n","description_kind":"markdown","computed":true},"target_node_count":{"type":"number","description":":\n\n   Desired total number of nodes that should be in the node group.\n   It is either `NodeGroupSpec.fixed_node_count` or arbitrary number between\n   `NodeGroupAutoscalingSpec.min_node_count` and `NodeGroupAutoscalingSpec.max_node_count` decided by autoscaler.\n","description_kind":"markdown","computed":true},"version":{"type":"string","description":":\n\n   Actual version of NodeGroup. Have format `\u003cmajor\u003e.\u003cminor\u003e.\u003cpatch\u003e-nebius-node.\u003cinfra_version\u003e` like \"1.30.0-nebius-node.10\".\n   Where `\u003cmajor\u003e.\u003cminor\u003e.\u003cpatch\u003e` is Kubernetes version and `\u003cinfra_version\u003e` is version of Node infrastructure and configuration,\n   which update may include bug fixes, security updates and new features depending on worker node configuration.\n","description_kind":"markdown","computed":true}},"nesting_mode":"single"},"description_kind":"plain","computed":true},"strategy":{"nested_type":{"attributes":{"drain_timeout":{"type":"string","description":":\n\n   Maximum amount of time that the service will spend attempting to gracefully drain a node\n   (evicting its pods) before falling back to pod deletion.\n   A value of 0 (or when field is omitted) means no timeout: the node can be drained for an unlimited time.\n   Important consequence of that is if PodDisruptionBudget doesn't allow evicting a pod,\n   then NodeGroup update with node re-creation will hang on that pod eviction.\n   Note that this is different from `kubectl drain --timeout`, which gives up and returns an error.\n   \n   Duration as a string: possibly signed sequence of decimal numbers, each with optional fraction and a unit suffix, such as `300ms`, `-1.5h` or `2h45m`. Valid time units are `ns`, `us` (or `µs`), `ms`, `s`, `m`, `h`, `d`.\n","description_kind":"markdown","computed":true},"max_surge":{"nested_type":{"attributes":{"count":{"type":"number","description":"*Cannot be set alongside percent.*","description_kind":"markdown","computed":true},"percent":{"type":"number","description":"*Cannot be set alongside count.*","description_kind":"markdown","computed":true}},"nesting_mode":"single"},"description":":\n\n   The maximum number of additional nodes that can be provisioned above the desired number of nodes during the update process.\n   \n   This value can be specified either as an absolute number (for example 3) or as a percentage of the desired\n   number of nodes (for example 5%).\n   \n   When specified as a percentage, the actual number is calculated by rounding up to the nearest whole number.\n   This value cannot be 0 if `max_unavailable` is also set to 0.\n   \n   Defaults to 1.\n   \n   Example: If set to 25%, the node group can scale up by an additional 25% during the update,\n   allowing new nodes to be added before old nodes are removed, which helps minimize workload disruption.\n   \n   NOTE:\n   \n   it is user responsibility to ensure that there are enough quota for provision nodes above the desired number.\n   Available quota effectively limits `max_surge`.\n   In case of not enough quota even for one extra node, update operation will hung because of quota exhausted error.\n   Such error will be visible in Operation.progress_data.\n","description_kind":"markdown","computed":true},"max_unavailable":{"nested_type":{"attributes":{"count":{"type":"number","description":"*Cannot be set alongside percent.*","description_kind":"markdown","computed":true},"percent":{"type":"number","description":"*Cannot be set alongside count.*","description_kind":"markdown","computed":true}},"nesting_mode":"single"},"description":":\n\n   The maximum number of nodes that can be simultaneously unavailable during the update process.\n   \n   This value can be specified either as an absolute number (for example 3) or as a percentage of the desired\n   number of nodes (for example 5%).\n   \n   When specified as a percentage, the actual number is calculated by rounding down to the nearest whole number.\n   This value cannot be 0 if `max_surge` is also set to 0.\n   \n   Defaults to 0.\n   \n   Example: If set to 20%, up to 20% of the nodes can be taken offline at once during the update,\n   ensuring that at least 80% of the desired nodes remain operational.\n","description_kind":"markdown","computed":true}},"nesting_mode":"single"},"description":":\n\n   Defines deployment - roll-out, or nodes re-creation during configuration change.\n   Allows to setup compromise in roll-out speed, extra resources consumption and workloads disruption.\n","description_kind":"markdown","computed":true},"template":{"nested_type":{"attributes":{"boot_disk":{"nested_type":{"attributes":{"block_size_bytes":{"type":"number","description_kind":"plain","computed":true},"size_bytes":{"type":"number","description":"*Cannot be set alongside size_kibibytes, size_mebibytes or size_gibibytes.*","description_kind":"markdown","computed":true},"size_gibibytes":{"type":"number","description":"*Cannot be set alongside size_bytes, size_kibibytes or size_mebibytes.*","description_kind":"markdown","computed":true},"size_kibibytes":{"type":"number","description":"*Cannot be set alongside size_bytes, size_mebibytes or size_gibibytes.*","description_kind":"markdown","computed":true},"size_mebibytes":{"type":"number","description":"*Cannot be set alongside size_bytes, size_kibibytes or size_gibibytes.*","description_kind":"markdown","computed":true},"type":{"type":"string","description":":\n\n   #### Supported values\n   \n   Possible values:\n   \n   - `UNSPECIFIED`\n   - `NETWORK_SSD`\n   - `NETWORK_HDD`\n   - `NETWORK_SSD_IO_M3`\n   - `NETWORK_SSD_NON_REPLICATED`\n   \n","description_kind":"markdown","computed":true}},"nesting_mode":"single"},"description":"Parameters of a Node Nebius Compute Instance boot disk.","description_kind":"markdown","computed":true},"cloud_init_user_data":{"type":"string","description":":\n\n   cloud-init user-data\n   Should contain at least one SSH key.\n","description_kind":"markdown","computed":true,"sensitive":true},"filesystems":{"nested_type":{"attributes":{"attach_mode":{"type":"string","description":":\n\n   #### Supported values\n   \n   Possible values:\n   \n   - `UNSPECIFIED`\n   - `READ_ONLY`\n   - `READ_WRITE`\n   \n","description_kind":"markdown","computed":true},"existing_filesystem":{"nested_type":{"attributes":{"id":{"type":"string","description_kind":"plain","computed":true}},"nesting_mode":"single"},"description_kind":"plain","computed":true},"mount_tag":{"type":"string","description":"Specifies the user-defined identifier, allowing to use it as a device in mount command.","description_kind":"markdown","computed":true}},"nesting_mode":"list"},"description":":\n\n   Static attachments of Compute Filesystem.\n   Can be used as a workaround, until CSI for Compute Disk and Filesystem will be available.\n","description_kind":"markdown","computed":true},"gpu_cluster":{"nested_type":{"attributes":{"id":{"type":"string","description_kind":"plain","computed":true}},"nesting_mode":"single"},"description":"Nebius Compute GPUCluster ID that will be attached to node.","description_kind":"markdown","computed":true},"gpu_settings":{"nested_type":{"attributes":{"drivers_preset":{"type":"string","description":":\n\n   Identifier of the predefined set of drivers included in the ComputeImage deployed on ComputeInstances that are part of the NodeGroup.\n   Supported presets for different platform / Kubernetes version combinations:\n   * `gpu-l40s-a`, `gpu-l40s-d`, `gpu-h100-sxm`, `gpu-h200-sxm`:\n     * `version`: 1.30 → `\"cuda12\"` (CUDA 12.4)\n     * `version`: 1.31 → `\"cuda12\"` (CUDA 12.4), `\"cuda12.4\"`, `\"cuda12.8\"`\n   * `gpu-b200-sxm`:\n     * `version`: 1.31 → `\"cuda12\"` (CUDA 12.8), `\"cuda12.8\"`\n   * `gpu-b200-sxm-a`:\n     * `version`: 1.31 → `\"cuda12.8\"`\n","description_kind":"markdown","computed":true}},"nesting_mode":"single"},"description":":\n\n   GPU-related settings.\n   \n   #### Inner value description\n   \n   GPU-related settings.\n","description_kind":"markdown","computed":true},"local_disks":{"nested_type":{"attributes":{"config":{"nested_type":{"attributes":{"kubelet_ephemeral":{"type":"bool","description":":\n\n   kubelet_ephemeral: combine all local disks into a single storage volume and use it as kubelet's local ephemeral storage on the node\n   See also https://kubernetes.io/docs/concepts/storage/ephemeral-storage/\n   \n   The default when LocalDisksSpecConfig is not set.\n   \n   *Cannot be set alongside none.*\n","description_kind":"markdown","computed":true},"none":{"type":"bool","description":":\n\n   none: \"do nothing\" - local disks will be provisioned as on a regular compute instance.\n   \n   *Cannot be set alongside kubelet_ephemeral.*\n","description_kind":"markdown","computed":true}},"nesting_mode":"single"},"description":":\n\n   config defines actions that managed Kubernetes service performs on mounted local disks\n   to provide them inside Kubernetes cluster with a convenient interface.\n   \n   When omitted, a default value is generated.\n   \n   #### Inner value description\n   \n   LocalDisksSpecConfig defines actions that managed Kubernetes service performs on mounted local disks\n   to provide them inside Kubernetes cluster with a convenient interface.\n","description_kind":"markdown","computed":true},"passthrough_group":{"nested_type":{"attributes":{"requested":{"type":"bool","description":":\n\n   Passthrough local disks from the underlying host.\n   \n   Devices are expected to appear in the guest as NVMe devices (nvme0, nvme1, ...),\n   but the exact number depends on the preset.\n   Enabled only when this field is explicitly set.\n","description_kind":"markdown","computed":true}},"nesting_mode":"single"},"description":":\n\n   Requests passthrough local disks from the host.\n   Topology of the provided disks is preserved during stop and start\n   for every instance of a specific platform and preset in the region.\n   \n   \n","description_kind":"markdown","computed":true}},"nesting_mode":"single"},"description":":\n\n   local_disks enables the provisioning of fast local drives.\n   This type of storage is strictly ephemeral: on node restart, all data is erased, similar to RAM.\n","description_kind":"markdown","computed":true},"max_pods":{"type":"number","description":":\n\n   The maximum number of Pods per node for your cluster. If omitted, MK8S assigns the default value of 110. When you\n   configure the maximum number of Pods per node for the cluster, MK8S uses this value to allocate a CIDR range for every node\n   in group. The node CIDR prefix is calculated as `32 - ceil(log2(2 * max_pods))`, i.e. the smallest IPv4 subnet whose total address\n   count is at least `2 * max_pods`. Not all IPs are usable for workload Pods because some of them are consumed by system Pods.\n","description_kind":"markdown","computed":true},"metadata":{"nested_type":{"attributes":{"labels":{"type":["map","string"],"description":":\n\n   Kubernetes Node labels.\n   \n   Keys and values must follow Kubernetes label syntax:\n   https://kubernetes.io/docs/concepts/overview/working-with-objects/labels/\n   \n   For now change will not be propagated to existing nodes, so will be applied only to Kubernetes Nodes created after the field change.\n   That behavior may change later.\n   So, for now you will need to manually set them to existing nodes, if that is needed.\n   \n   System labels containing \"kubernetes.io\" and \"k8s.io\" will be ignored.\n   Field change will NOT trigger NodeGroup roll out.\n","description_kind":"markdown","computed":true}},"nesting_mode":"single"},"description_kind":"plain","computed":true},"network_interfaces":{"nested_type":{"attributes":{"public_ip_address":{"nested_type":{"nesting_mode":"single"},"description":":\n\n   Parameters for Public IPv4 address associated with the interface.\n   Set to empty value, to enable it.\n   \n   #### Inner value description\n   \n   Describes a public IP address.\n","description_kind":"markdown","computed":true},"subnet_id":{"type":"string","description":":\n\n   Nebius VPC Subnet ID that will be attached to a node cloud instance network interface.\n   By default Cluster control plane subnet_id used.\n   Subnet should be located in the same network with control plane.\n","description_kind":"markdown","computed":true}},"nesting_mode":"list"},"description_kind":"plain","computed":true},"os":{"type":"string","description":":\n\n   OS version that will be used to create the boot disk of Compute Instances in the NodeGroup.\n   Supported platform / Kubernetes version / OS / driver presets combinations\n   * `gpu-l40s-a`, `gpu-l40s-d`, `gpu-h100-sxm`, `gpu-h200-sxm`, `cpu-e1`, `cpu-e2`, `cpu-d3`:\n     * `drivers_preset`: `\"\"`\n       * `version`: 1.30 → `\"ubuntu22.04\"`\n       * `version`: 1.31 → `\"ubuntu22.04\"` (default), `\"ubuntu24.04\"`\n   * `gpu-l40s-a`, `gpu-l40s-d`, `gpu-h100-sxm`, `gpu-h200-sxm`:\n     * `drivers_preset`: `\"cuda12\"` (CUDA 12.4)\n       * `version`: 1.30, 1.31 → `\"ubuntu22.04\"`\n     * `drivers_preset`: `\"cuda12.4\"`\n       * `version`: 1.31 → `\"ubuntu22.04\"`\n     * `drivers_preset`: `\"cuda12.8\"`\n       * `version`: 1.31 → `\"ubuntu24.04\"`\n   * `gpu-b200-sxm`:\n     * `drivers_preset`: `\"\"`\n       * `version`: 1.30, 1.31 → `\"ubuntu24.04\"`\n     * `drivers_preset`: `\"cuda12\"` (CUDA 12.8)\n       * `version`: 1.30, 1.31 → `\"ubuntu24.04\"`\n     * `drivers_preset`: `\"cuda12.8\"`\n       * `version`: 1.31 → `\"ubuntu24.04\"`\n   * `gpu-b200-sxm-a`:\n     * `drivers_preset`: `\"\"`\n       * `version`: 1.31 → `\"ubuntu24.04\"`\n     * `drivers_preset`: `\"cuda12.8\"`\n       * `version`: 1.31 → `\"ubuntu24.04\"`\n","description_kind":"markdown","computed":true},"preemptible":{"nested_type":{"nesting_mode":"single"},"description":":\n\n   Configures whether the nodes in the group are preemptible.\n   Set to empty value to enable preemptible nodes.\n","description_kind":"markdown","computed":true},"reservation_policy":{"nested_type":{"attributes":{"policy":{"type":"string","description":":\n\n   #### Supported values\n   \n   Possible values:\n   \n   - `AUTO`:\n      1) Will try to launch instance in any reservation_ids if provided.\n      2) Will try to launch instance in any of the available capacity block.\n      3) Will try to launch instance in PAYG if 1 \u0026 2 are not satisfied.\n   \n   - `FORBID`:\n      The instance is launched only using on-demand (PAYG) capacity.\n      No attempt is made to find or use a Capacity Block.\n      It's an error to provide reservation_ids with policy = FORBID\n   \n   - `STRICT`:\n      1) Will try to launch the instance in Capacity Blocks from reservation_ids if provided.\n      2) If reservation_ids are not provided will try to launch instance in suitable \u0026 available Capacity Block.\n      3) Fail otherwise.\n   \n   \n","description_kind":"markdown","computed":true},"reservation_ids":{"type":["list","string"],"description":"Capacity block groups, order matters","description_kind":"markdown","computed":true}},"nesting_mode":"single"},"description":":\n\n   reservation_policy is an interface of the \"capacity block\" (or \"capacity block group\") mechanism of Nebius Compute.\n   \n   #### Inner value description\n   \n   ReservationPolicy is copied as-is from NebiusAPI `compute/v1/instance.proto`.\n","description_kind":"markdown","computed":true},"resources":{"nested_type":{"attributes":{"platform":{"type":"string","description_kind":"plain","computed":true},"preset":{"type":"string","description_kind":"plain","computed":true}},"nesting_mode":"single"},"description":"Resources that will have Nebius Compute Instance where Node kubelet will run.","description_kind":"markdown","computed":true},"service_account_id":{"type":"string","description":":\n\n   the Nebius service account whose credentials will be available on the nodes of the group.\n   With these credentials, it is possible to make `nebius` CLI or public API requests from the nodes\n   without the need for extra authentication.\n   This service account is also used to make requests to container registry.\n   \n   `resource.serviceaccount.issueAccessToken` permission is required to use this field.\n","description_kind":"markdown","computed":true},"taints":{"nested_type":{"attributes":{"effect":{"type":"string","description":":\n\n   #### Supported values\n   \n   Possible values:\n   \n   - `EFFECT_UNSPECIFIED`\n   - `NO_EXECUTE`\n   - `NO_SCHEDULE`\n   - `PREFER_NO_SCHEDULE`\n   \n","description_kind":"markdown","computed":true},"key":{"type":"string","description_kind":"plain","computed":true},"value":{"type":"string","description_kind":"plain","computed":true}},"nesting_mode":"list"},"description":":\n\n   Kubernetes Node taints.\n   For now change will not be propagated to existing nodes, so will be applied only to Kubernetes Nodes created after the field change.\n   That behaviour may change later.\n   So, for now you will need to manually set them to existing nodes, if that is needed.\n   Field change will NOT trigger NodeGroup roll out.\n   \n   #### Inner value description\n   \n   See https://kubernetes.io/docs/concepts/scheduling-eviction/taint-and-toleration/\n","description_kind":"markdown","computed":true}},"nesting_mode":"single"},"description":":\n\n   Parameters for Kubernetes Node object and Nebius Compute Instance\n   If not written opposite a NodeTemplate field update will cause NodeGroup roll-out according NodeGroupDeploymentStrategy.\n","description_kind":"markdown","computed":true},"updated_at":{"type":"string","description":":\n\n   Timestamp indicating when the resource was last updated.\n   \n   A string representing a timestamp in [ISO 8601](https://en.wikipedia.org/wiki/ISO_8601) format: `YYYY-MM-DDTHH:MM:SSZ` or `YYYY-MM-DDTHH:MM:SS.SSS±HH:MM`\n","description_kind":"markdown","computed":true},"version":{"type":"string","description":":\n\n   Version is desired Kubernetes version of the cluster. For now only acceptable format is\n   `\u003cmajor\u003e.\u003cminor\u003e` like \"1.31\". Option for patch version update will be added later.\n   By default the cluster control plane `\u003cmajor\u003e.\u003cminor\u003e` version will be used.\n","description_kind":"markdown","computed":true}},"description":"#### Retrieving the Data Source\n\nThis data source can be retrieved by one of ID or name.\n\n##### Retrieve by ID\n\nTo retrieve by ID, fill in only the `id` field:\n\n```hcl\ndata ... {\n    id = \"your-ID\"\n}\n```\n\n##### Retrieve by Name\n\nTo retrieve by name, fill in only the `name` and `parent_id` fields:\n\n```hcl\ndata ... {\n    name      = \"your name\"\n    parent_id = \"data-source-parent-id\"\n}\n```\n\n\nNodeGroup represents Kubernetes node pool - set of worker machines having the same configuration.\nA Node is a Nebius Compute Instance created in Cluster.metadata.parent_id container, running kubelet\nthat registers in Kubernetes API and a Node object created.","description_kind":"markdown"}},"nebius_mk8s_v1alpha1_cluster":{"version":0,"block":{"attributes":{"control_plane":{"nested_type":{"attributes":{"endpoints":{"nested_type":{"attributes":{"public_endpoint":{"nested_type":{"nesting_mode":"single"},"description":"PublicEndpointSpec is a specification of public endpoint for control plane.","description_kind":"markdown","computed":true}},"nesting_mode":"single"},"description_kind":"plain","computed":true},"etcd_cluster_size":{"type":"number","description":":\n\n   Number of instances in etcd cluster.\n   3 by default.\n   Control plane with `etcd_cluster_size: 3` called \"Highly Available\" (\"HA\"), because it's Kubernetes API\n   will be available despite a failure of one control plane instance.\n","description_kind":"markdown","computed":true},"subnet_id":{"type":"string","description":"Subnet ID where control plane instances will be located.","description_kind":"markdown","computed":true},"version":{"type":"string","description":":\n\n   Version is desired Kubernetes version of the cluster. For now only acceptable format is\n   `MAJOR.MINOR` like \"1.31\". Option for patch version update will be added later.\n","description_kind":"markdown","computed":true}},"nesting_mode":"single"},"description_kind":"plain","computed":true},"created_at":{"type":"string","description":":\n\n   Timestamp indicating when the resource was created.\n   \n   A string representing a timestamp in [ISO 8601](https://en.wikipedia.org/wiki/ISO_8601) format: `YYYY-MM-DDTHH:MM:SSZ` or `YYYY-MM-DDTHH:MM:SS.SSS±HH:MM`\n","description_kind":"markdown","computed":true},"id":{"type":"string","description":"Identifier for the resource, unique for its resource type.","description_kind":"markdown","optional":true,"computed":true},"kube_network":{"nested_type":{"attributes":{"service_cidrs":{"type":["list","string"],"description":":\n\n   CIDR blocks for Service ClusterIP allocation.\n   For now, only one value is supported.\n   Must be a valid CIDR block or prefix length.\n   In case of prefix length, certain CIDR is auto allocated.\n   Specified CIDR blocks will be reserved in Cluster.spec.control_plane.subnet_id to prevent address duplication.\n   Allowed prefix length is from \"/12\" to \"/28\".\n   Empty value treated as [\"/16\"].\n","description_kind":"markdown","computed":true}},"nesting_mode":"single"},"description":"Defines kubernetes network configuration, like IP allocation.","description_kind":"markdown","computed":true},"labels":{"type":["map","string"],"description":":\n\n   Labels associated with the resource.\n   \n","description_kind":"markdown","computed":true},"metadata":{"nested_type":{"nesting_mode":"single"},"description":":\n\n   #### Inner value description\n   \n   Common resource metadata.\n","description_kind":"markdown","computed":true},"name":{"type":"string","description":"Human readable name for the resource.","description_kind":"markdown","optional":true,"computed":true},"parent_id":{"type":"string","description":"Identifier of the parent resource to which the resource belongs.","description_kind":"markdown","optional":true,"computed":true},"resource_version":{"type":"number","description":":\n\n   Version of the resource for safe concurrent modifications and consistent reads.\n   Positive and monotonically increases on each resource spec change (but *not* on each change of the\n   resource's container(s) or status).\n   Service allows zero value or current.\n   \n","description_kind":"markdown","computed":true},"status":{"nested_type":{"attributes":{"control_plane":{"nested_type":{"attributes":{"auth":{"nested_type":{"attributes":{"cluster_ca_certificate":{"type":"string","description_kind":"plain","computed":true}},"nesting_mode":"single"},"description_kind":"plain","computed":true},"endpoints":{"nested_type":{"attributes":{"private_endpoint":{"type":"string","description":"DNS name or IP address accessible from the user VPC.","description_kind":"markdown","computed":true},"public_endpoint":{"type":"string","description":"DNS name or IP address accessible from the Internet.","description_kind":"markdown","computed":true}},"nesting_mode":"single"},"description":":\n\n   #### Inner value description\n   \n   Endpoints of Kubernetes control plane. Kubernetes API can be accessed at `https://endpoint/`.\n","description_kind":"markdown","computed":true},"etcd_cluster_size":{"type":"number","description":"Number of instances in etcd cluster.","description_kind":"markdown","computed":true},"version":{"type":"string","description":"Version have format `major.minor.patch-nebius-cp.n` like \"1.30.0-nebius-cp.3\".","description_kind":"markdown","computed":true}},"nesting_mode":"single"},"description_kind":"plain","computed":true},"reconciling":{"type":"bool","description":"Show that changes are in flight","description_kind":"markdown","computed":true},"state":{"type":"string","description":":\n\n   #### Supported values\n   \n   Possible values:\n   \n   - `STATE_UNSPECIFIED`\n   - `PROVISIONING`\n   - `RUNNING`\n   - `DELETING`\n   \n","description_kind":"markdown","computed":true}},"nesting_mode":"single"},"description_kind":"plain","computed":true},"updated_at":{"type":"string","description":":\n\n   Timestamp indicating when the resource was last updated.\n   \n   A string representing a timestamp in [ISO 8601](https://en.wikipedia.org/wiki/ISO_8601) format: `YYYY-MM-DDTHH:MM:SSZ` or `YYYY-MM-DDTHH:MM:SS.SSS±HH:MM`\n","description_kind":"markdown","computed":true}},"description":"#### Retrieving the Data Source\n\nThis data source can be retrieved by one of ID or name.\n\n##### Retrieve by ID\n\nTo retrieve by ID, fill in only the `id` field:\n\n```hcl\ndata ... {\n    id = \"your-ID\"\n}\n```\n\n##### Retrieve by Name\n\nTo retrieve by name, fill in only the `name` and `parent_id` fields:\n\n```hcl\ndata ... {\n    name      = \"your name\"\n    parent_id = \"data-source-parent-id\"\n}\n```\n","description_kind":"markdown","deprecated":true}},"nebius_mk8s_v1alpha1_node_group":{"version":0,"block":{"attributes":{"auto_repair":{"nested_type":{"attributes":{"conditions":{"nested_type":{"attributes":{"disabled":{"type":"bool","description":":\n\n   When true, disables the default auto-repair condition rules.\n   \n   *Cannot be set alongside timeout.*\n","description_kind":"markdown","computed":true},"status":{"type":"string","description":":\n\n   Node condition status.\n   \n   #### Supported values\n   \n   Possible values:\n   \n   - `CONDITION_STATUS_UNSPECIFIED`\n   - `TRUE`\n   - `FALSE`\n   - `UNKNOWN`\n   \n","description_kind":"markdown","computed":true},"timeout":{"type":"string","description":":\n\n   The duration after which the node is automatically repaired if the condition remains in the specified status.\n   \n   Duration as a string: possibly signed sequence of decimal numbers, each with optional fraction and a unit suffix, such as `300ms`, `-1.5h` or `2h45m`. Valid time units are `ns`, `us` (or `µs`), `ms`, `s`, `m`, `h`, `d`.\n   \n   *Cannot be set alongside disabled.*\n","description_kind":"markdown","computed":true},"type":{"type":"string","description":"Node condition type.","description_kind":"markdown","computed":true}},"nesting_mode":"list"},"description":"Conditions that determine whether a node should be auto repaired.","description_kind":"markdown","computed":true}},"nesting_mode":"single"},"description":"Parameters for nodes auto repair.","description_kind":"markdown","computed":true},"autoscaling":{"nested_type":{"attributes":{"max_node_count":{"type":"number","description_kind":"plain","computed":true},"min_node_count":{"type":"number","description_kind":"plain","computed":true}},"nesting_mode":"single"},"description":"*Cannot be set alongside fixed_node_count.*","description_kind":"markdown","computed":true},"created_at":{"type":"string","description":":\n\n   Timestamp indicating when the resource was created.\n   \n   A string representing a timestamp in [ISO 8601](https://en.wikipedia.org/wiki/ISO_8601) format: `YYYY-MM-DDTHH:MM:SSZ` or `YYYY-MM-DDTHH:MM:SS.SSS±HH:MM`\n","description_kind":"markdown","computed":true},"fixed_node_count":{"type":"number","description":"*Cannot be set alongside autoscaling.*","description_kind":"markdown","computed":true},"id":{"type":"string","description":"Identifier for the resource, unique for its resource type.","description_kind":"markdown","optional":true,"computed":true},"labels":{"type":["map","string"],"description":":\n\n   Labels associated with the resource.\n   \n","description_kind":"markdown","computed":true},"metadata":{"nested_type":{"nesting_mode":"single"},"description":":\n\n   #### Inner value description\n   \n   Common resource metadata.\n   \n   the parent_id is an ID of Cluster\n","description_kind":"markdown","computed":true},"name":{"type":"string","description":"Human readable name for the resource.","description_kind":"markdown","optional":true,"computed":true},"parent_id":{"type":"string","description":"Identifier of the parent resource to which the resource belongs.","description_kind":"markdown","optional":true,"computed":true},"resource_version":{"type":"number","description":":\n\n   Version of the resource for safe concurrent modifications and consistent reads.\n   Positive and monotonically increases on each resource spec change (but *not* on each change of the\n   resource's container(s) or status).\n   Service allows zero value or current.\n   \n","description_kind":"markdown","computed":true},"status":{"nested_type":{"attributes":{"node_count":{"type":"number","description":":\n\n   Total number of nodes that are currently in the node group.\n   Both ready and not ready nodes are counted.\n","description_kind":"markdown","computed":true},"outdated_node_count":{"type":"number","description":":\n\n   Total number of nodes that has outdated node configuration.\n   These nodes will be replaced by new nodes with up-to-date configuration.\n","description_kind":"markdown","computed":true},"ready_node_count":{"type":"number","description":":\n\n   Total number of nodes that successfully joined the cluster and are ready to serve workloads.\n   Both outdated and up-to-date nodes are counted.\n","description_kind":"markdown","computed":true},"reconciling":{"type":"bool","description":"Show that changes are in flight","description_kind":"markdown","computed":true},"state":{"type":"string","description":":\n\n   #### Supported values\n   \n   Possible values:\n   \n   - `STATE_UNSPECIFIED`\n   - `PROVISIONING`\n   - `RUNNING`\n   - `DELETING`\n   \n","description_kind":"markdown","computed":true},"target_node_count":{"type":"number","description":":\n\n   Desired total number of nodes that should be in the node group.\n   It is either fixed_node_count or arbitrary number between min_node_count and max_node_count decided by autoscaler.\n","description_kind":"markdown","computed":true},"version":{"type":"string","description":"Version have format `MAJOR.MINOR.PATCH-nebius-node.n` like \"1.30.0-nebius-node.10\".","description_kind":"markdown","computed":true}},"nesting_mode":"single"},"description_kind":"plain","computed":true},"strategy":{"nested_type":{"attributes":{"drain_timeout":{"type":"string","description":":\n\n   DrainTimeout is the total amount of time that the service will spend on draining a node.\n   By default, node can be drained without any time limitations.\n   NOTE: NodeDrainTimeout is different from `kubectl drain --timeout`\n   \n   Duration as a string: possibly signed sequence of decimal numbers, each with optional fraction and a unit suffix, such as `300ms`, `-1.5h` or `2h45m`. Valid time units are `ns`, `us` (or `µs`), `ms`, `s`, `m`, `h`, `d`.\n","description_kind":"markdown","computed":true},"max_surge":{"nested_type":{"attributes":{"count":{"type":"number","description":"*Cannot be set alongside percent.*","description_kind":"markdown","computed":true},"percent":{"type":"number","description":"*Cannot be set alongside count.*","description_kind":"markdown","computed":true}},"nesting_mode":"single"},"description":":\n\n   The maximum number of machines that can be scheduled above the\n   desired number of machines.\n   Value can be an absolute number (ex: 5) or a percentage of\n   desired machines (ex: 10%).\n   This can not be 0 if MaxUnavailable is 0.\n   Absolute number is calculated from percentage by rounding up.\n   Defaults to 1.\n   Example: when this is set to 30%, the new MachineSet can be scaled\n   up immediately when the rolling update starts, such that the total\n   number of old and new machines do not exceed 130% of desired\n   machines. Once old machines have been killed, new MachineSet can\n   be scaled up further, ensuring that total number of machines running\n   at any time during the update is at most 130% of desired machines.\n","description_kind":"markdown","computed":true},"max_unavailable":{"nested_type":{"attributes":{"count":{"type":"number","description":"*Cannot be set alongside percent.*","description_kind":"markdown","computed":true},"percent":{"type":"number","description":"*Cannot be set alongside count.*","description_kind":"markdown","computed":true}},"nesting_mode":"single"},"description":":\n\n   The maximum number of machines that can be unavailable during the update.\n   Value can be an absolute number (ex: 5) or a percentage of desired\n   machines (ex: 10%).\n   Absolute number is calculated from percentage by rounding down.\n   This can not be 0 if MaxSurge is 0.\n   Defaults to 0.\n   Example: when this is set to 30%, the old MachineSet can be scaled\n   down to 70% of desired machines immediately when the rolling update\n   starts. Once new machines are ready, old MachineSet can be scaled\n   down further, followed by scaling up the new MachineSet, ensuring\n   that the total number of machines available at all times\n   during the update is at least 70% of desired machines.\n","description_kind":"markdown","computed":true}},"nesting_mode":"single"},"description_kind":"plain","computed":true},"template":{"nested_type":{"attributes":{"boot_disk":{"nested_type":{"attributes":{"block_size_bytes":{"type":"number","description_kind":"plain","computed":true},"size_bytes":{"type":"number","description":"*Cannot be set alongside size_kibibytes, size_mebibytes or size_gibibytes.*","description_kind":"markdown","computed":true},"size_gibibytes":{"type":"number","description":"*Cannot be set alongside size_bytes, size_kibibytes or size_mebibytes.*","description_kind":"markdown","computed":true},"size_kibibytes":{"type":"number","description":"*Cannot be set alongside size_bytes, size_mebibytes or size_gibibytes.*","description_kind":"markdown","computed":true},"size_mebibytes":{"type":"number","description":"*Cannot be set alongside size_bytes, size_kibibytes or size_gibibytes.*","description_kind":"markdown","computed":true},"type":{"type":"string","description":":\n\n   #### Supported values\n   \n   Possible values:\n   \n   - `UNSPECIFIED`\n   - `NETWORK_SSD` - the list of available types will be clarified later, it is not final version\n   - `NETWORK_HDD`\n   - `NETWORK_SSD_IO_M3`\n   - `NETWORK_SSD_NON_REPLICATED`\n   \n","description_kind":"markdown","computed":true}},"nesting_mode":"single"},"description_kind":"plain","computed":true},"cloud_init_user_data":{"type":"string","description":"cloud-init user-data. Must contain at least one SSH key.","description_kind":"markdown","computed":true,"sensitive":true},"filesystems":{"nested_type":{"attributes":{"attach_mode":{"type":"string","description":":\n\n   #### Supported values\n   \n   Possible values:\n   \n   - `UNSPECIFIED`\n   - `READ_ONLY`\n   - `READ_WRITE`\n   \n","description_kind":"markdown","computed":true},"device_name":{"type":"string","description_kind":"plain","computed":true},"existing_filesystem":{"nested_type":{"attributes":{"id":{"type":"string","description_kind":"plain","computed":true}},"nesting_mode":"single"},"description_kind":"plain","computed":true}},"nesting_mode":"list"},"description_kind":"plain","computed":true},"gpu_cluster":{"nested_type":{"attributes":{"id":{"type":"string","description_kind":"plain","computed":true}},"nesting_mode":"single"},"description_kind":"plain","computed":true},"gpu_settings":{"nested_type":{"attributes":{"drivers_preset":{"type":"string","description":":\n\n   Identifier of the predefined set of drivers included in the ComputeImage deployed on ComputeInstances that are part of the NodeGroup.\n   Supported presets for different platform / k8s version combinations:\n   - gpu-l40s-a, gpu-l40s-d, gpu-h100-sxm, gpu-h200-sxm:\n     - k8s: 1.30 → \"cuda12\" (CUDA 12.4)\n     - k8s: 1.31 → \"cuda12\" (CUDA 12.4), \"cuda12.4\", \"cuda12.8\"\n   - gpu-b200-sxm:\n     - k8s: 1.31 → \"cuda12\" (CUDA 12.8), \"cuda12.8\"\n   - gpu-b200-sxm-a:\n     - k8s: 1.31 → \"cuda12.8\"\n","description_kind":"markdown","computed":true}},"nesting_mode":"single"},"description":":\n\n   GPU-related settings.\n   \n   #### Inner value description\n   \n   GPU-related settings.\n","description_kind":"markdown","computed":true},"metadata":{"nested_type":{"attributes":{"labels":{"type":["map","string"],"description":":\n\n   Labels will be propagated into nodes metadata.\n   System labels containing \"kubernetes.io\" and \"k8s.io\" will not be propagated.\n   On update labels they will not be updated in nodes right away, only on node group update.\n","description_kind":"markdown","computed":true}},"nesting_mode":"single"},"description_kind":"plain","computed":true},"network_interfaces":{"nested_type":{"attributes":{"public_ip_address":{"nested_type":{"nesting_mode":"single"},"description":":\n\n   Public IPv4 address associated with the interface.\n   \n   #### Inner value description\n   \n   Describes a public IP address.\n","description_kind":"markdown","computed":true},"subnet_id":{"type":"string","description":":\n\n   Subnet ID that will be attached to a node cloud instance network interface.\n   By default control plane subnet_id used.\n   Subnet should be located in the same network with control plane and have same parent ID as cluster.\n","description_kind":"markdown","computed":true}},"nesting_mode":"list"},"description_kind":"plain","computed":true},"os":{"type":"string","description":":\n\n   OS version that will be used to create the boot disk of Compute Instances in the NodeGroup.\n   Supported platform / k8s version /  OS / driver presets combinations\n   - gpu-l40s-a, gpu-l40s-d, gpu-h100-sxm, gpu-h200-sxm, cpu-e1, cpu-e2, cpu-d3:\n     - drivers_preset: \"\"\n       - k8s: 1.30 → \"ubuntu22.04\"\n       - k8s: 1.31 → \"ubuntu22.04\" (default), \"ubuntu24.04\"\n   - gpu-l40s-a, gpu-l40s-d, gpu-h100-sxm, gpu-h200-sxm:\n     - drivers_preset: \"cuda12\" (CUDA 12.4)\n       - k8s: 1.30, 1.31 → \"ubuntu22.04\"\n     - drivers_preset: \"cuda12.4\"\n       - k8s: 1.31 → \"ubuntu22.04\"\n     - drivers_preset: \"cuda12.8\"\n       - k8s: 1.31 → \"ubuntu24.04\"\n   - gpu-b200-sxm:\n     - drivers_preset: \"\"\n       - k8s: 1.30, 1.31 → \"ubuntu24.04\"\n     - drivers_preset: \"cuda12\" (CUDA 12.8)\n       - k8s: 1.30, 1.31 → \"ubuntu24.04\"\n     - drivers_preset: \"cuda12.8\"\n       - k8s: 1.31 → \"ubuntu24.04\"\n   - gpu-b200-sxm-a:\n     - drivers_preset: \"\"\n       - k8s: 1.31 → \"ubuntu24.04\"\n     - drivers_preset: \"cuda12.8\"\n       - k8s: 1.31 → \"ubuntu24.04\"\n","description_kind":"markdown","computed":true},"preemptible":{"nested_type":{"nesting_mode":"single"},"description":":\n\n   Configures whether the nodes in the group are preemptible.\n   Set to empty value to enable preemptible nodes.\n","description_kind":"markdown","computed":true},"resources":{"nested_type":{"attributes":{"platform":{"type":"string","description_kind":"plain","computed":true},"preset":{"type":"string","description_kind":"plain","computed":true}},"nesting_mode":"single"},"description_kind":"plain","computed":true},"service_account_id":{"type":"string","description":":\n\n   the Nebius service account whose credentials will be available on the nodes of the group. With these credentials, it is possible to\n   make `nebius` CLI or public API requests from the nodes without the need for extra authentication. This service account is also used to\n   make requests to container registry.\n   \n   `resource.serviceaccount.issueAccessToken` permission is required to use this field.\n","description_kind":"markdown","computed":true},"taints":{"nested_type":{"attributes":{"effect":{"type":"string","description":":\n\n   #### Supported values\n   \n   Possible values:\n   \n   - `EFFECT_UNSPECIFIED`\n   - `NO_EXECUTE`\n   - `NO_SCHEDULE`\n   - `PREFER_NO_SCHEDULE`\n   \n","description_kind":"markdown","computed":true},"key":{"type":"string","description_kind":"plain","computed":true},"value":{"type":"string","description_kind":"plain","computed":true}},"nesting_mode":"list"},"description":":\n\n   #### Inner value description\n   \n   See https://kubernetes.io/docs/concepts/scheduling-eviction/taint-and-toleration/\n   \n   \n","description_kind":"markdown","computed":true}},"nesting_mode":"single"},"description_kind":"plain","computed":true},"updated_at":{"type":"string","description":":\n\n   Timestamp indicating when the resource was last updated.\n   \n   A string representing a timestamp in [ISO 8601](https://en.wikipedia.org/wiki/ISO_8601) format: `YYYY-MM-DDTHH:MM:SSZ` or `YYYY-MM-DDTHH:MM:SS.SSS±HH:MM`\n","description_kind":"markdown","computed":true},"version":{"type":"string","description":":\n\n   Version is desired Kubernetes version of the cluster. For now only acceptable format is\n   `MAJOR.MINOR` like \"1.31\". Option for patch version update will be added later.\n   By default the cluster control plane MAJOR.MINOR version will be used.\n","description_kind":"markdown","computed":true}},"description":"#### Retrieving the Data Source\n\nThis data source can be retrieved by one of ID or name.\n\n##### Retrieve by ID\n\nTo retrieve by ID, fill in only the `id` field:\n\n```hcl\ndata ... {\n    id = \"your-ID\"\n}\n```\n\n##### Retrieve by Name\n\nTo retrieve by name, fill in only the `name` and `parent_id` fields:\n\n```hcl\ndata ... {\n    name      = \"your name\"\n    parent_id = \"data-source-parent-id\"\n}\n```\n\n\nNodeGroup represents Kubernetes node pool","description_kind":"markdown","deprecated":true}},"nebius_msp_mlflow_v1alpha1_cluster":{"version":0,"block":{"attributes":{"admin_username":{"type":"string","description":"MLflow admin username.","description_kind":"markdown","computed":true},"created_at":{"type":"string","description":":\n\n   Timestamp indicating when the resource was created.\n   \n   A string representing a timestamp in [ISO 8601](https://en.wikipedia.org/wiki/ISO_8601) format: `YYYY-MM-DDTHH:MM:SSZ` or `YYYY-MM-DDTHH:MM:SS.SSS±HH:MM`\n","description_kind":"markdown","computed":true},"description":{"type":"string","description":"Description of the cluster.","description_kind":"markdown","computed":true},"id":{"type":"string","description":"Identifier for the resource, unique for its resource type.","description_kind":"markdown","optional":true,"computed":true},"labels":{"type":["map","string"],"description":":\n\n   Labels associated with the resource.\n   \n","description_kind":"markdown","computed":true},"metadata":{"nested_type":{"nesting_mode":"single"},"description":":\n\n   #### Inner value description\n   \n   Common resource metadata.\n","description_kind":"markdown","computed":true},"name":{"type":"string","description":"Human readable name for the resource.","description_kind":"markdown","optional":true,"computed":true},"network_id":{"type":"string","description":"ID of the vpc network.","description_kind":"markdown","computed":true},"parent_id":{"type":"string","description":"Identifier of the parent resource to which the resource belongs.","description_kind":"markdown","optional":true,"computed":true},"public_access":{"type":"bool","description":"Either make cluster public accessible or accessible only via private VPC.","description_kind":"markdown","computed":true},"resource_version":{"type":"number","description":":\n\n   Version of the resource for safe concurrent modifications and consistent reads.\n   Positive and monotonically increases on each resource spec change (but *not* on each change of the\n   resource's container(s) or status).\n   Service allows zero value or current.\n   \n","description_kind":"markdown","computed":true},"service_account_id":{"type":"string","description":"Id of the service account that will be used to access S3 bucket (and create one if not provided).","description_kind":"markdown","computed":true},"size":{"type":"string","description":":\n\n   Size defines how much resources will be allocated to mlflow\n   See supported sizes in the documentation. Default size is the smallest available in the region.\n","description_kind":"markdown","computed":true},"status":{"nested_type":{"attributes":{"effective_storage_bucket_name":{"type":"string","description":"Name of the Nebius S3 bucket for MLflow artifacts.","description_kind":"markdown","computed":true},"experiments_count":{"type":"number","description":"Count of experiments in the MLflow cluster","description_kind":"markdown","computed":true},"mlflow_version":{"type":"string","description":"MLflow version","description_kind":"markdown","computed":true},"phase":{"type":"string","description":":\n\n   Current phase of the cluster.\n   \n   #### Supported values\n   \n   Possible values:\n   \n   - `PHASE_UNSPECIFIED`\n   - `PHASE_PROVISIONING`\n   - `PHASE_RUNNING`\n   - `PHASE_UPDATING`\n   - `PHASE_DELETING`\n   - `PHASE_DELETED`[deprecated]\n   - `PHASE_PURGING`\n   - `PHASE_STOPPING`\n   - `PHASE_RESUMING`\n   \n","description_kind":"markdown","computed":true},"state":{"type":"string","description":":\n\n   State reflects substatus of the phase to define whether it's healthy or not.\n   \n   #### Supported values\n   \n   Possible values:\n   \n   - `STATE_UNSPECIFIED`\n   - `STATE_IN_PROGRESS`\n   - `STATE_FINISHED`\n   - `STATE_ERROR`\n   - `STATE_DEGRADED`\n   - `STATE_SCHEDULED`\n   \n","description_kind":"markdown","computed":true},"tracking_endpoint":{"type":"string","description":":\n\n   Tracking endpoint url.\n   Will be removed soon in favor of private_tracking_endpoint and public_tracking_endpoint.\n","description_kind":"markdown","computed":true},"tracking_endpoints":{"nested_type":{"attributes":{"private":{"type":"string","description":"Private endpoint","description_kind":"markdown","computed":true},"public":{"type":"string","description":"Public endpoint","description_kind":"markdown","computed":true}},"nesting_mode":"single"},"description":"Public and private tracking endpoints","description_kind":"markdown","computed":true}},"nesting_mode":"single"},"description_kind":"plain","computed":true},"storage_bucket_name":{"type":"string","description":"Name of the Nebius S3 bucket for MLflow artifacts. If not provided, will be created under the same parent.","description_kind":"markdown","computed":true},"updated_at":{"type":"string","description":":\n\n   Timestamp indicating when the resource was last updated.\n   \n   A string representing a timestamp in [ISO 8601](https://en.wikipedia.org/wiki/ISO_8601) format: `YYYY-MM-DDTHH:MM:SSZ` or `YYYY-MM-DDTHH:MM:SS.SSS±HH:MM`\n","description_kind":"markdown","computed":true}},"description":"#### Retrieving the Data Source\n\nThis data source can be retrieved by one of ID or name.\n\n##### Retrieve by ID\n\nTo retrieve by ID, fill in only the `id` field:\n\n```hcl\ndata ... {\n    id = \"your-ID\"\n}\n```\n\n##### Retrieve by Name\n\nTo retrieve by name, fill in only the `name` and `parent_id` fields:\n\n```hcl\ndata ... {\n    name      = \"your name\"\n    parent_id = \"data-source-parent-id\"\n}\n```\n","description_kind":"markdown"}},"nebius_msp_postgresql_v1alpha1_cluster":{"version":0,"block":{"attributes":{"backup":{"nested_type":{"attributes":{"backup_window_start":{"type":"string","description":"Backup window start in \"HH:MM:SS\" format (UTC Time)","description_kind":"markdown","computed":true},"retention_policy":{"type":"string","description":"Retention policy to be used for backups and WALs (i.e. '7d')","description_kind":"markdown","computed":true}},"nesting_mode":"single"},"description_kind":"plain","computed":true},"bootstrap":{"nested_type":{"attributes":{"db_name":{"type":"string","description":"Name of the PostgreSQL database. 1-63 characters long.","description_kind":"markdown","computed":true},"user_name":{"type":"string","description":"Name of the bootstrap PostgreSQL user.","description_kind":"markdown","computed":true}},"nesting_mode":"single"},"description_kind":"plain","computed":true},"config":{"nested_type":{"attributes":{"pooler_config":{"nested_type":{"attributes":{"max_pool_size":{"type":"number","description":"Maximum number of connections in the pool for a single user/database pair.","description_kind":"markdown","computed":true},"pooling_mode":{"type":"string","description":":\n\n   Mode that the connection pooler is working in.\n   \n   #### Supported values\n   \n   Possible values:\n   \n   - `POOLING_MODE_UNSPECIFIED`\n   - `SESSION` - Session pooling mode.\n   - `TRANSACTION` - Transaction pooling mode.\n   \n","description_kind":"markdown","computed":true}},"nesting_mode":"single"},"description":"Configuration of the connection pooler.","description_kind":"markdown","computed":true},"postgresql_config_16":{"nested_type":{"attributes":{"autovacuum_analyze_scale_factor":{"type":"number","description_kind":"plain","computed":true},"autovacuum_naptime":{"type":"number","description":"in seconds.","description_kind":"markdown","computed":true},"autovacuum_vacuum_cost_delay":{"type":"number","description":"in milliseconds.","description_kind":"markdown","computed":true},"autovacuum_vacuum_cost_limit":{"type":"number","description_kind":"plain","computed":true},"autovacuum_vacuum_scale_factor":{"type":"number","description_kind":"plain","computed":true},"autovacuum_work_mem":{"type":"number","description":"in kilobytes.","description_kind":"markdown","computed":true},"default_transaction_read_only":{"type":"bool","description_kind":"plain","computed":true},"idle_in_transaction_session_timeout":{"type":"number","description":"in milliseconds.","description_kind":"markdown","computed":true},"max_connections":{"type":"number","description_kind":"plain","computed":true},"search_path":{"type":"string","description_kind":"plain","computed":true},"shared_buffers":{"type":"number","description":"in kilobytes.","description_kind":"markdown","computed":true},"statement_timeout":{"type":"number","description":"in milliseconds.","description_kind":"markdown","computed":true}},"nesting_mode":"single"},"description":"Configuration parameters for postgres","description_kind":"markdown","computed":true},"public_access":{"type":"bool","description":"Either make cluster public accessible or accessible only via private VPC.","description_kind":"markdown","computed":true},"template":{"nested_type":{"attributes":{"disk":{"nested_type":{"attributes":{"size_gibibytes":{"type":"number","description_kind":"plain","computed":true},"type":{"type":"string","description_kind":"plain","computed":true}},"nesting_mode":"single"},"description_kind":"plain","computed":true},"hosts":{"nested_type":{"attributes":{"count":{"type":"number","description_kind":"plain","computed":true}},"nesting_mode":"single"},"description_kind":"plain","computed":true},"resources":{"nested_type":{"attributes":{"platform":{"type":"string","description_kind":"plain","computed":true},"preset":{"type":"string","description_kind":"plain","computed":true}},"nesting_mode":"single"},"description":"reduced msp.v1alpha1.resource.TemplateSpec","description_kind":"markdown","computed":true}},"nesting_mode":"single"},"description":"Resources allocated to PostgreSQL hosts.","description_kind":"markdown","computed":true},"version":{"type":"string","description":":\n\n   Version of PostgreSQL used in the cluster.\n   Possible values: `16`\n","description_kind":"markdown","computed":true}},"nesting_mode":"single"},"description_kind":"plain","computed":true},"created_at":{"type":"string","description":":\n\n   Timestamp indicating when the resource was created.\n   \n   A string representing a timestamp in [ISO 8601](https://en.wikipedia.org/wiki/ISO_8601) format: `YYYY-MM-DDTHH:MM:SSZ` or `YYYY-MM-DDTHH:MM:SS.SSS±HH:MM`\n","description_kind":"markdown","computed":true},"description":{"type":"string","description":"Description of the PostgreSQL cluster.","description_kind":"markdown","computed":true},"id":{"type":"string","description":"Identifier for the resource, unique for its resource type.","description_kind":"markdown","optional":true,"computed":true},"labels":{"type":["map","string"],"description":":\n\n   Labels associated with the resource.\n   \n","description_kind":"markdown","computed":true},"metadata":{"nested_type":{"nesting_mode":"single"},"description":":\n\n   #### Inner value description\n   \n   Common resource metadata.\n","description_kind":"markdown","computed":true},"name":{"type":"string","description":"Human readable name for the resource.","description_kind":"markdown","optional":true,"computed":true},"network_id":{"type":"string","description":"Network ID in which the cluster is created.","description_kind":"markdown","computed":true},"parent_id":{"type":"string","description":"Identifier of the parent resource to which the resource belongs.","description_kind":"markdown","optional":true,"computed":true},"resource_version":{"type":"number","description":":\n\n   Version of the resource for safe concurrent modifications and consistent reads.\n   Positive and monotonically increases on each resource spec change (but *not* on each change of the\n   resource's container(s) or status).\n   Service allows zero value or current.\n   \n","description_kind":"markdown","computed":true},"status":{"nested_type":{"attributes":{"connection_endpoints":{"nested_type":{"attributes":{"private_read_only":{"type":"string","description":"Read only endpoint of the PostgreSQL cluster accessible from the private VPC.","description_kind":"markdown","computed":true},"private_read_write":{"type":"string","description":"Read write endpoint of the PostgreSQL cluster accessible from the private VPC.","description_kind":"markdown","computed":true},"public_read_only":{"type":"string","description":"Read only endpoint of the PostgreSQL cluster accessible from the internet.","description_kind":"markdown","computed":true},"public_read_write":{"type":"string","description":"Read write endpoint of the PostgreSQL cluster accessible from the internet.","description_kind":"markdown","computed":true}},"nesting_mode":"single"},"description":"Connection endpoints of the PostgreSQL cluster.","description_kind":"markdown","computed":true},"phase":{"type":"string","description":":\n\n   Current phase of the cluster.\n   \n   #### Supported values\n   \n   Possible values:\n   \n   - `PHASE_UNSPECIFIED`\n   - `PHASE_PROVISIONING`\n   - `PHASE_RUNNING`\n   - `PHASE_UPDATING`\n   - `PHASE_DELETING`\n   - `PHASE_DELETED`[deprecated]\n   - `PHASE_PURGING`\n   - `PHASE_STOPPING`\n   - `PHASE_RESUMING`\n   \n","description_kind":"markdown","computed":true},"preset_details":{"nested_type":{"attributes":{"cpu_count":{"type":"number","description_kind":"plain","computed":true},"gpu_count":{"type":"number","description_kind":"plain","computed":true},"memory_gibibytes":{"type":"number","description_kind":"plain","computed":true}},"nesting_mode":"single"},"description":"Cluster resource preset details","description_kind":"markdown","computed":true},"state":{"type":"string","description":":\n\n   State reflects substatus of the phase to define whether it's healthy or not.\n   \n   #### Supported values\n   \n   Possible values:\n   \n   - `STATE_UNSPECIFIED`\n   - `STATE_IN_PROGRESS`\n   - `STATE_FINISHED`\n   - `STATE_ERROR`\n   - `STATE_DEGRADED`\n   - `STATE_SCHEDULED`\n   \n","description_kind":"markdown","computed":true}},"nesting_mode":"single"},"description_kind":"plain","computed":true},"updated_at":{"type":"string","description":":\n\n   Timestamp indicating when the resource was last updated.\n   \n   A string representing a timestamp in [ISO 8601](https://en.wikipedia.org/wiki/ISO_8601) format: `YYYY-MM-DDTHH:MM:SSZ` or `YYYY-MM-DDTHH:MM:SS.SSS±HH:MM`\n","description_kind":"markdown","computed":true}},"description":"#### Retrieving the Data Source\n\nThis data source can be retrieved by one of ID or name.\n\n##### Retrieve by ID\n\nTo retrieve by ID, fill in only the `id` field:\n\n```hcl\ndata ... {\n    id = \"your-ID\"\n}\n```\n\n##### Retrieve by Name\n\nTo retrieve by name, fill in only the `name` and `parent_id` fields:\n\n```hcl\ndata ... {\n    name      = \"your name\"\n    parent_id = \"data-source-parent-id\"\n}\n```\n","description_kind":"markdown"}},"nebius_mysterybox_v1_secret":{"version":0,"block":{"attributes":{"created_at":{"type":"string","description":":\n\n   Timestamp indicating when the resource was created.\n   \n   A string representing a timestamp in [ISO 8601](https://en.wikipedia.org/wiki/ISO_8601) format: `YYYY-MM-DDTHH:MM:SSZ` or `YYYY-MM-DDTHH:MM:SS.SSS±HH:MM`\n","description_kind":"markdown","computed":true},"description":{"type":"string","description":"Description of the secret.","description_kind":"markdown","computed":true},"id":{"type":"string","description":"Identifier for the resource, unique for its resource type.","description_kind":"markdown","optional":true,"computed":true},"labels":{"type":["map","string"],"description":":\n\n   Labels associated with the resource.\n   \n","description_kind":"markdown","computed":true},"metadata":{"nested_type":{"nesting_mode":"single"},"description":":\n\n   #### Inner value description\n   \n   Common resource metadata.\n","description_kind":"markdown","computed":true},"name":{"type":"string","description":"Human readable name for the resource.","description_kind":"markdown","optional":true,"computed":true},"parent_id":{"type":"string","description":"Identifier of the parent resource to which the resource belongs.","description_kind":"markdown","optional":true,"computed":true},"primary_version_id":{"type":"string","description":"Specifies the primary version of the secret to update its payload. This parameter should only be provided during update operations.","description_kind":"markdown","computed":true},"resource_version":{"type":"number","description":":\n\n   Version of the resource for safe concurrent modifications and consistent reads.\n   Positive and monotonically increases on each resource spec change (but *not* on each change of the\n   resource's container(s) or status).\n   Service allows zero value or current.\n   \n","description_kind":"markdown","computed":true},"status":{"nested_type":{"attributes":{"deleted_at":{"type":"string","description":":\n\n   Time when user called soft delete method\n   \n   A string representing a timestamp in [ISO 8601](https://en.wikipedia.org/wiki/ISO_8601) format: `YYYY-MM-DDTHH:MM:SSZ` or `YYYY-MM-DDTHH:MM:SS.SSS±HH:MM`\n","description_kind":"markdown","computed":true},"effective_kms_key_id":{"type":"string","description_kind":"plain","computed":true},"purge_at":{"type":"string","description":":\n\n   Time when key should be totally deleted from DB\n   \n   A string representing a timestamp in [ISO 8601](https://en.wikipedia.org/wiki/ISO_8601) format: `YYYY-MM-DDTHH:MM:SSZ` or `YYYY-MM-DDTHH:MM:SS.SSS±HH:MM`\n","description_kind":"markdown","computed":true},"state":{"type":"string","description":":\n\n   State (ACTIVE, SCHEDULED_FOR_DELETION)\n   \n   #### Supported values\n   \n   Possible values:\n   \n   - `STATE_UNSPECIFIED`\n   - `ACTIVE` - Resource is active, ready for use\n   - `SCHEDULED_FOR_DELETION` - Resource was marked as soft deleted\n   \n","description_kind":"markdown","computed":true}},"nesting_mode":"single"},"description":"The status of the secret.","description_kind":"markdown","computed":true},"updated_at":{"type":"string","description":":\n\n   Timestamp indicating when the resource was last updated.\n   \n   A string representing a timestamp in [ISO 8601](https://en.wikipedia.org/wiki/ISO_8601) format: `YYYY-MM-DDTHH:MM:SSZ` or `YYYY-MM-DDTHH:MM:SS.SSS±HH:MM`\n","description_kind":"markdown","computed":true}},"description":"#### Retrieving the Data Source\n\nThis data source can be retrieved by one of ID or name.\n\n##### Retrieve by ID\n\nTo retrieve by ID, fill in only the `id` field:\n\n```hcl\ndata ... {\n    id = \"your-ID\"\n}\n```\n\n##### Retrieve by Name\n\nTo retrieve by name, fill in only the `name` and `parent_id` fields:\n\n```hcl\ndata ... {\n    name      = \"your name\"\n    parent_id = \"data-source-parent-id\"\n}\n```\n","description_kind":"markdown"}},"nebius_mysterybox_v1_secret_payload_entry":{"version":0,"block":{"attributes":{"data":{"nested_type":{"attributes":{"binary_value":{"type":"string","description":":\n\n   The binary data to encrypt and store in the version of the secret.\n   \n   *Cannot be set alongside string_value.*\n","description_kind":"markdown","optional":true,"computed":true,"sensitive":true},"key":{"type":"string","description":"Non-confidential key of the payload entry.","description_kind":"markdown","optional":true,"computed":true,"sensitive":true},"string_value":{"type":"string","description":":\n\n   The text data to encrypt and store in the version of the secret.\n   \n   *Cannot be set alongside binary_value.*\n","description_kind":"markdown","optional":true,"computed":true,"sensitive":true}},"nesting_mode":"single"},"description":":\n\n   #### Inner value description\n   \n   Represents the secret's content as key-value pair.\n","description_kind":"markdown","optional":true,"computed":true},"key":{"type":"string","description":"Payload's key to be retrieved.","description_kind":"markdown","required":true},"secret_id":{"type":"string","description_kind":"plain","optional":true},"version_id":{"type":"string","description":"Desired version of the secret. If not provided, the primary version of the secret will be returned.","description_kind":"markdown","optional":true,"computed":true}},"description":"Returns the secret's payload value by key in its decrypted format.","description_kind":"markdown"}},"nebius_mysterybox_v1_secret_version":{"version":0,"block":{"attributes":{"created_at":{"type":"string","description":":\n\n   Timestamp indicating when the resource was created.\n   \n   A string representing a timestamp in [ISO 8601](https://en.wikipedia.org/wiki/ISO_8601) format: `YYYY-MM-DDTHH:MM:SSZ` or `YYYY-MM-DDTHH:MM:SS.SSS±HH:MM`\n","description_kind":"markdown","computed":true},"description":{"type":"string","description":"Description of the version.","description_kind":"markdown","computed":true},"id":{"type":"string","description":"Identifier for the resource, unique for its resource type.","description_kind":"markdown","required":true},"labels":{"type":["map","string"],"description":":\n\n   Labels associated with the resource.\n   \n","description_kind":"markdown","computed":true},"metadata":{"nested_type":{"nesting_mode":"single"},"description":":\n\n   #### Inner value description\n   \n   Common resource metadata.\n","description_kind":"markdown","computed":true},"name":{"type":"string","description":"Human readable name for the resource.","description_kind":"markdown","computed":true},"parent_id":{"type":"string","description":"Identifier of the parent resource to which the resource belongs.","description_kind":"markdown","computed":true},"resource_version":{"type":"number","description":":\n\n   Version of the resource for safe concurrent modifications and consistent reads.\n   Positive and monotonically increases on each resource spec change (but *not* on each change of the\n   resource's container(s) or status).\n   Service allows zero value or current.\n   \n","description_kind":"markdown","computed":true},"status":{"nested_type":{"attributes":{"deleted_at":{"type":"string","description":":\n\n   Time when user called soft delete method\n   \n   A string representing a timestamp in [ISO 8601](https://en.wikipedia.org/wiki/ISO_8601) format: `YYYY-MM-DDTHH:MM:SSZ` or `YYYY-MM-DDTHH:MM:SS.SSS±HH:MM`\n","description_kind":"markdown","computed":true},"purge_at":{"type":"string","description":":\n\n   Time when key should be totally deleted from DB\n   \n   A string representing a timestamp in [ISO 8601](https://en.wikipedia.org/wiki/ISO_8601) format: `YYYY-MM-DDTHH:MM:SSZ` or `YYYY-MM-DDTHH:MM:SS.SSS±HH:MM`\n","description_kind":"markdown","computed":true},"state":{"type":"string","description":":\n\n   State (ACTIVE, SCHEDULED_FOR_DELETION)\n   \n   #### Supported values\n   \n   Possible values:\n   \n   - `STATE_UNSPECIFIED`\n   - `ACTIVE` - Resource is active, ready for use\n   - `SCHEDULED_FOR_DELETION` - Resource was marked as soft deleted\n   \n","description_kind":"markdown","computed":true}},"nesting_mode":"single"},"description":"The status of the secret version.","description_kind":"markdown","computed":true},"updated_at":{"type":"string","description":":\n\n   Timestamp indicating when the resource was last updated.\n   \n   A string representing a timestamp in [ISO 8601](https://en.wikipedia.org/wiki/ISO_8601) format: `YYYY-MM-DDTHH:MM:SSZ` or `YYYY-MM-DDTHH:MM:SS.SSS±HH:MM`\n","description_kind":"markdown","computed":true}},"description":"#### Retrieving the Data Source\n\nThis data source can be retrieved by only ID.\n\n##### Retrieve by ID\n\nTo retrieve by ID, fill in only the `id` field:\n\n```hcl\ndata ... {\n    id = \"your-ID\"\n}\n```\n","description_kind":"markdown"}},"nebius_parent_id":{"version":0,"block":{"attributes":{"parent_id":{"type":"string","description":"The default parent ID from the configuration.","description_kind":"plain","computed":true}},"description":"A data source that provides the default parent ID from the configuration.","description_kind":"plain"}},"nebius_quotas_v1_quota_allowance":{"version":0,"block":{"attributes":{"by_name_in_region":{"nested_type":{"attributes":{"name":{"type":"string","description":":\n\n   Name of the quota.\n   Example: \"compute.disk.size.network-ssd\".\n","description_kind":"markdown","required":true},"parent_id":{"type":"string","description":"ID of the Container to list quotas for.","description_kind":"markdown","required":true},"region":{"type":"string","description":":\n\n   Name of the region where the quota is allocated.\n   Example: \"eu-north1\".\n","description_kind":"markdown","required":true}},"nesting_mode":"single"},"description":":\n\n   Gets a quota allowance for a Tenant or Project by container ID, region, and name.\n   \n   #### Inner value description\n   \n   Request to get a quota allowance by container, name, and region.\n","description_kind":"markdown","optional":true},"created_at":{"type":"string","description":":\n\n   Timestamp indicating when the resource was created.\n   \n   A string representing a timestamp in [ISO 8601](https://en.wikipedia.org/wiki/ISO_8601) format: `YYYY-MM-DDTHH:MM:SSZ` or `YYYY-MM-DDTHH:MM:SS.SSS±HH:MM`\n","description_kind":"markdown","computed":true},"id":{"type":"string","description":"Identifier for the resource, unique for its resource type.","description_kind":"markdown","optional":true,"computed":true},"labels":{"type":["map","string"],"description":":\n\n   Labels associated with the resource.\n   \n","description_kind":"markdown","computed":true},"limit":{"type":"number","description":"Total amount of resources allocated.","description_kind":"markdown","computed":true},"metadata":{"nested_type":{"nesting_mode":"single"},"description":":\n\n   #### Inner value description\n   \n   Common resource metadata.\n","description_kind":"markdown","computed":true},"name":{"type":"string","description":"Human readable name for the resource.","description_kind":"markdown","computed":true},"parent_id":{"type":"string","description":"Identifier of the parent resource to which the resource belongs.","description_kind":"markdown","computed":true},"region":{"type":"string","description":":\n\n   Name of the region where the quota is allocated.\n   Example: \"eu-north1\".\n","description_kind":"markdown","computed":true},"resource_version":{"type":"number","description":":\n\n   Version of the resource for safe concurrent modifications and consistent reads.\n   Positive and monotonically increases on each resource spec change (but *not* on each change of the\n   resource's container(s) or status).\n   Service allows zero value or current.\n   \n","description_kind":"markdown","computed":true},"status":{"nested_type":{"attributes":{"description":{"type":"string","description":":\n\n   Human-readable description of the quota.\n   Example: \"Total RAM across VMs\".\n","description_kind":"markdown","computed":true},"service":{"type":"string","description":":\n\n   Service in which the quota is allocated.\n   Example: \"mk8s\".\n","description_kind":"markdown","computed":true},"service_description":{"type":"string","description":":\n\n   Human-readable name of the service managing the quota.\n   Example: \"Managed Kubernetes®\".\n","description_kind":"markdown","computed":true},"state":{"type":"string","description":":\n\n   Current state of the quota.\n   \n   #### Supported values\n   \n   Possible values:\n   \n   - `STATE_UNSPECIFIED`\n   - `STATE_PROVISIONING` - Quota is being allocated; the process can take up to several minutes.\n   - `STATE_ACTIVE` - Quota is allocated and can be used.\n   - `STATE_FROZEN` - Quota is allocated but cannot be used any longer\n   - `STATE_DELETED` - Quota has been removed and is no longer allocated.\n   \n","description_kind":"markdown","computed":true},"unit":{"type":"string","description":":\n\n   Quota unit.\n   Example: \"byte\".\n","description_kind":"markdown","computed":true},"usage":{"type":"number","description":"Current quota usage.","description_kind":"markdown","computed":true},"usage_percentage":{"type":"string","description":":\n\n   Current quota usage as a percentage.\n   Values range from 0.0 to 1.0, representing 0% to 100%.\n   Values can exceed 1.0 if usage exceeds the limit.\n   Example: \"0.12\".\n","description_kind":"markdown","computed":true},"usage_state":{"type":"string","description":":\n\n   Current state of the quota usage.\n   \n   #### Supported values\n   \n   Possible values:\n   \n   - `USAGE_STATE_UNSPECIFIED`\n   - `USAGE_STATE_USED` - Quota is actively in use.\n   - `USAGE_STATE_NOT_USED` - Quota is not currently in use.\n   - `USAGE_STATE_UNKNOWN`:\n      Quota region is unreachable, the current usage is therefore unknown.\n      Please, retry the request later.\n   \n   - `USAGE_STATE_NOT_APPLICABLE` - Quota usage is not applicable\n   \n","description_kind":"markdown","computed":true}},"nesting_mode":"single"},"description_kind":"plain","computed":true},"updated_at":{"type":"string","description":":\n\n   Timestamp indicating when the resource was last updated.\n   \n   A string representing a timestamp in [ISO 8601](https://en.wikipedia.org/wiki/ISO_8601) format: `YYYY-MM-DDTHH:MM:SSZ` or `YYYY-MM-DDTHH:MM:SS.SSS±HH:MM`\n","description_kind":"markdown","computed":true}},"description":"#### Retrieving the Data Source\n\nThis data source can be retrieved by one of ID or one of additional getters.\n\n##### Retrieve by ID\n\nTo retrieve by ID, fill in only the `id` field:\n\n```hcl\ndata ... {\n    id = \"your-ID\"\n}\n```\n\n##### Retrieve by Additional Getters\n\nTo retrieve by one of additional getters, fill in one of these fields: by_name_in_region, leaving other fields unset.\n\n```hcl\ndata ... {\n    getter_name = {\n        ...\n\t }\n}\n```\n\nsee the schema for more details on each field.\n\n","description_kind":"markdown"}},"nebius_registry_v1_registry":{"version":0,"block":{"attributes":{"created_at":{"type":"string","description":":\n\n   Timestamp indicating when the resource was created.\n   \n   A string representing a timestamp in [ISO 8601](https://en.wikipedia.org/wiki/ISO_8601) format: `YYYY-MM-DDTHH:MM:SSZ` or `YYYY-MM-DDTHH:MM:SS.SSS±HH:MM`\n","description_kind":"markdown","computed":true},"description":{"type":"string","description_kind":"plain","computed":true},"id":{"type":"string","description":"Identifier for the resource, unique for its resource type.","description_kind":"markdown","required":true},"images_count":{"type":"number","description":"Registry.Type type = 2;","description_kind":"markdown","computed":true},"labels":{"type":["map","string"],"description":":\n\n   Labels associated with the resource.\n   \n","description_kind":"markdown","computed":true},"metadata":{"nested_type":{"nesting_mode":"single"},"description":":\n\n   This is metadata about the resource, such as its id, name, labels, etc.\n   This contains fields that may be updated both by the end user and the system.\n   \n   #### Inner value description\n   \n   Common resource metadata.\n","description_kind":"markdown","computed":true},"name":{"type":"string","description":"Human readable name for the resource.","description_kind":"markdown","computed":true},"parent_id":{"type":"string","description":"Identifier of the parent resource to which the resource belongs.","description_kind":"markdown","computed":true},"resource_version":{"type":"number","description":":\n\n   Version of the resource for safe concurrent modifications and consistent reads.\n   Positive and monotonically increases on each resource spec change (but *not* on each change of the\n   resource's container(s) or status).\n   Service allows zero value or current.\n   \n","description_kind":"markdown","computed":true},"status":{"nested_type":{"attributes":{"images_count":{"type":"number","description_kind":"plain","computed":true},"registry_fqdn":{"type":"string","description":"regional fqdn \"cr.eu-north1.nebius.cloud\"","description_kind":"markdown","computed":true},"state":{"type":"string","description":":\n\n   #### Supported values\n   \n   Possible values:\n   \n   - `CREATING`\n   - `ACTIVE`\n   - `DELETING`\n   - `SUSPENDED`\n   \n","description_kind":"markdown","computed":true}},"nesting_mode":"single"},"description":"This is filled in by the server and reports the current state of the system.","description_kind":"markdown","computed":true},"updated_at":{"type":"string","description":":\n\n   Timestamp indicating when the resource was last updated.\n   \n   A string representing a timestamp in [ISO 8601](https://en.wikipedia.org/wiki/ISO_8601) format: `YYYY-MM-DDTHH:MM:SSZ` or `YYYY-MM-DDTHH:MM:SS.SSS±HH:MM`\n","description_kind":"markdown","computed":true}},"description":"#### Retrieving the Data Source\n\nThis data source can be retrieved by only ID.\n\n##### Retrieve by ID\n\nTo retrieve by ID, fill in only the `id` field:\n\n```hcl\ndata ... {\n    id = \"your-ID\"\n}\n```\n","description_kind":"markdown"}},"nebius_storage_v1_bucket":{"version":0,"block":{"attributes":{"bucket_policy":{"nested_type":{"attributes":{"rules":{"nested_type":{"attributes":{"anonymous":{"nested_type":{"nesting_mode":"single"},"description":":\n\n   Enable anonymous access. Only read-only roles are allowed in anonymous mode.\n   \n   *Cannot be set alongside group_id.*\n","description_kind":"markdown","computed":true},"group_id":{"type":"string","description":":\n\n   Group ID to grant access to.\n   \n   *Cannot be set alongside anonymous.*\n","description_kind":"markdown","computed":true},"paths":{"type":["list","string"],"description":":\n\n   A list of paths each of which is either a full object key or a prefix ending with a\n   single \"*\" wildcard character. A rule is only applied to objects matching any of paths.\n   If there is a path equal to \"*\", a rule applies to a whole bucket.\n","description_kind":"markdown","computed":true},"roles":{"type":["list","string"],"description":"A set of roles which a subject will have. All `storage.*` roles are supported.","description_kind":"markdown","computed":true}},"nesting_mode":"list"},"description":":\n\n   Rule specifies which role must be given to a subject to access a set of objects with given\n   prefixes or a whole bucket.\n","description_kind":"markdown","computed":true}},"nesting_mode":"single"},"description":":\n\n   Bucket policy specifies granular permissions for a bucket.\n   \n   #### Inner value description\n   \n   Bucket policy specifies granular permissions for a bucket.\n","description_kind":"markdown","computed":true},"cors":{"nested_type":{"attributes":{"rules":{"nested_type":{"attributes":{"allowed_headers":{"type":["list","string"],"description":"Headers that are allowed in a preflight request through the Access-Control-Request-Headers header","description_kind":"markdown","computed":true},"allowed_methods":{"type":["list","string"],"description":"HTTP methods CORS is allowed for: GET, PUT, POST, DELETE, HEAD.","description_kind":"markdown","computed":true},"allowed_origins":{"type":["list","string"],"description":"The origins that you want to allow cross-domain requests from. Single wildcard * is allowed.","description_kind":"markdown","computed":true},"expose_headers":{"type":["list","string"],"description":"Headers in the response that you want customers to be able to access from their applications.","description_kind":"markdown","computed":true},"id":{"type":"string","description":"Optional rule identifier.","description_kind":"markdown","computed":true},"max_age_seconds":{"type":"number","description":"Time in seconds that your browser can cache the response for a preflight request as identified by the resource.","description_kind":"markdown","computed":true}},"nesting_mode":"list"},"description":"CORS rules.","description_kind":"markdown","computed":true}},"nesting_mode":"single"},"description":":\n\n   Cross-origin resource sharing configuration.\n   \n   #### Inner value description\n   \n   Cross-origin resource sharing (CORS) configuration.\n","description_kind":"markdown","computed":true},"created_at":{"type":"string","description":":\n\n   Timestamp indicating when the resource was created.\n   \n   A string representing a timestamp in [ISO 8601](https://en.wikipedia.org/wiki/ISO_8601) format: `YYYY-MM-DDTHH:MM:SSZ` or `YYYY-MM-DDTHH:MM:SS.SSS±HH:MM`\n","description_kind":"markdown","computed":true},"default_storage_class":{"type":"string","description":":\n\n   Storage class to use by default for uploads to the bucket. It may be overridden by `x-amz-storage-class` header.\n   If not set - STANDARD is used as a default storage class.\n   \n   #### Supported values\n   \n   Possible values:\n   \n   - `STORAGE_CLASS_UNSPECIFIED`\n   - `STANDARD`\n   - `ENHANCED_THROUGHPUT`\n   - `INTELLIGENT`\n   - `FILESYSTEM` - Special storage class only for filesystem buckets.\n   \n","description_kind":"markdown","computed":true},"force_storage_class":{"type":"bool","description":"Flag to force usage of default_storage_class, ignoring `x-amz-storage-class` header.","description_kind":"markdown","computed":true},"id":{"type":"string","description":"Identifier for the resource, unique for its resource type.","description_kind":"markdown","optional":true,"computed":true},"labels":{"type":["map","string"],"description":":\n\n   Labels associated with the resource.\n   \n","description_kind":"markdown","computed":true},"lifecycle_configuration":{"nested_type":{"attributes":{"last_access_filter":{"nested_type":{"attributes":{"conditions":{"nested_type":{"attributes":{"methods":{"type":["list","string"],"description":":\n\n   The s3 methods to match.\n   An empty list matches all methods\n   \n   #### Supported values\n   \n   Possible values:\n   \n   - `METHOD_UNSPECIFIED`\n   - `GET_OBJECT`\n   - `HEAD_OBJECT`\n   - `GET_OBJECT_TAGGING`\n   - `COPY_OBJECT`:\n      Copy object method reads the source object.\n      We account for those operations as source object accesses when calculating `days_since_last_access` for source object.\n   \n   - `UPLOAD_PART_COPY`:\n      Upload part copy method reads the source object.\n      We account for those operations as source object accesses when calculating `days_since_last_access` for source object.\n   \n   \n","description_kind":"markdown","computed":true},"type":{"type":"string","description":":\n\n   #### Supported values\n   \n   Possible values:\n   \n   - `TYPE_UNSPECIFIED`\n   - `INCLUDE`:\n      If an include type condition is the first condition that the request match, the request will be included in\n      `days_since_last_access` calculation.\n   \n   - `EXCLUDE`:\n      If an exclude type condition is the first condition that the request match, the request will be ignored in `days_since_last_access`\n      calculation.\n   \n   \n","description_kind":"markdown","computed":true},"user_agents":{"type":["list","string"],"description":":\n\n   User agents to match. Condition is satisfied if the request's user agent contains any of these substrings.\n   An empty list matches all user agents.\n","description_kind":"markdown","computed":true}},"nesting_mode":"list"},"description":":\n\n   A request is included in `days_since_last_access` calculations if:\n   - The first condition matching the request has `INCLUDE` type.\n   OR\n   - The request doesn't match any conditions\n","description_kind":"markdown","computed":true}},"nesting_mode":"single"},"description":":\n\n   Specifies which requests are included in `days_since_last_access` calculations for all transition rules.\n   \n   #### Inner value description\n   \n   Specifies which requests are included in `days_since_last_access` calculations.\n","description_kind":"markdown","computed":true},"rules":{"nested_type":{"attributes":{"abort_incomplete_multipart_upload":{"nested_type":{"attributes":{"days_after_initiation":{"type":"number","description":":\n\n   Specifies the days since the initiation of an incomplete multipart upload that\n   the system will wait before permanently removing all parts of the upload.\n","description_kind":"markdown","computed":true}},"nesting_mode":"single"},"description":":\n\n   Specifies the days since the initiation of an incomplete multipart upload that\n   the system will wait before permanently removing all parts of the upload.\n","description_kind":"markdown","computed":true},"expiration":{"nested_type":{"attributes":{"date":{"type":"string","description":":\n\n   Indicates at what date the object will be deleted. The time is always midnight UTC.\n   \n   A string representing a timestamp in [ISO 8601](https://en.wikipedia.org/wiki/ISO_8601) format: `YYYY-MM-DDTHH:MM:SSZ` or `YYYY-MM-DDTHH:MM:SS.SSS±HH:MM`\n   \n   *Cannot be set alongside days.*\n","description_kind":"markdown","computed":true},"days":{"type":"number","description":":\n\n   Indicates the lifetime, in days, of the objects that are subject to the rule.\n   The value must be a non-zero positive integer.\n   \n   *Cannot be set alongside date.*\n","description_kind":"markdown","computed":true},"expired_object_delete_marker":{"type":"bool","description":":\n\n   Indicates whether the system will remove a \"delete marker\" with no noncurrent versions.\n   If set to true, the \"delete marker\" will be permanently removed.\n   If set to false the policy takes no action.\n   This cannot be specified with Days or Date in a LifecycleExpiration Policy.\n","description_kind":"markdown","computed":true}},"nesting_mode":"single"},"description":":\n\n   Specifies the expiration for the lifecycle of the object in the form of date, days and,\n   whether the object has a delete marker.\n","description_kind":"markdown","computed":true},"filter":{"nested_type":{"attributes":{"object_size_greater_than_bytes":{"type":"number","description":"Minimum object size to which the rule applies.","description_kind":"markdown","computed":true},"object_size_less_than_bytes":{"type":"number","description":"Maximum object size to which the rule applies.","description_kind":"markdown","computed":true},"prefix":{"type":"string","description":":\n\n   Prefix identifying one or more objects to which the rule applies.\n   If prefix is empty, the rule applies to all objects in the bucket.\n","description_kind":"markdown","computed":true},"tags":{"nested_type":{"attributes":{"key":{"type":"string","description_kind":"plain","computed":true},"value":{"type":"string","description_kind":"plain","computed":true}},"nesting_mode":"list"},"description":":\n\n   Tags to filter objects by their tagging. Rule applies only to objects that\n   match all tags in a filter.\n","description_kind":"markdown","computed":true}},"nesting_mode":"single"},"description":":\n\n   The Filter is used to identify objects that a Lifecycle Rule applies to.\n   The Lifecycle Rule will apply to any object matching all of the predicates\n   configured inside (using logical AND).\n","description_kind":"markdown","computed":true},"id":{"type":"string","description":":\n\n   Unique identifier for the rule per configuration.\n   The value cannot be longer than 255 characters.\n","description_kind":"markdown","computed":true},"noncurrent_version_expiration":{"nested_type":{"attributes":{"newer_noncurrent_versions":{"type":"number","description":"Specifies how many noncurrent versions the system will retain.","description_kind":"markdown","computed":true},"noncurrent_days":{"type":"number","description":"Specifies the number of days an object is noncurrent before the system will expire it.","description_kind":"markdown","computed":true}},"nesting_mode":"single"},"description":":\n\n   Specifies when noncurrent object versions expire.\n   It works only on a bucket that has versioning enabled (or suspended).\n","description_kind":"markdown","computed":true},"noncurrent_version_transition":{"nested_type":{"attributes":{"newer_noncurrent_versions":{"type":"number","description":"Specifies how many noncurrent versions the system will retain without transition.","description_kind":"markdown","computed":true},"noncurrent_days":{"type":"number","description":"Specifies the number of days an object is noncurrent before the system will transit it.","description_kind":"markdown","computed":true},"storage_class":{"type":"string","description":":\n\n   Target storage class to transit to.\n   \n   #### Supported values\n   \n   Possible values:\n   \n   - `STORAGE_CLASS_UNSPECIFIED`\n   - `STANDARD`\n   - `ENHANCED_THROUGHPUT`\n   - `INTELLIGENT`\n   - `FILESYSTEM` - Special storage class only for filesystem buckets.\n   \n","description_kind":"markdown","computed":true}},"nesting_mode":"single"},"description":":\n\n   Specifies the transition for the lifecycle of a noncurrent object.\n   It works only on a bucket that has versioning enabled (or suspended).\n","description_kind":"markdown","computed":true},"status":{"type":"string","description":":\n\n   #### Supported values\n   \n   Possible values:\n   \n   - `STATUS_UNSPECIFIED`\n   - `ENABLED`\n   - `DISABLED`\n   \n","description_kind":"markdown","computed":true},"transition":{"nested_type":{"attributes":{"date":{"type":"string","description":":\n\n   Indicates at what date the object will be transited. The time is always midnight UTC.\n   \n   A string representing a timestamp in [ISO 8601](https://en.wikipedia.org/wiki/ISO_8601) format: `YYYY-MM-DDTHH:MM:SSZ` or `YYYY-MM-DDTHH:MM:SS.SSS±HH:MM`\n   \n   *Cannot be set alongside days or days_since_last_access.*\n","description_kind":"markdown","computed":true},"days":{"type":"number","description":":\n\n   Amount of days since object was uploaded before it's transited to a new storage class.\n   The value must be a non-zero positive integer.\n   \n   *Cannot be set alongside date or days_since_last_access.*\n","description_kind":"markdown","computed":true},"days_since_last_access":{"type":"number","description":":\n\n   The number of days since the object was last accessed before it is transitioned.\n   \n   *Cannot be set alongside date or days.*\n","description_kind":"markdown","computed":true},"storage_class":{"type":"string","description":":\n\n   Target storage class to transit to.\n   \n   #### Supported values\n   \n   Possible values:\n   \n   - `STORAGE_CLASS_UNSPECIFIED`\n   - `STANDARD`\n   - `ENHANCED_THROUGHPUT`\n   - `INTELLIGENT`\n   - `FILESYSTEM` - Special storage class only for filesystem buckets.\n   \n","description_kind":"markdown","computed":true}},"nesting_mode":"single"},"description":":\n\n   Specifies the transition for the lifecycle of an object in the form of date or days and\n   target storage class to transit object to.\n","description_kind":"markdown","computed":true}},"nesting_mode":"list"},"description_kind":"plain","computed":true}},"nesting_mode":"single"},"description":":\n\n   #### Inner value description\n   \n   The lifecycle configuration consists of one or more rules.\n   An Lifecycle configuration can have up to 1,000 rules.\n   Each rule consists of the following:\n   - A filter identifying a subset of objects to which the rule applies.\n     The filter can be based on a key name prefix, object size, or any combination of these.\n   - A status indicating whether the rule is currently active.\n   - One or more lifecycle expiration actions that you want to be performed on the objects\n     identified by the filter. If the state of your bucket is versioning-enabled or versioning-suspended\n     (bucket.spec.versioning_policy equals to ENABLED or SUSPENDED) you can have many versions of the same\n     object (one current version and zero or more noncurrent versions). The system provides predefined actions\n     that you can specify for current and noncurrent object versions.\n","description_kind":"markdown","computed":true},"max_size_bytes":{"type":"number","description":":\n\n   Maximum bucket size.\n   Zero means unlimited.\n   Actual limit can be lower if customer doesn't have enough quota.\n   Real bucket size can go a little higher if customer writes too fast.\n","description_kind":"markdown","computed":true},"metadata":{"nested_type":{"nesting_mode":"single"},"description":":\n\n   #### Inner value description\n   \n   Common resource metadata.\n","description_kind":"markdown","computed":true},"name":{"type":"string","description":"Human readable name for the resource.","description_kind":"markdown","optional":true,"computed":true},"object_audit_logging":{"type":"string","description":":\n\n   Object audit logging specifies which requests must be logged - none, all or mutational only.\n   \n   #### Supported values\n   \n   Possible values:\n   \n   - `OBJECT_AUDIT_LOGGING_UNSPECIFIED`\n   - `NONE` - Logging is disabled.\n   - `MUTATE_ONLY` - Logging enabled only for mutating requests.\n   - `ALL` - Logging enabled for all requests.\n   \n","description_kind":"markdown","computed":true},"parent_id":{"type":"string","description":"Identifier of the parent resource to which the resource belongs.","description_kind":"markdown","optional":true,"computed":true},"resource_version":{"type":"number","description":":\n\n   Version of the resource for safe concurrent modifications and consistent reads.\n   Positive and monotonically increases on each resource spec change (but *not* on each change of the\n   resource's container(s) or status).\n   Service allows zero value or current.\n   \n","description_kind":"markdown","computed":true},"status":{"nested_type":{"attributes":{"anonymous_access_enabled":{"type":"bool","description":":\n\n   Indicator flag showing whether the bucket has any BucketPolicy rule\n   that grants anonymous access to any object, prefix, or the entire bucket.\n","description_kind":"markdown","computed":true},"counters":{"nested_type":{"attributes":{"counters":{"nested_type":{"attributes":{"inflight_parts_quantity":{"type":"number","description_kind":"plain","computed":true},"inflight_parts_size":{"type":"number","description_kind":"plain","computed":true},"multipart_objects_quantity":{"type":"number","description_kind":"plain","computed":true},"multipart_objects_size":{"type":"number","description_kind":"plain","computed":true},"multipart_uploads_quantity":{"type":"number","description_kind":"plain","computed":true},"simple_objects_quantity":{"type":"number","description_kind":"plain","computed":true},"simple_objects_size":{"type":"number","description_kind":"plain","computed":true}},"nesting_mode":"single"},"description_kind":"plain","computed":true},"non_current_counters":{"nested_type":{"attributes":{"multipart_objects_quantity":{"type":"number","description_kind":"plain","computed":true},"multipart_objects_size":{"type":"number","description_kind":"plain","computed":true},"simple_objects_quantity":{"type":"number","description_kind":"plain","computed":true},"simple_objects_size":{"type":"number","description_kind":"plain","computed":true}},"nesting_mode":"single"},"description":":\n\n   #### Inner value description\n   \n   Counters for non-current object versions (for versioning buckets).\n","description_kind":"markdown","computed":true},"storage_class":{"type":"string","description":":\n\n   #### Supported values\n   \n   Possible values:\n   \n   - `STORAGE_CLASS_UNSPECIFIED`\n   - `STANDARD`\n   - `ENHANCED_THROUGHPUT`\n   - `INTELLIGENT`\n   - `FILESYSTEM` - Special storage class only for filesystem buckets.\n   \n","description_kind":"markdown","computed":true}},"nesting_mode":"list"},"description_kind":"plain","computed":true},"deleted_at":{"type":"string","description":":\n\n   The time when the bucket was deleted (or scheduled for deletion).\n   It resets to null if the bucket is undeleted.\n   \n   A string representing a timestamp in [ISO 8601](https://en.wikipedia.org/wiki/ISO_8601) format: `YYYY-MM-DDTHH:MM:SSZ` or `YYYY-MM-DDTHH:MM:SS.SSS±HH:MM`\n","description_kind":"markdown","computed":true},"domain_name":{"type":"string","description":":\n\n   The domain of the endpoint where the bucket can be accessed. It omits the scheme (HTTPS) and the port (443)\n   and contains only the FQDN address.\n","description_kind":"markdown","computed":true},"purge_at":{"type":"string","description":":\n\n   The time when the bucket will be automatically purged in case it was soft-deleted.\n   \n   A string representing a timestamp in [ISO 8601](https://en.wikipedia.org/wiki/ISO_8601) format: `YYYY-MM-DDTHH:MM:SSZ` or `YYYY-MM-DDTHH:MM:SS.SSS±HH:MM`\n","description_kind":"markdown","computed":true},"region":{"type":"string","description":"The name of the region where the bucket is located for use with S3 clients, i.e. \"eu-west1\".","description_kind":"markdown","computed":true},"state":{"type":"string","description":":\n\n   #### Supported values\n   \n   Possible values:\n   \n   - `STATE_UNSPECIFIED`\n   - `CREATING` - Bucket is under creation and cannot be used yet.\n   - `ACTIVE` - Bucket is active and ready for usage.\n   - `UPDATING`:\n      Bucket is being updated.\n      It can be used, but some settings are being modified and you can observe their inconsistency.\n   \n   - `SCHEDULED_FOR_DELETION`:\n      Bucket is scheduled for deletion.\n      It cannot be used in s3 api anymore.\n   \n   \n","description_kind":"markdown","computed":true},"suspension_state":{"type":"string","description":":\n\n   #### Supported values\n   \n   Possible values:\n   \n   - `SUSPENSION_STATE_UNSPECIFIED`\n   - `NOT_SUSPENDED`\n   - `SUSPENDED`\n   \n","description_kind":"markdown","computed":true}},"nesting_mode":"single"},"description_kind":"plain","computed":true},"updated_at":{"type":"string","description":":\n\n   Timestamp indicating when the resource was last updated.\n   \n   A string representing a timestamp in [ISO 8601](https://en.wikipedia.org/wiki/ISO_8601) format: `YYYY-MM-DDTHH:MM:SSZ` or `YYYY-MM-DDTHH:MM:SS.SSS±HH:MM`\n","description_kind":"markdown","computed":true},"versioning_policy":{"type":"string","description":":\n\n   Supports transitions:\n    * disabled -\\\u003e enabled\n    * disabled -\\\u003e suspended\n    * enabled \\\u003c-\\\u003e suspended\n   \n   #### Supported values\n   \n   Possible values:\n   \n   - `VERSIONING_POLICY_UNSPECIFIED`\n   - `DISABLED`\n   - `ENABLED`\n   - `SUSPENDED`\n   \n","description_kind":"markdown","computed":true}},"description":"#### Retrieving the Data Source\n\nThis data source can be retrieved by one of ID or name.\n\n##### Retrieve by ID\n\nTo retrieve by ID, fill in only the `id` field:\n\n```hcl\ndata ... {\n    id = \"your-ID\"\n}\n```\n\n##### Retrieve by Name\n\nTo retrieve by name, fill in only the `name` and `parent_id` fields:\n\n```hcl\ndata ... {\n    name      = \"your name\"\n    parent_id = \"data-source-parent-id\"\n}\n```\n","description_kind":"markdown"}},"nebius_storage_v1_transfer":{"version":0,"block":{"attributes":{"after_n_empty_iterations":{"nested_type":{"attributes":{"empty_iterations_threshold":{"type":"number","description":"Number of consecutive iterations with zero transferred objects required to stop transfer.","description_kind":"markdown","computed":true}},"nesting_mode":"single"},"description":"*Cannot be set alongside after_one_iteration or infinite.*","description_kind":"markdown","computed":true},"after_one_iteration":{"nested_type":{"nesting_mode":"single"},"description":"*Cannot be set alongside after_n_empty_iterations or infinite.*","description_kind":"markdown","computed":true},"created_at":{"type":"string","description":":\n\n   Timestamp indicating when the resource was created.\n   \n   A string representing a timestamp in [ISO 8601](https://en.wikipedia.org/wiki/ISO_8601) format: `YYYY-MM-DDTHH:MM:SSZ` or `YYYY-MM-DDTHH:MM:SS.SSS±HH:MM`\n","description_kind":"markdown","computed":true},"destination":{"nested_type":{"attributes":{"nebius":{"nested_type":{"attributes":{"access_key":{"nested_type":{"attributes":{"access_key_id":{"type":"string","description":"Access key ID.","description_kind":"markdown","computed":true}},"nesting_mode":"single"},"description_kind":"plain","computed":true},"bucket_name":{"type":"string","description":"Name of the destination bucket.","description_kind":"markdown","computed":true},"region":{"type":"string","description":"Nebius region where the destination bucket is located.","description_kind":"markdown","computed":true}},"nesting_mode":"single"},"description":"*Cannot be set alongside s3_compatible.*","description_kind":"markdown","computed":true},"prefix":{"type":"string","description":":\n\n   Prefix to add to the beginning of each transferred object key in the destination.\n   During transfer, the resulting object key in the destination is computed\n   by removing source.prefix (if provided) from the original key and then prepending destination.prefix.\n   Important: This transformation may result in an empty object key or one that exceeds allowed length limits.\n   Use prefixes that guarantee valid resulting object keys for your objects after transformation.\n","description_kind":"markdown","computed":true},"s3_compatible":{"nested_type":{"attributes":{"access_key":{"nested_type":{"attributes":{"access_key_id":{"type":"string","description":"Access key ID.","description_kind":"markdown","computed":true}},"nesting_mode":"single"},"description":"*Cannot be set alongside anonymous.*","description_kind":"markdown","computed":true},"anonymous":{"nested_type":{"nesting_mode":"single"},"description":"*Cannot be set alongside access_key.*","description_kind":"markdown","computed":true},"bucket_name":{"type":"string","description":"Name of the destination bucket.","description_kind":"markdown","computed":true},"endpoint":{"type":"string","description":":\n\n   The endpoint must be in the form of a URL, starting with the protocol (https),\n   followed by the endpoint address without a trailing slash.\n   Example: \"https://storage.some-cloud\".\n","description_kind":"markdown","computed":true},"region":{"type":"string","description":"S3-compatible provider region where destination bucket is located.","description_kind":"markdown","computed":true}},"nesting_mode":"single"},"description":"*Cannot be set alongside nebius.*","description_kind":"markdown","computed":true}},"nesting_mode":"single"},"description":"Destination to which the transfer writes data.","description_kind":"markdown","computed":true},"id":{"type":"string","description":"Identifier for the resource, unique for its resource type.","description_kind":"markdown","optional":true,"computed":true},"infinite":{"nested_type":{"nesting_mode":"single"},"description":":\n\n   Infinite transfers do not stop automatically and can be stopped manually by the user.\n   \n   *Cannot be set alongside after_one_iteration or after_n_empty_iterations.*\n","description_kind":"markdown","computed":true},"inter_iteration_interval":{"type":"string","description":":\n\n   The time to wait since the previous iteration before starting the next one.\n   Default is 15 minutes if not specified.\n   \n   Duration as a string: possibly signed sequence of decimal numbers, each with optional fraction and a unit suffix, such as `300ms`, `-1.5h` or `2h45m`. Valid time units are `ns`, `us` (or `µs`), `ms`, `s`, `m`, `h`, `d`.\n","description_kind":"markdown","computed":true},"labels":{"type":["map","string"],"description":":\n\n   Labels associated with the resource.\n   \n","description_kind":"markdown","computed":true},"limiters":{"nested_type":{"attributes":{"bandwidth_bytes_per_second":{"type":"number","description":"Maximum bandwidth in bytes per second. If set to zero, default limit will be applied.","description_kind":"markdown","computed":true},"requests_per_second":{"type":"number","description":"Maximum number of requests per second. If set to zero, default limit will be applied.","description_kind":"markdown","computed":true}},"nesting_mode":"single"},"description":":\n\n   Limiters applied to source bucket operations. These limits include all operations\n   required for transfer (HeadObject, GetObject, ListObjects). For details about\n   which operations are used, see public documentation: http://docs.nebius.com/object-storage/transfer/quickstart#background.\n   \n   Note: Since the service performs comparable request volumes and data transfers\n   to both source and destination, these limits will indirectly constrain\n   destination operations as well.\n","description_kind":"markdown","computed":true},"metadata":{"nested_type":{"nesting_mode":"single"},"description":":\n\n   #### Inner value description\n   \n   Common resource metadata.\n","description_kind":"markdown","computed":true},"name":{"type":"string","description":"Human readable name for the resource.","description_kind":"markdown","optional":true,"computed":true},"overwrite_strategy":{"type":"string","description":":\n\n   Overwrite strategy set logic of overwrite already existed objects in destination bucket.\n   \n   #### Supported values\n   \n   Possible values:\n   \n   - `OVERWRITE_STRATEGY_UNSPECIFIED`\n   - `NEVER`:\n      Never overwrite objects that exist in the destination.\n      If object exists in destination bucket, skip it.\n      Safest option to prevent any data loss.\n   \n   - `IF_NEWER`:\n      Overwrite only if source object is newer than destination.\n      Comparison based on Last-Modified timestamp.\n      Recommended for incremental sync scenarios.\n      If touch_unmanaged flag isn't set, we do not overwrite objects that haven't been created by Data Transfer service.\n   \n   \n","description_kind":"markdown","computed":true},"parent_id":{"type":"string","description":"Identifier of the parent resource to which the resource belongs.","description_kind":"markdown","optional":true,"computed":true},"resource_version":{"type":"number","description":":\n\n   Version of the resource for safe concurrent modifications and consistent reads.\n   Positive and monotonically increases on each resource spec change (but *not* on each change of the\n   resource's container(s) or status).\n   Service allows zero value or current.\n   \n","description_kind":"markdown","computed":true},"source":{"nested_type":{"attributes":{"azure_blob_storage":{"nested_type":{"attributes":{"anonymous":{"nested_type":{"nesting_mode":"single"},"description":"*Cannot be set alongside azure_storage_account.*","description_kind":"markdown","computed":true},"azure_storage_account":{"nested_type":{"attributes":{"account_name":{"type":"string","description":"Storage account name.","description_kind":"markdown","computed":true}},"nesting_mode":"single"},"description":"*Cannot be set alongside anonymous.*","description_kind":"markdown","computed":true},"container_name":{"type":"string","description":"Name of the source Azure Blob Storage container.","description_kind":"markdown","computed":true},"endpoint":{"type":"string","description":":\n\n   The endpoint must be in the form of a URL, starting with the protocol (https),\n   followed by the endpoint address without a trailing slash.\n   Example: \"https://storageaccountname.blob.core.windows.net\".\n","description_kind":"markdown","computed":true}},"nesting_mode":"single"},"description":"*Cannot be set alongside nebius or s3_compatible.*","description_kind":"markdown","computed":true},"nebius":{"nested_type":{"attributes":{"access_key":{"nested_type":{"attributes":{"access_key_id":{"type":"string","description":"Access key ID.","description_kind":"markdown","computed":true}},"nesting_mode":"single"},"description":"*Cannot be set alongside anonymous.*","description_kind":"markdown","computed":true},"anonymous":{"nested_type":{"nesting_mode":"single"},"description":"*Cannot be set alongside access_key.*","description_kind":"markdown","computed":true},"bucket_name":{"type":"string","description":"Name of the source bucket.","description_kind":"markdown","computed":true},"region":{"type":"string","description":"Nebius region where the source bucket is located.","description_kind":"markdown","computed":true}},"nesting_mode":"single"},"description":"*Cannot be set alongside s3_compatible or azure_blob_storage.*","description_kind":"markdown","computed":true},"prefix":{"type":"string","description":":\n\n   Prefix to filter objects in the source. Only objects whose keys start with this prefix will be transferred.\n   During transfer, the resulting object key in the destination is computed\n   by removing source.prefix from the original key and then prepending destination.prefix (if provided).\n   Important: This transformation may result in an empty object key or one that exceeds allowed length limits.\n   Use prefixes that guarantee valid resulting object keys for your objects after transformation.\n","description_kind":"markdown","computed":true},"s3_compatible":{"nested_type":{"attributes":{"access_key":{"nested_type":{"attributes":{"access_key_id":{"type":"string","description":"Access key ID.","description_kind":"markdown","computed":true}},"nesting_mode":"single"},"description":"*Cannot be set alongside anonymous.*","description_kind":"markdown","computed":true},"anonymous":{"nested_type":{"nesting_mode":"single"},"description":"*Cannot be set alongside access_key.*","description_kind":"markdown","computed":true},"bucket_name":{"type":"string","description":"Name of the source bucket.","description_kind":"markdown","computed":true},"endpoint":{"type":"string","description":":\n\n   The endpoint must be in the form of a URL, starting with the protocol (https),\n   followed by the endpoint address without a trailing slash.\n   Example: \"https://storage.some-cloud\".\n","description_kind":"markdown","computed":true},"region":{"type":"string","description":"S3-compatible provider region where source bucket is located.","description_kind":"markdown","computed":true}},"nesting_mode":"single"},"description":"*Cannot be set alongside nebius or azure_blob_storage.*","description_kind":"markdown","computed":true}},"nesting_mode":"single"},"description":"Source from which the transfer reads data.","description_kind":"markdown","computed":true},"status":{"nested_type":{"attributes":{"error":{"nested_type":{"attributes":{"code":{"type":"string","description":"Error code, usually taken from the endpoint response.","description_kind":"markdown","computed":true},"message":{"type":"string","description":"Error message, usually taken from the endpoint response.","description_kind":"markdown","computed":true},"origin":{"type":"string","description":":\n\n   Endpoint where the error occurred.\n   \n   #### Supported values\n   \n   Possible values:\n   \n   - `ORIGIN_UNSPECIFIED`\n   - `SOURCE` - Error originated from the source.\n   - `DESTINATION` - Error originated from the destination.\n   \n","description_kind":"markdown","computed":true}},"nesting_mode":"single"},"description":"Error information if the transfer has failed.","description_kind":"markdown","computed":true},"last_iteration":{"nested_type":{"attributes":{"average_throughput_bytes":{"type":"number","description":"Average throughput in bytes per second during the iteration.","description_kind":"markdown","computed":true},"end_time":{"type":"string","description":":\n\n   Iteration end time.\n   \n   A string representing a timestamp in [ISO 8601](https://en.wikipedia.org/wiki/ISO_8601) format: `YYYY-MM-DDTHH:MM:SSZ` or `YYYY-MM-DDTHH:MM:SS.SSS±HH:MM`\n","description_kind":"markdown","computed":true},"error":{"nested_type":{"attributes":{"code":{"type":"string","description":"Error code, usually taken from the endpoint response.","description_kind":"markdown","computed":true},"message":{"type":"string","description":"Error message, usually taken from the endpoint response.","description_kind":"markdown","computed":true},"origin":{"type":"string","description":":\n\n   Endpoint where the error occurred.\n   \n   #### Supported values\n   \n   Possible values:\n   \n   - `ORIGIN_UNSPECIFIED`\n   - `SOURCE` - Error originated from the source.\n   - `DESTINATION` - Error originated from the destination.\n   \n","description_kind":"markdown","computed":true}},"nesting_mode":"single"},"description":"Human-readable error description. Populated only if state is FAILED.","description_kind":"markdown","computed":true},"objects_transferred_count":{"type":"number","description":"Number of objects transferred during this iteration.","description_kind":"markdown","computed":true},"objects_transferred_size":{"type":"number","description":"Total size of objects transferred during this iteration.","description_kind":"markdown","computed":true},"sequence_number":{"type":"number","description":"Sequence number of the iteration in the transfer, starting from 1.","description_kind":"markdown","computed":true},"start_time":{"type":"string","description":":\n\n   Iteration start time.\n   \n   A string representing a timestamp in [ISO 8601](https://en.wikipedia.org/wiki/ISO_8601) format: `YYYY-MM-DDTHH:MM:SSZ` or `YYYY-MM-DDTHH:MM:SS.SSS±HH:MM`\n","description_kind":"markdown","computed":true},"state":{"type":"string","description":":\n\n   Current iteration state.\n   \n   #### Supported values\n   \n   Iteration state.\n   Possible values:\n   \n   - `STATE_UNSPECIFIED`\n   - `IN_PROGRESS`\n   - `COMPLETED`\n   - `INTERRUPTED`\n   - `FAILED`\n   \n","description_kind":"markdown","computed":true}},"nesting_mode":"single"},"description":":\n\n   If there is active iteration, its status will be given.\n   If it is a new transfer that doesn't have iteration yet, nothing will be returned.\n   Otherwise, last finished transaction will be returned.\n","description_kind":"markdown","computed":true},"state":{"type":"string","description":":\n\n   Current transfer state.\n   \n   #### Supported values\n   \n   Transfer state.\n   Possible values:\n   \n   - `STATE_UNSPECIFIED`\n   - `ACTIVE`\n   - `STOPPING`\n   - `STOPPED`\n   - `FAILING`\n   - `FAILED`\n   - `DELETING`\n   \n","description_kind":"markdown","computed":true},"suspension_state":{"type":"string","description":":\n\n   If the transfer is suspended, transfer's suspension state becomes SUSPENDED.\n   \n   #### Supported values\n   \n   Transfer suspension state.\n   Possible values:\n   \n   - `SUSPENSION_STATE_UNSPECIFIED`\n   - `NOT_SUSPENDED`\n   - `SUSPENDED`\n   \n","description_kind":"markdown","computed":true}},"nesting_mode":"single"},"description_kind":"plain","computed":true},"touch_unmanaged":{"type":"bool","description":":\n\n   If touch_unmanaged flag is set, service will be allowed to overwrite and delete from destination objects that were not\n   created by Data Transfer Service. If this flag is false, Data Transfer Service will never overwrite or delete objects\n   that haven't been created by Data Transfer service.\n","description_kind":"markdown","computed":true},"updated_at":{"type":"string","description":":\n\n   Timestamp indicating when the resource was last updated.\n   \n   A string representing a timestamp in [ISO 8601](https://en.wikipedia.org/wiki/ISO_8601) format: `YYYY-MM-DDTHH:MM:SSZ` or `YYYY-MM-DDTHH:MM:SS.SSS±HH:MM`\n","description_kind":"markdown","computed":true}},"description":"#### Retrieving the Data Source\n\nThis data source can be retrieved by one of ID or name.\n\n##### Retrieve by ID\n\nTo retrieve by ID, fill in only the `id` field:\n\n```hcl\ndata ... {\n    id = \"your-ID\"\n}\n```\n\n##### Retrieve by Name\n\nTo retrieve by name, fill in only the `name` and `parent_id` fields:\n\n```hcl\ndata ... {\n    name      = \"your name\"\n    parent_id = \"data-source-parent-id\"\n}\n```\n\n\nTransfer that migrates data from other providers or across different regions of Nebius Object Storage.\nTransfer consists of consecutive iterations where the service lists objects in the source bucket and\nmoves those that need to be transferred according to the specified overwrite strategy and touch unmanaged flag value.\nAfter an iteration completes, the transfer will stop if its stop condition is met. Otherwise,\nit will wait for the defined inter-iteration interval before starting the next iteration.","description_kind":"markdown"}},"nebius_storage_v1alpha1_transfer":{"version":0,"block":{"attributes":{"after_n_empty_iterations":{"nested_type":{"attributes":{"empty_iterations_threshold":{"type":"number","description":"Number of consecutive iterations with zero transferred objects required to stop transfer.","description_kind":"markdown","computed":true}},"nesting_mode":"single"},"description":"*Cannot be set alongside after_one_iteration or infinite.*","description_kind":"markdown","computed":true},"after_one_iteration":{"nested_type":{"nesting_mode":"single"},"description":"*Cannot be set alongside after_n_empty_iterations or infinite.*","description_kind":"markdown","computed":true},"created_at":{"type":"string","description":":\n\n   Timestamp indicating when the resource was created.\n   \n   A string representing a timestamp in [ISO 8601](https://en.wikipedia.org/wiki/ISO_8601) format: `YYYY-MM-DDTHH:MM:SSZ` or `YYYY-MM-DDTHH:MM:SS.SSS±HH:MM`\n","description_kind":"markdown","computed":true},"destination":{"nested_type":{"attributes":{"bucket_name":{"type":"string","description_kind":"plain","computed":true},"endpoint":{"type":"string","description":":\n\n   The endpoint must be in the form of a URL, starting with the protocol (https),\n   followed by the endpoint address without a trailing slash.\n   Example: https://storage.us-central1.nebius.cloud\n","description_kind":"markdown","computed":true},"prefix":{"type":"string","description":":\n\n   Prefix to add to the beginning of each transferred object key in the destination bucket.\n   During transfer, the resulting object key in the destination bucket is computed\n   by removing source.prefix (if provided) from the original key and then prepending destination.prefix.\n   Important: This transformation may result in an empty object key or one that exceeds allowed length limits.\n   Use prefixes that guarantee valid resulting object keys for your objects after transformation.\n","description_kind":"markdown","computed":true},"region":{"type":"string","description_kind":"plain","computed":true}},"nesting_mode":"single"},"description_kind":"plain","computed":true},"id":{"type":"string","description":"Identifier for the resource, unique for its resource type.","description_kind":"markdown","optional":true,"computed":true},"infinite":{"nested_type":{"nesting_mode":"single"},"description":":\n\n   Infinite transfers do not stop automatically and can be stopped manually by the user.\n   \n   *Cannot be set alongside after_one_iteration or after_n_empty_iterations.*\n","description_kind":"markdown","computed":true},"inter_iteration_interval":{"type":"string","description":":\n\n   Time to wait between transfer iterations. Default is 15 minutes if not specified.\n   \n   Duration as a string: possibly signed sequence of decimal numbers, each with optional fraction and a unit suffix, such as `300ms`, `-1.5h` or `2h45m`. Valid time units are `ns`, `us` (or `µs`), `ms`, `s`, `m`, `h`, `d`.\n","description_kind":"markdown","computed":true},"labels":{"type":["map","string"],"description":":\n\n   Labels associated with the resource.\n   \n","description_kind":"markdown","computed":true},"metadata":{"nested_type":{"nesting_mode":"single"},"description":":\n\n   #### Inner value description\n   \n   Common resource metadata.\n","description_kind":"markdown","computed":true},"name":{"type":"string","description":"Human readable name for the resource.","description_kind":"markdown","optional":true,"computed":true},"overwrite_strategy":{"type":"string","description":":\n\n   Overwrite strategy set logic of overwrite already existed objects in destination bucket.\n   \n   #### Supported values\n   \n   Possible values:\n   \n   - `OVERWRITE_STRATEGY_UNSPECIFIED`\n   - `NEVER`:\n      Never overwrite objects that exist in the destination.\n      If object exists in destination bucket, skip it.\n      Safest option to prevent data loss.\n   \n   - `IF_NEWER`:\n      Overwrite only if source object is newer than destination.\n      Comparison based on Last-Modified timestamp.\n      Recommended for incremental sync scenarios.\n   \n   - `ALWAYS`:\n      Always overwrite destination objects unconditionally.\n      Use with caution - may cause data loss in destination.\n      Suitable for full bucket synchronization.\n   \n   \n","description_kind":"markdown","computed":true},"parent_id":{"type":"string","description":"Identifier of the parent resource to which the resource belongs.","description_kind":"markdown","optional":true,"computed":true},"resource_version":{"type":"number","description":":\n\n   Version of the resource for safe concurrent modifications and consistent reads.\n   Positive and monotonically increases on each resource spec change (but *not* on each change of the\n   resource's container(s) or status).\n   Service allows zero value or current.\n   \n","description_kind":"markdown","computed":true},"source":{"nested_type":{"attributes":{"bucket_name":{"type":"string","description_kind":"plain","computed":true},"endpoint":{"type":"string","description":":\n\n   The endpoint must be in the form of a URL, starting with the protocol (https),\n   followed by the endpoint address without a trailing slash.\n   Example: https://storage.us-central1.nebius.cloud\n","description_kind":"markdown","computed":true},"limiters":{"nested_type":{"attributes":{"bandwidth_bytes_per_second":{"type":"number","description":"Maximum bandwidth in bytes per second. If set to zero, default limit will be applied.","description_kind":"markdown","computed":true},"requests_per_second":{"type":"number","description":"Maximum number of requests per second. If set to zero, default limit will be applied.","description_kind":"markdown","computed":true}},"nesting_mode":"single"},"description":":\n\n   Limiters applied to source bucket operations. These limits include all operations\n   required for transfer (HeadObject, GetObject, ListObjects). For details about\n   which operations are used, see public documentation: http://docs.nebius.com/object-storage/transfer/quickstart#background.\n   \n   Note: Since the service performs comparable request volumes and data transfers\n   to both source and destination, these limits will indirectly constrain\n   destination operations as well.\n","description_kind":"markdown","computed":true},"prefix":{"type":"string","description":":\n\n   Prefix to filter objects in the source bucket. Only objects whose keys start with this prefix will be transferred.\n   During transfer, the resulting object key in the destination bucket is computed\n   by removing source.prefix from the original key and then prepending destination.prefix (if provided).\n   Important: This transformation may result in an empty object key or one that exceeds allowed length limits.\n   Use prefixes that guarantee valid resulting object keys for your objects after transformation.\n","description_kind":"markdown","computed":true},"region":{"type":"string","description_kind":"plain","computed":true}},"nesting_mode":"single"},"description_kind":"plain","computed":true},"status":{"nested_type":{"attributes":{"error":{"type":"string","description":"Error information if the transfer has failed.","description_kind":"markdown","computed":true},"last_iteration":{"nested_type":{"attributes":{"average_throughput_bytes":{"type":"number","description_kind":"plain","computed":true},"end_time":{"type":"string","description":"A string representing a timestamp in [ISO 8601](https://en.wikipedia.org/wiki/ISO_8601) format: `YYYY-MM-DDTHH:MM:SSZ` or `YYYY-MM-DDTHH:MM:SS.SSS±HH:MM`","description_kind":"markdown","computed":true},"error":{"type":"string","description":"Human-readable error description. Populated only if state is FAILED.","description_kind":"markdown","computed":true},"objects_discovered_count":{"type":"number","description_kind":"plain","computed":true},"objects_migrated_count":{"type":"number","description_kind":"plain","computed":true},"objects_migrated_size":{"type":"number","description_kind":"plain","computed":true},"objects_skipped_count":{"type":"number","description_kind":"plain","computed":true},"sequence_number":{"type":"number","description_kind":"plain","computed":true},"start_time":{"type":"string","description":"A string representing a timestamp in [ISO 8601](https://en.wikipedia.org/wiki/ISO_8601) format: `YYYY-MM-DDTHH:MM:SSZ` or `YYYY-MM-DDTHH:MM:SS.SSS±HH:MM`","description_kind":"markdown","computed":true},"state":{"type":"string","description":":\n\n   #### Supported values\n   \n   Possible values:\n   \n   - `STATE_UNSPECIFIED`\n   - `IN_PROGRESS`\n   - `COMPLETED`\n   - `STOPPED`\n   - `FAILED`\n   \n","description_kind":"markdown","computed":true}},"nesting_mode":"single"},"description_kind":"plain","computed":true},"state":{"type":"string","description":":\n\n   #### Supported values\n   \n   Possible values:\n   \n   - `STATE_UNSPECIFIED`\n   - `ACTIVE`\n   - `STOPPING`\n   - `STOPPED`\n   - `FAILING`\n   - `FAILED`\n   \n","description_kind":"markdown","computed":true},"suspension_state":{"type":"string","description":":\n\n   #### Supported values\n   \n   Possible values:\n   \n   - `SUSPENSION_STATE_UNSPECIFIED`\n   - `NOT_SUSPENDED`\n   - `SUSPENDED`\n   \n","description_kind":"markdown","computed":true}},"nesting_mode":"single"},"description_kind":"plain","computed":true},"updated_at":{"type":"string","description":":\n\n   Timestamp indicating when the resource was last updated.\n   \n   A string representing a timestamp in [ISO 8601](https://en.wikipedia.org/wiki/ISO_8601) format: `YYYY-MM-DDTHH:MM:SSZ` or `YYYY-MM-DDTHH:MM:SS.SSS±HH:MM`\n","description_kind":"markdown","computed":true}},"description":"#### Retrieving the Data Source\n\nThis data source can be retrieved by one of ID or name.\n\n##### Retrieve by ID\n\nTo retrieve by ID, fill in only the `id` field:\n\n```hcl\ndata ... {\n    id = \"your-ID\"\n}\n```\n\n##### Retrieve by Name\n\nTo retrieve by name, fill in only the `name` and `parent_id` fields:\n\n```hcl\ndata ... {\n    name      = \"your name\"\n    parent_id = \"data-source-parent-id\"\n}\n```\n","description_kind":"markdown","deprecated":true}},"nebius_vpc_v1_allocation":{"version":0,"block":{"attributes":{"created_at":{"type":"string","description":":\n\n   Timestamp indicating when the resource was created.\n   \n   A string representing a timestamp in [ISO 8601](https://en.wikipedia.org/wiki/ISO_8601) format: `YYYY-MM-DDTHH:MM:SSZ` or `YYYY-MM-DDTHH:MM:SS.SSS±HH:MM`\n","description_kind":"markdown","computed":true},"id":{"type":"string","description":"Identifier for the resource, unique for its resource type.","description_kind":"markdown","optional":true,"computed":true},"ipv4_private":{"nested_type":{"attributes":{"cidr":{"type":"string","description":":\n\n   A single IP address (e.g 10.1.2.1), a CIDR block (e.g., \"10.1.2.0/24\") or\n   a prefix length (e.g., \"/32\").\n   If prefix length is specified, the CIDR block will be auto-allocated from\n   the available space in the pool or subnet.\n   If not specified, defaults to \"/32\".\n","description_kind":"markdown","computed":true},"pool_id":{"type":"string","description":":\n\n   ID of the pool that allocation will receive its IP address from.\n   \n   *Cannot be set alongside subnet_id.*\n","description_kind":"markdown","computed":true},"subnet_id":{"type":"string","description":":\n\n   ID of the subnet that allocation will be associated with.\n   IP address of the allocation must be within a CIDR block associated\n   with this subnet.\n   In order to assign an allocation to a resource (i.e. network interface)\n   both must be associated with the same subnet.\n   \n   *Cannot be set alongside pool_id.*\n","description_kind":"markdown","computed":true}},"nesting_mode":"single"},"description":":\n\n   #### Inner value description\n   \n   Private IPv4 address configuration for the allocation.\n   \n   *Cannot be set alongside ipv4_public.*\n","description_kind":"markdown","computed":true},"ipv4_public":{"nested_type":{"attributes":{"cidr":{"type":"string","description":":\n\n   A single IP address (e.g. 1.2.3.4), a CIDR block (e.g., \"1.2.3.4/24\")\n   or a prefix length (e.g., \"/32\").\n   If prefix length is specified, the CIDR block will be auto-allocated from\n   the available space in the pool or subnet.\n   If not specified, defaults to \"/32\".\n","description_kind":"markdown","computed":true},"pool_id":{"type":"string","description":":\n\n   ID of the pool that allocation will receive its IP address from.\n   \n   *Cannot be set alongside subnet_id.*\n","description_kind":"markdown","computed":true},"subnet_id":{"type":"string","description":":\n\n   ID of the subnet that allocation will be associated with.\n   IP address of the allocation must be within a CIDR block associated with\n   this subnet.\n   Assigning an allocation to a resource (i.e. network interface) requires\n   both to be associated with the same subnet.\n   \n   *Cannot be set alongside pool_id.*\n","description_kind":"markdown","computed":true}},"nesting_mode":"single"},"description":":\n\n   #### Inner value description\n   \n   Public IPv4 address configuration for the allocation.\n   \n   *Cannot be set alongside ipv4_private.*\n","description_kind":"markdown","computed":true},"labels":{"type":["map","string"],"description":":\n\n   Labels associated with the resource.\n   \n","description_kind":"markdown","computed":true},"metadata":{"nested_type":{"nesting_mode":"single"},"description":":\n\n   Metadata for the Allocation.\n   `metadata.parent_id` represents IAM Container.\n   \n   #### Inner value description\n   \n   Common resource metadata.\n","description_kind":"markdown","computed":true},"name":{"type":"string","description":"Human readable name for the resource.","description_kind":"markdown","optional":true,"computed":true},"parent_id":{"type":"string","description":"Identifier of the parent resource to which the resource belongs.","description_kind":"markdown","optional":true,"computed":true},"resource_version":{"type":"number","description":":\n\n   Version of the resource for safe concurrent modifications and consistent reads.\n   Positive and monotonically increases on each resource spec change (but *not* on each change of the\n   resource's container(s) or status).\n   Service allows zero value or current.\n   \n","description_kind":"markdown","computed":true},"status":{"nested_type":{"attributes":{"assignment":{"nested_type":{"attributes":{"load_balancer":{"nested_type":{"attributes":{"id":{"type":"string","description":"ID of the Load Balancer.","description_kind":"markdown","computed":true}},"nesting_mode":"single"},"description":"*Cannot be set alongside network_interface.*","description_kind":"markdown","computed":true},"network_interface":{"nested_type":{"attributes":{"instance_id":{"type":"string","description":"ID of the Compute instance network interface belongs to.","description_kind":"markdown","computed":true},"name":{"type":"string","description":"Network interface name","description_kind":"markdown","computed":true}},"nesting_mode":"single"},"description":"*Cannot be set alongside load_balancer.*","description_kind":"markdown","computed":true}},"nesting_mode":"single"},"description":":\n\n   Information about the assignment associated with the allocation,\n   such as network interface or load balancer assignment.\n","description_kind":"markdown","computed":true},"details":{"nested_type":{"attributes":{"allocated_cidr":{"type":"string","description":"The actual CIDR block that has been allocated.","description_kind":"markdown","computed":true},"pool_id":{"type":"string","description":"ID of the pool from which this allocation was made.","description_kind":"markdown","computed":true},"subnet_id":{"type":"string","description":":\n\n   ID of the subnet associated with this allocation.\n   Populated when created with explicit subnet_id, from a subnet-specific pool,\n   or when assigned to a resource.\n","description_kind":"markdown","computed":true},"version":{"type":"string","description":":\n\n   The IP version of this allocation (IPv4 or IPv6).\n   \n   #### Supported values\n   \n   Possible values:\n   \n   - `IP_VERSION_UNSPECIFIED` - Default, unspecified IP version.\n   - `IPV4` - IPv4 address.\n   - `IPV6` - IPv6 address.\n   \n","description_kind":"markdown","computed":true}},"nesting_mode":"single"},"description":":\n\n   Detailed information about the allocation status,\n   including the allocated CIDR, pool ID and IP version.\n","description_kind":"markdown","computed":true},"state":{"type":"string","description":":\n\n   This field represents the current state of the allocation.\n   \n   #### Supported values\n   \n   Enumeration of possible states of the Allocation.\n   Possible values:\n   \n   - `STATE_UNSPECIFIED` - Default state, unspecified.\n   - `CREATING` - Allocation is being created.\n   - `ALLOCATED` - Allocation is ready for use.\n   - `ASSIGNED` - Allocation is used.\n   - `DELETING` - Allocation is being deleted.\n   \n","description_kind":"markdown","computed":true},"static":{"type":"bool","description":"If false - Lifecycle of allocation depends on resource that using it.","description_kind":"markdown","computed":true}},"nesting_mode":"single"},"description":":\n\n   Contains the current status of the allocation, indicating its state and\n   any additional details.\n","description_kind":"markdown","computed":true},"updated_at":{"type":"string","description":":\n\n   Timestamp indicating when the resource was last updated.\n   \n   A string representing a timestamp in [ISO 8601](https://en.wikipedia.org/wiki/ISO_8601) format: `YYYY-MM-DDTHH:MM:SSZ` or `YYYY-MM-DDTHH:MM:SS.SSS±HH:MM`\n","description_kind":"markdown","computed":true}},"description":"#### Retrieving the Data Source\n\nThis data source can be retrieved by one of ID or name.\n\n##### Retrieve by ID\n\nTo retrieve by ID, fill in only the `id` field:\n\n```hcl\ndata ... {\n    id = \"your-ID\"\n}\n```\n\n##### Retrieve by Name\n\nTo retrieve by name, fill in only the `name` and `parent_id` fields:\n\n```hcl\ndata ... {\n    name      = \"your name\"\n    parent_id = \"data-source-parent-id\"\n}\n```\n","description_kind":"markdown"}},"nebius_vpc_v1_network":{"version":0,"block":{"attributes":{"created_at":{"type":"string","description":":\n\n   Timestamp indicating when the resource was created.\n   \n   A string representing a timestamp in [ISO 8601](https://en.wikipedia.org/wiki/ISO_8601) format: `YYYY-MM-DDTHH:MM:SSZ` or `YYYY-MM-DDTHH:MM:SS.SSS±HH:MM`\n","description_kind":"markdown","computed":true},"id":{"type":"string","description":"Identifier for the resource, unique for its resource type.","description_kind":"markdown","optional":true,"computed":true},"ipv4_private_pools":{"nested_type":{"attributes":{"pools":{"nested_type":{"attributes":{"id":{"type":"string","description":"ID of the pool.","description_kind":"markdown","computed":true}},"nesting_mode":"list"},"description_kind":"plain","computed":true}},"nesting_mode":"single"},"description":":\n\n   Pools for private IPv4 addresses.\n   Default private pools will be created if not specified.\n   Default private pools are referred here\n   https://docs.nebius.com/vpc/addressing/available-addresses\n","description_kind":"markdown","computed":true},"ipv4_public_pools":{"nested_type":{"attributes":{"pools":{"nested_type":{"attributes":{"id":{"type":"string","description":"ID of the pool.","description_kind":"markdown","computed":true}},"nesting_mode":"list"},"description_kind":"plain","computed":true}},"nesting_mode":"single"},"description":":\n\n   Pools for public IPv4 addresses.\n   Default public pool will be used if not specified.\n","description_kind":"markdown","computed":true},"labels":{"type":["map","string"],"description":":\n\n   Labels associated with the resource.\n   \n","description_kind":"markdown","computed":true},"metadata":{"nested_type":{"nesting_mode":"single"},"description":":\n\n   Metadata for the network resource.\n   `metadata.parent_id` represents IAM container\n   \n   #### Inner value description\n   \n   Common resource metadata.\n","description_kind":"markdown","computed":true},"name":{"type":"string","description":"Human readable name for the resource.","description_kind":"markdown","optional":true,"computed":true},"parent_id":{"type":"string","description":"Identifier of the parent resource to which the resource belongs.","description_kind":"markdown","optional":true,"computed":true},"resource_version":{"type":"number","description":":\n\n   Version of the resource for safe concurrent modifications and consistent reads.\n   Positive and monotonically increases on each resource spec change (but *not* on each change of the\n   resource's container(s) or status).\n   Service allows zero value or current.\n   \n","description_kind":"markdown","computed":true},"status":{"nested_type":{"attributes":{"default_route_table_id":{"type":"string","description":"ID of the network's default route table.","description_kind":"markdown","computed":true},"state":{"type":"string","description":":\n\n   Current state of the network.\n   \n   #### Supported values\n   \n   Enumeration of possible states of the network.\n   Possible values:\n   \n   - `STATE_UNSPECIFIED` - Default state, unspecified.\n   - `CREATING` - Network is being created.\n   - `READY` - Network is ready for use.\n   - `DELETING` - Network is being deleted.\n   \n","description_kind":"markdown","computed":true}},"nesting_mode":"single"},"description":"Status of the network.","description_kind":"markdown","computed":true},"updated_at":{"type":"string","description":":\n\n   Timestamp indicating when the resource was last updated.\n   \n   A string representing a timestamp in [ISO 8601](https://en.wikipedia.org/wiki/ISO_8601) format: `YYYY-MM-DDTHH:MM:SSZ` or `YYYY-MM-DDTHH:MM:SS.SSS±HH:MM`\n","description_kind":"markdown","computed":true}},"description":"#### Retrieving the Data Source\n\nThis data source can be retrieved by one of ID or name.\n\n##### Retrieve by ID\n\nTo retrieve by ID, fill in only the `id` field:\n\n```hcl\ndata ... {\n    id = \"your-ID\"\n}\n```\n\n##### Retrieve by Name\n\nTo retrieve by name, fill in only the `name` and `parent_id` fields:\n\n```hcl\ndata ... {\n    name      = \"your name\"\n    parent_id = \"data-source-parent-id\"\n}\n```\n\n\nDefines a Network, which serves as a virtual representation of a traditional LAN\nwithin a cloud environment.\nNetworks facilitate communication between subnets.","description_kind":"markdown"}},"nebius_vpc_v1_pool":{"version":0,"block":{"attributes":{"cidrs":{"nested_type":{"attributes":{"cidr":{"type":"string","description":":\n\n   A CIDR block (e.g., \"10.1.2.0/24\") or a prefix length (e.g., \"/24\").\n   If prefix length is specified, the CIDR block will be auto-allocated from\n   the available space in the parent pool.\n","description_kind":"markdown","computed":true},"max_mask_length":{"type":"number","description":":\n\n   Maximum mask length for this pool child pools and allocations.\n   Default max_mask_length is 32 for IPv4.\n","description_kind":"markdown","computed":true},"state":{"type":"string","description":":\n\n   Controls provisioning of IP addresses from the CIDR block to other pools\n   or allocations. Defaults to AVAILABLE.\n   \n   #### Supported values\n   \n   Controls provisioning of IP addresses from this pool to other pools\n   or allocations. Defaults to AVAILABLE.\n   Possible values:\n   \n   - `STATE_UNSPECIFIED` - Not used, mandated by the protocol.\n   - `AVAILABLE` - Default state. Provision of the IP addresses from this CIDR block is allowed.\n   - `DISABLED` - Provision of the IP addresses from this CIDR block is denied.\n   \n","description_kind":"markdown","computed":true}},"nesting_mode":"list"},"description":":\n\n   CIDR blocks defined by the pool.\n   \n   \n","description_kind":"markdown","computed":true},"created_at":{"type":"string","description":":\n\n   Timestamp indicating when the resource was created.\n   \n   A string representing a timestamp in [ISO 8601](https://en.wikipedia.org/wiki/ISO_8601) format: `YYYY-MM-DDTHH:MM:SSZ` or `YYYY-MM-DDTHH:MM:SS.SSS±HH:MM`\n","description_kind":"markdown","computed":true},"id":{"type":"string","description":"Identifier for the resource, unique for its resource type.","description_kind":"markdown","optional":true,"computed":true},"labels":{"type":["map","string"],"description":":\n\n   Labels associated with the resource.\n   \n","description_kind":"markdown","computed":true},"metadata":{"nested_type":{"nesting_mode":"single"},"description":":\n\n   Metadata associated with the Pool.\n   `metadata.parent_id` represents the Project.\n   \n   #### Inner value description\n   \n   Common resource metadata.\n","description_kind":"markdown","computed":true},"name":{"type":"string","description":"Human readable name for the resource.","description_kind":"markdown","optional":true,"computed":true},"parent_id":{"type":"string","description":"Identifier of the parent resource to which the resource belongs.","description_kind":"markdown","optional":true,"computed":true},"resource_version":{"type":"number","description":":\n\n   Version of the resource for safe concurrent modifications and consistent reads.\n   Positive and monotonically increases on each resource spec change (but *not* on each change of the\n   resource's container(s) or status).\n   Service allows zero value or current.\n   \n","description_kind":"markdown","computed":true},"source_pool_id":{"type":"string","description":":\n\n   ID of the source pool.\n   CIDR blocks of a pool must be within the range defined by its source pool.\n","description_kind":"markdown","computed":true},"status":{"nested_type":{"attributes":{"assignment":{"nested_type":{"attributes":{"networks":{"type":["list","string"],"description":"IDs of Networks to which the Pool is assigned.","description_kind":"markdown","computed":true},"subnets":{"type":["list","string"],"description":"IDs of Subnets to which the Pool is assigned.","description_kind":"markdown","computed":true}},"nesting_mode":"single"},"description":"Assignment details for this Pool","description_kind":"markdown","computed":true},"cidrs":{"type":["list","string"],"description":"CIDR blocks.","description_kind":"markdown","computed":true},"scope_id":{"type":"string","description":"Scope is the unique identifier for single pool tree.","description_kind":"markdown","computed":true},"state":{"type":"string","description":":\n\n   Current state of the Pool.\n   \n   #### Supported values\n   \n   Possible states of the Pool.\n   Possible values:\n   \n   - `STATE_UNSPECIFIED` - Default, unspecified state.\n   - `CREATING` - Pool is being created.\n   - `READY` - Pool is ready for use.\n   - `DELETING` - Pool is being deleted.\n   \n","description_kind":"markdown","computed":true}},"nesting_mode":"single"},"description":"Status information for the Pool.","description_kind":"markdown","computed":true},"updated_at":{"type":"string","description":":\n\n   Timestamp indicating when the resource was last updated.\n   \n   A string representing a timestamp in [ISO 8601](https://en.wikipedia.org/wiki/ISO_8601) format: `YYYY-MM-DDTHH:MM:SSZ` or `YYYY-MM-DDTHH:MM:SS.SSS±HH:MM`\n","description_kind":"markdown","computed":true},"version":{"type":"string","description":":\n\n   IP version of the pool.\n   \n   #### Supported values\n   \n   Possible values:\n   \n   - `IP_VERSION_UNSPECIFIED` - Default, unspecified IP version.\n   - `IPV4` - IPv4 address.\n   - `IPV6` - IPv6 address.\n   \n","description_kind":"markdown","computed":true},"visibility":{"type":"string","description":":\n\n   Configures whether the pool is private or public.\n   Only public pools IP addresses are routable in the Internet.\n   \n   #### Supported values\n   \n   Possible values:\n   \n   - `IP_VISIBILITY_UNSPECIFIED` - Default, unspecified IP visibility.\n   - `PRIVATE` - Private address.\n   - `PUBLIC` - Public address.\n   \n","description_kind":"markdown","computed":true}},"description":"#### Retrieving the Data Source\n\nThis data source can be retrieved by one of ID or name.\n\n##### Retrieve by ID\n\nTo retrieve by ID, fill in only the `id` field:\n\n```hcl\ndata ... {\n    id = \"your-ID\"\n}\n```\n\n##### Retrieve by Name\n\nTo retrieve by name, fill in only the `name` and `parent_id` fields:\n\n```hcl\ndata ... {\n    name      = \"your name\"\n    parent_id = \"data-source-parent-id\"\n}\n```\n","description_kind":"markdown"}},"nebius_vpc_v1_route":{"version":0,"block":{"attributes":{"created_at":{"type":"string","description":":\n\n   Timestamp indicating when the resource was created.\n   \n   A string representing a timestamp in [ISO 8601](https://en.wikipedia.org/wiki/ISO_8601) format: `YYYY-MM-DDTHH:MM:SSZ` or `YYYY-MM-DDTHH:MM:SS.SSS±HH:MM`\n","description_kind":"markdown","computed":true},"description":{"type":"string","description":"Optional description of the route.","description_kind":"markdown","computed":true},"destination":{"nested_type":{"attributes":{"cidr":{"type":"string","description":":\n\n   Destination CIDR block in IPv4 format (e.g., \"0.0.0.0/0\" for default route, \"192.168.100.0/24\" for specific subnet).\n   The CIDR notation specifies the range of IP addresses that this route will match.\n   Must be unique within a route table.\n","description_kind":"markdown","computed":true}},"nesting_mode":"single"},"description":":\n\n   Destination for the route.\n   Each destination CIDR must be unique within a route table.\n   When multiple routes match a destination IP, the route with the longest\n   matching prefix (most specific match) is selected.\n","description_kind":"markdown","computed":true},"id":{"type":"string","description":"Identifier for the resource, unique for its resource type.","description_kind":"markdown","optional":true,"computed":true},"labels":{"type":["map","string"],"description":":\n\n   Labels associated with the resource.\n   \n","description_kind":"markdown","computed":true},"metadata":{"nested_type":{"nesting_mode":"single"},"description":":\n\n   `metadata.parent_id` represents the RouteTable.\n   \n   #### Inner value description\n   \n   Common resource metadata.\n","description_kind":"markdown","computed":true},"name":{"type":"string","description":"Human readable name for the resource.","description_kind":"markdown","optional":true,"computed":true},"next_hop":{"nested_type":{"attributes":{"allocation":{"nested_type":{"attributes":{"id":{"type":"string","description":"ID of the IP allocation to use as the next hop.","description_kind":"markdown","computed":true}},"nesting_mode":"single"},"description":":\n\n   Forward traffic to a specific IP allocation (/32 address only).\n   The allocation must be from the same network as the route table.\n   The allocation must be assigned to either a Compute instance or a Load Balancer.\n   Warning: If the allocation exists but is not assigned to any resource,\n   traffic will be forwarded to a \"black hole\" and dropped.\n   \n   #### Inner value description\n   \n   AllocationNextHop specifies an IP allocation as the next hop.\n   \n   *Cannot be set alongside default_egress_gateway.*\n","description_kind":"markdown","computed":true},"default_egress_gateway":{"type":"bool","description":":\n\n   Use the default egress gateway for outbound traffic.\n   Note: For VMs with public addresses (Floating IPs/FIPs), the FIP-specific route\n   takes precedence over this default egress gateway route.\n   \n   *Cannot be set alongside allocation.*\n","description_kind":"markdown","computed":true}},"nesting_mode":"single"},"description":"Next hop configuration specifying where to send matching traffic.","description_kind":"markdown","computed":true},"parent_id":{"type":"string","description":"Identifier of the parent resource to which the resource belongs.","description_kind":"markdown","optional":true,"computed":true},"resource_version":{"type":"number","description":":\n\n   Version of the resource for safe concurrent modifications and consistent reads.\n   Positive and monotonically increases on each resource spec change (but *not* on each change of the\n   resource's container(s) or status).\n   Service allows zero value or current.\n   \n","description_kind":"markdown","computed":true},"status":{"nested_type":{"attributes":{"next_hop":{"nested_type":{"attributes":{"allocation":{"nested_type":{"attributes":{"cidr":{"type":"string","description":"The CIDR of the allocation being used as the next hop.","description_kind":"markdown","computed":true}},"nesting_mode":"single"},"description":":\n\n   Status of an allocation-based next hop.\n   \n   *Cannot be set alongside default_egress_gateway.*\n","description_kind":"markdown","computed":true},"default_egress_gateway":{"nested_type":{"nesting_mode":"single"},"description":":\n\n   Status of the default egress gateway configuration.\n   \n   *Cannot be set alongside allocation.*\n","description_kind":"markdown","computed":true}},"nesting_mode":"single"},"description":"Detailed status of the next hop configuration.","description_kind":"markdown","computed":true},"state":{"type":"string","description":":\n\n   Current state of the route.\n   \n   #### Supported values\n   \n   Possible values:\n   \n   - `STATE_UNSPECIFIED` - The state is unknown or not yet set.\n   - `READY` - The route is configured and operational.\n   \n","description_kind":"markdown","computed":true},"type":{"type":"string","description":":\n\n   Indicates the route type.\n   REDISTRIBUTED routes cannot be deleted directly.\n   \n   #### Supported values\n   \n   Route type.\n   Possible values:\n   \n   - `TYPE_UNSPECIFIED`\n   - `STATIC`\n   - `REDISTRIBUTED`\n   \n","description_kind":"markdown","computed":true}},"nesting_mode":"single"},"description":"Current status of the route.","description_kind":"markdown","computed":true},"updated_at":{"type":"string","description":":\n\n   Timestamp indicating when the resource was last updated.\n   \n   A string representing a timestamp in [ISO 8601](https://en.wikipedia.org/wiki/ISO_8601) format: `YYYY-MM-DDTHH:MM:SSZ` or `YYYY-MM-DDTHH:MM:SS.SSS±HH:MM`\n","description_kind":"markdown","computed":true}},"description":"#### Retrieving the Data Source\n\nThis data source can be retrieved by one of ID or name.\n\n##### Retrieve by ID\n\nTo retrieve by ID, fill in only the `id` field:\n\n```hcl\ndata ... {\n    id = \"your-ID\"\n}\n```\n\n##### Retrieve by Name\n\nTo retrieve by name, fill in only the `name` and `parent_id` fields:\n\n```hcl\ndata ... {\n    name      = \"your name\"\n    parent_id = \"data-source-parent-id\"\n}\n```\n\n\nRoutes determine how network traffic is directed within a VPC network,\nspecifying the path that traffic should take based on destination addresses.","description_kind":"markdown"}},"nebius_vpc_v1_route_table":{"version":0,"block":{"attributes":{"created_at":{"type":"string","description":":\n\n   Timestamp indicating when the resource was created.\n   \n   A string representing a timestamp in [ISO 8601](https://en.wikipedia.org/wiki/ISO_8601) format: `YYYY-MM-DDTHH:MM:SSZ` or `YYYY-MM-DDTHH:MM:SS.SSS±HH:MM`\n","description_kind":"markdown","computed":true},"id":{"type":"string","description":"Identifier for the resource, unique for its resource type.","description_kind":"markdown","optional":true,"computed":true},"labels":{"type":["map","string"],"description":":\n\n   Labels associated with the resource.\n   \n","description_kind":"markdown","computed":true},"metadata":{"nested_type":{"nesting_mode":"single"},"description":":\n\n   `metadata.parent_id` represents the Project.\n   \n   #### Inner value description\n   \n   Common resource metadata.\n","description_kind":"markdown","computed":true},"name":{"type":"string","description":"Human readable name for the resource.","description_kind":"markdown","optional":true,"computed":true},"network_id":{"type":"string","description":"ID of the VPC network this route table belongs to.","description_kind":"markdown","computed":true},"parent_id":{"type":"string","description":"Identifier of the parent resource to which the resource belongs.","description_kind":"markdown","optional":true,"computed":true},"resource_version":{"type":"number","description":":\n\n   Version of the resource for safe concurrent modifications and consistent reads.\n   Positive and monotonically increases on each resource spec change (but *not* on each change of the\n   resource's container(s) or status).\n   Service allows zero value or current.\n   \n","description_kind":"markdown","computed":true},"status":{"nested_type":{"attributes":{"assignment":{"nested_type":{"attributes":{"subnets":{"type":["list","string"],"description":"List of subnet IDs that use this route table for their routing configuration.","description_kind":"markdown","computed":true}},"nesting_mode":"single"},"description":"Information about which subnets are using this route table.","description_kind":"markdown","computed":true},"default":{"type":"bool","description":":\n\n   Indicates if this is the default route table for the network.\n   Only one route table can be default per network.\n","description_kind":"markdown","computed":true},"state":{"type":"string","description":":\n\n   Current state of the route table.\n   \n   #### Supported values\n   \n   State indicates the current operational state of the route table.\n   Possible values:\n   \n   - `STATE_UNSPECIFIED` - The state is unknown or not yet set.\n   - `READY` - The route table is configured and operational.\n   \n","description_kind":"markdown","computed":true}},"nesting_mode":"single"},"description":"Current status of the route table.","description_kind":"markdown","computed":true},"updated_at":{"type":"string","description":":\n\n   Timestamp indicating when the resource was last updated.\n   \n   A string representing a timestamp in [ISO 8601](https://en.wikipedia.org/wiki/ISO_8601) format: `YYYY-MM-DDTHH:MM:SSZ` or `YYYY-MM-DDTHH:MM:SS.SSS±HH:MM`\n","description_kind":"markdown","computed":true}},"description":"#### Retrieving the Data Source\n\nThis data source can be retrieved by one of ID or name.\n\n##### Retrieve by ID\n\nTo retrieve by ID, fill in only the `id` field:\n\n```hcl\ndata ... {\n    id = \"your-ID\"\n}\n```\n\n##### Retrieve by Name\n\nTo retrieve by name, fill in only the `name` and `parent_id` fields:\n\n```hcl\ndata ... {\n    name      = \"your name\"\n    parent_id = \"data-source-parent-id\"\n}\n```\n\n\nRouteTable represents a routing configuration for a VPC network.\nEach route table can be associated with multiple subnets\nand contains rules for routing traffic to different destinations.","description_kind":"markdown"}},"nebius_vpc_v1_security_group":{"version":0,"block":{"attributes":{"created_at":{"type":"string","description":":\n\n   Timestamp indicating when the resource was created.\n   \n   A string representing a timestamp in [ISO 8601](https://en.wikipedia.org/wiki/ISO_8601) format: `YYYY-MM-DDTHH:MM:SSZ` or `YYYY-MM-DDTHH:MM:SS.SSS±HH:MM`\n","description_kind":"markdown","computed":true},"id":{"type":"string","description":"Identifier for the resource, unique for its resource type.","description_kind":"markdown","optional":true,"computed":true},"labels":{"type":["map","string"],"description":":\n\n   Labels associated with the resource.\n   \n","description_kind":"markdown","computed":true},"metadata":{"nested_type":{"nesting_mode":"single"},"description":":\n\n   `metadata.parent_id` represents the Project.\n   \n   #### Inner value description\n   \n   Common resource metadata.\n","description_kind":"markdown","computed":true},"name":{"type":"string","description":"Human readable name for the resource.","description_kind":"markdown","optional":true,"computed":true},"network_id":{"type":"string","description":"ID of the VPC network this security group belongs to.","description_kind":"markdown","computed":true},"parent_id":{"type":"string","description":"Identifier of the parent resource to which the resource belongs.","description_kind":"markdown","optional":true,"computed":true},"resource_version":{"type":"number","description":":\n\n   Version of the resource for safe concurrent modifications and consistent reads.\n   Positive and monotonically increases on each resource spec change (but *not* on each change of the\n   resource's container(s) or status).\n   Service allows zero value or current.\n   \n","description_kind":"markdown","computed":true},"status":{"nested_type":{"attributes":{"default":{"type":"bool","description":":\n\n   Indicates if this is the default security group for the network.\n   Only one security group can be default per network.\n   Will be used on the interface if no other is specified.\n","description_kind":"markdown","computed":true},"state":{"type":"string","description":":\n\n   Current state of the security group.\n   \n   #### Supported values\n   \n   Enumeration of possible states of the security group.\n   Possible values:\n   \n   - `STATE_UNSPECIFIED` - Default state, unspecified.\n   - `READY` - Security group is ready for use.\n   \n","description_kind":"markdown","computed":true}},"nesting_mode":"single"},"description":"Current status of the security group.","description_kind":"markdown","computed":true},"updated_at":{"type":"string","description":":\n\n   Timestamp indicating when the resource was last updated.\n   \n   A string representing a timestamp in [ISO 8601](https://en.wikipedia.org/wiki/ISO_8601) format: `YYYY-MM-DDTHH:MM:SSZ` or `YYYY-MM-DDTHH:MM:SS.SSS±HH:MM`\n","description_kind":"markdown","computed":true}},"description":"#### Retrieving the Data Source\n\nThis data source can be retrieved by one of ID or name.\n\n##### Retrieve by ID\n\nTo retrieve by ID, fill in only the `id` field:\n\n```hcl\ndata ... {\n    id = \"your-ID\"\n}\n```\n\n##### Retrieve by Name\n\nTo retrieve by name, fill in only the `name` and `parent_id` fields:\n\n```hcl\ndata ... {\n    name      = \"your name\"\n    parent_id = \"data-source-parent-id\"\n}\n```\n\n\nSecurityGroup is a logical grouping of resources\nused to manage and apply network security policies collectively.\nSecurity group applies implicit deny at the end (traffic not matched by any rule will be denied).","description_kind":"markdown"}},"nebius_vpc_v1_security_rule":{"version":0,"block":{"attributes":{"access":{"type":"string","description":":\n\n   Access action for the rule.\n   Required. Determines whether matching traffic is allowed or denied.\n   \n   #### Supported values\n   \n   Access specifies action on matching traffic: ALLOW or DENY.\n   Possible values:\n   \n   - `ACCESS_UNSPECIFIED`\n   - `ALLOW`\n   - `DENY`\n   \n","description_kind":"markdown","computed":true},"created_at":{"type":"string","description":":\n\n   Timestamp indicating when the resource was created.\n   \n   A string representing a timestamp in [ISO 8601](https://en.wikipedia.org/wiki/ISO_8601) format: `YYYY-MM-DDTHH:MM:SSZ` or `YYYY-MM-DDTHH:MM:SS.SSS±HH:MM`\n","description_kind":"markdown","computed":true},"egress":{"nested_type":{"attributes":{"destination_cidrs":{"type":["list","string"],"description":":\n\n   CIDR blocks as the destination.\n   Optional. Empty list means any address.\n   Must be a valid IPv4.\n   Maximum of 8 CIDRs can be specified.\n","description_kind":"markdown","computed":true},"destination_ports":{"type":["list","number"],"description":":\n\n   List of ports to which the rule applies.\n   Optional. Empty list means any port.\n   Valid range: 1–65535.\n   Maximum of 8 ports can be specified.\n","description_kind":"markdown","computed":true},"destination_security_group_id":{"type":"string","description":"ID of the referenced Security Group as the destination.","description_kind":"markdown","computed":true}},"nesting_mode":"single"},"description":":\n\n   #### Inner value description\n   \n   Defines match for outgoing traffic.\n   \n   *Cannot be set alongside ingress.*\n","description_kind":"markdown","computed":true},"id":{"type":"string","description":"Identifier for the resource, unique for its resource type.","description_kind":"markdown","optional":true,"computed":true},"ingress":{"nested_type":{"attributes":{"destination_ports":{"type":["list","number"],"description":":\n\n   List of destination ports to which the rule applies.\n   Optional. Empty list means any port.\n   Valid range: 1–65535.\n   Maximum of 8 ports can be specified.\n","description_kind":"markdown","computed":true},"source_cidrs":{"type":["list","string"],"description":":\n\n   CIDR blocks as the source.\n   Optional. Empty list means any address.\n   Must be a valid IPv4\n   Maximum of 8 CIDRs can be specified.\n","description_kind":"markdown","computed":true},"source_security_group_id":{"type":"string","description":"ID of the referenced Security Group as the source.","description_kind":"markdown","computed":true}},"nesting_mode":"single"},"description":":\n\n   #### Inner value description\n   \n   Defines match for incoming traffic.\n   \n   *Cannot be set alongside egress.*\n","description_kind":"markdown","computed":true},"labels":{"type":["map","string"],"description":":\n\n   Labels associated with the resource.\n   \n","description_kind":"markdown","computed":true},"metadata":{"nested_type":{"nesting_mode":"single"},"description":":\n\n   `metadata.parent_id` represents the SecurityGroup.\n   \n   #### Inner value description\n   \n   Common resource metadata.\n","description_kind":"markdown","computed":true},"name":{"type":"string","description":"Human readable name for the resource.","description_kind":"markdown","optional":true,"computed":true},"parent_id":{"type":"string","description":"Identifier of the parent resource to which the resource belongs.","description_kind":"markdown","optional":true,"computed":true},"priority":{"type":"number","description":":\n\n   Priority of the rule. Valid range: 0-1000.\n   Optional. If not specified or set to 0, defaults to 500.\n   Rules are evaluated in priority order (lower numbers first) using a first-match algorithm:\n   only the first matching rule takes effect (ALLOW or DENY), and subsequent rules are skipped.\n   \n   When multiple rules share the same priority, DENY rules are evaluated before ALLOW rules.\n   The final evaluation order is reflected in 'effective_priority' (see SecurityRuleStatus).\n","description_kind":"markdown","computed":true},"protocol":{"type":"string","description":":\n\n   Protocol used in the rule.\n   Supported values: ANY, TCP, UDP, ICMP.\n   \n   #### Supported values\n   \n   Protocol specifies traffic protocol.\n   Possible values:\n   \n   - `PROTOCOL_UNSPECIFIED`\n   - `ANY`\n   - `TCP`\n   - `UDP`\n   - `ICMP`\n   \n","description_kind":"markdown","computed":true},"resource_version":{"type":"number","description":":\n\n   Version of the resource for safe concurrent modifications and consistent reads.\n   Positive and monotonically increases on each resource spec change (but *not* on each change of the\n   resource's container(s) or status).\n   Service allows zero value or current.\n   \n","description_kind":"markdown","computed":true},"status":{"nested_type":{"attributes":{"destination":{"nested_type":{"attributes":{"cidrs":{"type":["list","string"],"description":"List of CIDR blocks.","description_kind":"markdown","computed":true},"ports":{"type":["list","number"],"description":"List of ports.","description_kind":"markdown","computed":true},"security_group_id":{"type":"string","description":"ID of the Security Group.","description_kind":"markdown","computed":true}},"nesting_mode":"single"},"description":"Destination of the traffic that matched the rule.","description_kind":"markdown","computed":true},"direction":{"type":"string","description":":\n\n   Direction of traffic affected by the rule.\n   \n   #### Supported values\n   \n   Direction specifies whether traffic is INGRESS (incoming) or EGRESS (outgoing).\n   Possible values:\n   \n   - `DIRECTION_UNSPECIFIED`\n   - `INGRESS`\n   - `EGRESS`\n   \n","description_kind":"markdown","computed":true},"effective_priority":{"type":"number","description":":\n\n   Effective priority used for rule evaluation order, calculated by the system.\n   This value is computed from the user-specified 'priority' (SecurityRuleSpec).\n   Rules are evaluated in ascending order of effective_priority using a first-match algorithm.\n","description_kind":"markdown","computed":true},"source":{"nested_type":{"attributes":{"cidrs":{"type":["list","string"],"description":"List of CIDR blocks.","description_kind":"markdown","computed":true},"ports":{"type":["list","number"],"description":"List of ports.","description_kind":"markdown","computed":true},"security_group_id":{"type":"string","description":"ID of the Security Group.","description_kind":"markdown","computed":true}},"nesting_mode":"single"},"description":"Source of the traffic that matched the rule.","description_kind":"markdown","computed":true},"state":{"type":"string","description":":\n\n   #### Supported values\n   \n   State describes lifecycle phases of a security rule.\n   Possible values:\n   \n   - `STATE_UNSPECIFIED`\n   - `CREATING`\n   - `READY`\n   - `DELETING`\n   \n","description_kind":"markdown","computed":true}},"nesting_mode":"single"},"description":"Current status of the security rule.","description_kind":"markdown","computed":true},"type":{"type":"string","description":":\n\n   Type of the rule (STATEFUL or STATELESS)\n   Default value is STATEFUL\n   \n   #### Supported values\n   \n   RuleType specifies whether the security rule is stateful or stateless.\n   Possible values:\n   \n   - `RULE_TYPE_UNSPECIFIED`\n   - `STATEFUL`\n   - `STATELESS`\n   \n","description_kind":"markdown","computed":true},"updated_at":{"type":"string","description":":\n\n   Timestamp indicating when the resource was last updated.\n   \n   A string representing a timestamp in [ISO 8601](https://en.wikipedia.org/wiki/ISO_8601) format: `YYYY-MM-DDTHH:MM:SSZ` or `YYYY-MM-DDTHH:MM:SS.SSS±HH:MM`\n","description_kind":"markdown","computed":true}},"description":"#### Retrieving the Data Source\n\nThis data source can be retrieved by one of ID or name.\n\n##### Retrieve by ID\n\nTo retrieve by ID, fill in only the `id` field:\n\n```hcl\ndata ... {\n    id = \"your-ID\"\n}\n```\n\n##### Retrieve by Name\n\nTo retrieve by name, fill in only the `name` and `parent_id` fields:\n\n```hcl\ndata ... {\n    name      = \"your name\"\n    parent_id = \"data-source-parent-id\"\n}\n```\n\n\nSecurityRules define rules for controlling network traffic within a network.\nThese rules specify when traffic is ALLOWED or DENIED based on direction, protocol,\nmatch source, and ports.","description_kind":"markdown"}},"nebius_vpc_v1_subnet":{"version":0,"block":{"attributes":{"created_at":{"type":"string","description":":\n\n   Timestamp indicating when the resource was created.\n   \n   A string representing a timestamp in [ISO 8601](https://en.wikipedia.org/wiki/ISO_8601) format: `YYYY-MM-DDTHH:MM:SSZ` or `YYYY-MM-DDTHH:MM:SS.SSS±HH:MM`\n","description_kind":"markdown","computed":true},"id":{"type":"string","description":"Identifier for the resource, unique for its resource type.","description_kind":"markdown","optional":true,"computed":true},"ipv4_private_pools":{"nested_type":{"attributes":{"pools":{"nested_type":{"attributes":{"cidrs":{"nested_type":{"attributes":{"cidr":{"type":"string","description":":\n\n   A CIDR block (e.g., \"10.1.2.0/24\") or a prefix length (e.g., \"/24\").\n   If prefix length is specified, the CIDR block will be auto-allocated\n   from the network's available space.\n","description_kind":"markdown","computed":true},"max_mask_length":{"type":"number","description":"Maximum mask length for an allocation from this block. Defaults to /32 for IPv4.","description_kind":"markdown","computed":true},"state":{"type":"string","description":":\n\n   Controls provisioning of IP addresses from the CIDR block. Defaults to AVAILABLE.\n   \n   #### Supported values\n   \n   Controls provisioning of IP addresses from this pool to other pools\n   or allocations. Defaults to AVAILABLE.\n   Possible values:\n   \n   - `STATE_UNSPECIFIED` - Not used, mandated by the protocol.\n   - `AVAILABLE` - Default state. Provision of the IP addresses from this CIDR block is allowed.\n   - `DISABLED` - Provision of the IP addresses from this CIDR block is denied.\n   \n","description_kind":"markdown","computed":true}},"nesting_mode":"list"},"description_kind":"plain","computed":true}},"nesting_mode":"list"},"description":":\n\n   List of private IPv4 CIDR blocks for this subnet.\n   Must not overlap with other resources in the network\n   Must be empty if `use_network_pools` is true.\n","description_kind":"markdown","computed":true},"use_network_pools":{"type":"bool","description":":\n\n   If true, inherit private IPv4 pools from the network. Defaults to true.\n   Must be false if `pools` is specified.\n","description_kind":"markdown","computed":true}},"nesting_mode":"single"},"description":":\n\n   Private IPv4 address pools for this subnet.\n   If unspecified, pools from the associated network are used.\n","description_kind":"markdown","computed":true},"ipv4_public_pools":{"nested_type":{"attributes":{"pools":{"nested_type":{"attributes":{"cidrs":{"nested_type":{"attributes":{"cidr":{"type":"string","description":":\n\n   A CIDR block (e.g., \"10.1.2.0/24\") or a prefix length (e.g., \"/24\").\n   If prefix length is specified, the CIDR block will be auto-allocated\n   from the network's available space.\n","description_kind":"markdown","computed":true},"max_mask_length":{"type":"number","description":"Maximum mask length for an allocation from this block. Defaults to /32 for IPv4.","description_kind":"markdown","computed":true},"state":{"type":"string","description":":\n\n   Controls provisioning of IP addresses from the CIDR block. Defaults to AVAILABLE.\n   \n   #### Supported values\n   \n   Controls provisioning of IP addresses from this pool to other pools\n   or allocations. Defaults to AVAILABLE.\n   Possible values:\n   \n   - `STATE_UNSPECIFIED` - Not used, mandated by the protocol.\n   - `AVAILABLE` - Default state. Provision of the IP addresses from this CIDR block is allowed.\n   - `DISABLED` - Provision of the IP addresses from this CIDR block is denied.\n   \n","description_kind":"markdown","computed":true}},"nesting_mode":"list"},"description_kind":"plain","computed":true}},"nesting_mode":"list"},"description":":\n\n   List of public IPv4 CIDR blocks for this subnet.\n   Must not overlap with other resources in the network.\n   Must be empty if `use_network_pools` is true.\n","description_kind":"markdown","computed":true},"use_network_pools":{"type":"bool","description":":\n\n   If true, inherit public IPv4 pools from the network.\n   Must be false if `pools` is specified.\n","description_kind":"markdown","computed":true}},"nesting_mode":"single"},"description":":\n\n   Public IPv4 address pools for this subnet.\n   If unspecified, pools from the associated network are used.\n","description_kind":"markdown","computed":true},"labels":{"type":["map","string"],"description":":\n\n   Labels associated with the resource.\n   \n","description_kind":"markdown","computed":true},"metadata":{"nested_type":{"nesting_mode":"single"},"description":":\n\n   Metadata for the subnet resource.\n   `metadata.parent_id` represents IAM container\n   \n   #### Inner value description\n   \n   Common resource metadata.\n","description_kind":"markdown","computed":true},"name":{"type":"string","description":"Human readable name for the resource.","description_kind":"markdown","optional":true,"computed":true},"network_id":{"type":"string","description":"ID of the network this subnet belongs to.","description_kind":"markdown","computed":true},"parent_id":{"type":"string","description":"Identifier of the parent resource to which the resource belongs.","description_kind":"markdown","optional":true,"computed":true},"resource_version":{"type":"number","description":":\n\n   Version of the resource for safe concurrent modifications and consistent reads.\n   Positive and monotonically increases on each resource spec change (but *not* on each change of the\n   resource's container(s) or status).\n   Service allows zero value or current.\n   \n","description_kind":"markdown","computed":true},"route_table_id":{"type":"string","description":":\n\n   ID of the route table to associate with the subnet.\n   If unspecified, the network's default route table is used.\n","description_kind":"markdown","computed":true},"status":{"nested_type":{"attributes":{"ipv4_private_cidrs":{"type":["list","string"],"description":"CIDR blocks.","description_kind":"markdown","computed":true},"ipv4_public_cidrs":{"type":["list","string"],"description":"CIDR blocks.","description_kind":"markdown","computed":true},"route_table":{"nested_type":{"attributes":{"default":{"type":"bool","description":":\n\n   Indicates whether this is the network's default route table.\n   If true, this is the default route table inherited from the network.\n   If false, this is a custom route table explicitly associated with the subnet via spec.\n","description_kind":"markdown","computed":true},"id":{"type":"string","description":"ID of the route table.","description_kind":"markdown","computed":true}},"nesting_mode":"single"},"description":":\n\n   Information about the route table associated with this subnet.\n   Can be either a custom route table or the network's default route table.\n","description_kind":"markdown","computed":true},"state":{"type":"string","description":":\n\n   Current state of the subnet.\n   \n   #### Supported values\n   \n   Enumeration of possible states of the subnet.\n   Possible values:\n   \n   - `STATE_UNSPECIFIED` - Default state, unspecified.\n   - `CREATING` - Subnet is being created.\n   - `READY` - Subnet is ready for use.\n   - `DELETING` - Subnet is being deleted.\n   \n","description_kind":"markdown","computed":true}},"nesting_mode":"single"},"description":"Status of the subnet.","description_kind":"markdown","computed":true},"updated_at":{"type":"string","description":":\n\n   Timestamp indicating when the resource was last updated.\n   \n   A string representing a timestamp in [ISO 8601](https://en.wikipedia.org/wiki/ISO_8601) format: `YYYY-MM-DDTHH:MM:SSZ` or `YYYY-MM-DDTHH:MM:SS.SSS±HH:MM`\n","description_kind":"markdown","computed":true}},"description":"#### Retrieving the Data Source\n\nThis data source can be retrieved by one of ID or name.\n\n##### Retrieve by ID\n\nTo retrieve by ID, fill in only the `id` field:\n\n```hcl\ndata ... {\n    id = \"your-ID\"\n}\n```\n\n##### Retrieve by Name\n\nTo retrieve by name, fill in only the `name` and `parent_id` fields:\n\n```hcl\ndata ... {\n    name      = \"your name\"\n    parent_id = \"data-source-parent-id\"\n}\n```\n\n\nDefines a Subnet, a segment of a network used for more granular control and management.\nSubnet uses pools to organize address space.","description_kind":"markdown"}},"nebius_vpc_v1alpha1_allocation":{"version":0,"block":{"attributes":{"created_at":{"type":"string","description":":\n\n   Timestamp indicating when the resource was created.\n   \n   A string representing a timestamp in [ISO 8601](https://en.wikipedia.org/wiki/ISO_8601) format: `YYYY-MM-DDTHH:MM:SSZ` or `YYYY-MM-DDTHH:MM:SS.SSS±HH:MM`\n","description_kind":"markdown","computed":true},"id":{"type":"string","description":"Identifier for the resource, unique for its resource type.","description_kind":"markdown","optional":true,"computed":true},"ipv4_private":{"nested_type":{"attributes":{"cidr":{"type":"string","description":":\n\n   CIDR block for IPv4 Allocation.\n   May be a single IP address (such as 10.2.3.4),\n   a prefix length (such as /24) or a CIDR-formatted string (such as 10.1.2.0/24).\n   Random address (/32) from pool would be allocated if field is omitted.\n","description_kind":"markdown","computed":true},"pool_id":{"type":"string","description":":\n\n   Pool for the IPv4 private allocation.\n   \n   *Cannot be set alongside subnet_id.*\n","description_kind":"markdown","computed":true},"subnet_id":{"type":"string","description":":\n\n   Subnet ID.\n   Required same subnet to use allocation in subnet-resources (e.g. Network Interface)\n   \n   *Cannot be set alongside pool_id.*\n","description_kind":"markdown","computed":true}},"nesting_mode":"single"},"description":"*Cannot be set alongside ipv4_public.*","description_kind":"markdown","computed":true},"ipv4_public":{"nested_type":{"attributes":{"cidr":{"type":"string","description":":\n\n   CIDR block for IPv4 Allocation.\n   May be a single IP address (such as 10.2.3.4),\n   a prefix length (such as /32) or a CIDR-formatted string (such as 10.1.2.0/32).\n   Random address (/32) from pool would be allocated if field is omitted.\n","description_kind":"markdown","computed":true},"pool_id":{"type":"string","description":"Pool for the IPv4 public allocation.","description_kind":"markdown","computed":true}},"nesting_mode":"single"},"description":"*Cannot be set alongside ipv4_private.*","description_kind":"markdown","computed":true},"labels":{"type":["map","string"],"description":":\n\n   Labels associated with the resource.\n   \n","description_kind":"markdown","computed":true},"metadata":{"nested_type":{"nesting_mode":"single"},"description":":\n\n   Metadata for the Allocation.\n   `metadata.parent_id` represents IAM Container.\n   \n   #### Inner value description\n   \n   Common resource metadata.\n","description_kind":"markdown","computed":true},"name":{"type":"string","description":"Human readable name for the resource.","description_kind":"markdown","optional":true,"computed":true},"parent_id":{"type":"string","description":"Identifier of the parent resource to which the resource belongs.","description_kind":"markdown","optional":true,"computed":true},"resource_version":{"type":"number","description":":\n\n   Version of the resource for safe concurrent modifications and consistent reads.\n   Positive and monotonically increases on each resource spec change (but *not* on each change of the\n   resource's container(s) or status).\n   Service allows zero value or current.\n   \n","description_kind":"markdown","computed":true},"status":{"nested_type":{"attributes":{"assignment":{"nested_type":{"attributes":{"load_balancer":{"nested_type":{"attributes":{"id":{"type":"string","description":"ID of the Load Balancer.","description_kind":"markdown","computed":true}},"nesting_mode":"single"},"description":"*Cannot be set alongside network_interface.*","description_kind":"markdown","computed":true},"network_interface":{"nested_type":{"attributes":{"instance_id":{"type":"string","description":"ID of the Compute instance network interface belongs to.","description_kind":"markdown","computed":true},"name":{"type":"string","description":"Network interface name","description_kind":"markdown","computed":true}},"nesting_mode":"single"},"description":"*Cannot be set alongside load_balancer.*","description_kind":"markdown","computed":true}},"nesting_mode":"single"},"description":":\n\n   Information about the assignment associated with the allocation,\n   such as network interface or load balancer assignment.\n","description_kind":"markdown","computed":true},"details":{"nested_type":{"attributes":{"allocated_cidr":{"type":"string","description_kind":"plain","computed":true},"pool_id":{"type":"string","description_kind":"plain","computed":true},"version":{"type":"string","description":":\n\n   #### Supported values\n   \n   Possible values:\n   \n   - `IP_VERSION_UNSPECIFIED` - Default, unspecified IP version.\n   - `IPV4` - IPv4 address.\n   - `IPV6` - IPv6 address.\n   \n","description_kind":"markdown","computed":true}},"nesting_mode":"single"},"description":":\n\n   Detailed information about the allocation status,\n   including the allocated CIDR, pool ID, scope type, and IP version.\n","description_kind":"markdown","computed":true},"state":{"type":"string","description":":\n\n   This field represents the current state of the allocation.\n   \n   #### Supported values\n   \n   Enumeration of possible states of the Allocation.\n   Possible values:\n   \n   - `STATE_UNSPECIFIED` - Default state, unspecified.\n   - `CREATING` - Allocation is being created.\n   - `ALLOCATED` - Allocation is ready for use.\n   - `ASSIGNED` - Allocation is used.\n   - `DELETING` - Allocation is being deleted.\n   \n","description_kind":"markdown","computed":true},"static":{"type":"bool","description":"If false - Lifecycle of allocation depends on resource that using it.","description_kind":"markdown","computed":true}},"nesting_mode":"single"},"description":"Contains the current status of the allocation, indicating its state and any additional details.","description_kind":"markdown","computed":true},"updated_at":{"type":"string","description":":\n\n   Timestamp indicating when the resource was last updated.\n   \n   A string representing a timestamp in [ISO 8601](https://en.wikipedia.org/wiki/ISO_8601) format: `YYYY-MM-DDTHH:MM:SSZ` or `YYYY-MM-DDTHH:MM:SS.SSS±HH:MM`\n","description_kind":"markdown","computed":true}},"description":"#### Retrieving the Data Source\n\nThis data source can be retrieved by one of ID or name.\n\n##### Retrieve by ID\n\nTo retrieve by ID, fill in only the `id` field:\n\n```hcl\ndata ... {\n    id = \"your-ID\"\n}\n```\n\n##### Retrieve by Name\n\nTo retrieve by name, fill in only the `name` and `parent_id` fields:\n\n```hcl\ndata ... {\n    name      = \"your name\"\n    parent_id = \"data-source-parent-id\"\n}\n```\n","description_kind":"markdown"}},"nebius_vpc_v1alpha1_network":{"version":0,"block":{"attributes":{"created_at":{"type":"string","description":":\n\n   Timestamp indicating when the resource was created.\n   \n   A string representing a timestamp in [ISO 8601](https://en.wikipedia.org/wiki/ISO_8601) format: `YYYY-MM-DDTHH:MM:SSZ` or `YYYY-MM-DDTHH:MM:SS.SSS±HH:MM`\n","description_kind":"markdown","computed":true},"id":{"type":"string","description":"Identifier for the resource, unique for its resource type.","description_kind":"markdown","optional":true,"computed":true},"labels":{"type":["map","string"],"description":":\n\n   Labels associated with the resource.\n   \n","description_kind":"markdown","computed":true},"metadata":{"nested_type":{"nesting_mode":"single"},"description":":\n\n   Metadata for the network resource.\n   `metadata.parent_id` represents IAM container\n   \n   #### Inner value description\n   \n   Common resource metadata.\n","description_kind":"markdown","computed":true},"name":{"type":"string","description":"Human readable name for the resource.","description_kind":"markdown","optional":true,"computed":true},"parent_id":{"type":"string","description":"Identifier of the parent resource to which the resource belongs.","description_kind":"markdown","optional":true,"computed":true},"pools":{"nested_type":{"attributes":{"pool_id":{"type":"string","description_kind":"plain","computed":true}},"nesting_mode":"list"},"description":"Pools for addresses","description_kind":"markdown","computed":true},"resource_version":{"type":"number","description":":\n\n   Version of the resource for safe concurrent modifications and consistent reads.\n   Positive and monotonically increases on each resource spec change (but *not* on each change of the\n   resource's container(s) or status).\n   Service allows zero value or current.\n   \n","description_kind":"markdown","computed":true},"status":{"nested_type":{"attributes":{"scope_id":{"type":"string","description":"Scope ID of all pools","description_kind":"markdown","computed":true},"state":{"type":"string","description":":\n\n   Current state of the network.\n   \n   #### Supported values\n   \n   Enumeration of possible states of the network.\n   Possible values:\n   \n   - `STATE_UNSPECIFIED` - Default state, unspecified.\n   - `CREATING` - Network is being created.\n   - `READY` - Network is ready for use.\n   - `DELETING` - Network is being deleted.\n   \n","description_kind":"markdown","computed":true}},"nesting_mode":"single"},"description":"Status of the network.","description_kind":"markdown","computed":true},"updated_at":{"type":"string","description":":\n\n   Timestamp indicating when the resource was last updated.\n   \n   A string representing a timestamp in [ISO 8601](https://en.wikipedia.org/wiki/ISO_8601) format: `YYYY-MM-DDTHH:MM:SSZ` or `YYYY-MM-DDTHH:MM:SS.SSS±HH:MM`\n","description_kind":"markdown","computed":true}},"description":"#### Retrieving the Data Source\n\nThis data source can be retrieved by one of ID or name.\n\n##### Retrieve by ID\n\nTo retrieve by ID, fill in only the `id` field:\n\n```hcl\ndata ... {\n    id = \"your-ID\"\n}\n```\n\n##### Retrieve by Name\n\nTo retrieve by name, fill in only the `name` and `parent_id` fields:\n\n```hcl\ndata ... {\n    name      = \"your name\"\n    parent_id = \"data-source-parent-id\"\n}\n```\n\n\nDefines a Network, which serves as a virtual representation of a traditional LAN\nwithin a cloud environment.\nNetworks facilitate communication between subnets.","description_kind":"markdown"}},"nebius_vpc_v1alpha1_pool":{"version":0,"block":{"attributes":{"cidrs":{"nested_type":{"attributes":{"allowed_mask":{"type":"number","description":"Maximum mask length for allocation from this IP pool including creation of sub-pools","description_kind":"markdown","computed":true},"cidr":{"type":"string","description":":\n\n   CIDR block.\n   May be a prefix length (such as /24) for non-top-level pools\n   or a CIDR-formatted string (such as 10.1.2.0/24).\n","description_kind":"markdown","computed":true},"state":{"type":"string","description":":\n\n   State of the Cidr.\n   \n   #### Supported values\n   \n   Possible values:\n   \n   - `STATE_UNSPECIFIED` - Default, unspecified state.\n   - `AVAILABLE` - Allocation from range is available.\n   - `DISABLED` - New allocation would not be created.\n   \n","description_kind":"markdown","computed":true}},"nesting_mode":"list"},"description":"CIDR blocks.","description_kind":"markdown","computed":true},"created_at":{"type":"string","description":":\n\n   Timestamp indicating when the resource was created.\n   \n   A string representing a timestamp in [ISO 8601](https://en.wikipedia.org/wiki/ISO_8601) format: `YYYY-MM-DDTHH:MM:SSZ` or `YYYY-MM-DDTHH:MM:SS.SSS±HH:MM`\n","description_kind":"markdown","computed":true},"id":{"type":"string","description":"Identifier for the resource, unique for its resource type.","description_kind":"markdown","optional":true,"computed":true},"labels":{"type":["map","string"],"description":":\n\n   Labels associated with the resource.\n   \n","description_kind":"markdown","computed":true},"metadata":{"nested_type":{"nesting_mode":"single"},"description":":\n\n   Metadata associated with the Pool.\n   `metadata.parent_id` represents the Project.\n   \n   #### Inner value description\n   \n   Common resource metadata.\n","description_kind":"markdown","computed":true},"name":{"type":"string","description":"Human readable name for the resource.","description_kind":"markdown","optional":true,"computed":true},"parent_id":{"type":"string","description":"Identifier of the parent resource to which the resource belongs.","description_kind":"markdown","optional":true,"computed":true},"resource_version":{"type":"number","description":":\n\n   Version of the resource for safe concurrent modifications and consistent reads.\n   Positive and monotonically increases on each resource spec change (but *not* on each change of the\n   resource's container(s) or status).\n   Service allows zero value or current.\n   \n","description_kind":"markdown","computed":true},"source_pool_id":{"type":"string","description":":\n\n   ID of source pool. Current pool will be created with the same scope.\n   \n   *Cannot be set alongside source_scope_id.*\n","description_kind":"markdown","computed":true},"source_scope_id":{"type":"string","description":":\n\n   ID of the scope. Pool will be considered as top-level pool within scope.\n   \n   *Cannot be set alongside source_pool_id.*\n","description_kind":"markdown","computed":true},"status":{"nested_type":{"attributes":{"cidrs":{"type":["list","string"],"description":"CIDR blocks.","description_kind":"markdown","computed":true},"scope_id":{"type":"string","description":"ID of the scope","description_kind":"markdown","computed":true},"state":{"type":"string","description":":\n\n   Current state of the Pool.\n   \n   #### Supported values\n   \n   Possible states of the Pool.\n   Possible values:\n   \n   - `STATE_UNSPECIFIED` - Default, unspecified state.\n   - `CREATING` - Pool is being created.\n   - `READY` - Pool is ready for use.\n   - `DELETING` - Pool is being deleted.\n   \n","description_kind":"markdown","computed":true}},"nesting_mode":"single"},"description":"Status information for the Pool.","description_kind":"markdown","computed":true},"updated_at":{"type":"string","description":":\n\n   Timestamp indicating when the resource was last updated.\n   \n   A string representing a timestamp in [ISO 8601](https://en.wikipedia.org/wiki/ISO_8601) format: `YYYY-MM-DDTHH:MM:SSZ` or `YYYY-MM-DDTHH:MM:SS.SSS±HH:MM`\n","description_kind":"markdown","computed":true},"version":{"type":"string","description":":\n\n   IP version for the Pool.\n   \n   #### Supported values\n   \n   Possible values:\n   \n   - `IP_VERSION_UNSPECIFIED` - Default, unspecified IP version.\n   - `IPV4` - IPv4 address.\n   - `IPV6` - IPv6 address.\n   \n","description_kind":"markdown","computed":true}},"description":"#### Retrieving the Data Source\n\nThis data source can be retrieved by one of ID or name.\n\n##### Retrieve by ID\n\nTo retrieve by ID, fill in only the `id` field:\n\n```hcl\ndata ... {\n    id = \"your-ID\"\n}\n```\n\n##### Retrieve by Name\n\nTo retrieve by name, fill in only the `name` and `parent_id` fields:\n\n```hcl\ndata ... {\n    name      = \"your name\"\n    parent_id = \"data-source-parent-id\"\n}\n```\n","description_kind":"markdown"}},"nebius_vpc_v1alpha1_scope":{"version":0,"block":{"attributes":{"created_at":{"type":"string","description":":\n\n   Timestamp indicating when the resource was created.\n   \n   A string representing a timestamp in [ISO 8601](https://en.wikipedia.org/wiki/ISO_8601) format: `YYYY-MM-DDTHH:MM:SSZ` or `YYYY-MM-DDTHH:MM:SS.SSS±HH:MM`\n","description_kind":"markdown","computed":true},"id":{"type":"string","description":"Identifier for the resource, unique for its resource type.","description_kind":"markdown","optional":true,"computed":true},"labels":{"type":["map","string"],"description":":\n\n   Labels associated with the resource.\n   \n","description_kind":"markdown","computed":true},"metadata":{"nested_type":{"nesting_mode":"single"},"description":":\n\n   Metadata associated with the Scope.\n   `metadata.parent_id` represents the parent IAM container.\n   \n   #### Inner value description\n   \n   Common resource metadata.\n","description_kind":"markdown","computed":true},"name":{"type":"string","description":"Human readable name for the resource.","description_kind":"markdown","optional":true,"computed":true},"parent_id":{"type":"string","description":"Identifier of the parent resource to which the resource belongs.","description_kind":"markdown","optional":true,"computed":true},"resource_version":{"type":"number","description":":\n\n   Version of the resource for safe concurrent modifications and consistent reads.\n   Positive and monotonically increases on each resource spec change (but *not* on each change of the\n   resource's container(s) or status).\n   Service allows zero value or current.\n   \n","description_kind":"markdown","computed":true},"status":{"nested_type":{"attributes":{"state":{"type":"string","description":":\n\n   Current state of the Scope.\n   \n   #### Supported values\n   \n   Possible states of the Scope.\n   Possible values:\n   \n   - `STATE_UNSPECIFIED` - Default, unspecified state.\n   - `CREATING` - Scope is being created.\n   - `READY` - Scope is ready for use.\n   - `DELETING` - Scope is being deleted.\n   \n","description_kind":"markdown","computed":true}},"nesting_mode":"single"},"description":"Status information for the Scope.","description_kind":"markdown","computed":true},"type":{"type":"string","description":":\n\n   Type of the Scope (Private or Public).\n   \n   #### Supported values\n   \n   Type of scope.\n   Possible values:\n   \n   - `SCOPE_TYPE_UNSPECIFIED` - Default, unspecified scope type.\n   - `PUBLIC` - Public scope.\n   - `PRIVATE` - Private scope.\n   \n","description_kind":"markdown","computed":true},"updated_at":{"type":"string","description":":\n\n   Timestamp indicating when the resource was last updated.\n   \n   A string representing a timestamp in [ISO 8601](https://en.wikipedia.org/wiki/ISO_8601) format: `YYYY-MM-DDTHH:MM:SSZ` or `YYYY-MM-DDTHH:MM:SS.SSS±HH:MM`\n","description_kind":"markdown","computed":true}},"description":"#### Retrieving the Data Source\n\nThis data source can be retrieved by one of ID or name.\n\n##### Retrieve by ID\n\nTo retrieve by ID, fill in only the `id` field:\n\n```hcl\ndata ... {\n    id = \"your-ID\"\n}\n```\n\n##### Retrieve by Name\n\nTo retrieve by name, fill in only the `name` and `parent_id` fields:\n\n```hcl\ndata ... {\n    name      = \"your name\"\n    parent_id = \"data-source-parent-id\"\n}\n```\n","description_kind":"markdown"}},"nebius_vpc_v1alpha1_subnet":{"version":0,"block":{"attributes":{"created_at":{"type":"string","description":":\n\n   Timestamp indicating when the resource was created.\n   \n   A string representing a timestamp in [ISO 8601](https://en.wikipedia.org/wiki/ISO_8601) format: `YYYY-MM-DDTHH:MM:SSZ` or `YYYY-MM-DDTHH:MM:SS.SSS±HH:MM`\n","description_kind":"markdown","computed":true},"enable_egress_nat":{"type":"bool","description":"Enable egress NAT gateway","description_kind":"markdown","computed":true},"id":{"type":"string","description":"Identifier for the resource, unique for its resource type.","description_kind":"markdown","optional":true,"computed":true},"labels":{"type":["map","string"],"description":":\n\n   Labels associated with the resource.\n   \n","description_kind":"markdown","computed":true},"metadata":{"nested_type":{"nesting_mode":"single"},"description":":\n\n   Metadata for the subnet resource.\n   `metadata.parent_id` represents IAM container\n   \n   #### Inner value description\n   \n   Common resource metadata.\n","description_kind":"markdown","computed":true},"name":{"type":"string","description":"Human readable name for the resource.","description_kind":"markdown","optional":true,"computed":true},"network_id":{"type":"string","description":"Network ID.","description_kind":"markdown","computed":true},"parent_id":{"type":"string","description":"Identifier of the parent resource to which the resource belongs.","description_kind":"markdown","optional":true,"computed":true},"pools":{"nested_type":{"attributes":{"pool_id":{"type":"string","description":"*Cannot be set alongside spec.*","description_kind":"markdown","computed":true},"spec":{"nested_type":{"attributes":{"cidrs":{"nested_type":{"attributes":{"allowed_mask":{"type":"number","description":"Maximum mask length for allocation from this cidr","description_kind":"markdown","computed":true},"cidr":{"type":"string","description":":\n\n   CIDR block.\n   May be a prefix length (such as /24) or a CIDR-formatted string (such as 10.1.2.0/24).\n","description_kind":"markdown","computed":true},"state":{"type":"string","description":":\n\n   State of the Cidr.\n   \n   #### Supported values\n   \n   Possible values:\n   \n   - `STATE_UNSPECIFIED` - Default, unspecified state.\n   - `AVAILABLE` - Allocation from range is available.\n   - `DISABLED` - New allocation would not be created.\n   \n","description_kind":"markdown","computed":true}},"nesting_mode":"list"},"description_kind":"plain","computed":true},"version":{"type":"string","description":":\n\n   #### Supported values\n   \n   Possible values:\n   \n   - `IP_VERSION_UNSPECIFIED` - Default, unspecified IP version.\n   - `IPV4` - IPv4 address.\n   - `IPV6` - IPv6 address.\n   \n","description_kind":"markdown","computed":true}},"nesting_mode":"single"},"description":"*Cannot be set alongside pool_id.*","description_kind":"markdown","computed":true}},"nesting_mode":"list"},"description":"Pool for addresses","description_kind":"markdown","computed":true},"resource_version":{"type":"number","description":":\n\n   Version of the resource for safe concurrent modifications and consistent reads.\n   Positive and monotonically increases on each resource spec change (but *not* on each change of the\n   resource's container(s) or status).\n   Service allows zero value or current.\n   \n","description_kind":"markdown","computed":true},"status":{"nested_type":{"attributes":{"ipv4_cidrs":{"type":["list","string"],"description":"CIDR blocks.","description_kind":"markdown","computed":true},"state":{"type":"string","description":":\n\n   Current state of the subnet.\n   \n   #### Supported values\n   \n   Enumeration of possible states of the subnet.\n   Possible values:\n   \n   - `STATE_UNSPECIFIED` - Default state, unspecified.\n   - `CREATING` - Subnet is being created.\n   - `READY` - Subnet is ready for use.\n   - `DELETING` - Subnet is being deleted.\n   \n","description_kind":"markdown","computed":true}},"nesting_mode":"single"},"description":"Status of the subnet.","description_kind":"markdown","computed":true},"updated_at":{"type":"string","description":":\n\n   Timestamp indicating when the resource was last updated.\n   \n   A string representing a timestamp in [ISO 8601](https://en.wikipedia.org/wiki/ISO_8601) format: `YYYY-MM-DDTHH:MM:SSZ` or `YYYY-MM-DDTHH:MM:SS.SSS±HH:MM`\n","description_kind":"markdown","computed":true}},"description":"#### Retrieving the Data Source\n\nThis data source can be retrieved by one of ID or name.\n\n##### Retrieve by ID\n\nTo retrieve by ID, fill in only the `id` field:\n\n```hcl\ndata ... {\n    id = \"your-ID\"\n}\n```\n\n##### Retrieve by Name\n\nTo retrieve by name, fill in only the `name` and `parent_id` fields:\n\n```hcl\ndata ... {\n    name      = \"your name\"\n    parent_id = \"data-source-parent-id\"\n}\n```\n\n\nDefines a Subnet, a segment of a network used for more granular control and management.\nSubnet uses pools to organize address space.","description_kind":"markdown"}}}}}}
